{
  "version": 4,
  "terraform_version": "1.2.6",
  "serial": 382,
  "lineage": "4e6805fc-502c-4d61-5061-f3dbfec69ff4",
  "outputs": {},
  "resources": [
    {
      "mode": "managed",
      "type": "oci_identity_compartment",
      "name": "compartment",
      "provider": "provider[\"registry.terraform.io/hashicorp/oci\"]",
      "instances": [
        {
          "index_key": 0,
          "schema_version": 0,
          "attributes": {
            "compartment_id": "ocid1.tenancy.oc1..aaaaaaaasu22hcodp52crxfb64fbck2psvjj2bdbgnebhsarbgpt6pabz6ja",
            "defined_tags": {
              "Oracle-Tags.CreatedBy": "default/mjazzazi@invoiceq.com",
              "Oracle-Tags.CreatedOn": "2022-08-04T17:03:21.729Z"
            },
            "description": "Compartment for Terraform resources.",
            "enable_delete": null,
            "freeform_tags": {},
            "id": "ocid1.compartment.oc1..aaaaaaaascpw5cycbplore37iy3swldetb3ipra2edx5yf4n2kszjeai5yyq",
            "inactive_state": null,
            "is_accessible": true,
            "name": "compartmenttest",
            "state": "ACTIVE",
            "time_created": "2022-08-04 17:03:22.008 +0000 UTC",
            "timeouts": null
          },
          "sensitive_attributes": [],
          "private": "eyJlMmJmYjczMC1lY2FhLTExZTYtOGY4OC0zNDM2M2JjN2M0YzAiOnsiZGVsZXRlIjo1NDAwMDAwMDAwMDAwfX0="
        },
        {
          "index_key": 1,
          "schema_version": 0,
          "attributes": {
            "compartment_id": "ocid1.tenancy.oc1..aaaaaaaasu22hcodp52crxfb64fbck2psvjj2bdbgnebhsarbgpt6pabz6ja",
            "defined_tags": {
              "Oracle-Tags.CreatedBy": "default/mjazzazi@invoiceq.com",
              "Oracle-Tags.CreatedOn": "2022-08-04T17:03:22.195Z"
            },
            "description": "Compartment for Terraform resources.",
            "enable_delete": null,
            "freeform_tags": {},
            "id": "ocid1.compartment.oc1..aaaaaaaavdlyziajfl6ylh5k47hrial5nukad6lkjsz5drad7hxfxnoif7fq",
            "inactive_state": null,
            "is_accessible": true,
            "name": "compartmenttest1",
            "state": "ACTIVE",
            "time_created": "2022-08-04 17:03:22.208 +0000 UTC",
            "timeouts": null
          },
          "sensitive_attributes": [],
          "private": "eyJlMmJmYjczMC1lY2FhLTExZTYtOGY4OC0zNDM2M2JjN2M0YzAiOnsiZGVsZXRlIjo1NDAwMDAwMDAwMDAwfX0="
        },
        {
          "index_key": 2,
          "schema_version": 0,
          "attributes": {
            "compartment_id": "ocid1.tenancy.oc1..aaaaaaaasu22hcodp52crxfb64fbck2psvjj2bdbgnebhsarbgpt6pabz6ja",
            "defined_tags": {
              "Oracle-Tags.CreatedBy": "default/mjazzazi@invoiceq.com",
              "Oracle-Tags.CreatedOn": "2022-08-04T17:03:21.706Z"
            },
            "description": "Compartment for Terraform resources.",
            "enable_delete": null,
            "freeform_tags": {},
            "id": "ocid1.compartment.oc1..aaaaaaaacduxblkizgy2i4ba26qfo52ejqjnqftggieolh475hwevgfcxrda",
            "inactive_state": null,
            "is_accessible": true,
            "name": "compartmenttest2",
            "state": "ACTIVE",
            "time_created": "2022-08-04 17:03:21.822 +0000 UTC",
            "timeouts": null
          },
          "sensitive_attributes": [],
          "private": "eyJlMmJmYjczMC1lY2FhLTExZTYtOGY4OC0zNDM2M2JjN2M0YzAiOnsiZGVsZXRlIjo1NDAwMDAwMDAwMDAwfX0="
        },
        {
          "index_key": 3,
          "schema_version": 0,
          "attributes": {
            "compartment_id": "ocid1.tenancy.oc1..aaaaaaaasu22hcodp52crxfb64fbck2psvjj2bdbgnebhsarbgpt6pabz6ja",
            "defined_tags": {
              "Oracle-Tags.CreatedBy": "default/mjazzazi@invoiceq.com",
              "Oracle-Tags.CreatedOn": "2022-08-04T17:03:24.449Z"
            },
            "description": "Compartment for Terraform resources.",
            "enable_delete": null,
            "freeform_tags": {},
            "id": "ocid1.compartment.oc1..aaaaaaaahc63mokf3er46rrts7bmvlabj5yiplbuhh3jzavmobxcrq5v3efa",
            "inactive_state": null,
            "is_accessible": true,
            "name": "compartmenttest3",
            "state": "ACTIVE",
            "time_created": "2022-08-04 17:03:24.467 +0000 UTC",
            "timeouts": null
          },
          "sensitive_attributes": [],
          "private": "eyJlMmJmYjczMC1lY2FhLTExZTYtOGY4OC0zNDM2M2JjN2M0YzAiOnsiZGVsZXRlIjo1NDAwMDAwMDAwMDAwfX0="
        },
        {
          "index_key": 4,
          "schema_version": 0,
          "attributes": {
            "compartment_id": "ocid1.tenancy.oc1..aaaaaaaasu22hcodp52crxfb64fbck2psvjj2bdbgnebhsarbgpt6pabz6ja",
            "defined_tags": {
              "Oracle-Tags.CreatedBy": "default/mjazzazi@invoiceq.com",
              "Oracle-Tags.CreatedOn": "2022-08-04T17:03:21.915Z"
            },
            "description": "Compartment for Terraform resources.",
            "enable_delete": null,
            "freeform_tags": {},
            "id": "ocid1.compartment.oc1..aaaaaaaat52zfxavngbb2eawcgjq7joqa3vf5xxyjalv4ydgv5rktiru3sba",
            "inactive_state": null,
            "is_accessible": true,
            "name": "compartmenttest4",
            "state": "ACTIVE",
            "time_created": "2022-08-04 17:03:22.48 +0000 UTC",
            "timeouts": null
          },
          "sensitive_attributes": [],
          "private": "eyJlMmJmYjczMC1lY2FhLTExZTYtOGY4OC0zNDM2M2JjN2M0YzAiOnsiZGVsZXRlIjo1NDAwMDAwMDAwMDAwfX0="
        },
        {
          "index_key": 5,
          "schema_version": 0,
          "attributes": {
            "compartment_id": "ocid1.tenancy.oc1..aaaaaaaasu22hcodp52crxfb64fbck2psvjj2bdbgnebhsarbgpt6pabz6ja",
            "defined_tags": {
              "Oracle-Tags.CreatedBy": "default/mjazzazi@invoiceq.com",
              "Oracle-Tags.CreatedOn": "2022-08-04T17:04:32.147Z"
            },
            "description": "Compartment for Terraform resources.",
            "enable_delete": null,
            "freeform_tags": {},
            "id": "ocid1.compartment.oc1..aaaaaaaa4h7spubcexg25rmnidcexrglwrsacazrptuv4itmqaymo7lepvkq",
            "inactive_state": null,
            "is_accessible": true,
            "name": "compartmenttest5",
            "state": "ACTIVE",
            "time_created": "2022-08-04 17:04:32.417 +0000 UTC",
            "timeouts": null
          },
          "sensitive_attributes": [],
          "private": "eyJlMmJmYjczMC1lY2FhLTExZTYtOGY4OC0zNDM2M2JjN2M0YzAiOnsiZGVsZXRlIjo1NDAwMDAwMDAwMDAwfX0="
        },
        {
          "index_key": 6,
          "schema_version": 0,
          "attributes": {
            "compartment_id": "ocid1.tenancy.oc1..aaaaaaaasu22hcodp52crxfb64fbck2psvjj2bdbgnebhsarbgpt6pabz6ja",
            "defined_tags": {
              "Oracle-Tags.CreatedBy": "default/mjazzazi@invoiceq.com",
              "Oracle-Tags.CreatedOn": "2022-08-04T17:04:32.178Z"
            },
            "description": "Compartment for Terraform resources.",
            "enable_delete": null,
            "freeform_tags": {},
            "id": "ocid1.compartment.oc1..aaaaaaaajmnr4gavbouni6562tubunic4afw6ourpyuf4iyw7jqn74rljgkq",
            "inactive_state": null,
            "is_accessible": true,
            "name": "compartmenttest6",
            "state": "ACTIVE",
            "time_created": "2022-08-04 17:04:32.191 +0000 UTC",
            "timeouts": null
          },
          "sensitive_attributes": [],
          "private": "eyJlMmJmYjczMC1lY2FhLTExZTYtOGY4OC0zNDM2M2JjN2M0YzAiOnsiZGVsZXRlIjo1NDAwMDAwMDAwMDAwfX0="
        },
        {
          "index_key": 7,
          "schema_version": 0,
          "attributes": {
            "compartment_id": "ocid1.tenancy.oc1..aaaaaaaasu22hcodp52crxfb64fbck2psvjj2bdbgnebhsarbgpt6pabz6ja",
            "defined_tags": {
              "Oracle-Tags.CreatedBy": "default/mjazzazi@invoiceq.com",
              "Oracle-Tags.CreatedOn": "2022-08-04T17:04:34.898Z"
            },
            "description": "Compartment for Terraform resources.",
            "enable_delete": null,
            "freeform_tags": {},
            "id": "ocid1.compartment.oc1..aaaaaaaadf446hfoseh7nhtdgh6nii733qxmuu3ykdr27q7lnka4crrnc5xa",
            "inactive_state": null,
            "is_accessible": true,
            "name": "compartmenttest7",
            "state": "ACTIVE",
            "time_created": "2022-08-04 17:04:34.911 +0000 UTC",
            "timeouts": null
          },
          "sensitive_attributes": [],
          "private": "eyJlMmJmYjczMC1lY2FhLTExZTYtOGY4OC0zNDM2M2JjN2M0YzAiOnsiZGVsZXRlIjo1NDAwMDAwMDAwMDAwfX0="
        },
        {
          "index_key": 8,
          "schema_version": 0,
          "attributes": {
            "compartment_id": "ocid1.tenancy.oc1..aaaaaaaasu22hcodp52crxfb64fbck2psvjj2bdbgnebhsarbgpt6pabz6ja",
            "defined_tags": {
              "Oracle-Tags.CreatedBy": "default/mjazzazi@invoiceq.com",
              "Oracle-Tags.CreatedOn": "2022-08-04T17:04:32.146Z"
            },
            "description": "Compartment for Terraform resources.",
            "enable_delete": null,
            "freeform_tags": {},
            "id": "ocid1.compartment.oc1..aaaaaaaauxxb7strmhpdsji742pwrgpnfq5tjyuloq7klo5uc5hy57icq7yq",
            "inactive_state": null,
            "is_accessible": true,
            "name": "compartmenttest8",
            "state": "ACTIVE",
            "time_created": "2022-08-04 17:04:32.693 +0000 UTC",
            "timeouts": null
          },
          "sensitive_attributes": [],
          "private": "eyJlMmJmYjczMC1lY2FhLTExZTYtOGY4OC0zNDM2M2JjN2M0YzAiOnsiZGVsZXRlIjo1NDAwMDAwMDAwMDAwfX0="
        },
        {
          "index_key": 9,
          "schema_version": 0,
          "attributes": {
            "compartment_id": "ocid1.tenancy.oc1..aaaaaaaasu22hcodp52crxfb64fbck2psvjj2bdbgnebhsarbgpt6pabz6ja",
            "defined_tags": {
              "Oracle-Tags.CreatedBy": "default/mjazzazi@invoiceq.com",
              "Oracle-Tags.CreatedOn": "2022-08-04T17:04:32.219Z"
            },
            "description": "Compartment for Terraform resources.",
            "enable_delete": null,
            "freeform_tags": {},
            "id": "ocid1.compartment.oc1..aaaaaaaaobxi2ga7tempc5lrtluf5q3rv7tu35u7egqekfrtqjlovkecgf3q",
            "inactive_state": null,
            "is_accessible": true,
            "name": "compartmenttest9",
            "state": "ACTIVE",
            "time_created": "2022-08-04 17:04:33.096 +0000 UTC",
            "timeouts": null
          },
          "sensitive_attributes": [],
          "private": "eyJlMmJmYjczMC1lY2FhLTExZTYtOGY4OC0zNDM2M2JjN2M0YzAiOnsiZGVsZXRlIjo1NDAwMDAwMDAwMDAwfX0="
        },
        {
          "index_key": 10,
          "schema_version": 0,
          "attributes": {
            "compartment_id": "ocid1.tenancy.oc1..aaaaaaaasu22hcodp52crxfb64fbck2psvjj2bdbgnebhsarbgpt6pabz6ja",
            "defined_tags": {
              "Oracle-Tags.CreatedBy": "default/mjazzazi@invoiceq.com",
              "Oracle-Tags.CreatedOn": "2022-08-04T17:05:35.762Z"
            },
            "description": "Compartment for Terraform resources.",
            "enable_delete": null,
            "freeform_tags": {},
            "id": "ocid1.compartment.oc1..aaaaaaaag2ze4t44hsfilqakrfwfjsbmefg5zupa5ww7sd3f7y2qtxyashrq",
            "inactive_state": null,
            "is_accessible": true,
            "name": "compartmenttest10",
            "state": "ACTIVE",
            "time_created": "2022-08-04 17:05:35.776 +0000 UTC",
            "timeouts": null
          },
          "sensitive_attributes": [],
          "private": "eyJlMmJmYjczMC1lY2FhLTExZTYtOGY4OC0zNDM2M2JjN2M0YzAiOnsiZGVsZXRlIjo1NDAwMDAwMDAwMDAwfX0="
        },
        {
          "index_key": 11,
          "schema_version": 0,
          "attributes": {
            "compartment_id": "ocid1.tenancy.oc1..aaaaaaaasu22hcodp52crxfb64fbck2psvjj2bdbgnebhsarbgpt6pabz6ja",
            "defined_tags": {
              "Oracle-Tags.CreatedBy": "default/mjazzazi@invoiceq.com",
              "Oracle-Tags.CreatedOn": "2022-08-04T17:05:33.503Z"
            },
            "description": "Compartment for Terraform resources.",
            "enable_delete": null,
            "freeform_tags": {},
            "id": "ocid1.compartment.oc1..aaaaaaaaka7snhry7jj7vgu7hv3lcf3kgapys6uymdzlkdymlooq5cc6jxqq",
            "inactive_state": null,
            "is_accessible": true,
            "name": "compartmenttest11",
            "state": "ACTIVE",
            "time_created": "2022-08-04 17:05:33.523 +0000 UTC",
            "timeouts": null
          },
          "sensitive_attributes": [],
          "private": "eyJlMmJmYjczMC1lY2FhLTExZTYtOGY4OC0zNDM2M2JjN2M0YzAiOnsiZGVsZXRlIjo1NDAwMDAwMDAwMDAwfX0="
        },
        {
          "index_key": 12,
          "schema_version": 0,
          "attributes": {
            "compartment_id": "ocid1.tenancy.oc1..aaaaaaaasu22hcodp52crxfb64fbck2psvjj2bdbgnebhsarbgpt6pabz6ja",
            "defined_tags": {
              "Oracle-Tags.CreatedBy": "default/mjazzazi@invoiceq.com",
              "Oracle-Tags.CreatedOn": "2022-08-04T17:05:31.842Z"
            },
            "description": "Compartment for Terraform resources.",
            "enable_delete": null,
            "freeform_tags": {},
            "id": "ocid1.compartment.oc1..aaaaaaaalywz5vfgg3jdujzmyp23ujyhaj6e7d3smydvrjrhduls6gzrakoq",
            "inactive_state": null,
            "is_accessible": true,
            "name": "compartmenttest12",
            "state": "ACTIVE",
            "time_created": "2022-08-04 17:05:32.074 +0000 UTC",
            "timeouts": null
          },
          "sensitive_attributes": [],
          "private": "eyJlMmJmYjczMC1lY2FhLTExZTYtOGY4OC0zNDM2M2JjN2M0YzAiOnsiZGVsZXRlIjo1NDAwMDAwMDAwMDAwfX0="
        },
        {
          "index_key": 13,
          "schema_version": 0,
          "attributes": {
            "compartment_id": "ocid1.tenancy.oc1..aaaaaaaasu22hcodp52crxfb64fbck2psvjj2bdbgnebhsarbgpt6pabz6ja",
            "defined_tags": {
              "Oracle-Tags.CreatedBy": "default/mjazzazi@invoiceq.com",
              "Oracle-Tags.CreatedOn": "2022-08-04T17:06:52.433Z"
            },
            "description": "Compartment for Terraform resources.",
            "enable_delete": null,
            "freeform_tags": {},
            "id": "ocid1.compartment.oc1..aaaaaaaayfms3sfdasfwta6oabvvo7ipd4bcc357yzbnqnoeyhs22wwmyh4a",
            "inactive_state": null,
            "is_accessible": true,
            "name": "compartmenttest13",
            "state": "ACTIVE",
            "time_created": "2022-08-04 17:06:52.452 +0000 UTC",
            "timeouts": null
          },
          "sensitive_attributes": [],
          "private": "eyJlMmJmYjczMC1lY2FhLTExZTYtOGY4OC0zNDM2M2JjN2M0YzAiOnsiZGVsZXRlIjo1NDAwMDAwMDAwMDAwfX0="
        },
        {
          "index_key": 14,
          "schema_version": 0,
          "attributes": {
            "compartment_id": "ocid1.tenancy.oc1..aaaaaaaasu22hcodp52crxfb64fbck2psvjj2bdbgnebhsarbgpt6pabz6ja",
            "defined_tags": {
              "Oracle-Tags.CreatedBy": "default/mjazzazi@invoiceq.com",
              "Oracle-Tags.CreatedOn": "2022-08-04T17:05:35.926Z"
            },
            "description": "Compartment for Terraform resources.",
            "enable_delete": null,
            "freeform_tags": {},
            "id": "ocid1.compartment.oc1..aaaaaaaarsycpxwwv325nipha3g6w4btsuuui5rizfaladyazmdps4haqdqa",
            "inactive_state": null,
            "is_accessible": true,
            "name": "compartmenttest14",
            "state": "ACTIVE",
            "time_created": "2022-08-04 17:05:36.911 +0000 UTC",
            "timeouts": null
          },
          "sensitive_attributes": [],
          "private": "eyJlMmJmYjczMC1lY2FhLTExZTYtOGY4OC0zNDM2M2JjN2M0YzAiOnsiZGVsZXRlIjo1NDAwMDAwMDAwMDAwfX0="
        },
        {
          "index_key": 15,
          "schema_version": 0,
          "attributes": {
            "compartment_id": "ocid1.tenancy.oc1..aaaaaaaasu22hcodp52crxfb64fbck2psvjj2bdbgnebhsarbgpt6pabz6ja",
            "defined_tags": {
              "Oracle-Tags.CreatedBy": "default/mjazzazi@invoiceq.com",
              "Oracle-Tags.CreatedOn": "2022-08-04T17:05:34.838Z"
            },
            "description": "Compartment for Terraform resources.",
            "enable_delete": null,
            "freeform_tags": {},
            "id": "ocid1.compartment.oc1..aaaaaaaaxtetjc55afwtzvhkak3tk7bd6cg4bigcm7i5j2urirfc4vldsuia",
            "inactive_state": null,
            "is_accessible": true,
            "name": "compartmenttest15",
            "state": "ACTIVE",
            "time_created": "2022-08-04 17:05:34.853 +0000 UTC",
            "timeouts": null
          },
          "sensitive_attributes": [],
          "private": "eyJlMmJmYjczMC1lY2FhLTExZTYtOGY4OC0zNDM2M2JjN2M0YzAiOnsiZGVsZXRlIjo1NDAwMDAwMDAwMDAwfX0="
        },
        {
          "index_key": 16,
          "schema_version": 0,
          "attributes": {
            "compartment_id": "ocid1.tenancy.oc1..aaaaaaaasu22hcodp52crxfb64fbck2psvjj2bdbgnebhsarbgpt6pabz6ja",
            "defined_tags": {
              "Oracle-Tags.CreatedBy": "default/mjazzazi@invoiceq.com",
              "Oracle-Tags.CreatedOn": "2022-08-04T17:05:36.064Z"
            },
            "description": "Compartment for Terraform resources.",
            "enable_delete": null,
            "freeform_tags": {},
            "id": "ocid1.compartment.oc1..aaaaaaaanscpw2j6sgtwjcj3njatzdoj4ekavdlrmzf3w5ujbbzd42cia3ha",
            "inactive_state": null,
            "is_accessible": true,
            "name": "compartmenttest16",
            "state": "ACTIVE",
            "time_created": "2022-08-04 17:05:36.08 +0000 UTC",
            "timeouts": null
          },
          "sensitive_attributes": [],
          "private": "eyJlMmJmYjczMC1lY2FhLTExZTYtOGY4OC0zNDM2M2JjN2M0YzAiOnsiZGVsZXRlIjo1NDAwMDAwMDAwMDAwfX0="
        },
        {
          "index_key": 17,
          "schema_version": 0,
          "attributes": {
            "compartment_id": "ocid1.tenancy.oc1..aaaaaaaasu22hcodp52crxfb64fbck2psvjj2bdbgnebhsarbgpt6pabz6ja",
            "defined_tags": {
              "Oracle-Tags.CreatedBy": "default/mjazzazi@invoiceq.com",
              "Oracle-Tags.CreatedOn": "2022-08-04T17:05:31.833Z"
            },
            "description": "Compartment for Terraform resources.",
            "enable_delete": null,
            "freeform_tags": {},
            "id": "ocid1.compartment.oc1..aaaaaaaaed3w2wv7wiava3g5trc27jvtfvpi4flm62pabiy2tygg36rpwqba",
            "inactive_state": null,
            "is_accessible": true,
            "name": "compartmenttest17",
            "state": "ACTIVE",
            "time_created": "2022-08-04 17:05:31.845 +0000 UTC",
            "timeouts": null
          },
          "sensitive_attributes": [],
          "private": "eyJlMmJmYjczMC1lY2FhLTExZTYtOGY4OC0zNDM2M2JjN2M0YzAiOnsiZGVsZXRlIjo1NDAwMDAwMDAwMDAwfX0="
        },
        {
          "index_key": 18,
          "schema_version": 0,
          "attributes": {
            "compartment_id": "ocid1.tenancy.oc1..aaaaaaaasu22hcodp52crxfb64fbck2psvjj2bdbgnebhsarbgpt6pabz6ja",
            "defined_tags": {
              "Oracle-Tags.CreatedBy": "default/mjazzazi@invoiceq.com",
              "Oracle-Tags.CreatedOn": "2022-08-04T17:05:36.186Z"
            },
            "description": "Compartment for Terraform resources.",
            "enable_delete": null,
            "freeform_tags": {},
            "id": "ocid1.compartment.oc1..aaaaaaaahsnzp3wa2vwfham424sivh6zbiel42p25oxe6ilbqes4prqiz7qa",
            "inactive_state": null,
            "is_accessible": true,
            "name": "compartmenttest18",
            "state": "ACTIVE",
            "time_created": "2022-08-04 17:05:36.434 +0000 UTC",
            "timeouts": null
          },
          "sensitive_attributes": [],
          "private": "eyJlMmJmYjczMC1lY2FhLTExZTYtOGY4OC0zNDM2M2JjN2M0YzAiOnsiZGVsZXRlIjo1NDAwMDAwMDAwMDAwfX0="
        },
        {
          "index_key": 19,
          "schema_version": 0,
          "attributes": {
            "compartment_id": "ocid1.tenancy.oc1..aaaaaaaasu22hcodp52crxfb64fbck2psvjj2bdbgnebhsarbgpt6pabz6ja",
            "defined_tags": {
              "Oracle-Tags.CreatedBy": "default/mjazzazi@invoiceq.com",
              "Oracle-Tags.CreatedOn": "2022-08-04T17:05:39.311Z"
            },
            "description": "Compartment for Terraform resources.",
            "enable_delete": null,
            "freeform_tags": {},
            "id": "ocid1.compartment.oc1..aaaaaaaanliudste4nle37g3wi4uhd2d2ff3wu5ne4m7d7wpxjqxw3lxjhiq",
            "inactive_state": null,
            "is_accessible": true,
            "name": "compartmenttest19",
            "state": "ACTIVE",
            "time_created": "2022-08-04 17:05:39.325 +0000 UTC",
            "timeouts": null
          },
          "sensitive_attributes": [],
          "private": "eyJlMmJmYjczMC1lY2FhLTExZTYtOGY4OC0zNDM2M2JjN2M0YzAiOnsiZGVsZXRlIjo1NDAwMDAwMDAwMDAwfX0="
        },
        {
          "index_key": 20,
          "schema_version": 0,
          "attributes": {
            "compartment_id": "ocid1.tenancy.oc1..aaaaaaaasu22hcodp52crxfb64fbck2psvjj2bdbgnebhsarbgpt6pabz6ja",
            "defined_tags": {
              "Oracle-Tags.CreatedBy": "default/mjazzazi@invoiceq.com",
              "Oracle-Tags.CreatedOn": "2022-08-04T17:08:50.085Z"
            },
            "description": "Compartment for Terraform resources.",
            "enable_delete": null,
            "freeform_tags": {},
            "id": "ocid1.compartment.oc1..aaaaaaaavf3w47nqaa25ipazgd2vj6n2d5zpre7novcoavxlg6gqdekonaoa",
            "inactive_state": null,
            "is_accessible": true,
            "name": "compartmenttest20",
            "state": "ACTIVE",
            "time_created": "2022-08-04 17:08:50.652 +0000 UTC",
            "timeouts": null
          },
          "sensitive_attributes": [],
          "private": "eyJlMmJmYjczMC1lY2FhLTExZTYtOGY4OC0zNDM2M2JjN2M0YzAiOnsiZGVsZXRlIjo1NDAwMDAwMDAwMDAwfX0="
        },
        {
          "index_key": 21,
          "schema_version": 0,
          "attributes": {
            "compartment_id": "ocid1.tenancy.oc1..aaaaaaaasu22hcodp52crxfb64fbck2psvjj2bdbgnebhsarbgpt6pabz6ja",
            "defined_tags": {
              "Oracle-Tags.CreatedBy": "default/mjazzazi@invoiceq.com",
              "Oracle-Tags.CreatedOn": "2022-08-04T17:08:50.087Z"
            },
            "description": "Compartment for Terraform resources.",
            "enable_delete": null,
            "freeform_tags": {},
            "id": "ocid1.compartment.oc1..aaaaaaaak2su3bdzevjjwgy57254prmw2yzh2cqt6mxduu6opvg3pxblt5nq",
            "inactive_state": null,
            "is_accessible": true,
            "name": "compartmenttest21",
            "state": "ACTIVE",
            "time_created": "2022-08-04 17:08:50.115 +0000 UTC",
            "timeouts": null
          },
          "sensitive_attributes": [],
          "private": "eyJlMmJmYjczMC1lY2FhLTExZTYtOGY4OC0zNDM2M2JjN2M0YzAiOnsiZGVsZXRlIjo1NDAwMDAwMDAwMDAwfX0="
        },
        {
          "index_key": 22,
          "schema_version": 0,
          "attributes": {
            "compartment_id": "ocid1.tenancy.oc1..aaaaaaaasu22hcodp52crxfb64fbck2psvjj2bdbgnebhsarbgpt6pabz6ja",
            "defined_tags": {
              "Oracle-Tags.CreatedBy": "default/mjazzazi@invoiceq.com",
              "Oracle-Tags.CreatedOn": "2022-08-04T17:08:50.087Z"
            },
            "description": "Compartment for Terraform resources.",
            "enable_delete": null,
            "freeform_tags": {},
            "id": "ocid1.compartment.oc1..aaaaaaaacvtqg5qzvciq2lvrgix4loi3mktnhmgjmekp72kh47fqfx2kw7uq",
            "inactive_state": null,
            "is_accessible": true,
            "name": "compartmenttest22",
            "state": "ACTIVE",
            "time_created": "2022-08-04 17:08:51.066 +0000 UTC",
            "timeouts": null
          },
          "sensitive_attributes": [],
          "private": "eyJlMmJmYjczMC1lY2FhLTExZTYtOGY4OC0zNDM2M2JjN2M0YzAiOnsiZGVsZXRlIjo1NDAwMDAwMDAwMDAwfX0="
        },
        {
          "index_key": 23,
          "schema_version": 0,
          "attributes": {
            "compartment_id": "ocid1.tenancy.oc1..aaaaaaaasu22hcodp52crxfb64fbck2psvjj2bdbgnebhsarbgpt6pabz6ja",
            "defined_tags": {
              "Oracle-Tags.CreatedBy": "default/mjazzazi@invoiceq.com",
              "Oracle-Tags.CreatedOn": "2022-08-04T17:08:52.765Z"
            },
            "description": "Compartment for Terraform resources.",
            "enable_delete": null,
            "freeform_tags": {},
            "id": "ocid1.compartment.oc1..aaaaaaaatsq35savff2ewwkp2mvcc6cvshpbn3jnb46ehtg3kt5pzs2553mq",
            "inactive_state": null,
            "is_accessible": true,
            "name": "compartmenttest23",
            "state": "ACTIVE",
            "time_created": "2022-08-04 17:08:52.779 +0000 UTC",
            "timeouts": null
          },
          "sensitive_attributes": [],
          "private": "eyJlMmJmYjczMC1lY2FhLTExZTYtOGY4OC0zNDM2M2JjN2M0YzAiOnsiZGVsZXRlIjo1NDAwMDAwMDAwMDAwfX0="
        },
        {
          "index_key": 24,
          "schema_version": 0,
          "attributes": {
            "compartment_id": "ocid1.tenancy.oc1..aaaaaaaasu22hcodp52crxfb64fbck2psvjj2bdbgnebhsarbgpt6pabz6ja",
            "defined_tags": {
              "Oracle-Tags.CreatedBy": "default/mjazzazi@invoiceq.com",
              "Oracle-Tags.CreatedOn": "2022-08-04T17:08:54.133Z"
            },
            "description": "Compartment for Terraform resources.",
            "enable_delete": null,
            "freeform_tags": {},
            "id": "ocid1.compartment.oc1..aaaaaaaaungocvgok5mkjc4xq2clbsfpflmlul6nw35qf2jptw6cn4amvgva",
            "inactive_state": null,
            "is_accessible": true,
            "name": "compartmenttest24",
            "state": "ACTIVE",
            "time_created": "2022-08-04 17:08:54.166 +0000 UTC",
            "timeouts": null
          },
          "sensitive_attributes": [],
          "private": "eyJlMmJmYjczMC1lY2FhLTExZTYtOGY4OC0zNDM2M2JjN2M0YzAiOnsiZGVsZXRlIjo1NDAwMDAwMDAwMDAwfX0="
        },
        {
          "index_key": 25,
          "schema_version": 0,
          "attributes": {
            "compartment_id": "ocid1.tenancy.oc1..aaaaaaaasu22hcodp52crxfb64fbck2psvjj2bdbgnebhsarbgpt6pabz6ja",
            "defined_tags": {
              "Oracle-Tags.CreatedBy": "default/mjazzazi@invoiceq.com",
              "Oracle-Tags.CreatedOn": "2022-08-04T17:10:40.783Z"
            },
            "description": "Compartment for Terraform resources.",
            "enable_delete": null,
            "freeform_tags": {},
            "id": "ocid1.compartment.oc1..aaaaaaaapu6soggdjh5dkecfxfxw37gr5ykhgvgqv27dwy4y642vwcbgpdja",
            "inactive_state": null,
            "is_accessible": true,
            "name": "compartmenttest25",
            "state": "ACTIVE",
            "time_created": "2022-08-04 17:10:40.818 +0000 UTC",
            "timeouts": null
          },
          "sensitive_attributes": [],
          "private": "eyJlMmJmYjczMC1lY2FhLTExZTYtOGY4OC0zNDM2M2JjN2M0YzAiOnsiZGVsZXRlIjo1NDAwMDAwMDAwMDAwfX0="
        },
        {
          "index_key": 26,
          "schema_version": 0,
          "attributes": {
            "compartment_id": "ocid1.tenancy.oc1..aaaaaaaasu22hcodp52crxfb64fbck2psvjj2bdbgnebhsarbgpt6pabz6ja",
            "defined_tags": {
              "Oracle-Tags.CreatedBy": "default/mjazzazi@invoiceq.com",
              "Oracle-Tags.CreatedOn": "2022-08-04T17:12:57.281Z"
            },
            "description": "Compartment for Terraform resources.",
            "enable_delete": null,
            "freeform_tags": {},
            "id": "ocid1.compartment.oc1..aaaaaaaamhokfxyhtjhpl6jo4mf7u7cteu6jepshr4x26vvj5hczsb62tgda",
            "inactive_state": null,
            "is_accessible": true,
            "name": "compartmenttest26",
            "state": "ACTIVE",
            "time_created": "2022-08-04 17:12:57.71 +0000 UTC",
            "timeouts": null
          },
          "sensitive_attributes": [],
          "private": "eyJlMmJmYjczMC1lY2FhLTExZTYtOGY4OC0zNDM2M2JjN2M0YzAiOnsiZGVsZXRlIjo1NDAwMDAwMDAwMDAwfX0="
        },
        {
          "index_key": 27,
          "schema_version": 0,
          "attributes": {
            "compartment_id": "ocid1.tenancy.oc1..aaaaaaaasu22hcodp52crxfb64fbck2psvjj2bdbgnebhsarbgpt6pabz6ja",
            "defined_tags": {
              "Oracle-Tags.CreatedBy": "default/mjazzazi@invoiceq.com",
              "Oracle-Tags.CreatedOn": "2022-08-04T17:12:57.285Z"
            },
            "description": "Compartment for Terraform resources.",
            "enable_delete": null,
            "freeform_tags": {},
            "id": "ocid1.compartment.oc1..aaaaaaaayiei7kwkkespe7ptu3247tdpwsz45ylwy25cuqfrbbbwgo5gudua",
            "inactive_state": null,
            "is_accessible": true,
            "name": "compartmenttest27",
            "state": "ACTIVE",
            "time_created": "2022-08-04 17:12:58.665 +0000 UTC",
            "timeouts": null
          },
          "sensitive_attributes": [],
          "private": "eyJlMmJmYjczMC1lY2FhLTExZTYtOGY4OC0zNDM2M2JjN2M0YzAiOnsiZGVsZXRlIjo1NDAwMDAwMDAwMDAwfX0="
        },
        {
          "index_key": 28,
          "schema_version": 0,
          "attributes": {
            "compartment_id": "ocid1.tenancy.oc1..aaaaaaaasu22hcodp52crxfb64fbck2psvjj2bdbgnebhsarbgpt6pabz6ja",
            "defined_tags": {
              "Oracle-Tags.CreatedBy": "default/mjazzazi@invoiceq.com",
              "Oracle-Tags.CreatedOn": "2022-08-04T17:12:57.280Z"
            },
            "description": "Compartment for Terraform resources.",
            "enable_delete": null,
            "freeform_tags": {},
            "id": "ocid1.compartment.oc1..aaaaaaaa54nsdioj7efsodtbqvp7gzkky7x6doshu33rmeq6x6wvoynsq7qq",
            "inactive_state": null,
            "is_accessible": true,
            "name": "compartmenttest28",
            "state": "ACTIVE",
            "time_created": "2022-08-04 17:12:57.334 +0000 UTC",
            "timeouts": null
          },
          "sensitive_attributes": [],
          "private": "eyJlMmJmYjczMC1lY2FhLTExZTYtOGY4OC0zNDM2M2JjN2M0YzAiOnsiZGVsZXRlIjo1NDAwMDAwMDAwMDAwfX0="
        },
        {
          "index_key": 29,
          "schema_version": 0,
          "attributes": {
            "compartment_id": "ocid1.tenancy.oc1..aaaaaaaasu22hcodp52crxfb64fbck2psvjj2bdbgnebhsarbgpt6pabz6ja",
            "defined_tags": {
              "Oracle-Tags.CreatedBy": "default/mjazzazi@invoiceq.com",
              "Oracle-Tags.CreatedOn": "2022-08-04T17:12:57.274Z"
            },
            "description": "Compartment for Terraform resources.",
            "enable_delete": null,
            "freeform_tags": {},
            "id": "ocid1.compartment.oc1..aaaaaaaaffl6uyqghrsq6xjwp73bbbxwgk7vssfskmnw3tb76o6zaxvrthoq",
            "inactive_state": null,
            "is_accessible": true,
            "name": "compartmenttest29",
            "state": "ACTIVE",
            "time_created": "2022-08-04 17:12:58.159 +0000 UTC",
            "timeouts": null
          },
          "sensitive_attributes": [],
          "private": "eyJlMmJmYjczMC1lY2FhLTExZTYtOGY4OC0zNDM2M2JjN2M0YzAiOnsiZGVsZXRlIjo1NDAwMDAwMDAwMDAwfX0="
        },
        {
          "index_key": 30,
          "schema_version": 0,
          "attributes": {
            "compartment_id": "ocid1.tenancy.oc1..aaaaaaaasu22hcodp52crxfb64fbck2psvjj2bdbgnebhsarbgpt6pabz6ja",
            "defined_tags": {
              "Oracle-Tags.CreatedBy": "default/mjazzazi@invoiceq.com",
              "Oracle-Tags.CreatedOn": "2022-08-04T17:13:51.473Z"
            },
            "description": "Compartment for Terraform resources.",
            "enable_delete": null,
            "freeform_tags": {},
            "id": "ocid1.compartment.oc1..aaaaaaaamovuk7ca4c6l2hz75wx2erxv7qqusw55oo54az4vpmuik2rmuljq",
            "inactive_state": null,
            "is_accessible": true,
            "name": "compartmenttest30",
            "state": "ACTIVE",
            "time_created": "2022-08-04 17:13:51.525 +0000 UTC",
            "timeouts": null
          },
          "sensitive_attributes": [],
          "private": "eyJlMmJmYjczMC1lY2FhLTExZTYtOGY4OC0zNDM2M2JjN2M0YzAiOnsiZGVsZXRlIjo1NDAwMDAwMDAwMDAwfX0="
        },
        {
          "index_key": 31,
          "schema_version": 0,
          "attributes": {
            "compartment_id": "ocid1.tenancy.oc1..aaaaaaaasu22hcodp52crxfb64fbck2psvjj2bdbgnebhsarbgpt6pabz6ja",
            "defined_tags": {
              "Oracle-Tags.CreatedBy": "default/mjazzazi@invoiceq.com",
              "Oracle-Tags.CreatedOn": "2022-08-04T17:13:51.550Z"
            },
            "description": "Compartment for Terraform resources.",
            "enable_delete": null,
            "freeform_tags": {},
            "id": "ocid1.compartment.oc1..aaaaaaaa7fe2smsdjbci7hvfzevjowu5ukrq47nal4zxkxyfbvb4xskq3wea",
            "inactive_state": null,
            "is_accessible": true,
            "name": "compartmenttest31",
            "state": "ACTIVE",
            "time_created": "2022-08-04 17:13:52.127 +0000 UTC",
            "timeouts": null
          },
          "sensitive_attributes": [],
          "private": "eyJlMmJmYjczMC1lY2FhLTExZTYtOGY4OC0zNDM2M2JjN2M0YzAiOnsiZGVsZXRlIjo1NDAwMDAwMDAwMDAwfX0="
        },
        {
          "index_key": 32,
          "schema_version": 0,
          "attributes": {
            "compartment_id": "ocid1.tenancy.oc1..aaaaaaaasu22hcodp52crxfb64fbck2psvjj2bdbgnebhsarbgpt6pabz6ja",
            "defined_tags": {
              "Oracle-Tags.CreatedBy": "default/mjazzazi@invoiceq.com",
              "Oracle-Tags.CreatedOn": "2022-08-04T17:13:51.458Z"
            },
            "description": "Compartment for Terraform resources.",
            "enable_delete": null,
            "freeform_tags": {},
            "id": "ocid1.compartment.oc1..aaaaaaaal6ekd5ky3itq3k35t66w3lfcfz5grfjqe3mcz4nfecx2sp47ud3q",
            "inactive_state": null,
            "is_accessible": true,
            "name": "compartmenttest32",
            "state": "ACTIVE",
            "time_created": "2022-08-04 17:13:51.79 +0000 UTC",
            "timeouts": null
          },
          "sensitive_attributes": [],
          "private": "eyJlMmJmYjczMC1lY2FhLTExZTYtOGY4OC0zNDM2M2JjN2M0YzAiOnsiZGVsZXRlIjo1NDAwMDAwMDAwMDAwfX0="
        },
        {
          "index_key": 33,
          "schema_version": 0,
          "attributes": {
            "compartment_id": "ocid1.tenancy.oc1..aaaaaaaasu22hcodp52crxfb64fbck2psvjj2bdbgnebhsarbgpt6pabz6ja",
            "defined_tags": {
              "Oracle-Tags.CreatedBy": "default/mjazzazi@invoiceq.com",
              "Oracle-Tags.CreatedOn": "2022-08-04T17:13:58.538Z"
            },
            "description": "Compartment for Terraform resources.",
            "enable_delete": null,
            "freeform_tags": {},
            "id": "ocid1.compartment.oc1..aaaaaaaa7ie4d2th7k7ftxaiwzoo52chs3wujohll6otxxwevfinvhi62q6a",
            "inactive_state": null,
            "is_accessible": true,
            "name": "compartmenttest33",
            "state": "ACTIVE",
            "time_created": "2022-08-04 17:13:58.554 +0000 UTC",
            "timeouts": null
          },
          "sensitive_attributes": [],
          "private": "eyJlMmJmYjczMC1lY2FhLTExZTYtOGY4OC0zNDM2M2JjN2M0YzAiOnsiZGVsZXRlIjo1NDAwMDAwMDAwMDAwfX0="
        },
        {
          "index_key": 34,
          "schema_version": 0,
          "attributes": {
            "compartment_id": "ocid1.tenancy.oc1..aaaaaaaasu22hcodp52crxfb64fbck2psvjj2bdbgnebhsarbgpt6pabz6ja",
            "defined_tags": {
              "Oracle-Tags.CreatedBy": "default/mjazzazi@invoiceq.com",
              "Oracle-Tags.CreatedOn": "2022-08-04T17:14:56.292Z"
            },
            "description": "Compartment for Terraform resources.",
            "enable_delete": null,
            "freeform_tags": {},
            "id": "ocid1.compartment.oc1..aaaaaaaacqjhwsrjvenqeyme5iv3jxsllibla63sziaewrmwmowugjzc5dea",
            "inactive_state": null,
            "is_accessible": true,
            "name": "compartmenttest34",
            "state": "ACTIVE",
            "time_created": "2022-08-04 17:14:56.333 +0000 UTC",
            "timeouts": null
          },
          "sensitive_attributes": [],
          "private": "eyJlMmJmYjczMC1lY2FhLTExZTYtOGY4OC0zNDM2M2JjN2M0YzAiOnsiZGVsZXRlIjo1NDAwMDAwMDAwMDAwfX0="
        },
        {
          "index_key": 35,
          "schema_version": 0,
          "attributes": {
            "compartment_id": "ocid1.tenancy.oc1..aaaaaaaasu22hcodp52crxfb64fbck2psvjj2bdbgnebhsarbgpt6pabz6ja",
            "defined_tags": {
              "Oracle-Tags.CreatedBy": "default/mjazzazi@invoiceq.com",
              "Oracle-Tags.CreatedOn": "2022-08-04T17:16:50.399Z"
            },
            "description": "Compartment for Terraform resources.",
            "enable_delete": null,
            "freeform_tags": {},
            "id": "ocid1.compartment.oc1..aaaaaaaa5j6frf3xtjvh3re7wckkomifrff54xuuuknbetn2cjh35icmxmiq",
            "inactive_state": null,
            "is_accessible": true,
            "name": "compartmenttest35",
            "state": "ACTIVE",
            "time_created": "2022-08-04 17:16:50.417 +0000 UTC",
            "timeouts": null
          },
          "sensitive_attributes": [],
          "private": "eyJlMmJmYjczMC1lY2FhLTExZTYtOGY4OC0zNDM2M2JjN2M0YzAiOnsiZGVsZXRlIjo1NDAwMDAwMDAwMDAwfX0="
        },
        {
          "index_key": 36,
          "schema_version": 0,
          "attributes": {
            "compartment_id": "ocid1.tenancy.oc1..aaaaaaaasu22hcodp52crxfb64fbck2psvjj2bdbgnebhsarbgpt6pabz6ja",
            "defined_tags": {
              "Oracle-Tags.CreatedBy": "default/mjazzazi@invoiceq.com",
              "Oracle-Tags.CreatedOn": "2022-08-04T17:16:48.117Z"
            },
            "description": "Compartment for Terraform resources.",
            "enable_delete": null,
            "freeform_tags": {},
            "id": "ocid1.compartment.oc1..aaaaaaaaeg4m2wnwnozscsdatjw7d6inazbvj6lstbpitmk7bder3mj77l5a",
            "inactive_state": null,
            "is_accessible": true,
            "name": "compartmenttest36",
            "state": "ACTIVE",
            "time_created": "2022-08-04 17:16:48.15 +0000 UTC",
            "timeouts": null
          },
          "sensitive_attributes": [],
          "private": "eyJlMmJmYjczMC1lY2FhLTExZTYtOGY4OC0zNDM2M2JjN2M0YzAiOnsiZGVsZXRlIjo1NDAwMDAwMDAwMDAwfX0="
        },
        {
          "index_key": 37,
          "schema_version": 0,
          "attributes": {
            "compartment_id": "ocid1.tenancy.oc1..aaaaaaaasu22hcodp52crxfb64fbck2psvjj2bdbgnebhsarbgpt6pabz6ja",
            "defined_tags": {
              "Oracle-Tags.CreatedBy": "default/mjazzazi@invoiceq.com",
              "Oracle-Tags.CreatedOn": "2022-08-04T17:15:38.454Z"
            },
            "description": "Compartment for Terraform resources.",
            "enable_delete": null,
            "freeform_tags": {},
            "id": "ocid1.compartment.oc1..aaaaaaaa5aolczmzdrrb7rrt3y2qgidqhwek3ujsjjnovrike4fb52dlczhq",
            "inactive_state": null,
            "is_accessible": true,
            "name": "compartmenttest37",
            "state": "ACTIVE",
            "time_created": "2022-08-04 17:15:39.356 +0000 UTC",
            "timeouts": null
          },
          "sensitive_attributes": [],
          "private": "eyJlMmJmYjczMC1lY2FhLTExZTYtOGY4OC0zNDM2M2JjN2M0YzAiOnsiZGVsZXRlIjo1NDAwMDAwMDAwMDAwfX0="
        },
        {
          "index_key": 38,
          "schema_version": 0,
          "attributes": {
            "compartment_id": "ocid1.tenancy.oc1..aaaaaaaasu22hcodp52crxfb64fbck2psvjj2bdbgnebhsarbgpt6pabz6ja",
            "defined_tags": {
              "Oracle-Tags.CreatedBy": "default/mjazzazi@invoiceq.com",
              "Oracle-Tags.CreatedOn": "2022-08-04T17:16:10.899Z"
            },
            "description": "Compartment for Terraform resources.",
            "enable_delete": null,
            "freeform_tags": {},
            "id": "ocid1.compartment.oc1..aaaaaaaaq6j6rxw6celx2hotzzg4hoclw23y3sk2o2b2kacmj5zp736y43ha",
            "inactive_state": null,
            "is_accessible": true,
            "name": "compartmenttest38",
            "state": "ACTIVE",
            "time_created": "2022-08-04 17:16:10.912 +0000 UTC",
            "timeouts": null
          },
          "sensitive_attributes": [],
          "private": "eyJlMmJmYjczMC1lY2FhLTExZTYtOGY4OC0zNDM2M2JjN2M0YzAiOnsiZGVsZXRlIjo1NDAwMDAwMDAwMDAwfX0="
        },
        {
          "index_key": 39,
          "schema_version": 0,
          "attributes": {
            "compartment_id": "ocid1.tenancy.oc1..aaaaaaaasu22hcodp52crxfb64fbck2psvjj2bdbgnebhsarbgpt6pabz6ja",
            "defined_tags": {
              "Oracle-Tags.CreatedBy": "default/mjazzazi@invoiceq.com",
              "Oracle-Tags.CreatedOn": "2022-08-04T17:15:38.461Z"
            },
            "description": "Compartment for Terraform resources.",
            "enable_delete": null,
            "freeform_tags": {},
            "id": "ocid1.compartment.oc1..aaaaaaaarahjqjol24asrhvfmziimzbdmfssmtl4fwmvcwcstjjgys7nwima",
            "inactive_state": null,
            "is_accessible": true,
            "name": "compartmenttest39",
            "state": "ACTIVE",
            "time_created": "2022-08-04 17:15:38.478 +0000 UTC",
            "timeouts": null
          },
          "sensitive_attributes": [],
          "private": "eyJlMmJmYjczMC1lY2FhLTExZTYtOGY4OC0zNDM2M2JjN2M0YzAiOnsiZGVsZXRlIjo1NDAwMDAwMDAwMDAwfX0="
        },
        {
          "index_key": 40,
          "schema_version": 0,
          "attributes": {
            "compartment_id": "ocid1.tenancy.oc1..aaaaaaaasu22hcodp52crxfb64fbck2psvjj2bdbgnebhsarbgpt6pabz6ja",
            "defined_tags": {
              "Oracle-Tags.CreatedBy": "default/mjazzazi@invoiceq.com",
              "Oracle-Tags.CreatedOn": "2022-08-04T17:15:40.947Z"
            },
            "description": "Compartment for Terraform resources.",
            "enable_delete": null,
            "freeform_tags": {},
            "id": "ocid1.compartment.oc1..aaaaaaaapi4t74rck3c37i32jdc2wm6qzsx5lo6ub7xu4bb4kchuddc7yzkq",
            "inactive_state": null,
            "is_accessible": true,
            "name": "compartmenttest40",
            "state": "ACTIVE",
            "time_created": "2022-08-04 17:15:40.974 +0000 UTC",
            "timeouts": null
          },
          "sensitive_attributes": [],
          "private": "eyJlMmJmYjczMC1lY2FhLTExZTYtOGY4OC0zNDM2M2JjN2M0YzAiOnsiZGVsZXRlIjo1NDAwMDAwMDAwMDAwfX0="
        },
        {
          "index_key": 41,
          "schema_version": 0,
          "attributes": {
            "compartment_id": "ocid1.tenancy.oc1..aaaaaaaasu22hcodp52crxfb64fbck2psvjj2bdbgnebhsarbgpt6pabz6ja",
            "defined_tags": {
              "Oracle-Tags.CreatedBy": "default/mjazzazi@invoiceq.com",
              "Oracle-Tags.CreatedOn": "2022-08-04T17:15:38.464Z"
            },
            "description": "Compartment for Terraform resources.",
            "enable_delete": null,
            "freeform_tags": {},
            "id": "ocid1.compartment.oc1..aaaaaaaad3yvjxye5filop4o53nyd4urynhig3riplta6gpxzwx5u2qelbma",
            "inactive_state": null,
            "is_accessible": true,
            "name": "compartmenttest41",
            "state": "ACTIVE",
            "time_created": "2022-08-04 17:15:38.681 +0000 UTC",
            "timeouts": null
          },
          "sensitive_attributes": [],
          "private": "eyJlMmJmYjczMC1lY2FhLTExZTYtOGY4OC0zNDM2M2JjN2M0YzAiOnsiZGVsZXRlIjo1NDAwMDAwMDAwMDAwfX0="
        },
        {
          "index_key": 42,
          "schema_version": 0,
          "attributes": {
            "compartment_id": "ocid1.tenancy.oc1..aaaaaaaasu22hcodp52crxfb64fbck2psvjj2bdbgnebhsarbgpt6pabz6ja",
            "defined_tags": {
              "Oracle-Tags.CreatedBy": "default/mjazzazi@invoiceq.com",
              "Oracle-Tags.CreatedOn": "2022-08-04T17:16:55.765Z"
            },
            "description": "Compartment for Terraform resources.",
            "enable_delete": null,
            "freeform_tags": {},
            "id": "ocid1.compartment.oc1..aaaaaaaaisw3wfjwcxozbtvqhh66bd2wpf4kxhu2z4q24s7cpmr4qa2xnvcq",
            "inactive_state": null,
            "is_accessible": true,
            "name": "compartmenttest42",
            "state": "ACTIVE",
            "time_created": "2022-08-04 17:16:55.777 +0000 UTC",
            "timeouts": null
          },
          "sensitive_attributes": [],
          "private": "eyJlMmJmYjczMC1lY2FhLTExZTYtOGY4OC0zNDM2M2JjN2M0YzAiOnsiZGVsZXRlIjo1NDAwMDAwMDAwMDAwfX0="
        },
        {
          "index_key": 43,
          "schema_version": 0,
          "attributes": {
            "compartment_id": "ocid1.tenancy.oc1..aaaaaaaasu22hcodp52crxfb64fbck2psvjj2bdbgnebhsarbgpt6pabz6ja",
            "defined_tags": {
              "Oracle-Tags.CreatedBy": "default/mjazzazi@invoiceq.com",
              "Oracle-Tags.CreatedOn": "2022-08-04T17:15:38.452Z"
            },
            "description": "Compartment for Terraform resources.",
            "enable_delete": null,
            "freeform_tags": {},
            "id": "ocid1.compartment.oc1..aaaaaaaavpsogdaa7q4z7v6h3t3pxuvwojohz4ystz6nxwm7vgsh7pxgc3ya",
            "inactive_state": null,
            "is_accessible": true,
            "name": "compartmenttest43",
            "state": "ACTIVE",
            "time_created": "2022-08-04 17:15:38.958 +0000 UTC",
            "timeouts": null
          },
          "sensitive_attributes": [],
          "private": "eyJlMmJmYjczMC1lY2FhLTExZTYtOGY4OC0zNDM2M2JjN2M0YzAiOnsiZGVsZXRlIjo1NDAwMDAwMDAwMDAwfX0="
        },
        {
          "index_key": 44,
          "schema_version": 0,
          "attributes": {
            "compartment_id": "ocid1.tenancy.oc1..aaaaaaaasu22hcodp52crxfb64fbck2psvjj2bdbgnebhsarbgpt6pabz6ja",
            "defined_tags": {
              "Oracle-Tags.CreatedBy": "default/mjazzazi@invoiceq.com",
              "Oracle-Tags.CreatedOn": "2022-08-04T17:16:08.691Z"
            },
            "description": "Compartment for Terraform resources.",
            "enable_delete": null,
            "freeform_tags": {},
            "id": "ocid1.compartment.oc1..aaaaaaaafyourh7ckawiji25spszaemdxtdlg7pv6n3vhusfdylfy2lnqkia",
            "inactive_state": null,
            "is_accessible": true,
            "name": "compartmenttest44",
            "state": "ACTIVE",
            "time_created": "2022-08-04 17:16:08.716 +0000 UTC",
            "timeouts": null
          },
          "sensitive_attributes": [],
          "private": "eyJlMmJmYjczMC1lY2FhLTExZTYtOGY4OC0zNDM2M2JjN2M0YzAiOnsiZGVsZXRlIjo1NDAwMDAwMDAwMDAwfX0="
        }
      ]
    },
    {
      "mode": "managed",
      "type": "oci_identity_group",
      "name": "group",
      "provider": "provider[\"registry.terraform.io/hashicorp/oci\"]",
      "instances": [
        {
          "index_key": 0,
          "schema_version": 0,
          "attributes": {
            "compartment_id": "ocid1.tenancy.oc1..aaaaaaaasu22hcodp52crxfb64fbck2psvjj2bdbgnebhsarbgpt6pabz6ja",
            "defined_tags": {
              "Oracle-Tags.CreatedBy": "default/mjazzazi@invoiceq.com",
              "Oracle-Tags.CreatedOn": "2022-08-04T17:03:22.796Z"
            },
            "description": "read only group for Compartmenttest",
            "freeform_tags": {},
            "id": "ocid1.group.oc1..aaaaaaaanqn72owfhnnm3htiyxqkw3tiyiqwz2tvjmkq4vvhwm2pvwtcbtja",
            "inactive_state": null,
            "name": "ReadCompartmenttest",
            "state": "ACTIVE",
            "time_created": "2022-08-04 17:03:22.814 +0000 UTC",
            "timeouts": null
          },
          "sensitive_attributes": [],
          "private": "eyJlMmJmYjczMC1lY2FhLTExZTYtOGY4OC0zNDM2M2JjN2M0YzAiOnsiY3JlYXRlIjoxMjAwMDAwMDAwMDAwLCJkZWxldGUiOjEyMDAwMDAwMDAwMDAsInVwZGF0ZSI6MTIwMDAwMDAwMDAwMH19"
        },
        {
          "index_key": 1,
          "schema_version": 0,
          "attributes": {
            "compartment_id": "ocid1.tenancy.oc1..aaaaaaaasu22hcodp52crxfb64fbck2psvjj2bdbgnebhsarbgpt6pabz6ja",
            "defined_tags": {
              "Oracle-Tags.CreatedBy": "default/mjazzazi@invoiceq.com",
              "Oracle-Tags.CreatedOn": "2022-08-04T17:03:21.871Z"
            },
            "description": "read only group for Compartmenttest1",
            "freeform_tags": {},
            "id": "ocid1.group.oc1..aaaaaaaapjov64prznonpfcqdrcwshv4aywut6gdw3phee55gtmaiakwql5a",
            "inactive_state": null,
            "name": "ReadCompartmenttest1",
            "state": "ACTIVE",
            "time_created": "2022-08-04 17:03:21.911 +0000 UTC",
            "timeouts": null
          },
          "sensitive_attributes": [],
          "private": "eyJlMmJmYjczMC1lY2FhLTExZTYtOGY4OC0zNDM2M2JjN2M0YzAiOnsiY3JlYXRlIjoxMjAwMDAwMDAwMDAwLCJkZWxldGUiOjEyMDAwMDAwMDAwMDAsInVwZGF0ZSI6MTIwMDAwMDAwMDAwMH19"
        },
        {
          "index_key": 2,
          "schema_version": 0,
          "attributes": {
            "compartment_id": "ocid1.tenancy.oc1..aaaaaaaasu22hcodp52crxfb64fbck2psvjj2bdbgnebhsarbgpt6pabz6ja",
            "defined_tags": {
              "Oracle-Tags.CreatedBy": "default/mjazzazi@invoiceq.com",
              "Oracle-Tags.CreatedOn": "2022-08-04T17:03:22.743Z"
            },
            "description": "read only group for Compartmenttest2",
            "freeform_tags": {},
            "id": "ocid1.group.oc1..aaaaaaaavs37lyklktkxcnzoloau7hhe6h63cot4casmx7qcocztz457jciq",
            "inactive_state": null,
            "name": "ReadCompartmenttest2",
            "state": "ACTIVE",
            "time_created": "2022-08-04 17:03:22.771 +0000 UTC",
            "timeouts": null
          },
          "sensitive_attributes": [],
          "private": "eyJlMmJmYjczMC1lY2FhLTExZTYtOGY4OC0zNDM2M2JjN2M0YzAiOnsiY3JlYXRlIjoxMjAwMDAwMDAwMDAwLCJkZWxldGUiOjEyMDAwMDAwMDAwMDAsInVwZGF0ZSI6MTIwMDAwMDAwMDAwMH19"
        },
        {
          "index_key": 3,
          "schema_version": 0,
          "attributes": {
            "compartment_id": "ocid1.tenancy.oc1..aaaaaaaasu22hcodp52crxfb64fbck2psvjj2bdbgnebhsarbgpt6pabz6ja",
            "defined_tags": {
              "Oracle-Tags.CreatedBy": "default/mjazzazi@invoiceq.com",
              "Oracle-Tags.CreatedOn": "2022-08-04T17:03:21.853Z"
            },
            "description": "read only group for Compartmenttest3",
            "freeform_tags": {},
            "id": "ocid1.group.oc1..aaaaaaaaabaeephywmqjr477rmzkbxkutfqfblcs64f3kh762jzmxt7zfaaa",
            "inactive_state": null,
            "name": "ReadCompartmenttest3",
            "state": "ACTIVE",
            "time_created": "2022-08-04 17:03:21.891 +0000 UTC",
            "timeouts": null
          },
          "sensitive_attributes": [],
          "private": "eyJlMmJmYjczMC1lY2FhLTExZTYtOGY4OC0zNDM2M2JjN2M0YzAiOnsiY3JlYXRlIjoxMjAwMDAwMDAwMDAwLCJkZWxldGUiOjEyMDAwMDAwMDAwMDAsInVwZGF0ZSI6MTIwMDAwMDAwMDAwMH19"
        },
        {
          "index_key": 4,
          "schema_version": 0,
          "attributes": {
            "compartment_id": "ocid1.tenancy.oc1..aaaaaaaasu22hcodp52crxfb64fbck2psvjj2bdbgnebhsarbgpt6pabz6ja",
            "defined_tags": {
              "Oracle-Tags.CreatedBy": "default/mjazzazi@invoiceq.com",
              "Oracle-Tags.CreatedOn": "2022-08-04T17:03:21.979Z"
            },
            "description": "read only group for Compartmenttest4",
            "freeform_tags": {},
            "id": "ocid1.group.oc1..aaaaaaaaybvh2pqwmkigmwgkfoouum3vhl3epppzkcxwl7llmty7tdtjobga",
            "inactive_state": null,
            "name": "ReadCompartmenttest4",
            "state": "ACTIVE",
            "time_created": "2022-08-04 17:03:22.028 +0000 UTC",
            "timeouts": null
          },
          "sensitive_attributes": [],
          "private": "eyJlMmJmYjczMC1lY2FhLTExZTYtOGY4OC0zNDM2M2JjN2M0YzAiOnsiY3JlYXRlIjoxMjAwMDAwMDAwMDAwLCJkZWxldGUiOjEyMDAwMDAwMDAwMDAsInVwZGF0ZSI6MTIwMDAwMDAwMDAwMH19"
        },
        {
          "index_key": 5,
          "schema_version": 0,
          "attributes": {
            "compartment_id": "ocid1.tenancy.oc1..aaaaaaaasu22hcodp52crxfb64fbck2psvjj2bdbgnebhsarbgpt6pabz6ja",
            "defined_tags": {
              "Oracle-Tags.CreatedBy": "default/mjazzazi@invoiceq.com",
              "Oracle-Tags.CreatedOn": "2022-08-04T17:04:32.209Z"
            },
            "description": "read only group for Compartmenttest5",
            "freeform_tags": {},
            "id": "ocid1.group.oc1..aaaaaaaahpmyvvfev77ddtad7oza2lc3wcyqolp7ezizvoltggw7637ys4fq",
            "inactive_state": null,
            "name": "ReadCompartmenttest5",
            "state": "ACTIVE",
            "time_created": "2022-08-04 17:04:32.227 +0000 UTC",
            "timeouts": null
          },
          "sensitive_attributes": [],
          "private": "eyJlMmJmYjczMC1lY2FhLTExZTYtOGY4OC0zNDM2M2JjN2M0YzAiOnsiY3JlYXRlIjoxMjAwMDAwMDAwMDAwLCJkZWxldGUiOjEyMDAwMDAwMDAwMDAsInVwZGF0ZSI6MTIwMDAwMDAwMDAwMH19"
        },
        {
          "index_key": 6,
          "schema_version": 0,
          "attributes": {
            "compartment_id": "ocid1.tenancy.oc1..aaaaaaaasu22hcodp52crxfb64fbck2psvjj2bdbgnebhsarbgpt6pabz6ja",
            "defined_tags": {
              "Oracle-Tags.CreatedBy": "default/mjazzazi@invoiceq.com",
              "Oracle-Tags.CreatedOn": "2022-08-04T17:04:32.224Z"
            },
            "description": "read only group for Compartmenttest6",
            "freeform_tags": {},
            "id": "ocid1.group.oc1..aaaaaaaayy5frmhnmbkbhg2wjenbrmsfj6o6fpwrrem2k7ld7wc4klyidypq",
            "inactive_state": null,
            "name": "ReadCompartmenttest6",
            "state": "ACTIVE",
            "time_created": "2022-08-04 17:04:32.24 +0000 UTC",
            "timeouts": null
          },
          "sensitive_attributes": [],
          "private": "eyJlMmJmYjczMC1lY2FhLTExZTYtOGY4OC0zNDM2M2JjN2M0YzAiOnsiY3JlYXRlIjoxMjAwMDAwMDAwMDAwLCJkZWxldGUiOjEyMDAwMDAwMDAwMDAsInVwZGF0ZSI6MTIwMDAwMDAwMDAwMH19"
        },
        {
          "index_key": 7,
          "schema_version": 0,
          "attributes": {
            "compartment_id": "ocid1.tenancy.oc1..aaaaaaaasu22hcodp52crxfb64fbck2psvjj2bdbgnebhsarbgpt6pabz6ja",
            "defined_tags": {
              "Oracle-Tags.CreatedBy": "default/mjazzazi@invoiceq.com",
              "Oracle-Tags.CreatedOn": "2022-08-04T17:04:32.207Z"
            },
            "description": "read only group for Compartmenttest7",
            "freeform_tags": {},
            "id": "ocid1.group.oc1..aaaaaaaamhrw35m3uytriopt2sysys2ieo2lk5zm64zmm446oc5ghw467p6a",
            "inactive_state": null,
            "name": "ReadCompartmenttest7",
            "state": "ACTIVE",
            "time_created": "2022-08-04 17:04:32.235 +0000 UTC",
            "timeouts": null
          },
          "sensitive_attributes": [],
          "private": "eyJlMmJmYjczMC1lY2FhLTExZTYtOGY4OC0zNDM2M2JjN2M0YzAiOnsiY3JlYXRlIjoxMjAwMDAwMDAwMDAwLCJkZWxldGUiOjEyMDAwMDAwMDAwMDAsInVwZGF0ZSI6MTIwMDAwMDAwMDAwMH19"
        },
        {
          "index_key": 8,
          "schema_version": 0,
          "attributes": {
            "compartment_id": "ocid1.tenancy.oc1..aaaaaaaasu22hcodp52crxfb64fbck2psvjj2bdbgnebhsarbgpt6pabz6ja",
            "defined_tags": {
              "Oracle-Tags.CreatedBy": "default/mjazzazi@invoiceq.com",
              "Oracle-Tags.CreatedOn": "2022-08-04T17:04:32.365Z"
            },
            "description": "read only group for Compartmenttest8",
            "freeform_tags": {},
            "id": "ocid1.group.oc1..aaaaaaaapheru2grrhnk647spt4pzcpzi5tajxtalj5eqffh3523xzb3vmna",
            "inactive_state": null,
            "name": "ReadCompartmenttest8",
            "state": "ACTIVE",
            "time_created": "2022-08-04 17:04:32.383 +0000 UTC",
            "timeouts": null
          },
          "sensitive_attributes": [],
          "private": "eyJlMmJmYjczMC1lY2FhLTExZTYtOGY4OC0zNDM2M2JjN2M0YzAiOnsiY3JlYXRlIjoxMjAwMDAwMDAwMDAwLCJkZWxldGUiOjEyMDAwMDAwMDAwMDAsInVwZGF0ZSI6MTIwMDAwMDAwMDAwMH19"
        },
        {
          "index_key": 9,
          "schema_version": 0,
          "attributes": {
            "compartment_id": "ocid1.tenancy.oc1..aaaaaaaasu22hcodp52crxfb64fbck2psvjj2bdbgnebhsarbgpt6pabz6ja",
            "defined_tags": {
              "Oracle-Tags.CreatedBy": "default/mjazzazi@invoiceq.com",
              "Oracle-Tags.CreatedOn": "2022-08-04T17:04:32.340Z"
            },
            "description": "read only group for Compartmenttest9",
            "freeform_tags": {},
            "id": "ocid1.group.oc1..aaaaaaaab5xhxnhvqvzatcwyaquyzeymhijgnwsnm74yk5n6ln7wd33bdu7a",
            "inactive_state": null,
            "name": "ReadCompartmenttest9",
            "state": "ACTIVE",
            "time_created": "2022-08-04 17:04:32.366 +0000 UTC",
            "timeouts": null
          },
          "sensitive_attributes": [],
          "private": "eyJlMmJmYjczMC1lY2FhLTExZTYtOGY4OC0zNDM2M2JjN2M0YzAiOnsiY3JlYXRlIjoxMjAwMDAwMDAwMDAwLCJkZWxldGUiOjEyMDAwMDAwMDAwMDAsInVwZGF0ZSI6MTIwMDAwMDAwMDAwMH19"
        },
        {
          "index_key": 10,
          "schema_version": 0,
          "attributes": {
            "compartment_id": "ocid1.tenancy.oc1..aaaaaaaasu22hcodp52crxfb64fbck2psvjj2bdbgnebhsarbgpt6pabz6ja",
            "defined_tags": {
              "Oracle-Tags.CreatedBy": "default/mjazzazi@invoiceq.com",
              "Oracle-Tags.CreatedOn": "2022-08-04T17:05:32.146Z"
            },
            "description": "read only group for Compartmenttest10",
            "freeform_tags": {},
            "id": "ocid1.group.oc1..aaaaaaaahlpctyuaymmismrpbuhv4gi4ngnf7yq3gg3vz6gqunwslxdsmcya",
            "inactive_state": null,
            "name": "ReadCompartmenttest10",
            "state": "ACTIVE",
            "time_created": "2022-08-04 17:05:32.175 +0000 UTC",
            "timeouts": null
          },
          "sensitive_attributes": [],
          "private": "eyJlMmJmYjczMC1lY2FhLTExZTYtOGY4OC0zNDM2M2JjN2M0YzAiOnsiY3JlYXRlIjoxMjAwMDAwMDAwMDAwLCJkZWxldGUiOjEyMDAwMDAwMDAwMDAsInVwZGF0ZSI6MTIwMDAwMDAwMDAwMH19"
        },
        {
          "index_key": 11,
          "schema_version": 0,
          "attributes": {
            "compartment_id": "ocid1.tenancy.oc1..aaaaaaaasu22hcodp52crxfb64fbck2psvjj2bdbgnebhsarbgpt6pabz6ja",
            "defined_tags": {
              "Oracle-Tags.CreatedBy": "default/mjazzazi@invoiceq.com",
              "Oracle-Tags.CreatedOn": "2022-08-04T17:05:31.946Z"
            },
            "description": "read only group for Compartmenttest11",
            "freeform_tags": {},
            "id": "ocid1.group.oc1..aaaaaaaarl7jlq3bbximi4fdwthlzinczfdm64sapobohrwhcivr3ku6rnia",
            "inactive_state": null,
            "name": "ReadCompartmenttest11",
            "state": "ACTIVE",
            "time_created": "2022-08-04 17:05:31.967 +0000 UTC",
            "timeouts": null
          },
          "sensitive_attributes": [],
          "private": "eyJlMmJmYjczMC1lY2FhLTExZTYtOGY4OC0zNDM2M2JjN2M0YzAiOnsiY3JlYXRlIjoxMjAwMDAwMDAwMDAwLCJkZWxldGUiOjEyMDAwMDAwMDAwMDAsInVwZGF0ZSI6MTIwMDAwMDAwMDAwMH19"
        },
        {
          "index_key": 12,
          "schema_version": 0,
          "attributes": {
            "compartment_id": "ocid1.tenancy.oc1..aaaaaaaasu22hcodp52crxfb64fbck2psvjj2bdbgnebhsarbgpt6pabz6ja",
            "defined_tags": {
              "Oracle-Tags.CreatedBy": "default/mjazzazi@invoiceq.com",
              "Oracle-Tags.CreatedOn": "2022-08-04T17:05:34.864Z"
            },
            "description": "read only group for Compartmenttest12",
            "freeform_tags": {},
            "id": "ocid1.group.oc1..aaaaaaaa2n2lmyevygiy63nmjpiknbrnqqflr5nm55gns235g523ltsod5cq",
            "inactive_state": null,
            "name": "ReadCompartmenttest12",
            "state": "ACTIVE",
            "time_created": "2022-08-04 17:05:34.889 +0000 UTC",
            "timeouts": null
          },
          "sensitive_attributes": [],
          "private": "eyJlMmJmYjczMC1lY2FhLTExZTYtOGY4OC0zNDM2M2JjN2M0YzAiOnsiY3JlYXRlIjoxMjAwMDAwMDAwMDAwLCJkZWxldGUiOjEyMDAwMDAwMDAwMDAsInVwZGF0ZSI6MTIwMDAwMDAwMDAwMH19"
        },
        {
          "index_key": 13,
          "schema_version": 0,
          "attributes": {
            "compartment_id": "ocid1.tenancy.oc1..aaaaaaaasu22hcodp52crxfb64fbck2psvjj2bdbgnebhsarbgpt6pabz6ja",
            "defined_tags": {
              "Oracle-Tags.CreatedBy": "default/mjazzazi@invoiceq.com",
              "Oracle-Tags.CreatedOn": "2022-08-04T17:05:35.957Z"
            },
            "description": "read only group for Compartmenttest13",
            "freeform_tags": {},
            "id": "ocid1.group.oc1..aaaaaaaamfrfzg62ccozlpsyd53p36y5ukedpxihtj7tyd4pb2mdpfrwtaqa",
            "inactive_state": null,
            "name": "ReadCompartmenttest13",
            "state": "ACTIVE",
            "time_created": "2022-08-04 17:05:35.974 +0000 UTC",
            "timeouts": null
          },
          "sensitive_attributes": [],
          "private": "eyJlMmJmYjczMC1lY2FhLTExZTYtOGY4OC0zNDM2M2JjN2M0YzAiOnsiY3JlYXRlIjoxMjAwMDAwMDAwMDAwLCJkZWxldGUiOjEyMDAwMDAwMDAwMDAsInVwZGF0ZSI6MTIwMDAwMDAwMDAwMH19"
        },
        {
          "index_key": 14,
          "schema_version": 0,
          "attributes": {
            "compartment_id": "ocid1.tenancy.oc1..aaaaaaaasu22hcodp52crxfb64fbck2psvjj2bdbgnebhsarbgpt6pabz6ja",
            "defined_tags": {
              "Oracle-Tags.CreatedBy": "default/mjazzazi@invoiceq.com",
              "Oracle-Tags.CreatedOn": "2022-08-04T17:05:32.019Z"
            },
            "description": "read only group for Compartmenttest14",
            "freeform_tags": {},
            "id": "ocid1.group.oc1..aaaaaaaa25umlfaxydewgxa7ocedvvfxetgoao47bekuacfhlowc4nezfqfa",
            "inactive_state": null,
            "name": "ReadCompartmenttest14",
            "state": "ACTIVE",
            "time_created": "2022-08-04 17:05:32.034 +0000 UTC",
            "timeouts": null
          },
          "sensitive_attributes": [],
          "private": "eyJlMmJmYjczMC1lY2FhLTExZTYtOGY4OC0zNDM2M2JjN2M0YzAiOnsiY3JlYXRlIjoxMjAwMDAwMDAwMDAwLCJkZWxldGUiOjEyMDAwMDAwMDAwMDAsInVwZGF0ZSI6MTIwMDAwMDAwMDAwMH19"
        },
        {
          "index_key": 15,
          "schema_version": 0,
          "attributes": {
            "compartment_id": "ocid1.tenancy.oc1..aaaaaaaasu22hcodp52crxfb64fbck2psvjj2bdbgnebhsarbgpt6pabz6ja",
            "defined_tags": {
              "Oracle-Tags.CreatedBy": "default/mjazzazi@invoiceq.com",
              "Oracle-Tags.CreatedOn": "2022-08-04T17:05:31.911Z"
            },
            "description": "read only group for Compartmenttest15",
            "freeform_tags": {},
            "id": "ocid1.group.oc1..aaaaaaaaf6z3boyfboyaxfnxqy2zrdjxom6zwks2ljzp5kgsiz7wtzlzlp3q",
            "inactive_state": null,
            "name": "ReadCompartmenttest15",
            "state": "ACTIVE",
            "time_created": "2022-08-04 17:05:31.934 +0000 UTC",
            "timeouts": null
          },
          "sensitive_attributes": [],
          "private": "eyJlMmJmYjczMC1lY2FhLTExZTYtOGY4OC0zNDM2M2JjN2M0YzAiOnsiY3JlYXRlIjoxMjAwMDAwMDAwMDAwLCJkZWxldGUiOjEyMDAwMDAwMDAwMDAsInVwZGF0ZSI6MTIwMDAwMDAwMDAwMH19"
        },
        {
          "index_key": 16,
          "schema_version": 0,
          "attributes": {
            "compartment_id": "ocid1.tenancy.oc1..aaaaaaaasu22hcodp52crxfb64fbck2psvjj2bdbgnebhsarbgpt6pabz6ja",
            "defined_tags": {
              "Oracle-Tags.CreatedBy": "default/mjazzazi@invoiceq.com",
              "Oracle-Tags.CreatedOn": "2022-08-04T17:05:31.903Z"
            },
            "description": "read only group for Compartmenttest16",
            "freeform_tags": {},
            "id": "ocid1.group.oc1..aaaaaaaa7hujqjswszujcj3qj6yaxy43tmzq44w7tc5uopwo6inhkqpdtcoa",
            "inactive_state": null,
            "name": "ReadCompartmenttest16",
            "state": "ACTIVE",
            "time_created": "2022-08-04 17:05:31.918 +0000 UTC",
            "timeouts": null
          },
          "sensitive_attributes": [],
          "private": "eyJlMmJmYjczMC1lY2FhLTExZTYtOGY4OC0zNDM2M2JjN2M0YzAiOnsiY3JlYXRlIjoxMjAwMDAwMDAwMDAwLCJkZWxldGUiOjEyMDAwMDAwMDAwMDAsInVwZGF0ZSI6MTIwMDAwMDAwMDAwMH19"
        },
        {
          "index_key": 17,
          "schema_version": 0,
          "attributes": {
            "compartment_id": "ocid1.tenancy.oc1..aaaaaaaasu22hcodp52crxfb64fbck2psvjj2bdbgnebhsarbgpt6pabz6ja",
            "defined_tags": {
              "Oracle-Tags.CreatedBy": "default/mjazzazi@invoiceq.com",
              "Oracle-Tags.CreatedOn": "2022-08-04T17:05:35.323Z"
            },
            "description": "read only group for Compartmenttest17",
            "freeform_tags": {},
            "id": "ocid1.group.oc1..aaaaaaaawl5ofwxrylpssz7pxml3ep2ox6mxm2zcasfrd7ckkg3arqpfvp2q",
            "inactive_state": null,
            "name": "ReadCompartmenttest17",
            "state": "ACTIVE",
            "time_created": "2022-08-04 17:05:35.342 +0000 UTC",
            "timeouts": null
          },
          "sensitive_attributes": [],
          "private": "eyJlMmJmYjczMC1lY2FhLTExZTYtOGY4OC0zNDM2M2JjN2M0YzAiOnsiY3JlYXRlIjoxMjAwMDAwMDAwMDAwLCJkZWxldGUiOjEyMDAwMDAwMDAwMDAsInVwZGF0ZSI6MTIwMDAwMDAwMDAwMH19"
        },
        {
          "index_key": 18,
          "schema_version": 0,
          "attributes": {
            "compartment_id": "ocid1.tenancy.oc1..aaaaaaaasu22hcodp52crxfb64fbck2psvjj2bdbgnebhsarbgpt6pabz6ja",
            "defined_tags": {
              "Oracle-Tags.CreatedBy": "default/mjazzazi@invoiceq.com",
              "Oracle-Tags.CreatedOn": "2022-08-04T17:05:31.929Z"
            },
            "description": "read only group for Compartmenttest18",
            "freeform_tags": {},
            "id": "ocid1.group.oc1..aaaaaaaapo2brhdi2uobsbetcdqiyz6e7r7jku6ss2nfnhkzbucobtvqnseq",
            "inactive_state": null,
            "name": "ReadCompartmenttest18",
            "state": "ACTIVE",
            "time_created": "2022-08-04 17:05:31.953 +0000 UTC",
            "timeouts": null
          },
          "sensitive_attributes": [],
          "private": "eyJlMmJmYjczMC1lY2FhLTExZTYtOGY4OC0zNDM2M2JjN2M0YzAiOnsiY3JlYXRlIjoxMjAwMDAwMDAwMDAwLCJkZWxldGUiOjEyMDAwMDAwMDAwMDAsInVwZGF0ZSI6MTIwMDAwMDAwMDAwMH19"
        },
        {
          "index_key": 19,
          "schema_version": 0,
          "attributes": {
            "compartment_id": "ocid1.tenancy.oc1..aaaaaaaasu22hcodp52crxfb64fbck2psvjj2bdbgnebhsarbgpt6pabz6ja",
            "defined_tags": {
              "Oracle-Tags.CreatedBy": "default/mjazzazi@invoiceq.com",
              "Oracle-Tags.CreatedOn": "2022-08-04T17:05:31.892Z"
            },
            "description": "read only group for Compartmenttest19",
            "freeform_tags": {},
            "id": "ocid1.group.oc1..aaaaaaaaucbt7rkdbwrudpi7hunuptdxur7xd23gsagfpekf2wtfahlaucba",
            "inactive_state": null,
            "name": "ReadCompartmenttest19",
            "state": "ACTIVE",
            "time_created": "2022-08-04 17:05:31.921 +0000 UTC",
            "timeouts": null
          },
          "sensitive_attributes": [],
          "private": "eyJlMmJmYjczMC1lY2FhLTExZTYtOGY4OC0zNDM2M2JjN2M0YzAiOnsiY3JlYXRlIjoxMjAwMDAwMDAwMDAwLCJkZWxldGUiOjEyMDAwMDAwMDAwMDAsInVwZGF0ZSI6MTIwMDAwMDAwMDAwMH19"
        },
        {
          "index_key": 20,
          "schema_version": 0,
          "attributes": {
            "compartment_id": "ocid1.tenancy.oc1..aaaaaaaasu22hcodp52crxfb64fbck2psvjj2bdbgnebhsarbgpt6pabz6ja",
            "defined_tags": {
              "Oracle-Tags.CreatedBy": "default/mjazzazi@invoiceq.com",
              "Oracle-Tags.CreatedOn": "2022-08-04T17:08:50.253Z"
            },
            "description": "read only group for Compartmenttest20",
            "freeform_tags": {},
            "id": "ocid1.group.oc1..aaaaaaaa3q3u5etua7zu6sefmctyenchii4kiydzonkdzwfn4vmvh7lykvzq",
            "inactive_state": null,
            "name": "ReadCompartmenttest20",
            "state": "ACTIVE",
            "time_created": "2022-08-04 17:08:50.27 +0000 UTC",
            "timeouts": null
          },
          "sensitive_attributes": [],
          "private": "eyJlMmJmYjczMC1lY2FhLTExZTYtOGY4OC0zNDM2M2JjN2M0YzAiOnsiY3JlYXRlIjoxMjAwMDAwMDAwMDAwLCJkZWxldGUiOjEyMDAwMDAwMDAwMDAsInVwZGF0ZSI6MTIwMDAwMDAwMDAwMH19"
        },
        {
          "index_key": 21,
          "schema_version": 0,
          "attributes": {
            "compartment_id": "ocid1.tenancy.oc1..aaaaaaaasu22hcodp52crxfb64fbck2psvjj2bdbgnebhsarbgpt6pabz6ja",
            "defined_tags": {
              "Oracle-Tags.CreatedBy": "default/mjazzazi@invoiceq.com",
              "Oracle-Tags.CreatedOn": "2022-08-04T17:08:50.274Z"
            },
            "description": "read only group for Compartmenttest21",
            "freeform_tags": {},
            "id": "ocid1.group.oc1..aaaaaaaadonnkccii2w5jg3yski2sktrxcgbpe6nubzd5alu7nhpoqayy4aq",
            "inactive_state": null,
            "name": "ReadCompartmenttest21",
            "state": "ACTIVE",
            "time_created": "2022-08-04 17:08:50.311 +0000 UTC",
            "timeouts": null
          },
          "sensitive_attributes": [],
          "private": "eyJlMmJmYjczMC1lY2FhLTExZTYtOGY4OC0zNDM2M2JjN2M0YzAiOnsiY3JlYXRlIjoxMjAwMDAwMDAwMDAwLCJkZWxldGUiOjEyMDAwMDAwMDAwMDAsInVwZGF0ZSI6MTIwMDAwMDAwMDAwMH19"
        },
        {
          "index_key": 22,
          "schema_version": 0,
          "attributes": {
            "compartment_id": "ocid1.tenancy.oc1..aaaaaaaasu22hcodp52crxfb64fbck2psvjj2bdbgnebhsarbgpt6pabz6ja",
            "defined_tags": {
              "Oracle-Tags.CreatedBy": "default/mjazzazi@invoiceq.com",
              "Oracle-Tags.CreatedOn": "2022-08-04T17:08:50.147Z"
            },
            "description": "read only group for Compartmenttest22",
            "freeform_tags": {},
            "id": "ocid1.group.oc1..aaaaaaaayp332ccmyvmjca7ec42sed5lhfd5bzliyt22wycvfu7hiyn5wsla",
            "inactive_state": null,
            "name": "ReadCompartmenttest22",
            "state": "ACTIVE",
            "time_created": "2022-08-04 17:08:50.162 +0000 UTC",
            "timeouts": null
          },
          "sensitive_attributes": [],
          "private": "eyJlMmJmYjczMC1lY2FhLTExZTYtOGY4OC0zNDM2M2JjN2M0YzAiOnsiY3JlYXRlIjoxMjAwMDAwMDAwMDAwLCJkZWxldGUiOjEyMDAwMDAwMDAwMDAsInVwZGF0ZSI6MTIwMDAwMDAwMDAwMH19"
        },
        {
          "index_key": 23,
          "schema_version": 0,
          "attributes": {
            "compartment_id": "ocid1.tenancy.oc1..aaaaaaaasu22hcodp52crxfb64fbck2psvjj2bdbgnebhsarbgpt6pabz6ja",
            "defined_tags": {
              "Oracle-Tags.CreatedBy": "default/mjazzazi@invoiceq.com",
              "Oracle-Tags.CreatedOn": "2022-08-04T17:08:50.140Z"
            },
            "description": "read only group for Compartmenttest23",
            "freeform_tags": {},
            "id": "ocid1.group.oc1..aaaaaaaaa3nts7vmxzgjskcdrh7cypqyim44ntwgcalb76ktq6hik4xttnjq",
            "inactive_state": null,
            "name": "ReadCompartmenttest23",
            "state": "ACTIVE",
            "time_created": "2022-08-04 17:08:50.158 +0000 UTC",
            "timeouts": null
          },
          "sensitive_attributes": [],
          "private": "eyJlMmJmYjczMC1lY2FhLTExZTYtOGY4OC0zNDM2M2JjN2M0YzAiOnsiY3JlYXRlIjoxMjAwMDAwMDAwMDAwLCJkZWxldGUiOjEyMDAwMDAwMDAwMDAsInVwZGF0ZSI6MTIwMDAwMDAwMDAwMH19"
        },
        {
          "index_key": 24,
          "schema_version": 0,
          "attributes": {
            "compartment_id": "ocid1.tenancy.oc1..aaaaaaaasu22hcodp52crxfb64fbck2psvjj2bdbgnebhsarbgpt6pabz6ja",
            "defined_tags": {
              "Oracle-Tags.CreatedBy": "default/mjazzazi@invoiceq.com",
              "Oracle-Tags.CreatedOn": "2022-08-04T17:08:50.150Z"
            },
            "description": "read only group for Compartmenttest24",
            "freeform_tags": {},
            "id": "ocid1.group.oc1..aaaaaaaa2onfltckhaoysc75kpv47zrgss7lko75to2hr5ki72waxv7athha",
            "inactive_state": null,
            "name": "ReadCompartmenttest24",
            "state": "ACTIVE",
            "time_created": "2022-08-04 17:08:50.168 +0000 UTC",
            "timeouts": null
          },
          "sensitive_attributes": [],
          "private": "eyJlMmJmYjczMC1lY2FhLTExZTYtOGY4OC0zNDM2M2JjN2M0YzAiOnsiY3JlYXRlIjoxMjAwMDAwMDAwMDAwLCJkZWxldGUiOjEyMDAwMDAwMDAwMDAsInVwZGF0ZSI6MTIwMDAwMDAwMDAwMH19"
        },
        {
          "index_key": 25,
          "schema_version": 0,
          "attributes": {
            "compartment_id": "ocid1.tenancy.oc1..aaaaaaaasu22hcodp52crxfb64fbck2psvjj2bdbgnebhsarbgpt6pabz6ja",
            "defined_tags": {
              "Oracle-Tags.CreatedBy": "default/mjazzazi@invoiceq.com",
              "Oracle-Tags.CreatedOn": "2022-08-04T17:10:40.855Z"
            },
            "description": "read only group for Compartmenttest25",
            "freeform_tags": {},
            "id": "ocid1.group.oc1..aaaaaaaajukzv5oz4folsql7jpqrejqa4hmyypyudunhitncbpvcvxdp6kiq",
            "inactive_state": null,
            "name": "ReadCompartmenttest25",
            "state": "ACTIVE",
            "time_created": "2022-08-04 17:10:40.88 +0000 UTC",
            "timeouts": null
          },
          "sensitive_attributes": [],
          "private": "eyJlMmJmYjczMC1lY2FhLTExZTYtOGY4OC0zNDM2M2JjN2M0YzAiOnsiY3JlYXRlIjoxMjAwMDAwMDAwMDAwLCJkZWxldGUiOjEyMDAwMDAwMDAwMDAsInVwZGF0ZSI6MTIwMDAwMDAwMDAwMH19"
        },
        {
          "index_key": 26,
          "schema_version": 0,
          "attributes": {
            "compartment_id": "ocid1.tenancy.oc1..aaaaaaaasu22hcodp52crxfb64fbck2psvjj2bdbgnebhsarbgpt6pabz6ja",
            "defined_tags": {
              "Oracle-Tags.CreatedBy": "default/mjazzazi@invoiceq.com",
              "Oracle-Tags.CreatedOn": "2022-08-04T17:12:57.726Z"
            },
            "description": "read only group for Compartmenttest26",
            "freeform_tags": {},
            "id": "ocid1.group.oc1..aaaaaaaajuegwqfxmydnmqufy4jiiemutj4oi2t2tqfulnhny3opibpupu5a",
            "inactive_state": null,
            "name": "ReadCompartmenttest26",
            "state": "ACTIVE",
            "time_created": "2022-08-04 17:12:57.751 +0000 UTC",
            "timeouts": null
          },
          "sensitive_attributes": [],
          "private": "eyJlMmJmYjczMC1lY2FhLTExZTYtOGY4OC0zNDM2M2JjN2M0YzAiOnsiY3JlYXRlIjoxMjAwMDAwMDAwMDAwLCJkZWxldGUiOjEyMDAwMDAwMDAwMDAsInVwZGF0ZSI6MTIwMDAwMDAwMDAwMH19"
        },
        {
          "index_key": 27,
          "schema_version": 0,
          "attributes": {
            "compartment_id": "ocid1.tenancy.oc1..aaaaaaaasu22hcodp52crxfb64fbck2psvjj2bdbgnebhsarbgpt6pabz6ja",
            "defined_tags": {
              "Oracle-Tags.CreatedBy": "default/mjazzazi@invoiceq.com",
              "Oracle-Tags.CreatedOn": "2022-08-04T17:12:57.332Z"
            },
            "description": "read only group for Compartmenttest27",
            "freeform_tags": {},
            "id": "ocid1.group.oc1..aaaaaaaacsjz7w37j5wya75uikn5cme3e55rhr7qqygxdr7dqcekwullvika",
            "inactive_state": null,
            "name": "ReadCompartmenttest27",
            "state": "ACTIVE",
            "time_created": "2022-08-04 17:12:57.349 +0000 UTC",
            "timeouts": null
          },
          "sensitive_attributes": [],
          "private": "eyJlMmJmYjczMC1lY2FhLTExZTYtOGY4OC0zNDM2M2JjN2M0YzAiOnsiY3JlYXRlIjoxMjAwMDAwMDAwMDAwLCJkZWxldGUiOjEyMDAwMDAwMDAwMDAsInVwZGF0ZSI6MTIwMDAwMDAwMDAwMH19"
        },
        {
          "index_key": 28,
          "schema_version": 0,
          "attributes": {
            "compartment_id": "ocid1.tenancy.oc1..aaaaaaaasu22hcodp52crxfb64fbck2psvjj2bdbgnebhsarbgpt6pabz6ja",
            "defined_tags": {
              "Oracle-Tags.CreatedBy": "default/mjazzazi@invoiceq.com",
              "Oracle-Tags.CreatedOn": "2022-08-04T17:12:57.353Z"
            },
            "description": "read only group for Compartmenttest28",
            "freeform_tags": {},
            "id": "ocid1.group.oc1..aaaaaaaayoza5bpzxzoa3extv5kih3mfcc4xnunoubzxnjn5mjfrn7q33sua",
            "inactive_state": null,
            "name": "ReadCompartmenttest28",
            "state": "ACTIVE",
            "time_created": "2022-08-04 17:12:57.384 +0000 UTC",
            "timeouts": null
          },
          "sensitive_attributes": [],
          "private": "eyJlMmJmYjczMC1lY2FhLTExZTYtOGY4OC0zNDM2M2JjN2M0YzAiOnsiY3JlYXRlIjoxMjAwMDAwMDAwMDAwLCJkZWxldGUiOjEyMDAwMDAwMDAwMDAsInVwZGF0ZSI6MTIwMDAwMDAwMDAwMH19"
        },
        {
          "index_key": 29,
          "schema_version": 0,
          "attributes": {
            "compartment_id": "ocid1.tenancy.oc1..aaaaaaaasu22hcodp52crxfb64fbck2psvjj2bdbgnebhsarbgpt6pabz6ja",
            "defined_tags": {
              "Oracle-Tags.CreatedBy": "default/mjazzazi@invoiceq.com",
              "Oracle-Tags.CreatedOn": "2022-08-04T17:12:57.331Z"
            },
            "description": "read only group for Compartmenttest29",
            "freeform_tags": {},
            "id": "ocid1.group.oc1..aaaaaaaahpmfedm7lrouh5jvqgm3cgbtdcea7ca6oa6zv5yd6u2scdfm7ajq",
            "inactive_state": null,
            "name": "ReadCompartmenttest29",
            "state": "ACTIVE",
            "time_created": "2022-08-04 17:12:57.347 +0000 UTC",
            "timeouts": null
          },
          "sensitive_attributes": [],
          "private": "eyJlMmJmYjczMC1lY2FhLTExZTYtOGY4OC0zNDM2M2JjN2M0YzAiOnsiY3JlYXRlIjoxMjAwMDAwMDAwMDAwLCJkZWxldGUiOjEyMDAwMDAwMDAwMDAsInVwZGF0ZSI6MTIwMDAwMDAwMDAwMH19"
        },
        {
          "index_key": 30,
          "schema_version": 0,
          "attributes": {
            "compartment_id": "ocid1.tenancy.oc1..aaaaaaaasu22hcodp52crxfb64fbck2psvjj2bdbgnebhsarbgpt6pabz6ja",
            "defined_tags": {
              "Oracle-Tags.CreatedBy": "default/mjazzazi@invoiceq.com",
              "Oracle-Tags.CreatedOn": "2022-08-04T17:13:51.550Z"
            },
            "description": "read only group for Compartmenttest30",
            "freeform_tags": {},
            "id": "ocid1.group.oc1..aaaaaaaafz3s5jnyjgbwxeudfds22rkkiiok67noco6vum2w24y3uk6smyma",
            "inactive_state": null,
            "name": "ReadCompartmenttest30",
            "state": "ACTIVE",
            "time_created": "2022-08-04 17:13:51.566 +0000 UTC",
            "timeouts": null
          },
          "sensitive_attributes": [],
          "private": "eyJlMmJmYjczMC1lY2FhLTExZTYtOGY4OC0zNDM2M2JjN2M0YzAiOnsiY3JlYXRlIjoxMjAwMDAwMDAwMDAwLCJkZWxldGUiOjEyMDAwMDAwMDAwMDAsInVwZGF0ZSI6MTIwMDAwMDAwMDAwMH19"
        },
        {
          "index_key": 31,
          "schema_version": 0,
          "attributes": {
            "compartment_id": "ocid1.tenancy.oc1..aaaaaaaasu22hcodp52crxfb64fbck2psvjj2bdbgnebhsarbgpt6pabz6ja",
            "defined_tags": {
              "Oracle-Tags.CreatedBy": "default/mjazzazi@invoiceq.com",
              "Oracle-Tags.CreatedOn": "2022-08-04T17:13:51.575Z"
            },
            "description": "read only group for Compartmenttest31",
            "freeform_tags": {},
            "id": "ocid1.group.oc1..aaaaaaaapparcuue25rmhefzv5ms2rh3fpd2pkgqxe7lkpf7n7y54ufetzqq",
            "inactive_state": null,
            "name": "ReadCompartmenttest31",
            "state": "ACTIVE",
            "time_created": "2022-08-04 17:13:51.59 +0000 UTC",
            "timeouts": null
          },
          "sensitive_attributes": [],
          "private": "eyJlMmJmYjczMC1lY2FhLTExZTYtOGY4OC0zNDM2M2JjN2M0YzAiOnsiY3JlYXRlIjoxMjAwMDAwMDAwMDAwLCJkZWxldGUiOjEyMDAwMDAwMDAwMDAsInVwZGF0ZSI6MTIwMDAwMDAwMDAwMH19"
        },
        {
          "index_key": 32,
          "schema_version": 0,
          "attributes": {
            "compartment_id": "ocid1.tenancy.oc1..aaaaaaaasu22hcodp52crxfb64fbck2psvjj2bdbgnebhsarbgpt6pabz6ja",
            "defined_tags": {
              "Oracle-Tags.CreatedBy": "default/mjazzazi@invoiceq.com",
              "Oracle-Tags.CreatedOn": "2022-08-04T17:13:51.600Z"
            },
            "description": "read only group for Compartmenttest32",
            "freeform_tags": {},
            "id": "ocid1.group.oc1..aaaaaaaa4dimstpi3rr7qc7cxtxtufwsn47mudogh2grk7jubgkgxdvl4qra",
            "inactive_state": null,
            "name": "ReadCompartmenttest32",
            "state": "ACTIVE",
            "time_created": "2022-08-04 17:13:51.647 +0000 UTC",
            "timeouts": null
          },
          "sensitive_attributes": [],
          "private": "eyJlMmJmYjczMC1lY2FhLTExZTYtOGY4OC0zNDM2M2JjN2M0YzAiOnsiY3JlYXRlIjoxMjAwMDAwMDAwMDAwLCJkZWxldGUiOjEyMDAwMDAwMDAwMDAsInVwZGF0ZSI6MTIwMDAwMDAwMDAwMH19"
        },
        {
          "index_key": 33,
          "schema_version": 0,
          "attributes": {
            "compartment_id": "ocid1.tenancy.oc1..aaaaaaaasu22hcodp52crxfb64fbck2psvjj2bdbgnebhsarbgpt6pabz6ja",
            "defined_tags": {
              "Oracle-Tags.CreatedBy": "default/mjazzazi@invoiceq.com",
              "Oracle-Tags.CreatedOn": "2022-08-04T17:13:51.588Z"
            },
            "description": "read only group for Compartmenttest33",
            "freeform_tags": {},
            "id": "ocid1.group.oc1..aaaaaaaal3gl2463h3btonwpedxt3cetznk2kvfmrof5bpxz2hiqmw5s62bq",
            "inactive_state": null,
            "name": "ReadCompartmenttest33",
            "state": "ACTIVE",
            "time_created": "2022-08-04 17:13:51.604 +0000 UTC",
            "timeouts": null
          },
          "sensitive_attributes": [],
          "private": "eyJlMmJmYjczMC1lY2FhLTExZTYtOGY4OC0zNDM2M2JjN2M0YzAiOnsiY3JlYXRlIjoxMjAwMDAwMDAwMDAwLCJkZWxldGUiOjEyMDAwMDAwMDAwMDAsInVwZGF0ZSI6MTIwMDAwMDAwMDAwMH19"
        },
        {
          "index_key": 34,
          "schema_version": 0,
          "attributes": {
            "compartment_id": "ocid1.tenancy.oc1..aaaaaaaasu22hcodp52crxfb64fbck2psvjj2bdbgnebhsarbgpt6pabz6ja",
            "defined_tags": {
              "Oracle-Tags.CreatedBy": "default/mjazzazi@invoiceq.com",
              "Oracle-Tags.CreatedOn": "2022-08-04T17:13:51.568Z"
            },
            "description": "read only group for Compartmenttest34",
            "freeform_tags": {},
            "id": "ocid1.group.oc1..aaaaaaaaq6cmshqfzdmrsd7x2zirl6qmsjxn2bgt7rzqciiocdkp2uqviwoa",
            "inactive_state": null,
            "name": "ReadCompartmenttest34",
            "state": "ACTIVE",
            "time_created": "2022-08-04 17:13:51.585 +0000 UTC",
            "timeouts": null
          },
          "sensitive_attributes": [],
          "private": "eyJlMmJmYjczMC1lY2FhLTExZTYtOGY4OC0zNDM2M2JjN2M0YzAiOnsiY3JlYXRlIjoxMjAwMDAwMDAwMDAwLCJkZWxldGUiOjEyMDAwMDAwMDAwMDAsInVwZGF0ZSI6MTIwMDAwMDAwMDAwMH19"
        },
        {
          "index_key": 35,
          "schema_version": 0,
          "attributes": {
            "compartment_id": "ocid1.tenancy.oc1..aaaaaaaasu22hcodp52crxfb64fbck2psvjj2bdbgnebhsarbgpt6pabz6ja",
            "defined_tags": {
              "Oracle-Tags.CreatedBy": "default/mjazzazi@invoiceq.com",
              "Oracle-Tags.CreatedOn": "2022-08-04T17:15:45.403Z"
            },
            "description": "read only group for Compartmenttest35",
            "freeform_tags": {},
            "id": "ocid1.group.oc1..aaaaaaaacl7wwm2oq2ssbpwltc3q6z6tl6onv46gc5unc2vrgocotwg5usfq",
            "inactive_state": null,
            "name": "ReadCompartmenttest35",
            "state": "ACTIVE",
            "time_created": "2022-08-04 17:15:45.42 +0000 UTC",
            "timeouts": null
          },
          "sensitive_attributes": [],
          "private": "eyJlMmJmYjczMC1lY2FhLTExZTYtOGY4OC0zNDM2M2JjN2M0YzAiOnsiY3JlYXRlIjoxMjAwMDAwMDAwMDAwLCJkZWxldGUiOjEyMDAwMDAwMDAwMDAsInVwZGF0ZSI6MTIwMDAwMDAwMDAwMH19"
        },
        {
          "index_key": 36,
          "schema_version": 0,
          "attributes": {
            "compartment_id": "ocid1.tenancy.oc1..aaaaaaaasu22hcodp52crxfb64fbck2psvjj2bdbgnebhsarbgpt6pabz6ja",
            "defined_tags": {
              "Oracle-Tags.CreatedBy": "default/mjazzazi@invoiceq.com",
              "Oracle-Tags.CreatedOn": "2022-08-04T17:15:45.561Z"
            },
            "description": "read only group for Compartmenttest36",
            "freeform_tags": {},
            "id": "ocid1.group.oc1..aaaaaaaauz2di77njgt7whjhfkhqbzpf3ax4fwzjntkoum3tey5gpxs5trea",
            "inactive_state": null,
            "name": "ReadCompartmenttest36",
            "state": "ACTIVE",
            "time_created": "2022-08-04 17:15:45.579 +0000 UTC",
            "timeouts": null
          },
          "sensitive_attributes": [],
          "private": "eyJlMmJmYjczMC1lY2FhLTExZTYtOGY4OC0zNDM2M2JjN2M0YzAiOnsiY3JlYXRlIjoxMjAwMDAwMDAwMDAwLCJkZWxldGUiOjEyMDAwMDAwMDAwMDAsInVwZGF0ZSI6MTIwMDAwMDAwMDAwMH19"
        },
        {
          "index_key": 37,
          "schema_version": 0,
          "attributes": {
            "compartment_id": "ocid1.tenancy.oc1..aaaaaaaasu22hcodp52crxfb64fbck2psvjj2bdbgnebhsarbgpt6pabz6ja",
            "defined_tags": {
              "Oracle-Tags.CreatedBy": "default/mjazzazi@invoiceq.com",
              "Oracle-Tags.CreatedOn": "2022-08-04T17:15:48.550Z"
            },
            "description": "read only group for Compartmenttest37",
            "freeform_tags": {},
            "id": "ocid1.group.oc1..aaaaaaaalv3nsx4vnqw3m7fog7neagrgadggvge2c5gb2pocwsrdnpeibpmq",
            "inactive_state": null,
            "name": "ReadCompartmenttest37",
            "state": "ACTIVE",
            "time_created": "2022-08-04 17:15:48.566 +0000 UTC",
            "timeouts": null
          },
          "sensitive_attributes": [],
          "private": "eyJlMmJmYjczMC1lY2FhLTExZTYtOGY4OC0zNDM2M2JjN2M0YzAiOnsiY3JlYXRlIjoxMjAwMDAwMDAwMDAwLCJkZWxldGUiOjEyMDAwMDAwMDAwMDAsInVwZGF0ZSI6MTIwMDAwMDAwMDAwMH19"
        },
        {
          "index_key": 38,
          "schema_version": 0,
          "attributes": {
            "compartment_id": "ocid1.tenancy.oc1..aaaaaaaasu22hcodp52crxfb64fbck2psvjj2bdbgnebhsarbgpt6pabz6ja",
            "defined_tags": {
              "Oracle-Tags.CreatedBy": "default/mjazzazi@invoiceq.com",
              "Oracle-Tags.CreatedOn": "2022-08-04T17:15:44.311Z"
            },
            "description": "read only group for Compartmenttest38",
            "freeform_tags": {},
            "id": "ocid1.group.oc1..aaaaaaaausveilbg5mwod7vq4ylfm24t6d22eytqwo2c6t2vhedbsxadyatq",
            "inactive_state": null,
            "name": "ReadCompartmenttest38",
            "state": "ACTIVE",
            "time_created": "2022-08-04 17:15:44.347 +0000 UTC",
            "timeouts": null
          },
          "sensitive_attributes": [],
          "private": "eyJlMmJmYjczMC1lY2FhLTExZTYtOGY4OC0zNDM2M2JjN2M0YzAiOnsiY3JlYXRlIjoxMjAwMDAwMDAwMDAwLCJkZWxldGUiOjEyMDAwMDAwMDAwMDAsInVwZGF0ZSI6MTIwMDAwMDAwMDAwMH19"
        },
        {
          "index_key": 39,
          "schema_version": 0,
          "attributes": {
            "compartment_id": "ocid1.tenancy.oc1..aaaaaaaasu22hcodp52crxfb64fbck2psvjj2bdbgnebhsarbgpt6pabz6ja",
            "defined_tags": {
              "Oracle-Tags.CreatedBy": "default/mjazzazi@invoiceq.com",
              "Oracle-Tags.CreatedOn": "2022-08-04T17:15:41.931Z"
            },
            "description": "read only group for Compartmenttest39",
            "freeform_tags": {},
            "id": "ocid1.group.oc1..aaaaaaaaqol7srcoajt5hsos62v6hr2uqw6w37ah3gitcqz7dh637tua6jwa",
            "inactive_state": null,
            "name": "ReadCompartmenttest39",
            "state": "ACTIVE",
            "time_created": "2022-08-04 17:15:41.955 +0000 UTC",
            "timeouts": null
          },
          "sensitive_attributes": [],
          "private": "eyJlMmJmYjczMC1lY2FhLTExZTYtOGY4OC0zNDM2M2JjN2M0YzAiOnsiY3JlYXRlIjoxMjAwMDAwMDAwMDAwLCJkZWxldGUiOjEyMDAwMDAwMDAwMDAsInVwZGF0ZSI6MTIwMDAwMDAwMDAwMH19"
        },
        {
          "index_key": 40,
          "schema_version": 0,
          "attributes": {
            "compartment_id": "ocid1.tenancy.oc1..aaaaaaaasu22hcodp52crxfb64fbck2psvjj2bdbgnebhsarbgpt6pabz6ja",
            "defined_tags": {
              "Oracle-Tags.CreatedBy": "default/mjazzazi@invoiceq.com",
              "Oracle-Tags.CreatedOn": "2022-08-04T17:15:46.310Z"
            },
            "description": "read only group for Compartmenttest40",
            "freeform_tags": {},
            "id": "ocid1.group.oc1..aaaaaaaa6gi5rquyp2oflfginla6hjghiwbovvuk72qscjca5vdz5ammbfza",
            "inactive_state": null,
            "name": "ReadCompartmenttest40",
            "state": "ACTIVE",
            "time_created": "2022-08-04 17:15:46.326 +0000 UTC",
            "timeouts": null
          },
          "sensitive_attributes": [],
          "private": "eyJlMmJmYjczMC1lY2FhLTExZTYtOGY4OC0zNDM2M2JjN2M0YzAiOnsiY3JlYXRlIjoxMjAwMDAwMDAwMDAwLCJkZWxldGUiOjEyMDAwMDAwMDAwMDAsInVwZGF0ZSI6MTIwMDAwMDAwMDAwMH19"
        },
        {
          "index_key": 41,
          "schema_version": 0,
          "attributes": {
            "compartment_id": "ocid1.tenancy.oc1..aaaaaaaasu22hcodp52crxfb64fbck2psvjj2bdbgnebhsarbgpt6pabz6ja",
            "defined_tags": {
              "Oracle-Tags.CreatedBy": "default/mjazzazi@invoiceq.com",
              "Oracle-Tags.CreatedOn": "2022-08-04T17:15:38.509Z"
            },
            "description": "read only group for Compartmenttest41",
            "freeform_tags": {},
            "id": "ocid1.group.oc1..aaaaaaaaddfstjcqwsbmwjprd5feadshdnogbdv7kknifvx5ctpevkudw55a",
            "inactive_state": null,
            "name": "ReadCompartmenttest41",
            "state": "ACTIVE",
            "time_created": "2022-08-04 17:15:38.525 +0000 UTC",
            "timeouts": null
          },
          "sensitive_attributes": [],
          "private": "eyJlMmJmYjczMC1lY2FhLTExZTYtOGY4OC0zNDM2M2JjN2M0YzAiOnsiY3JlYXRlIjoxMjAwMDAwMDAwMDAwLCJkZWxldGUiOjEyMDAwMDAwMDAwMDAsInVwZGF0ZSI6MTIwMDAwMDAwMDAwMH19"
        },
        {
          "index_key": 42,
          "schema_version": 0,
          "attributes": {
            "compartment_id": "ocid1.tenancy.oc1..aaaaaaaasu22hcodp52crxfb64fbck2psvjj2bdbgnebhsarbgpt6pabz6ja",
            "defined_tags": {
              "Oracle-Tags.CreatedBy": "default/mjazzazi@invoiceq.com",
              "Oracle-Tags.CreatedOn": "2022-08-04T17:15:48.944Z"
            },
            "description": "read only group for Compartmenttest42",
            "freeform_tags": {},
            "id": "ocid1.group.oc1..aaaaaaaarmsfzbfbptog5qqt7kywqg6lk3tjvthqwyfuvpdlsxw5mm47jndq",
            "inactive_state": null,
            "name": "ReadCompartmenttest42",
            "state": "ACTIVE",
            "time_created": "2022-08-04 17:15:48.968 +0000 UTC",
            "timeouts": null
          },
          "sensitive_attributes": [],
          "private": "eyJlMmJmYjczMC1lY2FhLTExZTYtOGY4OC0zNDM2M2JjN2M0YzAiOnsiY3JlYXRlIjoxMjAwMDAwMDAwMDAwLCJkZWxldGUiOjEyMDAwMDAwMDAwMDAsInVwZGF0ZSI6MTIwMDAwMDAwMDAwMH19"
        },
        {
          "index_key": 43,
          "schema_version": 0,
          "attributes": {
            "compartment_id": "ocid1.tenancy.oc1..aaaaaaaasu22hcodp52crxfb64fbck2psvjj2bdbgnebhsarbgpt6pabz6ja",
            "defined_tags": {
              "Oracle-Tags.CreatedBy": "default/mjazzazi@invoiceq.com",
              "Oracle-Tags.CreatedOn": "2022-08-04T17:15:47.635Z"
            },
            "description": "read only group for Compartmenttest43",
            "freeform_tags": {},
            "id": "ocid1.group.oc1..aaaaaaaasw4ktq5r3mwox2ygwx652kjssusywpnfevrgst56567oejbcbhcq",
            "inactive_state": null,
            "name": "ReadCompartmenttest43",
            "state": "ACTIVE",
            "time_created": "2022-08-04 17:15:47.653 +0000 UTC",
            "timeouts": null
          },
          "sensitive_attributes": [],
          "private": "eyJlMmJmYjczMC1lY2FhLTExZTYtOGY4OC0zNDM2M2JjN2M0YzAiOnsiY3JlYXRlIjoxMjAwMDAwMDAwMDAwLCJkZWxldGUiOjEyMDAwMDAwMDAwMDAsInVwZGF0ZSI6MTIwMDAwMDAwMDAwMH19"
        },
        {
          "index_key": 44,
          "schema_version": 0,
          "attributes": {
            "compartment_id": "ocid1.tenancy.oc1..aaaaaaaasu22hcodp52crxfb64fbck2psvjj2bdbgnebhsarbgpt6pabz6ja",
            "defined_tags": {
              "Oracle-Tags.CreatedBy": "default/mjazzazi@invoiceq.com",
              "Oracle-Tags.CreatedOn": "2022-08-04T17:15:42.109Z"
            },
            "description": "read only group for Compartmenttest44",
            "freeform_tags": {},
            "id": "ocid1.group.oc1..aaaaaaaadloppn7cj4khyopt6z7qxwi6xu5usb6qck3fmddsnfakqauvkaeq",
            "inactive_state": null,
            "name": "ReadCompartmenttest44",
            "state": "ACTIVE",
            "time_created": "2022-08-04 17:15:42.201 +0000 UTC",
            "timeouts": null
          },
          "sensitive_attributes": [],
          "private": "eyJlMmJmYjczMC1lY2FhLTExZTYtOGY4OC0zNDM2M2JjN2M0YzAiOnsiY3JlYXRlIjoxMjAwMDAwMDAwMDAwLCJkZWxldGUiOjEyMDAwMDAwMDAwMDAsInVwZGF0ZSI6MTIwMDAwMDAwMDAwMH19"
        }
      ]
    },
    {
      "mode": "managed",
      "type": "oci_identity_policy",
      "name": "policy",
      "provider": "provider[\"registry.terraform.io/hashicorp/oci\"]",
      "instances": [
        {
          "index_key": 0,
          "schema_version": 0,
          "attributes": {
            "ETag": "40a081752b0e0067aeee3e8298ec4e246c110ff0",
            "compartment_id": "ocid1.tenancy.oc1..aaaaaaaasu22hcodp52crxfb64fbck2psvjj2bdbgnebhsarbgpt6pabz6ja",
            "defined_tags": {
              "Oracle-Tags.CreatedBy": "default/mjazzazi@invoiceq.com",
              "Oracle-Tags.CreatedOn": "2022-08-04T17:03:32.028Z"
            },
            "description": "read only policy for compartmenttest",
            "freeform_tags": {},
            "id": "ocid1.policy.oc1..aaaaaaaasgx2znkdxnuymbywivzfc3g4b3uw25es7k6bijse33rzo5c3dbqa",
            "inactive_state": null,
            "lastUpdateETag": "40a081752b0e0067aeee3e8298ec4e246c110ff0",
            "name": "ReadCompartmenttest",
            "policyHash": "8578c4e8692b4b5b7c7dff3df55de577",
            "state": "ACTIVE",
            "statements": [
              "Allow group 'Default'/'ReadCompartmenttest' to read buckets in compartment compartmenttest",
              "Allow group 'Default'/'ReadCompartmenttest' to read objects in compartment compartmenttest"
            ],
            "time_created": "2022-08-04 17:03:32.36 +0000 UTC",
            "timeouts": null,
            "version_date": null
          },
          "sensitive_attributes": [],
          "private": "eyJlMmJmYjczMC1lY2FhLTExZTYtOGY4OC0zNDM2M2JjN2M0YzAiOnsiY3JlYXRlIjoxMjAwMDAwMDAwMDAwLCJkZWxldGUiOjEyMDAwMDAwMDAwMDAsInVwZGF0ZSI6MTIwMDAwMDAwMDAwMH19",
          "dependencies": [
            "oci_identity_compartment.compartment",
            "oci_identity_group.group"
          ]
        },
        {
          "index_key": 1,
          "schema_version": 0,
          "attributes": {
            "ETag": "e3001f669b7302e170ac378537df3df1eef0aa99",
            "compartment_id": "ocid1.tenancy.oc1..aaaaaaaasu22hcodp52crxfb64fbck2psvjj2bdbgnebhsarbgpt6pabz6ja",
            "defined_tags": {
              "Oracle-Tags.CreatedBy": "default/mjazzazi@invoiceq.com",
              "Oracle-Tags.CreatedOn": "2022-08-04T17:03:33.117Z"
            },
            "description": "read only policy for compartmenttest1",
            "freeform_tags": {},
            "id": "ocid1.policy.oc1..aaaaaaaavcj4ym6zxtw2t2gyzkl5f5hypk2wfhpvf3o2xopyeuelnvacftwa",
            "inactive_state": null,
            "lastUpdateETag": "e3001f669b7302e170ac378537df3df1eef0aa99",
            "name": "ReadCompartmenttest1",
            "policyHash": "81ac7c0338b9d1b2c91690e29628ebb1",
            "state": "ACTIVE",
            "statements": [
              "Allow group 'Default'/'ReadCompartmenttest1' to read buckets in compartment compartmenttest1",
              "Allow group 'Default'/'ReadCompartmenttest1' to read objects in compartment compartmenttest1"
            ],
            "time_created": "2022-08-04 17:03:33.148 +0000 UTC",
            "timeouts": null,
            "version_date": null
          },
          "sensitive_attributes": [],
          "private": "eyJlMmJmYjczMC1lY2FhLTExZTYtOGY4OC0zNDM2M2JjN2M0YzAiOnsiY3JlYXRlIjoxMjAwMDAwMDAwMDAwLCJkZWxldGUiOjEyMDAwMDAwMDAwMDAsInVwZGF0ZSI6MTIwMDAwMDAwMDAwMH19",
          "dependencies": [
            "oci_identity_compartment.compartment",
            "oci_identity_group.group"
          ]
        },
        {
          "index_key": 2,
          "schema_version": 0,
          "attributes": {
            "ETag": "456335c11ae9babb1a67bca03696a26501d1ad53",
            "compartment_id": "ocid1.tenancy.oc1..aaaaaaaasu22hcodp52crxfb64fbck2psvjj2bdbgnebhsarbgpt6pabz6ja",
            "defined_tags": {
              "Oracle-Tags.CreatedBy": "default/mjazzazi@invoiceq.com",
              "Oracle-Tags.CreatedOn": "2022-08-04T17:03:32.836Z"
            },
            "description": "read only policy for compartmenttest2",
            "freeform_tags": {},
            "id": "ocid1.policy.oc1..aaaaaaaaggn2xzbbvr6l77enaxidvvdqpd6lz5ziqmgy2c2gfditf4hd7xia",
            "inactive_state": null,
            "lastUpdateETag": "456335c11ae9babb1a67bca03696a26501d1ad53",
            "name": "ReadCompartmenttest2",
            "policyHash": "21f08dea81a2e63fc6e4bf78deeaab9c",
            "state": "ACTIVE",
            "statements": [
              "Allow group 'Default'/'ReadCompartmenttest2' to read buckets in compartment compartmenttest2",
              "Allow group 'Default'/'ReadCompartmenttest2' to read objects in compartment compartmenttest2"
            ],
            "time_created": "2022-08-04 17:03:32.868 +0000 UTC",
            "timeouts": null,
            "version_date": null
          },
          "sensitive_attributes": [],
          "private": "eyJlMmJmYjczMC1lY2FhLTExZTYtOGY4OC0zNDM2M2JjN2M0YzAiOnsiY3JlYXRlIjoxMjAwMDAwMDAwMDAwLCJkZWxldGUiOjEyMDAwMDAwMDAwMDAsInVwZGF0ZSI6MTIwMDAwMDAwMDAwMH19",
          "dependencies": [
            "oci_identity_compartment.compartment",
            "oci_identity_group.group"
          ]
        },
        {
          "index_key": 3,
          "schema_version": 0,
          "attributes": {
            "ETag": "9bca20713bac21c1bc83a8c89fe9c3667f11e27e",
            "compartment_id": "ocid1.tenancy.oc1..aaaaaaaasu22hcodp52crxfb64fbck2psvjj2bdbgnebhsarbgpt6pabz6ja",
            "defined_tags": {
              "Oracle-Tags.CreatedBy": "default/mjazzazi@invoiceq.com",
              "Oracle-Tags.CreatedOn": "2022-08-04T17:03:32.946Z"
            },
            "description": "read only policy for compartmenttest3",
            "freeform_tags": {},
            "id": "ocid1.policy.oc1..aaaaaaaaozt6o3niefi55idox2pou6ykhjterz2j4f3e4hd6dkwyqujjgzxq",
            "inactive_state": null,
            "lastUpdateETag": "9bca20713bac21c1bc83a8c89fe9c3667f11e27e",
            "name": "ReadCompartmenttest3",
            "policyHash": "55739627751e0b86a328166341f7a353",
            "state": "ACTIVE",
            "statements": [
              "Allow group 'Default'/'ReadCompartmenttest3' to read buckets in compartment compartmenttest3",
              "Allow group 'Default'/'ReadCompartmenttest3' to read objects in compartment compartmenttest3"
            ],
            "time_created": "2022-08-04 17:03:32.975 +0000 UTC",
            "timeouts": null,
            "version_date": null
          },
          "sensitive_attributes": [],
          "private": "eyJlMmJmYjczMC1lY2FhLTExZTYtOGY4OC0zNDM2M2JjN2M0YzAiOnsiY3JlYXRlIjoxMjAwMDAwMDAwMDAwLCJkZWxldGUiOjEyMDAwMDAwMDAwMDAsInVwZGF0ZSI6MTIwMDAwMDAwMDAwMH19",
          "dependencies": [
            "oci_identity_compartment.compartment",
            "oci_identity_group.group"
          ]
        },
        {
          "index_key": 4,
          "schema_version": 0,
          "attributes": {
            "ETag": "7dfbd506c029d762d5a7ce617ae09ea8d4ae1308",
            "compartment_id": "ocid1.tenancy.oc1..aaaaaaaasu22hcodp52crxfb64fbck2psvjj2bdbgnebhsarbgpt6pabz6ja",
            "defined_tags": {
              "Oracle-Tags.CreatedBy": "default/mjazzazi@invoiceq.com",
              "Oracle-Tags.CreatedOn": "2022-08-04T17:03:32.020Z"
            },
            "description": "read only policy for compartmenttest4",
            "freeform_tags": {},
            "id": "ocid1.policy.oc1..aaaaaaaauie642cw3kjljkuoeyhblvemoqnciuu42ng7epkop2uarluoir2a",
            "inactive_state": null,
            "lastUpdateETag": "7dfbd506c029d762d5a7ce617ae09ea8d4ae1308",
            "name": "ReadCompartmenttest4",
            "policyHash": "7f5918b64eed6b7812f0d6dbec3c16ec",
            "state": "ACTIVE",
            "statements": [
              "Allow group 'Default'/'ReadCompartmenttest4' to read buckets in compartment compartmenttest4",
              "Allow group 'Default'/'ReadCompartmenttest4' to read objects in compartment compartmenttest4"
            ],
            "time_created": "2022-08-04 17:03:32.075 +0000 UTC",
            "timeouts": null,
            "version_date": null
          },
          "sensitive_attributes": [],
          "private": "eyJlMmJmYjczMC1lY2FhLTExZTYtOGY4OC0zNDM2M2JjN2M0YzAiOnsiY3JlYXRlIjoxMjAwMDAwMDAwMDAwLCJkZWxldGUiOjEyMDAwMDAwMDAwMDAsInVwZGF0ZSI6MTIwMDAwMDAwMDAwMH19",
          "dependencies": [
            "oci_identity_compartment.compartment",
            "oci_identity_group.group"
          ]
        },
        {
          "index_key": 5,
          "schema_version": 0,
          "attributes": {
            "ETag": "b399dad73f8e44bca33e6142baf11b5b4f89de65",
            "compartment_id": "ocid1.tenancy.oc1..aaaaaaaasu22hcodp52crxfb64fbck2psvjj2bdbgnebhsarbgpt6pabz6ja",
            "defined_tags": {
              "Oracle-Tags.CreatedBy": "default/mjazzazi@invoiceq.com",
              "Oracle-Tags.CreatedOn": "2022-08-04T17:04:42.861Z"
            },
            "description": "read only policy for compartmenttest5",
            "freeform_tags": {},
            "id": "ocid1.policy.oc1..aaaaaaaa2d6obdvwhxtucp6jzmmrl7lfwivcjauxmung76hb76jbo5wbdv2q",
            "inactive_state": null,
            "lastUpdateETag": "b399dad73f8e44bca33e6142baf11b5b4f89de65",
            "name": "ReadCompartmenttest5",
            "policyHash": "9747d363d50cbbbd6f4f50c322dc3484",
            "state": "ACTIVE",
            "statements": [
              "Allow group 'Default'/'ReadCompartmenttest5' to read buckets in compartment compartmenttest5",
              "Allow group 'Default'/'ReadCompartmenttest5' to read objects in compartment compartmenttest5"
            ],
            "time_created": "2022-08-04 17:04:43.035 +0000 UTC",
            "timeouts": null,
            "version_date": null
          },
          "sensitive_attributes": [],
          "private": "eyJlMmJmYjczMC1lY2FhLTExZTYtOGY4OC0zNDM2M2JjN2M0YzAiOnsiY3JlYXRlIjoxMjAwMDAwMDAwMDAwLCJkZWxldGUiOjEyMDAwMDAwMDAwMDAsInVwZGF0ZSI6MTIwMDAwMDAwMDAwMH19",
          "dependencies": [
            "oci_identity_compartment.compartment",
            "oci_identity_group.group"
          ]
        },
        {
          "index_key": 6,
          "schema_version": 0,
          "attributes": {
            "ETag": "039d9e11b514edec58fe174cf9dea0e3c2c79b1b",
            "compartment_id": "ocid1.tenancy.oc1..aaaaaaaasu22hcodp52crxfb64fbck2psvjj2bdbgnebhsarbgpt6pabz6ja",
            "defined_tags": {
              "Oracle-Tags.CreatedBy": "default/mjazzazi@invoiceq.com",
              "Oracle-Tags.CreatedOn": "2022-08-04T17:04:43.569Z"
            },
            "description": "read only policy for compartmenttest6",
            "freeform_tags": {},
            "id": "ocid1.policy.oc1..aaaaaaaaq524argpp46qutlm6v6hrvjshugdi2gdz6s56wrc2hpyf6hvarta",
            "inactive_state": null,
            "lastUpdateETag": "039d9e11b514edec58fe174cf9dea0e3c2c79b1b",
            "name": "ReadCompartmenttest6",
            "policyHash": "34f116c2bc362f1be66feca060c7a236",
            "state": "ACTIVE",
            "statements": [
              "Allow group 'Default'/'ReadCompartmenttest6' to read buckets in compartment compartmenttest6",
              "Allow group 'Default'/'ReadCompartmenttest6' to read objects in compartment compartmenttest6"
            ],
            "time_created": "2022-08-04 17:04:43.705 +0000 UTC",
            "timeouts": null,
            "version_date": null
          },
          "sensitive_attributes": [],
          "private": "eyJlMmJmYjczMC1lY2FhLTExZTYtOGY4OC0zNDM2M2JjN2M0YzAiOnsiY3JlYXRlIjoxMjAwMDAwMDAwMDAwLCJkZWxldGUiOjEyMDAwMDAwMDAwMDAsInVwZGF0ZSI6MTIwMDAwMDAwMDAwMH19",
          "dependencies": [
            "oci_identity_compartment.compartment",
            "oci_identity_group.group"
          ]
        },
        {
          "index_key": 7,
          "schema_version": 0,
          "attributes": {
            "ETag": "3d0d298bfcb39d363527d369801ddde0bb33a9ee",
            "compartment_id": "ocid1.tenancy.oc1..aaaaaaaasu22hcodp52crxfb64fbck2psvjj2bdbgnebhsarbgpt6pabz6ja",
            "defined_tags": {
              "Oracle-Tags.CreatedBy": "default/mjazzazi@invoiceq.com",
              "Oracle-Tags.CreatedOn": "2022-08-04T17:04:43.541Z"
            },
            "description": "read only policy for compartmenttest7",
            "freeform_tags": {},
            "id": "ocid1.policy.oc1..aaaaaaaaygtwuev4rrbedroegwo3hi23222uvj2htstnifl4k3iwraeqys3q",
            "inactive_state": null,
            "lastUpdateETag": "3d0d298bfcb39d363527d369801ddde0bb33a9ee",
            "name": "ReadCompartmenttest7",
            "policyHash": "cc97eeeffb846d2156aa72d3d4656fbc",
            "state": "ACTIVE",
            "statements": [
              "Allow group 'Default'/'ReadCompartmenttest7' to read buckets in compartment compartmenttest7",
              "Allow group 'Default'/'ReadCompartmenttest7' to read objects in compartment compartmenttest7"
            ],
            "time_created": "2022-08-04 17:04:43.576 +0000 UTC",
            "timeouts": null,
            "version_date": null
          },
          "sensitive_attributes": [],
          "private": "eyJlMmJmYjczMC1lY2FhLTExZTYtOGY4OC0zNDM2M2JjN2M0YzAiOnsiY3JlYXRlIjoxMjAwMDAwMDAwMDAwLCJkZWxldGUiOjEyMDAwMDAwMDAwMDAsInVwZGF0ZSI6MTIwMDAwMDAwMDAwMH19",
          "dependencies": [
            "oci_identity_compartment.compartment",
            "oci_identity_group.group"
          ]
        },
        {
          "index_key": 8,
          "schema_version": 0,
          "attributes": {
            "ETag": "fd88defce15c2e9518db1bc2b84061e69294f5cb",
            "compartment_id": "ocid1.tenancy.oc1..aaaaaaaasu22hcodp52crxfb64fbck2psvjj2bdbgnebhsarbgpt6pabz6ja",
            "defined_tags": {
              "Oracle-Tags.CreatedBy": "default/mjazzazi@invoiceq.com",
              "Oracle-Tags.CreatedOn": "2022-08-04T17:04:42.870Z"
            },
            "description": "read only policy for compartmenttest8",
            "freeform_tags": {},
            "id": "ocid1.policy.oc1..aaaaaaaaybjz5j4ehblswlhxy77pml7agnbu7tmk5bcyau52ytazyevrhewq",
            "inactive_state": null,
            "lastUpdateETag": "fd88defce15c2e9518db1bc2b84061e69294f5cb",
            "name": "ReadCompartmenttest8",
            "policyHash": "1f91d0ae44673e91f6f1dd353eb04180",
            "state": "ACTIVE",
            "statements": [
              "Allow group 'Default'/'ReadCompartmenttest8' to read buckets in compartment compartmenttest8",
              "Allow group 'Default'/'ReadCompartmenttest8' to read objects in compartment compartmenttest8"
            ],
            "time_created": "2022-08-04 17:04:42.899 +0000 UTC",
            "timeouts": null,
            "version_date": null
          },
          "sensitive_attributes": [],
          "private": "eyJlMmJmYjczMC1lY2FhLTExZTYtOGY4OC0zNDM2M2JjN2M0YzAiOnsiY3JlYXRlIjoxMjAwMDAwMDAwMDAwLCJkZWxldGUiOjEyMDAwMDAwMDAwMDAsInVwZGF0ZSI6MTIwMDAwMDAwMDAwMH19",
          "dependencies": [
            "oci_identity_compartment.compartment",
            "oci_identity_group.group"
          ]
        },
        {
          "index_key": 9,
          "schema_version": 0,
          "attributes": {
            "ETag": "e40dc3a3e327d02ae6207313c527cdf13054fe3a",
            "compartment_id": "ocid1.tenancy.oc1..aaaaaaaasu22hcodp52crxfb64fbck2psvjj2bdbgnebhsarbgpt6pabz6ja",
            "defined_tags": {
              "Oracle-Tags.CreatedBy": "default/mjazzazi@invoiceq.com",
              "Oracle-Tags.CreatedOn": "2022-08-04T17:04:43.006Z"
            },
            "description": "read only policy for compartmenttest9",
            "freeform_tags": {},
            "id": "ocid1.policy.oc1..aaaaaaaam6ifxbec7pekho6repuzgmvebrqi6e3vdi3b4mohfd2twnjwkbjq",
            "inactive_state": null,
            "lastUpdateETag": "e40dc3a3e327d02ae6207313c527cdf13054fe3a",
            "name": "ReadCompartmenttest9",
            "policyHash": "ad122f07dfecf19512be824f0d1a58c7",
            "state": "ACTIVE",
            "statements": [
              "Allow group 'Default'/'ReadCompartmenttest9' to read buckets in compartment compartmenttest9",
              "Allow group 'Default'/'ReadCompartmenttest9' to read objects in compartment compartmenttest9"
            ],
            "time_created": "2022-08-04 17:04:43.17 +0000 UTC",
            "timeouts": null,
            "version_date": null
          },
          "sensitive_attributes": [],
          "private": "eyJlMmJmYjczMC1lY2FhLTExZTYtOGY4OC0zNDM2M2JjN2M0YzAiOnsiY3JlYXRlIjoxMjAwMDAwMDAwMDAwLCJkZWxldGUiOjEyMDAwMDAwMDAwMDAsInVwZGF0ZSI6MTIwMDAwMDAwMDAwMH19",
          "dependencies": [
            "oci_identity_compartment.compartment",
            "oci_identity_group.group"
          ]
        },
        {
          "index_key": 10,
          "schema_version": 0,
          "attributes": {
            "ETag": "c3bb9b41616ef60453f6536df35cb43becb0a857",
            "compartment_id": "ocid1.tenancy.oc1..aaaaaaaasu22hcodp52crxfb64fbck2psvjj2bdbgnebhsarbgpt6pabz6ja",
            "defined_tags": {
              "Oracle-Tags.CreatedBy": "default/mjazzazi@invoiceq.com",
              "Oracle-Tags.CreatedOn": "2022-08-04T17:06:54.880Z"
            },
            "description": "read only policy for compartmenttest10",
            "freeform_tags": {},
            "id": "ocid1.policy.oc1..aaaaaaaaf7rmjletyue3iaylkspuuccj6ycqzyuq6qfxac6rbbzs7pn3llva",
            "inactive_state": null,
            "lastUpdateETag": "c3bb9b41616ef60453f6536df35cb43becb0a857",
            "name": "ReadCompartmenttest10",
            "policyHash": "7af0c515c332cfe1404a2fffb862826f",
            "state": "ACTIVE",
            "statements": [
              "Allow group 'Default'/'ReadCompartmenttest10' to read buckets in compartment compartmenttest10",
              "Allow group 'Default'/'ReadCompartmenttest10' to read objects in compartment compartmenttest10"
            ],
            "time_created": "2022-08-04 17:06:54.951 +0000 UTC",
            "timeouts": null,
            "version_date": null
          },
          "sensitive_attributes": [],
          "private": "eyJlMmJmYjczMC1lY2FhLTExZTYtOGY4OC0zNDM2M2JjN2M0YzAiOnsiY3JlYXRlIjoxMjAwMDAwMDAwMDAwLCJkZWxldGUiOjEyMDAwMDAwMDAwMDAsInVwZGF0ZSI6MTIwMDAwMDAwMDAwMH19",
          "dependencies": [
            "oci_identity_compartment.compartment",
            "oci_identity_group.group"
          ]
        },
        {
          "index_key": 11,
          "schema_version": 0,
          "attributes": {
            "ETag": "054bc88d21c0ee577f2a190a6905549c782d56f6",
            "compartment_id": "ocid1.tenancy.oc1..aaaaaaaasu22hcodp52crxfb64fbck2psvjj2bdbgnebhsarbgpt6pabz6ja",
            "defined_tags": {
              "Oracle-Tags.CreatedBy": "default/mjazzazi@invoiceq.com",
              "Oracle-Tags.CreatedOn": "2022-08-04T17:06:56.467Z"
            },
            "description": "read only policy for compartmenttest11",
            "freeform_tags": {},
            "id": "ocid1.policy.oc1..aaaaaaaaty7zoc6z37oqi3ba7cmw4xb23vxl3cmscifjadxy7j7lj2ddvw4q",
            "inactive_state": null,
            "lastUpdateETag": "054bc88d21c0ee577f2a190a6905549c782d56f6",
            "name": "ReadCompartmenttest11",
            "policyHash": "07f353f1b534857ee7e2e8119edecb62",
            "state": "ACTIVE",
            "statements": [
              "Allow group 'Default'/'ReadCompartmenttest11' to read buckets in compartment compartmenttest11",
              "Allow group 'Default'/'ReadCompartmenttest11' to read objects in compartment compartmenttest11"
            ],
            "time_created": "2022-08-04 17:06:56.494 +0000 UTC",
            "timeouts": null,
            "version_date": null
          },
          "sensitive_attributes": [],
          "private": "eyJlMmJmYjczMC1lY2FhLTExZTYtOGY4OC0zNDM2M2JjN2M0YzAiOnsiY3JlYXRlIjoxMjAwMDAwMDAwMDAwLCJkZWxldGUiOjEyMDAwMDAwMDAwMDAsInVwZGF0ZSI6MTIwMDAwMDAwMDAwMH19",
          "dependencies": [
            "oci_identity_compartment.compartment",
            "oci_identity_group.group"
          ]
        },
        {
          "index_key": 12,
          "schema_version": 0,
          "attributes": {
            "ETag": "d6285832b22a13bb519f471ceda64c44cdb734ab",
            "compartment_id": "ocid1.tenancy.oc1..aaaaaaaasu22hcodp52crxfb64fbck2psvjj2bdbgnebhsarbgpt6pabz6ja",
            "defined_tags": {
              "Oracle-Tags.CreatedBy": "default/mjazzazi@invoiceq.com",
              "Oracle-Tags.CreatedOn": "2022-08-04T17:06:56.696Z"
            },
            "description": "read only policy for compartmenttest12",
            "freeform_tags": {},
            "id": "ocid1.policy.oc1..aaaaaaaak6saad5vpouqdf5u6vh5wjrt4ex5vywtcgmwdvxii6gh2j7nivza",
            "inactive_state": null,
            "lastUpdateETag": "d6285832b22a13bb519f471ceda64c44cdb734ab",
            "name": "ReadCompartmenttest12",
            "policyHash": "b6c7a5664d628aa5f3b4d2c0bc215c66",
            "state": "ACTIVE",
            "statements": [
              "Allow group 'Default'/'ReadCompartmenttest12' to read buckets in compartment compartmenttest12",
              "Allow group 'Default'/'ReadCompartmenttest12' to read objects in compartment compartmenttest12"
            ],
            "time_created": "2022-08-04 17:06:57.052 +0000 UTC",
            "timeouts": null,
            "version_date": null
          },
          "sensitive_attributes": [],
          "private": "eyJlMmJmYjczMC1lY2FhLTExZTYtOGY4OC0zNDM2M2JjN2M0YzAiOnsiY3JlYXRlIjoxMjAwMDAwMDAwMDAwLCJkZWxldGUiOjEyMDAwMDAwMDAwMDAsInVwZGF0ZSI6MTIwMDAwMDAwMDAwMH19",
          "dependencies": [
            "oci_identity_compartment.compartment",
            "oci_identity_group.group"
          ]
        },
        {
          "index_key": 13,
          "schema_version": 0,
          "attributes": {
            "ETag": "7015f80b202e724083c18da76c16fea389345871",
            "compartment_id": "ocid1.tenancy.oc1..aaaaaaaasu22hcodp52crxfb64fbck2psvjj2bdbgnebhsarbgpt6pabz6ja",
            "defined_tags": {
              "Oracle-Tags.CreatedBy": "default/mjazzazi@invoiceq.com",
              "Oracle-Tags.CreatedOn": "2022-08-04T17:06:55.852Z"
            },
            "description": "read only policy for compartmenttest13",
            "freeform_tags": {},
            "id": "ocid1.policy.oc1..aaaaaaaaxxud6v3r7vwshlylsc4ukjk3srultjaomzqgmn4j7w55mefbm6wq",
            "inactive_state": null,
            "lastUpdateETag": "7015f80b202e724083c18da76c16fea389345871",
            "name": "ReadCompartmenttest13",
            "policyHash": "1477343ba87c31015c52ecd2aed38578",
            "state": "ACTIVE",
            "statements": [
              "Allow group 'Default'/'ReadCompartmenttest13' to read buckets in compartment compartmenttest13",
              "Allow group 'Default'/'ReadCompartmenttest13' to read objects in compartment compartmenttest13"
            ],
            "time_created": "2022-08-04 17:06:56.044 +0000 UTC",
            "timeouts": null,
            "version_date": null
          },
          "sensitive_attributes": [],
          "private": "eyJlMmJmYjczMC1lY2FhLTExZTYtOGY4OC0zNDM2M2JjN2M0YzAiOnsiY3JlYXRlIjoxMjAwMDAwMDAwMDAwLCJkZWxldGUiOjEyMDAwMDAwMDAwMDAsInVwZGF0ZSI6MTIwMDAwMDAwMDAwMH19",
          "dependencies": [
            "oci_identity_compartment.compartment",
            "oci_identity_group.group"
          ]
        },
        {
          "index_key": 14,
          "schema_version": 0,
          "attributes": {
            "ETag": "c4090deb6e1d36812d63b47baca1cb27075d03c1",
            "compartment_id": "ocid1.tenancy.oc1..aaaaaaaasu22hcodp52crxfb64fbck2psvjj2bdbgnebhsarbgpt6pabz6ja",
            "defined_tags": {
              "Oracle-Tags.CreatedBy": "default/mjazzazi@invoiceq.com",
              "Oracle-Tags.CreatedOn": "2022-08-04T17:06:54.962Z"
            },
            "description": "read only policy for compartmenttest14",
            "freeform_tags": {},
            "id": "ocid1.policy.oc1..aaaaaaaat326ayygbxpgy4qtpo6aulscjn3huthsh4qnooca7br4mzzgiwxa",
            "inactive_state": null,
            "lastUpdateETag": "c4090deb6e1d36812d63b47baca1cb27075d03c1",
            "name": "ReadCompartmenttest14",
            "policyHash": "1240afd0f026236cdf974c16f906fa4d",
            "state": "ACTIVE",
            "statements": [
              "Allow group 'Default'/'ReadCompartmenttest14' to read buckets in compartment compartmenttest14",
              "Allow group 'Default'/'ReadCompartmenttest14' to read objects in compartment compartmenttest14"
            ],
            "time_created": "2022-08-04 17:06:55.202 +0000 UTC",
            "timeouts": null,
            "version_date": null
          },
          "sensitive_attributes": [],
          "private": "eyJlMmJmYjczMC1lY2FhLTExZTYtOGY4OC0zNDM2M2JjN2M0YzAiOnsiY3JlYXRlIjoxMjAwMDAwMDAwMDAwLCJkZWxldGUiOjEyMDAwMDAwMDAwMDAsInVwZGF0ZSI6MTIwMDAwMDAwMDAwMH19",
          "dependencies": [
            "oci_identity_compartment.compartment",
            "oci_identity_group.group"
          ]
        },
        {
          "index_key": 15,
          "schema_version": 0,
          "attributes": {
            "ETag": "9ecfd9e6ea176792dad2f40f970ef5c050754013",
            "compartment_id": "ocid1.tenancy.oc1..aaaaaaaasu22hcodp52crxfb64fbck2psvjj2bdbgnebhsarbgpt6pabz6ja",
            "defined_tags": {
              "Oracle-Tags.CreatedBy": "default/mjazzazi@invoiceq.com",
              "Oracle-Tags.CreatedOn": "2022-08-04T17:06:55.860Z"
            },
            "description": "read only policy for compartmenttest15",
            "freeform_tags": {},
            "id": "ocid1.policy.oc1..aaaaaaaa2ny2zeodhn7kkjh6jk5mfm3e5ua3yqjf35chku7jicusgp4gvz7q",
            "inactive_state": null,
            "lastUpdateETag": "9ecfd9e6ea176792dad2f40f970ef5c050754013",
            "name": "ReadCompartmenttest15",
            "policyHash": "6592cb38a22930adf1d5e4bd4f9a7a39",
            "state": "ACTIVE",
            "statements": [
              "Allow group 'Default'/'ReadCompartmenttest15' to read buckets in compartment compartmenttest15",
              "Allow group 'Default'/'ReadCompartmenttest15' to read objects in compartment compartmenttest15"
            ],
            "time_created": "2022-08-04 17:06:55.888 +0000 UTC",
            "timeouts": null,
            "version_date": null
          },
          "sensitive_attributes": [],
          "private": "eyJlMmJmYjczMC1lY2FhLTExZTYtOGY4OC0zNDM2M2JjN2M0YzAiOnsiY3JlYXRlIjoxMjAwMDAwMDAwMDAwLCJkZWxldGUiOjEyMDAwMDAwMDAwMDAsInVwZGF0ZSI6MTIwMDAwMDAwMDAwMH19",
          "dependencies": [
            "oci_identity_compartment.compartment",
            "oci_identity_group.group"
          ]
        },
        {
          "index_key": 16,
          "schema_version": 0,
          "attributes": {
            "ETag": "19dea223e63c9c0052033b0b24f939e2d8bc9c80",
            "compartment_id": "ocid1.tenancy.oc1..aaaaaaaasu22hcodp52crxfb64fbck2psvjj2bdbgnebhsarbgpt6pabz6ja",
            "defined_tags": {
              "Oracle-Tags.CreatedBy": "default/mjazzazi@invoiceq.com",
              "Oracle-Tags.CreatedOn": "2022-08-04T17:06:57.428Z"
            },
            "description": "read only policy for compartmenttest16",
            "freeform_tags": {},
            "id": "ocid1.policy.oc1..aaaaaaaa4s4qknex3lkoursdwynoxhsf5vv7mxdggxiy6uwdoaavbqpwt72q",
            "inactive_state": null,
            "lastUpdateETag": "19dea223e63c9c0052033b0b24f939e2d8bc9c80",
            "name": "ReadCompartmenttest16",
            "policyHash": "7961acc36e7e7034a80844ed1092e627",
            "state": "ACTIVE",
            "statements": [
              "Allow group 'Default'/'ReadCompartmenttest16' to read buckets in compartment compartmenttest16",
              "Allow group 'Default'/'ReadCompartmenttest16' to read objects in compartment compartmenttest16"
            ],
            "time_created": "2022-08-04 17:06:57.456 +0000 UTC",
            "timeouts": null,
            "version_date": null
          },
          "sensitive_attributes": [],
          "private": "eyJlMmJmYjczMC1lY2FhLTExZTYtOGY4OC0zNDM2M2JjN2M0YzAiOnsiY3JlYXRlIjoxMjAwMDAwMDAwMDAwLCJkZWxldGUiOjEyMDAwMDAwMDAwMDAsInVwZGF0ZSI6MTIwMDAwMDAwMDAwMH19",
          "dependencies": [
            "oci_identity_compartment.compartment",
            "oci_identity_group.group"
          ]
        },
        {
          "index_key": 17,
          "schema_version": 0,
          "attributes": {
            "ETag": "7c401caca974a8b8a1415de8bae70e5dbf946520",
            "compartment_id": "ocid1.tenancy.oc1..aaaaaaaasu22hcodp52crxfb64fbck2psvjj2bdbgnebhsarbgpt6pabz6ja",
            "defined_tags": {
              "Oracle-Tags.CreatedBy": "default/mjazzazi@invoiceq.com",
              "Oracle-Tags.CreatedOn": "2022-08-04T17:06:54.945Z"
            },
            "description": "read only policy for compartmenttest17",
            "freeform_tags": {},
            "id": "ocid1.policy.oc1..aaaaaaaan4gj5pkxbzidtze2sytz3l6lefypqwqoi2g5xa2z32kb5wnxuzqq",
            "inactive_state": null,
            "lastUpdateETag": "7c401caca974a8b8a1415de8bae70e5dbf946520",
            "name": "ReadCompartmenttest17",
            "policyHash": "e655190bb60210b1e8b9918af2876742",
            "state": "ACTIVE",
            "statements": [
              "Allow group 'Default'/'ReadCompartmenttest17' to read buckets in compartment compartmenttest17",
              "Allow group 'Default'/'ReadCompartmenttest17' to read objects in compartment compartmenttest17"
            ],
            "time_created": "2022-08-04 17:06:55.02 +0000 UTC",
            "timeouts": null,
            "version_date": null
          },
          "sensitive_attributes": [],
          "private": "eyJlMmJmYjczMC1lY2FhLTExZTYtOGY4OC0zNDM2M2JjN2M0YzAiOnsiY3JlYXRlIjoxMjAwMDAwMDAwMDAwLCJkZWxldGUiOjEyMDAwMDAwMDAwMDAsInVwZGF0ZSI6MTIwMDAwMDAwMDAwMH19",
          "dependencies": [
            "oci_identity_compartment.compartment",
            "oci_identity_group.group"
          ]
        },
        {
          "index_key": 18,
          "schema_version": 0,
          "attributes": {
            "ETag": "000d4abce0fe59b5f58752d69abe4143bbb52066",
            "compartment_id": "ocid1.tenancy.oc1..aaaaaaaasu22hcodp52crxfb64fbck2psvjj2bdbgnebhsarbgpt6pabz6ja",
            "defined_tags": {
              "Oracle-Tags.CreatedBy": "default/mjazzazi@invoiceq.com",
              "Oracle-Tags.CreatedOn": "2022-08-04T17:06:56.653Z"
            },
            "description": "read only policy for compartmenttest18",
            "freeform_tags": {},
            "id": "ocid1.policy.oc1..aaaaaaaavbqm7mmmfntgecurdjokv3hznsuinhaeonrmn2inpyto5ckyp6qq",
            "inactive_state": null,
            "lastUpdateETag": "000d4abce0fe59b5f58752d69abe4143bbb52066",
            "name": "ReadCompartmenttest18",
            "policyHash": "a57d492edcb56aaa3ae382654def76a6",
            "state": "ACTIVE",
            "statements": [
              "Allow group 'Default'/'ReadCompartmenttest18' to read buckets in compartment compartmenttest18",
              "Allow group 'Default'/'ReadCompartmenttest18' to read objects in compartment compartmenttest18"
            ],
            "time_created": "2022-08-04 17:06:56.68 +0000 UTC",
            "timeouts": null,
            "version_date": null
          },
          "sensitive_attributes": [],
          "private": "eyJlMmJmYjczMC1lY2FhLTExZTYtOGY4OC0zNDM2M2JjN2M0YzAiOnsiY3JlYXRlIjoxMjAwMDAwMDAwMDAwLCJkZWxldGUiOjEyMDAwMDAwMDAwMDAsInVwZGF0ZSI6MTIwMDAwMDAwMDAwMH19",
          "dependencies": [
            "oci_identity_compartment.compartment",
            "oci_identity_group.group"
          ]
        },
        {
          "index_key": 19,
          "schema_version": 0,
          "attributes": {
            "ETag": "b14ca106216364f2a91ccfa0c946d1e0cbe7499f",
            "compartment_id": "ocid1.tenancy.oc1..aaaaaaaasu22hcodp52crxfb64fbck2psvjj2bdbgnebhsarbgpt6pabz6ja",
            "defined_tags": {
              "Oracle-Tags.CreatedBy": "default/mjazzazi@invoiceq.com",
              "Oracle-Tags.CreatedOn": "2022-08-04T17:06:57.078Z"
            },
            "description": "read only policy for compartmenttest19",
            "freeform_tags": {},
            "id": "ocid1.policy.oc1..aaaaaaaaimmq2pyesgk72fbx5kox7lkaj5izcfyumybqxvjqr56jrfeepa3q",
            "inactive_state": null,
            "lastUpdateETag": "b14ca106216364f2a91ccfa0c946d1e0cbe7499f",
            "name": "ReadCompartmenttest19",
            "policyHash": "04020bf4f4581d5c9e3b202dc8368a46",
            "state": "ACTIVE",
            "statements": [
              "Allow group 'Default'/'ReadCompartmenttest19' to read buckets in compartment compartmenttest19",
              "Allow group 'Default'/'ReadCompartmenttest19' to read objects in compartment compartmenttest19"
            ],
            "time_created": "2022-08-04 17:06:57.143 +0000 UTC",
            "timeouts": null,
            "version_date": null
          },
          "sensitive_attributes": [],
          "private": "eyJlMmJmYjczMC1lY2FhLTExZTYtOGY4OC0zNDM2M2JjN2M0YzAiOnsiY3JlYXRlIjoxMjAwMDAwMDAwMDAwLCJkZWxldGUiOjEyMDAwMDAwMDAwMDAsInVwZGF0ZSI6MTIwMDAwMDAwMDAwMH19",
          "dependencies": [
            "oci_identity_compartment.compartment",
            "oci_identity_group.group"
          ]
        },
        {
          "index_key": 20,
          "schema_version": 0,
          "attributes": {
            "ETag": "b769514799c876797bf201f8f35b8d0caaa3e92c",
            "compartment_id": "ocid1.tenancy.oc1..aaaaaaaasu22hcodp52crxfb64fbck2psvjj2bdbgnebhsarbgpt6pabz6ja",
            "defined_tags": {
              "Oracle-Tags.CreatedBy": "default/mjazzazi@invoiceq.com",
              "Oracle-Tags.CreatedOn": "2022-08-04T17:09:03.696Z"
            },
            "description": "read only policy for compartmenttest20",
            "freeform_tags": {},
            "id": "ocid1.policy.oc1..aaaaaaaayhqwakdqeorfzp3yo6z7ejhwaq3hktbu3nbo6xzaf25qizslmzsa",
            "inactive_state": null,
            "lastUpdateETag": "b769514799c876797bf201f8f35b8d0caaa3e92c",
            "name": "ReadCompartmenttest20",
            "policyHash": "88728835ed3d3965da4e3e458a8dbe14",
            "state": "ACTIVE",
            "statements": [
              "Allow group 'Default'/'ReadCompartmenttest20' to read buckets in compartment compartmenttest20",
              "Allow group 'Default'/'ReadCompartmenttest20' to read objects in compartment compartmenttest20"
            ],
            "time_created": "2022-08-04 17:09:04.107 +0000 UTC",
            "timeouts": null,
            "version_date": null
          },
          "sensitive_attributes": [],
          "private": "eyJlMmJmYjczMC1lY2FhLTExZTYtOGY4OC0zNDM2M2JjN2M0YzAiOnsiY3JlYXRlIjoxMjAwMDAwMDAwMDAwLCJkZWxldGUiOjEyMDAwMDAwMDAwMDAsInVwZGF0ZSI6MTIwMDAwMDAwMDAwMH19",
          "dependencies": [
            "oci_identity_compartment.compartment",
            "oci_identity_group.group"
          ]
        },
        {
          "index_key": 21,
          "schema_version": 0,
          "attributes": {
            "ETag": "62aef32c8c0b3c8c410a69139ad52d173838129b",
            "compartment_id": "ocid1.tenancy.oc1..aaaaaaaasu22hcodp52crxfb64fbck2psvjj2bdbgnebhsarbgpt6pabz6ja",
            "defined_tags": {
              "Oracle-Tags.CreatedBy": "default/mjazzazi@invoiceq.com",
              "Oracle-Tags.CreatedOn": "2022-08-04T17:09:03.869Z"
            },
            "description": "read only policy for compartmenttest21",
            "freeform_tags": {},
            "id": "ocid1.policy.oc1..aaaaaaaatujrvs3c7eq7vql2m4smi53trokt7sttzab2zpt4wbuvjd46m4zq",
            "inactive_state": null,
            "lastUpdateETag": "62aef32c8c0b3c8c410a69139ad52d173838129b",
            "name": "ReadCompartmenttest21",
            "policyHash": "e237cac08122c799860817697bc9e199",
            "state": "ACTIVE",
            "statements": [
              "Allow group 'Default'/'ReadCompartmenttest21' to read buckets in compartment compartmenttest21",
              "Allow group 'Default'/'ReadCompartmenttest21' to read objects in compartment compartmenttest21"
            ],
            "time_created": "2022-08-04 17:09:03.953 +0000 UTC",
            "timeouts": null,
            "version_date": null
          },
          "sensitive_attributes": [],
          "private": "eyJlMmJmYjczMC1lY2FhLTExZTYtOGY4OC0zNDM2M2JjN2M0YzAiOnsiY3JlYXRlIjoxMjAwMDAwMDAwMDAwLCJkZWxldGUiOjEyMDAwMDAwMDAwMDAsInVwZGF0ZSI6MTIwMDAwMDAwMDAwMH19",
          "dependencies": [
            "oci_identity_compartment.compartment",
            "oci_identity_group.group"
          ]
        },
        {
          "index_key": 22,
          "schema_version": 0,
          "attributes": {
            "ETag": "93f21fbed3b9f9178aff00c24639619daced9b0a",
            "compartment_id": "ocid1.tenancy.oc1..aaaaaaaasu22hcodp52crxfb64fbck2psvjj2bdbgnebhsarbgpt6pabz6ja",
            "defined_tags": {
              "Oracle-Tags.CreatedBy": "default/mjazzazi@invoiceq.com",
              "Oracle-Tags.CreatedOn": "2022-08-04T17:09:03.695Z"
            },
            "description": "read only policy for compartmenttest22",
            "freeform_tags": {},
            "id": "ocid1.policy.oc1..aaaaaaaajdwef24cqfkc47adafh3hs5kgdgrbnkaq6muastiomjxfe6zjdwa",
            "inactive_state": null,
            "lastUpdateETag": "93f21fbed3b9f9178aff00c24639619daced9b0a",
            "name": "ReadCompartmenttest22",
            "policyHash": "d61f77802e1277e9a21ee0b0f63f1997",
            "state": "ACTIVE",
            "statements": [
              "Allow group 'Default'/'ReadCompartmenttest22' to read buckets in compartment compartmenttest22",
              "Allow group 'Default'/'ReadCompartmenttest22' to read objects in compartment compartmenttest22"
            ],
            "time_created": "2022-08-04 17:09:03.871 +0000 UTC",
            "timeouts": null,
            "version_date": null
          },
          "sensitive_attributes": [],
          "private": "eyJlMmJmYjczMC1lY2FhLTExZTYtOGY4OC0zNDM2M2JjN2M0YzAiOnsiY3JlYXRlIjoxMjAwMDAwMDAwMDAwLCJkZWxldGUiOjEyMDAwMDAwMDAwMDAsInVwZGF0ZSI6MTIwMDAwMDAwMDAwMH19",
          "dependencies": [
            "oci_identity_compartment.compartment",
            "oci_identity_group.group"
          ]
        },
        {
          "index_key": 23,
          "schema_version": 0,
          "attributes": {
            "ETag": "fe396b9468f296bc52f9d52df2f50a69488b0c4a",
            "compartment_id": "ocid1.tenancy.oc1..aaaaaaaasu22hcodp52crxfb64fbck2psvjj2bdbgnebhsarbgpt6pabz6ja",
            "defined_tags": {
              "Oracle-Tags.CreatedBy": "default/mjazzazi@invoiceq.com",
              "Oracle-Tags.CreatedOn": "2022-08-04T17:09:03.689Z"
            },
            "description": "read only policy for compartmenttest23",
            "freeform_tags": {},
            "id": "ocid1.policy.oc1..aaaaaaaa4z4scqxb6wfocvw7sahde3my575uup6mwkio4la6cqdxpe7kwlja",
            "inactive_state": null,
            "lastUpdateETag": "fe396b9468f296bc52f9d52df2f50a69488b0c4a",
            "name": "ReadCompartmenttest23",
            "policyHash": "d489ea0e92479d7c73634fff752c45f1",
            "state": "ACTIVE",
            "statements": [
              "Allow group 'Default'/'ReadCompartmenttest23' to read buckets in compartment compartmenttest23",
              "Allow group 'Default'/'ReadCompartmenttest23' to read objects in compartment compartmenttest23"
            ],
            "time_created": "2022-08-04 17:09:03.732 +0000 UTC",
            "timeouts": null,
            "version_date": null
          },
          "sensitive_attributes": [],
          "private": "eyJlMmJmYjczMC1lY2FhLTExZTYtOGY4OC0zNDM2M2JjN2M0YzAiOnsiY3JlYXRlIjoxMjAwMDAwMDAwMDAwLCJkZWxldGUiOjEyMDAwMDAwMDAwMDAsInVwZGF0ZSI6MTIwMDAwMDAwMDAwMH19",
          "dependencies": [
            "oci_identity_compartment.compartment",
            "oci_identity_group.group"
          ]
        },
        {
          "index_key": 24,
          "schema_version": 0,
          "attributes": {
            "ETag": "2b48548106df6d93f7708fb5022e3fc6c687dcde",
            "compartment_id": "ocid1.tenancy.oc1..aaaaaaaasu22hcodp52crxfb64fbck2psvjj2bdbgnebhsarbgpt6pabz6ja",
            "defined_tags": {
              "Oracle-Tags.CreatedBy": "default/mjazzazi@invoiceq.com",
              "Oracle-Tags.CreatedOn": "2022-08-04T17:09:04.524Z"
            },
            "description": "read only policy for compartmenttest24",
            "freeform_tags": {},
            "id": "ocid1.policy.oc1..aaaaaaaadasly5xq6nn7zfkd3h7xea7ieamuo5ekjfa46akxa3v6rwb4jdjq",
            "inactive_state": null,
            "lastUpdateETag": "2b48548106df6d93f7708fb5022e3fc6c687dcde",
            "name": "ReadCompartmenttest24",
            "policyHash": "fbfa991c7d1b3274f4fbd497291fe84f",
            "state": "ACTIVE",
            "statements": [
              "Allow group 'Default'/'ReadCompartmenttest24' to read buckets in compartment compartmenttest24",
              "Allow group 'Default'/'ReadCompartmenttest24' to read objects in compartment compartmenttest24"
            ],
            "time_created": "2022-08-04 17:09:04.562 +0000 UTC",
            "timeouts": null,
            "version_date": null
          },
          "sensitive_attributes": [],
          "private": "eyJlMmJmYjczMC1lY2FhLTExZTYtOGY4OC0zNDM2M2JjN2M0YzAiOnsiY3JlYXRlIjoxMjAwMDAwMDAwMDAwLCJkZWxldGUiOjEyMDAwMDAwMDAwMDAsInVwZGF0ZSI6MTIwMDAwMDAwMDAwMH19",
          "dependencies": [
            "oci_identity_compartment.compartment",
            "oci_identity_group.group"
          ]
        },
        {
          "index_key": 25,
          "schema_version": 0,
          "attributes": {
            "ETag": "fd08846d998a2882046293627f9defa5f913de78",
            "compartment_id": "ocid1.tenancy.oc1..aaaaaaaasu22hcodp52crxfb64fbck2psvjj2bdbgnebhsarbgpt6pabz6ja",
            "defined_tags": {
              "Oracle-Tags.CreatedBy": "default/mjazzazi@invoiceq.com",
              "Oracle-Tags.CreatedOn": "2022-08-04T17:10:47.890Z"
            },
            "description": "read only policy for compartmenttest25",
            "freeform_tags": {},
            "id": "ocid1.policy.oc1..aaaaaaaaw6yc4i5odidbfr67ua5durorumbr6k6nz2uf2rzjshmobybs255a",
            "inactive_state": null,
            "lastUpdateETag": "fd08846d998a2882046293627f9defa5f913de78",
            "name": "ReadCompartmenttest25",
            "policyHash": "2643838c5a677e06d007ae4b11aa80d3",
            "state": "ACTIVE",
            "statements": [
              "Allow group 'Default'/'ReadCompartmenttest25' to read buckets in compartment compartmenttest25",
              "Allow group 'Default'/'ReadCompartmenttest25' to read objects in compartment compartmenttest25"
            ],
            "time_created": "2022-08-04 17:10:47.922 +0000 UTC",
            "timeouts": null,
            "version_date": null
          },
          "sensitive_attributes": [],
          "private": "eyJlMmJmYjczMC1lY2FhLTExZTYtOGY4OC0zNDM2M2JjN2M0YzAiOnsiY3JlYXRlIjoxMjAwMDAwMDAwMDAwLCJkZWxldGUiOjEyMDAwMDAwMDAwMDAsInVwZGF0ZSI6MTIwMDAwMDAwMDAwMH19",
          "dependencies": [
            "oci_identity_compartment.compartment",
            "oci_identity_group.group"
          ]
        },
        {
          "index_key": 26,
          "schema_version": 0,
          "attributes": {
            "ETag": "3430e0b4e00361b0aa8a1c191ea01dec9510a397",
            "compartment_id": "ocid1.tenancy.oc1..aaaaaaaasu22hcodp52crxfb64fbck2psvjj2bdbgnebhsarbgpt6pabz6ja",
            "defined_tags": {
              "Oracle-Tags.CreatedBy": "default/mjazzazi@invoiceq.com",
              "Oracle-Tags.CreatedOn": "2022-08-04T17:13:09.942Z"
            },
            "description": "read only policy for compartmenttest26",
            "freeform_tags": {},
            "id": "ocid1.policy.oc1..aaaaaaaakbignnx6xt366w5mnxqarox33dhuxatfxy52wpq5va64ybxx663a",
            "inactive_state": null,
            "lastUpdateETag": "3430e0b4e00361b0aa8a1c191ea01dec9510a397",
            "name": "ReadCompartmenttest26",
            "policyHash": "292c446b4499c3cf2451c540b08783e2",
            "state": "ACTIVE",
            "statements": [
              "Allow group 'Default'/'ReadCompartmenttest26' to read buckets in compartment compartmenttest26",
              "Allow group 'Default'/'ReadCompartmenttest26' to read objects in compartment compartmenttest26"
            ],
            "time_created": "2022-08-04 17:13:09.999 +0000 UTC",
            "timeouts": null,
            "version_date": null
          },
          "sensitive_attributes": [],
          "private": "eyJlMmJmYjczMC1lY2FhLTExZTYtOGY4OC0zNDM2M2JjN2M0YzAiOnsiY3JlYXRlIjoxMjAwMDAwMDAwMDAwLCJkZWxldGUiOjEyMDAwMDAwMDAwMDAsInVwZGF0ZSI6MTIwMDAwMDAwMDAwMH19",
          "dependencies": [
            "oci_identity_compartment.compartment",
            "oci_identity_group.group"
          ]
        },
        {
          "index_key": 27,
          "schema_version": 0,
          "attributes": {
            "ETag": "ee0e6e923a5760925d94194d2db0dc35f62350b9",
            "compartment_id": "ocid1.tenancy.oc1..aaaaaaaasu22hcodp52crxfb64fbck2psvjj2bdbgnebhsarbgpt6pabz6ja",
            "defined_tags": {
              "Oracle-Tags.CreatedBy": "default/mjazzazi@invoiceq.com",
              "Oracle-Tags.CreatedOn": "2022-08-04T17:13:09.900Z"
            },
            "description": "read only policy for compartmenttest27",
            "freeform_tags": {},
            "id": "ocid1.policy.oc1..aaaaaaaaxzkmpwqo53gk57p3yeuvul7i4ahyhb7qp6dojxucfz2y6h3ptnjq",
            "inactive_state": null,
            "lastUpdateETag": "ee0e6e923a5760925d94194d2db0dc35f62350b9",
            "name": "ReadCompartmenttest27",
            "policyHash": "3f400cc7fcf6943132eda7e4b676c6d4",
            "state": "ACTIVE",
            "statements": [
              "Allow group 'Default'/'ReadCompartmenttest27' to read buckets in compartment compartmenttest27",
              "Allow group 'Default'/'ReadCompartmenttest27' to read objects in compartment compartmenttest27"
            ],
            "time_created": "2022-08-04 17:13:09.926 +0000 UTC",
            "timeouts": null,
            "version_date": null
          },
          "sensitive_attributes": [],
          "private": "eyJlMmJmYjczMC1lY2FhLTExZTYtOGY4OC0zNDM2M2JjN2M0YzAiOnsiY3JlYXRlIjoxMjAwMDAwMDAwMDAwLCJkZWxldGUiOjEyMDAwMDAwMDAwMDAsInVwZGF0ZSI6MTIwMDAwMDAwMDAwMH19",
          "dependencies": [
            "oci_identity_compartment.compartment",
            "oci_identity_group.group"
          ]
        },
        {
          "index_key": 28,
          "schema_version": 0,
          "attributes": {
            "ETag": "77fc2583cc7dba9d4877596e13ba369d72122fc8",
            "compartment_id": "ocid1.tenancy.oc1..aaaaaaaasu22hcodp52crxfb64fbck2psvjj2bdbgnebhsarbgpt6pabz6ja",
            "defined_tags": {
              "Oracle-Tags.CreatedBy": "default/mjazzazi@invoiceq.com",
              "Oracle-Tags.CreatedOn": "2022-08-04T17:13:09.901Z"
            },
            "description": "read only policy for compartmenttest28",
            "freeform_tags": {},
            "id": "ocid1.policy.oc1..aaaaaaaah23xhghh74ixb4jsyfvstehaz66uh22v2ayzx3265miyfzkyvo3q",
            "inactive_state": null,
            "lastUpdateETag": "77fc2583cc7dba9d4877596e13ba369d72122fc8",
            "name": "ReadCompartmenttest28",
            "policyHash": "3a3c4d0bbfdf4a4b2ab523613c90a715",
            "state": "ACTIVE",
            "statements": [
              "Allow group 'Default'/'ReadCompartmenttest28' to read buckets in compartment compartmenttest28",
              "Allow group 'Default'/'ReadCompartmenttest28' to read objects in compartment compartmenttest28"
            ],
            "time_created": "2022-08-04 17:13:10.104 +0000 UTC",
            "timeouts": null,
            "version_date": null
          },
          "sensitive_attributes": [],
          "private": "eyJlMmJmYjczMC1lY2FhLTExZTYtOGY4OC0zNDM2M2JjN2M0YzAiOnsiY3JlYXRlIjoxMjAwMDAwMDAwMDAwLCJkZWxldGUiOjEyMDAwMDAwMDAwMDAsInVwZGF0ZSI6MTIwMDAwMDAwMDAwMH19",
          "dependencies": [
            "oci_identity_compartment.compartment",
            "oci_identity_group.group"
          ]
        },
        {
          "index_key": 29,
          "schema_version": 0,
          "attributes": {
            "ETag": "e77c6a34de9c6277d8b132f4fef5a17844002ad2",
            "compartment_id": "ocid1.tenancy.oc1..aaaaaaaasu22hcodp52crxfb64fbck2psvjj2bdbgnebhsarbgpt6pabz6ja",
            "defined_tags": {
              "Oracle-Tags.CreatedBy": "default/mjazzazi@invoiceq.com",
              "Oracle-Tags.CreatedOn": "2022-08-04T17:13:09.926Z"
            },
            "description": "read only policy for compartmenttest29",
            "freeform_tags": {},
            "id": "ocid1.policy.oc1..aaaaaaaatidba4pqi2eahfzls7nknvstewzevgoddlhlzow2xuukkkhfwboq",
            "inactive_state": null,
            "lastUpdateETag": "e77c6a34de9c6277d8b132f4fef5a17844002ad2",
            "name": "ReadCompartmenttest29",
            "policyHash": "c47301e9836fa5b73d8c2a082e8112b6",
            "state": "ACTIVE",
            "statements": [
              "Allow group 'Default'/'ReadCompartmenttest29' to read buckets in compartment compartmenttest29",
              "Allow group 'Default'/'ReadCompartmenttest29' to read objects in compartment compartmenttest29"
            ],
            "time_created": "2022-08-04 17:13:10.355 +0000 UTC",
            "timeouts": null,
            "version_date": null
          },
          "sensitive_attributes": [],
          "private": "eyJlMmJmYjczMC1lY2FhLTExZTYtOGY4OC0zNDM2M2JjN2M0YzAiOnsiY3JlYXRlIjoxMjAwMDAwMDAwMDAwLCJkZWxldGUiOjEyMDAwMDAwMDAwMDAsInVwZGF0ZSI6MTIwMDAwMDAwMDAwMH19",
          "dependencies": [
            "oci_identity_compartment.compartment",
            "oci_identity_group.group"
          ]
        },
        {
          "index_key": 30,
          "schema_version": 0,
          "attributes": {
            "ETag": "1616df826122945a14a6cbe2e7efde9c1ff07daa",
            "compartment_id": "ocid1.tenancy.oc1..aaaaaaaasu22hcodp52crxfb64fbck2psvjj2bdbgnebhsarbgpt6pabz6ja",
            "defined_tags": {
              "Oracle-Tags.CreatedBy": "default/mjazzazi@invoiceq.com",
              "Oracle-Tags.CreatedOn": "2022-08-04T17:15:00.551Z"
            },
            "description": "read only policy for compartmenttest30",
            "freeform_tags": {},
            "id": "ocid1.policy.oc1..aaaaaaaa7ch6gsmco4gy3g5jvhcnvgh7g372z2m4bpjdnjxdq3m2cf4mli6a",
            "inactive_state": null,
            "lastUpdateETag": "1616df826122945a14a6cbe2e7efde9c1ff07daa",
            "name": "ReadCompartmenttest30",
            "policyHash": "3d35c4280b5a4ae715bc803e470e8d9f",
            "state": "ACTIVE",
            "statements": [
              "Allow group 'Default'/'ReadCompartmenttest30' to read buckets in compartment compartmenttest30",
              "Allow group 'Default'/'ReadCompartmenttest30' to read objects in compartment compartmenttest30"
            ],
            "time_created": "2022-08-04 17:15:00.685 +0000 UTC",
            "timeouts": null,
            "version_date": null
          },
          "sensitive_attributes": [],
          "private": "eyJlMmJmYjczMC1lY2FhLTExZTYtOGY4OC0zNDM2M2JjN2M0YzAiOnsiY3JlYXRlIjoxMjAwMDAwMDAwMDAwLCJkZWxldGUiOjEyMDAwMDAwMDAwMDAsInVwZGF0ZSI6MTIwMDAwMDAwMDAwMH19",
          "dependencies": [
            "oci_identity_compartment.compartment",
            "oci_identity_group.group"
          ]
        },
        {
          "index_key": 31,
          "schema_version": 0,
          "attributes": {
            "ETag": "03239eb9188e6a1083bee03389808ca565139e2b",
            "compartment_id": "ocid1.tenancy.oc1..aaaaaaaasu22hcodp52crxfb64fbck2psvjj2bdbgnebhsarbgpt6pabz6ja",
            "defined_tags": {
              "Oracle-Tags.CreatedBy": "default/mjazzazi@invoiceq.com",
              "Oracle-Tags.CreatedOn": "2022-08-04T17:15:01.447Z"
            },
            "description": "read only policy for compartmenttest31",
            "freeform_tags": {},
            "id": "ocid1.policy.oc1..aaaaaaaac7gz3i5pmv6mnriyzqm3j6bc7vbugpivf25p3cxuzxbehiwftifq",
            "inactive_state": null,
            "lastUpdateETag": "03239eb9188e6a1083bee03389808ca565139e2b",
            "name": "ReadCompartmenttest31",
            "policyHash": "b874154eabfe1c4fc400f5337aa16c25",
            "state": "ACTIVE",
            "statements": [
              "Allow group 'Default'/'ReadCompartmenttest31' to read buckets in compartment compartmenttest31",
              "Allow group 'Default'/'ReadCompartmenttest31' to read objects in compartment compartmenttest31"
            ],
            "time_created": "2022-08-04 17:15:01.579 +0000 UTC",
            "timeouts": null,
            "version_date": null
          },
          "sensitive_attributes": [],
          "private": "eyJlMmJmYjczMC1lY2FhLTExZTYtOGY4OC0zNDM2M2JjN2M0YzAiOnsiY3JlYXRlIjoxMjAwMDAwMDAwMDAwLCJkZWxldGUiOjEyMDAwMDAwMDAwMDAsInVwZGF0ZSI6MTIwMDAwMDAwMDAwMH19",
          "dependencies": [
            "oci_identity_compartment.compartment",
            "oci_identity_group.group"
          ]
        },
        {
          "index_key": 32,
          "schema_version": 0,
          "attributes": {
            "ETag": "d2ad7071c25cd79c5f498769c0c7e4d41f301655",
            "compartment_id": "ocid1.tenancy.oc1..aaaaaaaasu22hcodp52crxfb64fbck2psvjj2bdbgnebhsarbgpt6pabz6ja",
            "defined_tags": {
              "Oracle-Tags.CreatedBy": "default/mjazzazi@invoiceq.com",
              "Oracle-Tags.CreatedOn": "2022-08-04T17:15:01.271Z"
            },
            "description": "read only policy for compartmenttest32",
            "freeform_tags": {},
            "id": "ocid1.policy.oc1..aaaaaaaavqdpcvxl5fjye5isbutymqnqs45ztkbk4yxmsmno5kq6iykujjka",
            "inactive_state": null,
            "lastUpdateETag": "d2ad7071c25cd79c5f498769c0c7e4d41f301655",
            "name": "ReadCompartmenttest32",
            "policyHash": "42464d8679e4ec59c280b3d093a460de",
            "state": "ACTIVE",
            "statements": [
              "Allow group 'Default'/'ReadCompartmenttest32' to read buckets in compartment compartmenttest32",
              "Allow group 'Default'/'ReadCompartmenttest32' to read objects in compartment compartmenttest32"
            ],
            "time_created": "2022-08-04 17:15:01.296 +0000 UTC",
            "timeouts": null,
            "version_date": null
          },
          "sensitive_attributes": [],
          "private": "eyJlMmJmYjczMC1lY2FhLTExZTYtOGY4OC0zNDM2M2JjN2M0YzAiOnsiY3JlYXRlIjoxMjAwMDAwMDAwMDAwLCJkZWxldGUiOjEyMDAwMDAwMDAwMDAsInVwZGF0ZSI6MTIwMDAwMDAwMDAwMH19",
          "dependencies": [
            "oci_identity_compartment.compartment",
            "oci_identity_group.group"
          ]
        },
        {
          "index_key": 33,
          "schema_version": 0,
          "attributes": {
            "ETag": "2820354b9c555f772aa86f04eeef48f9a5c14f51",
            "compartment_id": "ocid1.tenancy.oc1..aaaaaaaasu22hcodp52crxfb64fbck2psvjj2bdbgnebhsarbgpt6pabz6ja",
            "defined_tags": {
              "Oracle-Tags.CreatedBy": "default/mjazzazi@invoiceq.com",
              "Oracle-Tags.CreatedOn": "2022-08-04T17:15:00.503Z"
            },
            "description": "read only policy for compartmenttest33",
            "freeform_tags": {},
            "id": "ocid1.policy.oc1..aaaaaaaapsyl727hrsfiq4mkds3fghulfzmqf7nolxiry3erqfa7w5wgqsjq",
            "inactive_state": null,
            "lastUpdateETag": "2820354b9c555f772aa86f04eeef48f9a5c14f51",
            "name": "ReadCompartmenttest33",
            "policyHash": "3f909d9b56609ff28095d08bc5022404",
            "state": "ACTIVE",
            "statements": [
              "Allow group 'Default'/'ReadCompartmenttest33' to read buckets in compartment compartmenttest33",
              "Allow group 'Default'/'ReadCompartmenttest33' to read objects in compartment compartmenttest33"
            ],
            "time_created": "2022-08-04 17:15:00.567 +0000 UTC",
            "timeouts": null,
            "version_date": null
          },
          "sensitive_attributes": [],
          "private": "eyJlMmJmYjczMC1lY2FhLTExZTYtOGY4OC0zNDM2M2JjN2M0YzAiOnsiY3JlYXRlIjoxMjAwMDAwMDAwMDAwLCJkZWxldGUiOjEyMDAwMDAwMDAwMDAsInVwZGF0ZSI6MTIwMDAwMDAwMDAwMH19",
          "dependencies": [
            "oci_identity_compartment.compartment",
            "oci_identity_group.group"
          ]
        },
        {
          "index_key": 34,
          "schema_version": 0,
          "attributes": {
            "ETag": "38692809b8275c470e67e053fce933527f171309",
            "compartment_id": "ocid1.tenancy.oc1..aaaaaaaasu22hcodp52crxfb64fbck2psvjj2bdbgnebhsarbgpt6pabz6ja",
            "defined_tags": {
              "Oracle-Tags.CreatedBy": "default/mjazzazi@invoiceq.com",
              "Oracle-Tags.CreatedOn": "2022-08-04T17:15:01.314Z"
            },
            "description": "read only policy for compartmenttest34",
            "freeform_tags": {},
            "id": "ocid1.policy.oc1..aaaaaaaauel3a32uap2cq3zhakobxuiy43u6pxtsytumz56jktadpgr6n6ba",
            "inactive_state": null,
            "lastUpdateETag": "38692809b8275c470e67e053fce933527f171309",
            "name": "ReadCompartmenttest34",
            "policyHash": "7e887f83be8d89b30423144024862a40",
            "state": "ACTIVE",
            "statements": [
              "Allow group 'Default'/'ReadCompartmenttest34' to read buckets in compartment compartmenttest34",
              "Allow group 'Default'/'ReadCompartmenttest34' to read objects in compartment compartmenttest34"
            ],
            "time_created": "2022-08-04 17:15:01.468 +0000 UTC",
            "timeouts": null,
            "version_date": null
          },
          "sensitive_attributes": [],
          "private": "eyJlMmJmYjczMC1lY2FhLTExZTYtOGY4OC0zNDM2M2JjN2M0YzAiOnsiY3JlYXRlIjoxMjAwMDAwMDAwMDAwLCJkZWxldGUiOjEyMDAwMDAwMDAwMDAsInVwZGF0ZSI6MTIwMDAwMDAwMDAwMH19",
          "dependencies": [
            "oci_identity_compartment.compartment",
            "oci_identity_group.group"
          ]
        },
        {
          "index_key": 35,
          "schema_version": 0,
          "attributes": {
            "ETag": "227c8d804101065136a6b5c35cb711dbddd0cd61",
            "compartment_id": "ocid1.tenancy.oc1..aaaaaaaasu22hcodp52crxfb64fbck2psvjj2bdbgnebhsarbgpt6pabz6ja",
            "defined_tags": {
              "Oracle-Tags.CreatedBy": "default/mjazzazi@invoiceq.com",
              "Oracle-Tags.CreatedOn": "2022-08-04T17:17:01.273Z"
            },
            "description": "read only policy for compartmenttest35",
            "freeform_tags": {},
            "id": "ocid1.policy.oc1..aaaaaaaa4zkvhojbwnlxboamodkfelwe77cadtrweq7cmgykty6nidl3pw6q",
            "inactive_state": null,
            "lastUpdateETag": "227c8d804101065136a6b5c35cb711dbddd0cd61",
            "name": "ReadCompartmenttest35",
            "policyHash": "4a10dd9444a67a20f399dd80bdf6a78e",
            "state": "ACTIVE",
            "statements": [
              "Allow group 'Default'/'ReadCompartmenttest35' to read buckets in compartment compartmenttest35",
              "Allow group 'Default'/'ReadCompartmenttest35' to read objects in compartment compartmenttest35"
            ],
            "time_created": "2022-08-04 17:17:01.323 +0000 UTC",
            "timeouts": null,
            "version_date": null
          },
          "sensitive_attributes": [],
          "private": "eyJlMmJmYjczMC1lY2FhLTExZTYtOGY4OC0zNDM2M2JjN2M0YzAiOnsiY3JlYXRlIjoxMjAwMDAwMDAwMDAwLCJkZWxldGUiOjEyMDAwMDAwMDAwMDAsInVwZGF0ZSI6MTIwMDAwMDAwMDAwMH19",
          "dependencies": [
            "oci_identity_compartment.compartment",
            "oci_identity_group.group"
          ]
        },
        {
          "index_key": 36,
          "schema_version": 0,
          "attributes": {
            "ETag": "9b31c03a73be27c4ae9671a8242f7bef6aab842c",
            "compartment_id": "ocid1.tenancy.oc1..aaaaaaaasu22hcodp52crxfb64fbck2psvjj2bdbgnebhsarbgpt6pabz6ja",
            "defined_tags": {
              "Oracle-Tags.CreatedBy": "default/mjazzazi@invoiceq.com",
              "Oracle-Tags.CreatedOn": "2022-08-04T17:17:02.228Z"
            },
            "description": "read only policy for compartmenttest36",
            "freeform_tags": {},
            "id": "ocid1.policy.oc1..aaaaaaaazfwps2b67qtnavo7yn2o7ycid2ocg3cd5v6dyzly3dcbnchxejea",
            "inactive_state": null,
            "lastUpdateETag": "9b31c03a73be27c4ae9671a8242f7bef6aab842c",
            "name": "ReadCompartmenttest36",
            "policyHash": "889d8117e366e01e0c43fb554e3f38a8",
            "state": "ACTIVE",
            "statements": [
              "Allow group 'Default'/'ReadCompartmenttest36' to read buckets in compartment compartmenttest36",
              "Allow group 'Default'/'ReadCompartmenttest36' to read objects in compartment compartmenttest36"
            ],
            "time_created": "2022-08-04 17:17:02.255 +0000 UTC",
            "timeouts": null,
            "version_date": null
          },
          "sensitive_attributes": [],
          "private": "eyJlMmJmYjczMC1lY2FhLTExZTYtOGY4OC0zNDM2M2JjN2M0YzAiOnsiY3JlYXRlIjoxMjAwMDAwMDAwMDAwLCJkZWxldGUiOjEyMDAwMDAwMDAwMDAsInVwZGF0ZSI6MTIwMDAwMDAwMDAwMH19",
          "dependencies": [
            "oci_identity_compartment.compartment",
            "oci_identity_group.group"
          ]
        },
        {
          "index_key": 37,
          "schema_version": 0,
          "attributes": {
            "ETag": "a2d6cd9ac91f6f6a9226b9517c1de1070ed0db70",
            "compartment_id": "ocid1.tenancy.oc1..aaaaaaaasu22hcodp52crxfb64fbck2psvjj2bdbgnebhsarbgpt6pabz6ja",
            "defined_tags": {
              "Oracle-Tags.CreatedBy": "default/mjazzazi@invoiceq.com",
              "Oracle-Tags.CreatedOn": "2022-08-04T17:17:00.295Z"
            },
            "description": "read only policy for compartmenttest37",
            "freeform_tags": {},
            "id": "ocid1.policy.oc1..aaaaaaaac7pgisedbvy7uw3dd7jb6n5abrjuqo2zeomdmbykdzdjm4c7rzvq",
            "inactive_state": null,
            "lastUpdateETag": "a2d6cd9ac91f6f6a9226b9517c1de1070ed0db70",
            "name": "ReadCompartmenttest37",
            "policyHash": "690926bb0466c7de8de3f30804237e67",
            "state": "ACTIVE",
            "statements": [
              "Allow group 'Default'/'ReadCompartmenttest37' to read buckets in compartment compartmenttest37",
              "Allow group 'Default'/'ReadCompartmenttest37' to read objects in compartment compartmenttest37"
            ],
            "time_created": "2022-08-04 17:17:00.33 +0000 UTC",
            "timeouts": null,
            "version_date": null
          },
          "sensitive_attributes": [],
          "private": "eyJlMmJmYjczMC1lY2FhLTExZTYtOGY4OC0zNDM2M2JjN2M0YzAiOnsiY3JlYXRlIjoxMjAwMDAwMDAwMDAwLCJkZWxldGUiOjEyMDAwMDAwMDAwMDAsInVwZGF0ZSI6MTIwMDAwMDAwMDAwMH19",
          "dependencies": [
            "oci_identity_compartment.compartment",
            "oci_identity_group.group"
          ]
        },
        {
          "index_key": 38,
          "schema_version": 0,
          "attributes": {
            "ETag": "aa15ec115545519bb9a51bff2a9e1a07147399f8",
            "compartment_id": "ocid1.tenancy.oc1..aaaaaaaasu22hcodp52crxfb64fbck2psvjj2bdbgnebhsarbgpt6pabz6ja",
            "defined_tags": {
              "Oracle-Tags.CreatedBy": "default/mjazzazi@invoiceq.com",
              "Oracle-Tags.CreatedOn": "2022-08-04T17:17:01.104Z"
            },
            "description": "read only policy for compartmenttest38",
            "freeform_tags": {},
            "id": "ocid1.policy.oc1..aaaaaaaa5moz5ojew2jwwdv2wffdfiz733uoucn5wwlzxjjmf3ggwariffoq",
            "inactive_state": null,
            "lastUpdateETag": "aa15ec115545519bb9a51bff2a9e1a07147399f8",
            "name": "ReadCompartmenttest38",
            "policyHash": "9d605db09e1b5f202dc1acfa650fdd7a",
            "state": "ACTIVE",
            "statements": [
              "Allow group 'Default'/'ReadCompartmenttest38' to read buckets in compartment compartmenttest38",
              "Allow group 'Default'/'ReadCompartmenttest38' to read objects in compartment compartmenttest38"
            ],
            "time_created": "2022-08-04 17:17:01.145 +0000 UTC",
            "timeouts": null,
            "version_date": null
          },
          "sensitive_attributes": [],
          "private": "eyJlMmJmYjczMC1lY2FhLTExZTYtOGY4OC0zNDM2M2JjN2M0YzAiOnsiY3JlYXRlIjoxMjAwMDAwMDAwMDAwLCJkZWxldGUiOjEyMDAwMDAwMDAwMDAsInVwZGF0ZSI6MTIwMDAwMDAwMDAwMH19",
          "dependencies": [
            "oci_identity_compartment.compartment",
            "oci_identity_group.group"
          ]
        },
        {
          "index_key": 39,
          "schema_version": 0,
          "attributes": {
            "ETag": "dd4bda57a788f9742336d5ebe00c87c294a8f0d3",
            "compartment_id": "ocid1.tenancy.oc1..aaaaaaaasu22hcodp52crxfb64fbck2psvjj2bdbgnebhsarbgpt6pabz6ja",
            "defined_tags": {
              "Oracle-Tags.CreatedBy": "default/mjazzazi@invoiceq.com",
              "Oracle-Tags.CreatedOn": "2022-08-04T17:17:00.396Z"
            },
            "description": "read only policy for compartmenttest39",
            "freeform_tags": {},
            "id": "ocid1.policy.oc1..aaaaaaaaxt7keysow5iqsaisa3cpv33cmfqaq2qvna2xivrjzhr5hf6cw25q",
            "inactive_state": null,
            "lastUpdateETag": "dd4bda57a788f9742336d5ebe00c87c294a8f0d3",
            "name": "ReadCompartmenttest39",
            "policyHash": "06a7b5d536d039a8be5a2ede163c424e",
            "state": "ACTIVE",
            "statements": [
              "Allow group 'Default'/'ReadCompartmenttest39' to read buckets in compartment compartmenttest39",
              "Allow group 'Default'/'ReadCompartmenttest39' to read objects in compartment compartmenttest39"
            ],
            "time_created": "2022-08-04 17:17:00.786 +0000 UTC",
            "timeouts": null,
            "version_date": null
          },
          "sensitive_attributes": [],
          "private": "eyJlMmJmYjczMC1lY2FhLTExZTYtOGY4OC0zNDM2M2JjN2M0YzAiOnsiY3JlYXRlIjoxMjAwMDAwMDAwMDAwLCJkZWxldGUiOjEyMDAwMDAwMDAwMDAsInVwZGF0ZSI6MTIwMDAwMDAwMDAwMH19",
          "dependencies": [
            "oci_identity_compartment.compartment",
            "oci_identity_group.group"
          ]
        },
        {
          "index_key": 40,
          "schema_version": 0,
          "attributes": {
            "ETag": "05d37a6350732a21d0c261e204c256e69c8a4076",
            "compartment_id": "ocid1.tenancy.oc1..aaaaaaaasu22hcodp52crxfb64fbck2psvjj2bdbgnebhsarbgpt6pabz6ja",
            "defined_tags": {
              "Oracle-Tags.CreatedBy": "default/mjazzazi@invoiceq.com",
              "Oracle-Tags.CreatedOn": "2022-08-04T17:17:00.380Z"
            },
            "description": "read only policy for compartmenttest40",
            "freeform_tags": {},
            "id": "ocid1.policy.oc1..aaaaaaaavrucemnehl6wlblwgeat3zjiwtpxwktwuhjn2cqjpvq2y3adre5q",
            "inactive_state": null,
            "lastUpdateETag": "05d37a6350732a21d0c261e204c256e69c8a4076",
            "name": "ReadCompartmenttest40",
            "policyHash": "11c53ada30451e4db709f8ca6e41c60b",
            "state": "ACTIVE",
            "statements": [
              "Allow group 'Default'/'ReadCompartmenttest40' to read buckets in compartment compartmenttest40",
              "Allow group 'Default'/'ReadCompartmenttest40' to read objects in compartment compartmenttest40"
            ],
            "time_created": "2022-08-04 17:17:00.406 +0000 UTC",
            "timeouts": null,
            "version_date": null
          },
          "sensitive_attributes": [],
          "private": "eyJlMmJmYjczMC1lY2FhLTExZTYtOGY4OC0zNDM2M2JjN2M0YzAiOnsiY3JlYXRlIjoxMjAwMDAwMDAwMDAwLCJkZWxldGUiOjEyMDAwMDAwMDAwMDAsInVwZGF0ZSI6MTIwMDAwMDAwMDAwMH19",
          "dependencies": [
            "oci_identity_compartment.compartment",
            "oci_identity_group.group"
          ]
        },
        {
          "index_key": 41,
          "schema_version": 0,
          "attributes": {
            "ETag": "11d6e75e259eb2b2cbefc960cf610043ddc59c99",
            "compartment_id": "ocid1.tenancy.oc1..aaaaaaaasu22hcodp52crxfb64fbck2psvjj2bdbgnebhsarbgpt6pabz6ja",
            "defined_tags": {
              "Oracle-Tags.CreatedBy": "default/mjazzazi@invoiceq.com",
              "Oracle-Tags.CreatedOn": "2022-08-04T17:17:01.212Z"
            },
            "description": "read only policy for compartmenttest41",
            "freeform_tags": {},
            "id": "ocid1.policy.oc1..aaaaaaaaz7bh47ke3p7gcaap64a2367vcrr4yfwgr7v5bcdkhjwhjyonpmeq",
            "inactive_state": null,
            "lastUpdateETag": "11d6e75e259eb2b2cbefc960cf610043ddc59c99",
            "name": "ReadCompartmenttest41",
            "policyHash": "08c7b8f418cc80a1ebcaa1d02ad75b58",
            "state": "ACTIVE",
            "statements": [
              "Allow group 'Default'/'ReadCompartmenttest41' to read buckets in compartment compartmenttest41",
              "Allow group 'Default'/'ReadCompartmenttest41' to read objects in compartment compartmenttest41"
            ],
            "time_created": "2022-08-04 17:17:01.24 +0000 UTC",
            "timeouts": null,
            "version_date": null
          },
          "sensitive_attributes": [],
          "private": "eyJlMmJmYjczMC1lY2FhLTExZTYtOGY4OC0zNDM2M2JjN2M0YzAiOnsiY3JlYXRlIjoxMjAwMDAwMDAwMDAwLCJkZWxldGUiOjEyMDAwMDAwMDAwMDAsInVwZGF0ZSI6MTIwMDAwMDAwMDAwMH19",
          "dependencies": [
            "oci_identity_compartment.compartment",
            "oci_identity_group.group"
          ]
        },
        {
          "index_key": 42,
          "schema_version": 0,
          "attributes": {
            "ETag": "e84402ca5de63c5e9ff8ef4393d75dd23e0fb32f",
            "compartment_id": "ocid1.tenancy.oc1..aaaaaaaasu22hcodp52crxfb64fbck2psvjj2bdbgnebhsarbgpt6pabz6ja",
            "defined_tags": {
              "Oracle-Tags.CreatedBy": "default/mjazzazi@invoiceq.com",
              "Oracle-Tags.CreatedOn": "2022-08-04T17:17:02.840Z"
            },
            "description": "read only policy for compartmenttest42",
            "freeform_tags": {},
            "id": "ocid1.policy.oc1..aaaaaaaahlwfkxip7pvjeyqlrkmon67ca3etzlvswrtpk2rcckvwwcgxm5ha",
            "inactive_state": null,
            "lastUpdateETag": "e84402ca5de63c5e9ff8ef4393d75dd23e0fb32f",
            "name": "ReadCompartmenttest42",
            "policyHash": "2d2797497ab04d650c884eae32a6ed93",
            "state": "ACTIVE",
            "statements": [
              "Allow group 'Default'/'ReadCompartmenttest42' to read buckets in compartment compartmenttest42",
              "Allow group 'Default'/'ReadCompartmenttest42' to read objects in compartment compartmenttest42"
            ],
            "time_created": "2022-08-04 17:17:02.874 +0000 UTC",
            "timeouts": null,
            "version_date": null
          },
          "sensitive_attributes": [],
          "private": "eyJlMmJmYjczMC1lY2FhLTExZTYtOGY4OC0zNDM2M2JjN2M0YzAiOnsiY3JlYXRlIjoxMjAwMDAwMDAwMDAwLCJkZWxldGUiOjEyMDAwMDAwMDAwMDAsInVwZGF0ZSI6MTIwMDAwMDAwMDAwMH19",
          "dependencies": [
            "oci_identity_compartment.compartment",
            "oci_identity_group.group"
          ]
        },
        {
          "index_key": 43,
          "schema_version": 0,
          "attributes": {
            "ETag": "421b25d100df5879b5a491eb89b819df41f6eb87",
            "compartment_id": "ocid1.tenancy.oc1..aaaaaaaasu22hcodp52crxfb64fbck2psvjj2bdbgnebhsarbgpt6pabz6ja",
            "defined_tags": {
              "Oracle-Tags.CreatedBy": "default/mjazzazi@invoiceq.com",
              "Oracle-Tags.CreatedOn": "2022-08-04T17:17:01.276Z"
            },
            "description": "read only policy for compartmenttest43",
            "freeform_tags": {},
            "id": "ocid1.policy.oc1..aaaaaaaadvwqkjlp34yetpj5rwih6w6ummsfoyvf4oyugqtvqscefofvq7ia",
            "inactive_state": null,
            "lastUpdateETag": "421b25d100df5879b5a491eb89b819df41f6eb87",
            "name": "ReadCompartmenttest43",
            "policyHash": "c71fc50942a5b5434ed20faf6e2ce296",
            "state": "ACTIVE",
            "statements": [
              "Allow group 'Default'/'ReadCompartmenttest43' to read buckets in compartment compartmenttest43",
              "Allow group 'Default'/'ReadCompartmenttest43' to read objects in compartment compartmenttest43"
            ],
            "time_created": "2022-08-04 17:17:01.481 +0000 UTC",
            "timeouts": null,
            "version_date": null
          },
          "sensitive_attributes": [],
          "private": "eyJlMmJmYjczMC1lY2FhLTExZTYtOGY4OC0zNDM2M2JjN2M0YzAiOnsiY3JlYXRlIjoxMjAwMDAwMDAwMDAwLCJkZWxldGUiOjEyMDAwMDAwMDAwMDAsInVwZGF0ZSI6MTIwMDAwMDAwMDAwMH19",
          "dependencies": [
            "oci_identity_compartment.compartment",
            "oci_identity_group.group"
          ]
        },
        {
          "index_key": 44,
          "schema_version": 0,
          "attributes": {
            "ETag": "57c40974b460b016e1a1ddd19ecdb33a06d2df45",
            "compartment_id": "ocid1.tenancy.oc1..aaaaaaaasu22hcodp52crxfb64fbck2psvjj2bdbgnebhsarbgpt6pabz6ja",
            "defined_tags": {
              "Oracle-Tags.CreatedBy": "default/mjazzazi@invoiceq.com",
              "Oracle-Tags.CreatedOn": "2022-08-04T17:17:02.066Z"
            },
            "description": "read only policy for compartmenttest44",
            "freeform_tags": {},
            "id": "ocid1.policy.oc1..aaaaaaaa3fthh7vkwy6bv7nw6qj3j3vx3wodutv5cdt6ossapccnttnzllsa",
            "inactive_state": null,
            "lastUpdateETag": "57c40974b460b016e1a1ddd19ecdb33a06d2df45",
            "name": "ReadCompartmenttest44",
            "policyHash": "868fa8a381502283f7b1f515695945c2",
            "state": "ACTIVE",
            "statements": [
              "Allow group 'Default'/'ReadCompartmenttest44' to read buckets in compartment compartmenttest44",
              "Allow group 'Default'/'ReadCompartmenttest44' to read objects in compartment compartmenttest44"
            ],
            "time_created": "2022-08-04 17:17:02.096 +0000 UTC",
            "timeouts": null,
            "version_date": null
          },
          "sensitive_attributes": [],
          "private": "eyJlMmJmYjczMC1lY2FhLTExZTYtOGY4OC0zNDM2M2JjN2M0YzAiOnsiY3JlYXRlIjoxMjAwMDAwMDAwMDAwLCJkZWxldGUiOjEyMDAwMDAwMDAwMDAsInVwZGF0ZSI6MTIwMDAwMDAwMDAwMH19",
          "dependencies": [
            "oci_identity_compartment.compartment",
            "oci_identity_group.group"
          ]
        }
      ]
    },
    {
      "mode": "managed",
      "type": "oci_identity_user",
      "name": "user",
      "provider": "provider[\"registry.terraform.io/hashicorp/oci\"]",
      "instances": [
        {
          "index_key": 0,
          "schema_version": 0,
          "attributes": {
            "capabilities": [
              {
                "can_use_api_keys": true,
                "can_use_auth_tokens": true,
                "can_use_console_password": true,
                "can_use_customer_secret_keys": true,
                "can_use_db_credentials": true,
                "can_use_oauth2client_credentials": true,
                "can_use_smtp_credentials": true
              }
            ],
            "compartment_id": "ocid1.tenancy.oc1..aaaaaaaasu22hcodp52crxfb64fbck2psvjj2bdbgnebhsarbgpt6pabz6ja",
            "db_user_name": null,
            "defined_tags": {
              "Oracle-Tags.CreatedBy": "default/mjazzazi@invoiceq.com",
              "Oracle-Tags.CreatedOn": "2022-08-04T17:03:32.258Z"
            },
            "description": "compartmenttest",
            "email": "xegara9862@5k2u.com",
            "email_verified": false,
            "external_identifier": "16867595b20f4f5fb7e2a1abf0f6c3d5",
            "freeform_tags": {},
            "id": "ocid1.user.oc1..aaaaaaaapr3jmvxhyl66dmwr27377jppjd6wj5wzx5s6sdewsoffb7cdpaha",
            "identity_provider_id": null,
            "inactive_state": null,
            "last_successful_login_time": null,
            "name": "test",
            "previous_successful_login_time": null,
            "state": "ACTIVE",
            "time_created": "2022-08-04 17:03:32.278 +0000 UTC",
            "timeouts": null
          },
          "sensitive_attributes": [],
          "private": "eyJlMmJmYjczMC1lY2FhLTExZTYtOGY4OC0zNDM2M2JjN2M0YzAiOnsiY3JlYXRlIjoxMjAwMDAwMDAwMDAwLCJkZWxldGUiOjEyMDAwMDAwMDAwMDAsInVwZGF0ZSI6MTIwMDAwMDAwMDAwMH19",
          "dependencies": [
            "oci_identity_compartment.compartment"
          ]
        },
        {
          "index_key": 1,
          "schema_version": 0,
          "attributes": {
            "capabilities": [
              {
                "can_use_api_keys": true,
                "can_use_auth_tokens": true,
                "can_use_console_password": true,
                "can_use_customer_secret_keys": true,
                "can_use_db_credentials": true,
                "can_use_oauth2client_credentials": true,
                "can_use_smtp_credentials": true
              }
            ],
            "compartment_id": "ocid1.tenancy.oc1..aaaaaaaasu22hcodp52crxfb64fbck2psvjj2bdbgnebhsarbgpt6pabz6ja",
            "db_user_name": null,
            "defined_tags": {
              "Oracle-Tags.CreatedBy": "default/mjazzazi@invoiceq.com",
              "Oracle-Tags.CreatedOn": "2022-08-04T17:03:33.128Z"
            },
            "description": "compartmenttest1",
            "email": "xegara9862@5k2u.com",
            "email_verified": false,
            "external_identifier": "f765a26217b14947a081f1897040a7b5",
            "freeform_tags": {},
            "id": "ocid1.user.oc1..aaaaaaaaeiejybzvdc7ur4kap64hzidew2d2ehzjh7knvptgzrwvq3bs5a7a",
            "identity_provider_id": null,
            "inactive_state": null,
            "last_successful_login_time": null,
            "name": "test1",
            "previous_successful_login_time": null,
            "state": "ACTIVE",
            "time_created": "2022-08-04 17:03:33.15 +0000 UTC",
            "timeouts": null
          },
          "sensitive_attributes": [],
          "private": "eyJlMmJmYjczMC1lY2FhLTExZTYtOGY4OC0zNDM2M2JjN2M0YzAiOnsiY3JlYXRlIjoxMjAwMDAwMDAwMDAwLCJkZWxldGUiOjEyMDAwMDAwMDAwMDAsInVwZGF0ZSI6MTIwMDAwMDAwMDAwMH19",
          "dependencies": [
            "oci_identity_compartment.compartment"
          ]
        },
        {
          "index_key": 2,
          "schema_version": 0,
          "attributes": {
            "capabilities": [
              {
                "can_use_api_keys": true,
                "can_use_auth_tokens": true,
                "can_use_console_password": true,
                "can_use_customer_secret_keys": true,
                "can_use_db_credentials": true,
                "can_use_oauth2client_credentials": true,
                "can_use_smtp_credentials": true
              }
            ],
            "compartment_id": "ocid1.tenancy.oc1..aaaaaaaasu22hcodp52crxfb64fbck2psvjj2bdbgnebhsarbgpt6pabz6ja",
            "db_user_name": null,
            "defined_tags": {
              "Oracle-Tags.CreatedBy": "default/mjazzazi@invoiceq.com",
              "Oracle-Tags.CreatedOn": "2022-08-04T17:03:32.157Z"
            },
            "description": "compartmenttest2",
            "email": "xegara9862@5k2u.com",
            "email_verified": false,
            "external_identifier": "66b607c108c742b8b55f05ce5764bf52",
            "freeform_tags": {},
            "id": "ocid1.user.oc1..aaaaaaaagbzykm5tgh6g3ysdiix7rb4snreqcamshxnf65ds5hvay2xffo3a",
            "identity_provider_id": null,
            "inactive_state": null,
            "last_successful_login_time": null,
            "name": "test2",
            "previous_successful_login_time": null,
            "state": "ACTIVE",
            "time_created": "2022-08-04 17:03:32.173 +0000 UTC",
            "timeouts": null
          },
          "sensitive_attributes": [],
          "private": "eyJlMmJmYjczMC1lY2FhLTExZTYtOGY4OC0zNDM2M2JjN2M0YzAiOnsiY3JlYXRlIjoxMjAwMDAwMDAwMDAwLCJkZWxldGUiOjEyMDAwMDAwMDAwMDAsInVwZGF0ZSI6MTIwMDAwMDAwMDAwMH19",
          "dependencies": [
            "oci_identity_compartment.compartment"
          ]
        },
        {
          "index_key": 3,
          "schema_version": 0,
          "attributes": {
            "capabilities": [
              {
                "can_use_api_keys": true,
                "can_use_auth_tokens": true,
                "can_use_console_password": true,
                "can_use_customer_secret_keys": true,
                "can_use_db_credentials": true,
                "can_use_oauth2client_credentials": true,
                "can_use_smtp_credentials": true
              }
            ],
            "compartment_id": "ocid1.tenancy.oc1..aaaaaaaasu22hcodp52crxfb64fbck2psvjj2bdbgnebhsarbgpt6pabz6ja",
            "db_user_name": null,
            "defined_tags": {
              "Oracle-Tags.CreatedBy": "default/mjazzazi@invoiceq.com",
              "Oracle-Tags.CreatedOn": "2022-08-04T17:03:32.243Z"
            },
            "description": "compartmenttest3",
            "email": "xegara9862@5k2u.com",
            "email_verified": false,
            "external_identifier": "b4a6161584624b34a5a4e7fdb37a2610",
            "freeform_tags": {},
            "id": "ocid1.user.oc1..aaaaaaaavblppxaugwdfgfo7y3dl6kxbwxlofg5op6brh2smo35xlosolz7a",
            "identity_provider_id": null,
            "inactive_state": null,
            "last_successful_login_time": null,
            "name": "test3",
            "previous_successful_login_time": null,
            "state": "ACTIVE",
            "time_created": "2022-08-04 17:03:32.271 +0000 UTC",
            "timeouts": null
          },
          "sensitive_attributes": [],
          "private": "eyJlMmJmYjczMC1lY2FhLTExZTYtOGY4OC0zNDM2M2JjN2M0YzAiOnsiY3JlYXRlIjoxMjAwMDAwMDAwMDAwLCJkZWxldGUiOjEyMDAwMDAwMDAwMDAsInVwZGF0ZSI6MTIwMDAwMDAwMDAwMH19",
          "dependencies": [
            "oci_identity_compartment.compartment"
          ]
        },
        {
          "index_key": 4,
          "schema_version": 0,
          "attributes": {
            "capabilities": [
              {
                "can_use_api_keys": true,
                "can_use_auth_tokens": true,
                "can_use_console_password": true,
                "can_use_customer_secret_keys": true,
                "can_use_db_credentials": true,
                "can_use_oauth2client_credentials": true,
                "can_use_smtp_credentials": true
              }
            ],
            "compartment_id": "ocid1.tenancy.oc1..aaaaaaaasu22hcodp52crxfb64fbck2psvjj2bdbgnebhsarbgpt6pabz6ja",
            "db_user_name": null,
            "defined_tags": {
              "Oracle-Tags.CreatedBy": "default/mjazzazi@invoiceq.com",
              "Oracle-Tags.CreatedOn": "2022-08-04T17:03:32.134Z"
            },
            "description": "compartmenttest4",
            "email": "xegara9862@5k2u.com",
            "email_verified": false,
            "external_identifier": "cf0468d2a1704c1ea6b054a54b811645",
            "freeform_tags": {},
            "id": "ocid1.user.oc1..aaaaaaaarfl4rrtbjbtyftmmqsbmuhnyo25qptpwgcy5inpbaqzumcata7wq",
            "identity_provider_id": null,
            "inactive_state": null,
            "last_successful_login_time": null,
            "name": "test4",
            "previous_successful_login_time": null,
            "state": "ACTIVE",
            "time_created": "2022-08-04 17:03:32.171 +0000 UTC",
            "timeouts": null
          },
          "sensitive_attributes": [],
          "private": "eyJlMmJmYjczMC1lY2FhLTExZTYtOGY4OC0zNDM2M2JjN2M0YzAiOnsiY3JlYXRlIjoxMjAwMDAwMDAwMDAwLCJkZWxldGUiOjEyMDAwMDAwMDAwMDAsInVwZGF0ZSI6MTIwMDAwMDAwMDAwMH19",
          "dependencies": [
            "oci_identity_compartment.compartment"
          ]
        },
        {
          "index_key": 5,
          "schema_version": 0,
          "attributes": {
            "capabilities": [
              {
                "can_use_api_keys": true,
                "can_use_auth_tokens": true,
                "can_use_console_password": true,
                "can_use_customer_secret_keys": true,
                "can_use_db_credentials": true,
                "can_use_oauth2client_credentials": true,
                "can_use_smtp_credentials": true
              }
            ],
            "compartment_id": "ocid1.tenancy.oc1..aaaaaaaasu22hcodp52crxfb64fbck2psvjj2bdbgnebhsarbgpt6pabz6ja",
            "db_user_name": null,
            "defined_tags": {
              "Oracle-Tags.CreatedBy": "default/mjazzazi@invoiceq.com",
              "Oracle-Tags.CreatedOn": "2022-08-04T17:04:42.942Z"
            },
            "description": "compartmenttest5",
            "email": "xegara9862@5k2u.com",
            "email_verified": false,
            "external_identifier": "4f6280d864444a5bac9afe4876833d83",
            "freeform_tags": {},
            "id": "ocid1.user.oc1..aaaaaaaaugoqxliqdt4xuocrzpbynjql3ab4zuyo2a5uqggddie4jzaxcjoa",
            "identity_provider_id": null,
            "inactive_state": null,
            "last_successful_login_time": null,
            "name": "test5",
            "previous_successful_login_time": null,
            "state": "ACTIVE",
            "time_created": "2022-08-04 17:04:42.958 +0000 UTC",
            "timeouts": null
          },
          "sensitive_attributes": [],
          "private": "eyJlMmJmYjczMC1lY2FhLTExZTYtOGY4OC0zNDM2M2JjN2M0YzAiOnsiY3JlYXRlIjoxMjAwMDAwMDAwMDAwLCJkZWxldGUiOjEyMDAwMDAwMDAwMDAsInVwZGF0ZSI6MTIwMDAwMDAwMDAwMH19",
          "dependencies": [
            "oci_identity_compartment.compartment"
          ]
        },
        {
          "index_key": 6,
          "schema_version": 0,
          "attributes": {
            "capabilities": [
              {
                "can_use_api_keys": true,
                "can_use_auth_tokens": true,
                "can_use_console_password": true,
                "can_use_customer_secret_keys": true,
                "can_use_db_credentials": true,
                "can_use_oauth2client_credentials": true,
                "can_use_smtp_credentials": true
              }
            ],
            "compartment_id": "ocid1.tenancy.oc1..aaaaaaaasu22hcodp52crxfb64fbck2psvjj2bdbgnebhsarbgpt6pabz6ja",
            "db_user_name": null,
            "defined_tags": {
              "Oracle-Tags.CreatedBy": "default/mjazzazi@invoiceq.com",
              "Oracle-Tags.CreatedOn": "2022-08-04T17:04:42.455Z"
            },
            "description": "compartmenttest6",
            "email": "xegara9862@5k2u.com",
            "email_verified": false,
            "external_identifier": "452f1af4590b444e83ddb2f9e9493b24",
            "freeform_tags": {},
            "id": "ocid1.user.oc1..aaaaaaaamqrkupo4yjfbntkvtkl36ppp3v2nh2hw6oq2bycffymrdgnh35la",
            "identity_provider_id": null,
            "inactive_state": null,
            "last_successful_login_time": null,
            "name": "test6",
            "previous_successful_login_time": null,
            "state": "ACTIVE",
            "time_created": "2022-08-04 17:04:42.474 +0000 UTC",
            "timeouts": null
          },
          "sensitive_attributes": [],
          "private": "eyJlMmJmYjczMC1lY2FhLTExZTYtOGY4OC0zNDM2M2JjN2M0YzAiOnsiY3JlYXRlIjoxMjAwMDAwMDAwMDAwLCJkZWxldGUiOjEyMDAwMDAwMDAwMDAsInVwZGF0ZSI6MTIwMDAwMDAwMDAwMH19",
          "dependencies": [
            "oci_identity_compartment.compartment"
          ]
        },
        {
          "index_key": 7,
          "schema_version": 0,
          "attributes": {
            "capabilities": [
              {
                "can_use_api_keys": true,
                "can_use_auth_tokens": true,
                "can_use_console_password": true,
                "can_use_customer_secret_keys": true,
                "can_use_db_credentials": true,
                "can_use_oauth2client_credentials": true,
                "can_use_smtp_credentials": true
              }
            ],
            "compartment_id": "ocid1.tenancy.oc1..aaaaaaaasu22hcodp52crxfb64fbck2psvjj2bdbgnebhsarbgpt6pabz6ja",
            "db_user_name": null,
            "defined_tags": {
              "Oracle-Tags.CreatedBy": "default/mjazzazi@invoiceq.com",
              "Oracle-Tags.CreatedOn": "2022-08-04T17:04:43.685Z"
            },
            "description": "compartmenttest7",
            "email": "cocihe2657@galotv.com",
            "email_verified": false,
            "external_identifier": "817b61937318400eb06f11271e429b9e",
            "freeform_tags": {},
            "id": "ocid1.user.oc1..aaaaaaaatnxu2r77c6rvsqoirvdijrdzc54p7maxjekfl7b27ks3ehq3awqa",
            "identity_provider_id": null,
            "inactive_state": null,
            "last_successful_login_time": null,
            "name": "test7",
            "previous_successful_login_time": null,
            "state": "ACTIVE",
            "time_created": "2022-08-04 17:04:43.703 +0000 UTC",
            "timeouts": null
          },
          "sensitive_attributes": [],
          "private": "eyJlMmJmYjczMC1lY2FhLTExZTYtOGY4OC0zNDM2M2JjN2M0YzAiOnsiY3JlYXRlIjoxMjAwMDAwMDAwMDAwLCJkZWxldGUiOjEyMDAwMDAwMDAwMDAsInVwZGF0ZSI6MTIwMDAwMDAwMDAwMH19",
          "dependencies": [
            "oci_identity_compartment.compartment"
          ]
        },
        {
          "index_key": 8,
          "schema_version": 0,
          "attributes": {
            "capabilities": [
              {
                "can_use_api_keys": true,
                "can_use_auth_tokens": true,
                "can_use_console_password": true,
                "can_use_customer_secret_keys": true,
                "can_use_db_credentials": true,
                "can_use_oauth2client_credentials": true,
                "can_use_smtp_credentials": true
              }
            ],
            "compartment_id": "ocid1.tenancy.oc1..aaaaaaaasu22hcodp52crxfb64fbck2psvjj2bdbgnebhsarbgpt6pabz6ja",
            "db_user_name": null,
            "defined_tags": {
              "Oracle-Tags.CreatedBy": "default/mjazzazi@invoiceq.com",
              "Oracle-Tags.CreatedOn": "2022-08-04T17:04:42.317Z"
            },
            "description": "compartmenttest8",
            "email": "cocihe2657@galotv.com",
            "email_verified": false,
            "external_identifier": "944ce7888c084e1a8de2449302eb0d54",
            "freeform_tags": {},
            "id": "ocid1.user.oc1..aaaaaaaabceb74gount3kgbe3lw42ca66uyjkhbjcca2kbuwuf53bj5ih2nq",
            "identity_provider_id": null,
            "inactive_state": null,
            "last_successful_login_time": null,
            "name": "test8",
            "previous_successful_login_time": null,
            "state": "ACTIVE",
            "time_created": "2022-08-04 17:04:42.332 +0000 UTC",
            "timeouts": null
          },
          "sensitive_attributes": [],
          "private": "eyJlMmJmYjczMC1lY2FhLTExZTYtOGY4OC0zNDM2M2JjN2M0YzAiOnsiY3JlYXRlIjoxMjAwMDAwMDAwMDAwLCJkZWxldGUiOjEyMDAwMDAwMDAwMDAsInVwZGF0ZSI6MTIwMDAwMDAwMDAwMH19",
          "dependencies": [
            "oci_identity_compartment.compartment"
          ]
        },
        {
          "index_key": 9,
          "schema_version": 0,
          "attributes": {
            "capabilities": [
              {
                "can_use_api_keys": true,
                "can_use_auth_tokens": true,
                "can_use_console_password": true,
                "can_use_customer_secret_keys": true,
                "can_use_db_credentials": true,
                "can_use_oauth2client_credentials": true,
                "can_use_smtp_credentials": true
              }
            ],
            "compartment_id": "ocid1.tenancy.oc1..aaaaaaaasu22hcodp52crxfb64fbck2psvjj2bdbgnebhsarbgpt6pabz6ja",
            "db_user_name": null,
            "defined_tags": {
              "Oracle-Tags.CreatedBy": "default/mjazzazi@invoiceq.com",
              "Oracle-Tags.CreatedOn": "2022-08-04T17:04:42.736Z"
            },
            "description": "compartmenttest9",
            "email": "cocihe2657@galotv.com",
            "email_verified": false,
            "external_identifier": "4e3039e089cf42aca12e973bd98d3e6d",
            "freeform_tags": {},
            "id": "ocid1.user.oc1..aaaaaaaapmzmdctelkhjic6skiuvif5erdl5tyhsu2ogpxwcwxuzvmqzdqba",
            "identity_provider_id": null,
            "inactive_state": null,
            "last_successful_login_time": null,
            "name": "test9",
            "previous_successful_login_time": null,
            "state": "ACTIVE",
            "time_created": "2022-08-04 17:04:42.758 +0000 UTC",
            "timeouts": null
          },
          "sensitive_attributes": [],
          "private": "eyJlMmJmYjczMC1lY2FhLTExZTYtOGY4OC0zNDM2M2JjN2M0YzAiOnsiY3JlYXRlIjoxMjAwMDAwMDAwMDAwLCJkZWxldGUiOjEyMDAwMDAwMDAwMDAsInVwZGF0ZSI6MTIwMDAwMDAwMDAwMH19",
          "dependencies": [
            "oci_identity_compartment.compartment"
          ]
        },
        {
          "index_key": 10,
          "schema_version": 0,
          "attributes": {
            "capabilities": [
              {
                "can_use_api_keys": true,
                "can_use_auth_tokens": true,
                "can_use_console_password": true,
                "can_use_customer_secret_keys": true,
                "can_use_db_credentials": true,
                "can_use_oauth2client_credentials": true,
                "can_use_smtp_credentials": true
              }
            ],
            "compartment_id": "ocid1.tenancy.oc1..aaaaaaaasu22hcodp52crxfb64fbck2psvjj2bdbgnebhsarbgpt6pabz6ja",
            "db_user_name": null,
            "defined_tags": {
              "Oracle-Tags.CreatedBy": "default/mjazzazi@invoiceq.com",
              "Oracle-Tags.CreatedOn": "2022-08-04T17:06:55.509Z"
            },
            "description": "compartmenttest10",
            "email": "cocihe2657@galotv.com",
            "email_verified": false,
            "external_identifier": "2784a69f2f3a42a28073a86d6d4a2b51",
            "freeform_tags": {},
            "id": "ocid1.user.oc1..aaaaaaaamop344dxfacpzstkmjxgsddrcuayjxr4lyhzeeijmcmajhqy7xwq",
            "identity_provider_id": null,
            "inactive_state": null,
            "last_successful_login_time": null,
            "name": "test10",
            "previous_successful_login_time": null,
            "state": "ACTIVE",
            "time_created": "2022-08-04 17:06:55.524 +0000 UTC",
            "timeouts": null
          },
          "sensitive_attributes": [],
          "private": "eyJlMmJmYjczMC1lY2FhLTExZTYtOGY4OC0zNDM2M2JjN2M0YzAiOnsiY3JlYXRlIjoxMjAwMDAwMDAwMDAwLCJkZWxldGUiOjEyMDAwMDAwMDAwMDAsInVwZGF0ZSI6MTIwMDAwMDAwMDAwMH19",
          "dependencies": [
            "oci_identity_compartment.compartment"
          ]
        },
        {
          "index_key": 11,
          "schema_version": 0,
          "attributes": {
            "capabilities": [
              {
                "can_use_api_keys": true,
                "can_use_auth_tokens": true,
                "can_use_console_password": true,
                "can_use_customer_secret_keys": true,
                "can_use_db_credentials": true,
                "can_use_oauth2client_credentials": true,
                "can_use_smtp_credentials": true
              }
            ],
            "compartment_id": "ocid1.tenancy.oc1..aaaaaaaasu22hcodp52crxfb64fbck2psvjj2bdbgnebhsarbgpt6pabz6ja",
            "db_user_name": null,
            "defined_tags": {
              "Oracle-Tags.CreatedBy": "default/mjazzazi@invoiceq.com",
              "Oracle-Tags.CreatedOn": "2022-08-04T17:06:56.088Z"
            },
            "description": "compartmenttest11",
            "email": "cocihe2657@galotv.com",
            "email_verified": false,
            "external_identifier": "8fcaf31f02f745daaed2c74a0b545fce",
            "freeform_tags": {},
            "id": "ocid1.user.oc1..aaaaaaaaxyqg2j432p3ubh7jyeu5haezndwuii7garo3lkbdsqhpberjkeiq",
            "identity_provider_id": null,
            "inactive_state": null,
            "last_successful_login_time": null,
            "name": "test11",
            "previous_successful_login_time": null,
            "state": "ACTIVE",
            "time_created": "2022-08-04 17:06:56.105 +0000 UTC",
            "timeouts": null
          },
          "sensitive_attributes": [],
          "private": "eyJlMmJmYjczMC1lY2FhLTExZTYtOGY4OC0zNDM2M2JjN2M0YzAiOnsiY3JlYXRlIjoxMjAwMDAwMDAwMDAwLCJkZWxldGUiOjEyMDAwMDAwMDAwMDAsInVwZGF0ZSI6MTIwMDAwMDAwMDAwMH19",
          "dependencies": [
            "oci_identity_compartment.compartment"
          ]
        },
        {
          "index_key": 12,
          "schema_version": 0,
          "attributes": {
            "capabilities": [
              {
                "can_use_api_keys": true,
                "can_use_auth_tokens": true,
                "can_use_console_password": true,
                "can_use_customer_secret_keys": true,
                "can_use_db_credentials": true,
                "can_use_oauth2client_credentials": true,
                "can_use_smtp_credentials": true
              }
            ],
            "compartment_id": "ocid1.tenancy.oc1..aaaaaaaasu22hcodp52crxfb64fbck2psvjj2bdbgnebhsarbgpt6pabz6ja",
            "db_user_name": null,
            "defined_tags": {
              "Oracle-Tags.CreatedBy": "default/mjazzazi@invoiceq.com",
              "Oracle-Tags.CreatedOn": "2022-08-04T17:06:56.492Z"
            },
            "description": "compartmenttest12",
            "email": "cocihe2657@galotv.com",
            "email_verified": false,
            "external_identifier": "47fe23800c0e47a7bb0572b6b69813ad",
            "freeform_tags": {},
            "id": "ocid1.user.oc1..aaaaaaaadwnjz2jvze5xt7x6fzk3txronhgtzyl42cdzlrga7fgd4hcmvmyq",
            "identity_provider_id": null,
            "inactive_state": null,
            "last_successful_login_time": null,
            "name": "test12",
            "previous_successful_login_time": null,
            "state": "ACTIVE",
            "time_created": "2022-08-04 17:06:56.504 +0000 UTC",
            "timeouts": null
          },
          "sensitive_attributes": [],
          "private": "eyJlMmJmYjczMC1lY2FhLTExZTYtOGY4OC0zNDM2M2JjN2M0YzAiOnsiY3JlYXRlIjoxMjAwMDAwMDAwMDAwLCJkZWxldGUiOjEyMDAwMDAwMDAwMDAsInVwZGF0ZSI6MTIwMDAwMDAwMDAwMH19",
          "dependencies": [
            "oci_identity_compartment.compartment"
          ]
        },
        {
          "index_key": 13,
          "schema_version": 0,
          "attributes": {
            "capabilities": [
              {
                "can_use_api_keys": true,
                "can_use_auth_tokens": true,
                "can_use_console_password": true,
                "can_use_customer_secret_keys": true,
                "can_use_db_credentials": true,
                "can_use_oauth2client_credentials": true,
                "can_use_smtp_credentials": true
              }
            ],
            "compartment_id": "ocid1.tenancy.oc1..aaaaaaaasu22hcodp52crxfb64fbck2psvjj2bdbgnebhsarbgpt6pabz6ja",
            "db_user_name": null,
            "defined_tags": {
              "Oracle-Tags.CreatedBy": "default/mjazzazi@invoiceq.com",
              "Oracle-Tags.CreatedOn": "2022-08-04T17:06:57.174Z"
            },
            "description": "compartmenttest13",
            "email": "cocihe2657@galotv.com",
            "email_verified": false,
            "external_identifier": "08a695abeadf411883bc5cbc892a7ad2",
            "freeform_tags": {},
            "id": "ocid1.user.oc1..aaaaaaaaenkandtb7yhgitghomnkwsda6h5urm5uirwsdiszrdwvz76z2jrq",
            "identity_provider_id": null,
            "inactive_state": null,
            "last_successful_login_time": null,
            "name": "test13",
            "previous_successful_login_time": null,
            "state": "ACTIVE",
            "time_created": "2022-08-04 17:06:57.189 +0000 UTC",
            "timeouts": null
          },
          "sensitive_attributes": [],
          "private": "eyJlMmJmYjczMC1lY2FhLTExZTYtOGY4OC0zNDM2M2JjN2M0YzAiOnsiY3JlYXRlIjoxMjAwMDAwMDAwMDAwLCJkZWxldGUiOjEyMDAwMDAwMDAwMDAsInVwZGF0ZSI6MTIwMDAwMDAwMDAwMH19",
          "dependencies": [
            "oci_identity_compartment.compartment"
          ]
        },
        {
          "index_key": 14,
          "schema_version": 0,
          "attributes": {
            "capabilities": [
              {
                "can_use_api_keys": true,
                "can_use_auth_tokens": true,
                "can_use_console_password": true,
                "can_use_customer_secret_keys": true,
                "can_use_db_credentials": true,
                "can_use_oauth2client_credentials": true,
                "can_use_smtp_credentials": true
              }
            ],
            "compartment_id": "ocid1.tenancy.oc1..aaaaaaaasu22hcodp52crxfb64fbck2psvjj2bdbgnebhsarbgpt6pabz6ja",
            "db_user_name": null,
            "defined_tags": {
              "Oracle-Tags.CreatedBy": "default/mjazzazi@invoiceq.com",
              "Oracle-Tags.CreatedOn": "2022-08-04T17:06:54.279Z"
            },
            "description": "compartmenttest14",
            "email": "cocihe2657@galotv.com",
            "email_verified": false,
            "external_identifier": "cc2e604162514d6f89dd7183061880b0",
            "freeform_tags": {},
            "id": "ocid1.user.oc1..aaaaaaaamnbc7ktvntpnjhiufwvofy4wjrycpyabxpk7v2rrbu6hyotgwt3q",
            "identity_provider_id": null,
            "inactive_state": null,
            "last_successful_login_time": null,
            "name": "test14",
            "previous_successful_login_time": null,
            "state": "ACTIVE",
            "time_created": "2022-08-04 17:06:54.3 +0000 UTC",
            "timeouts": null
          },
          "sensitive_attributes": [],
          "private": "eyJlMmJmYjczMC1lY2FhLTExZTYtOGY4OC0zNDM2M2JjN2M0YzAiOnsiY3JlYXRlIjoxMjAwMDAwMDAwMDAwLCJkZWxldGUiOjEyMDAwMDAwMDAwMDAsInVwZGF0ZSI6MTIwMDAwMDAwMDAwMH19",
          "dependencies": [
            "oci_identity_compartment.compartment"
          ]
        },
        {
          "index_key": 15,
          "schema_version": 0,
          "attributes": {
            "capabilities": [
              {
                "can_use_api_keys": true,
                "can_use_auth_tokens": true,
                "can_use_console_password": true,
                "can_use_customer_secret_keys": true,
                "can_use_db_credentials": true,
                "can_use_oauth2client_credentials": true,
                "can_use_smtp_credentials": true
              }
            ],
            "compartment_id": "ocid1.tenancy.oc1..aaaaaaaasu22hcodp52crxfb64fbck2psvjj2bdbgnebhsarbgpt6pabz6ja",
            "db_user_name": null,
            "defined_tags": {
              "Oracle-Tags.CreatedBy": "default/mjazzazi@invoiceq.com",
              "Oracle-Tags.CreatedOn": "2022-08-04T17:06:55.687Z"
            },
            "description": "compartmenttest15",
            "email": "cocihe2657@galotv.com",
            "email_verified": false,
            "external_identifier": "e145f88c86954de99155f333cae68d03",
            "freeform_tags": {},
            "id": "ocid1.user.oc1..aaaaaaaadnykzfyjsig2nryv5rptpx7bcpa7khvx4ari7g7in3idrsijnzpa",
            "identity_provider_id": null,
            "inactive_state": null,
            "last_successful_login_time": null,
            "name": "test15",
            "previous_successful_login_time": null,
            "state": "ACTIVE",
            "time_created": "2022-08-04 17:06:55.699 +0000 UTC",
            "timeouts": null
          },
          "sensitive_attributes": [],
          "private": "eyJlMmJmYjczMC1lY2FhLTExZTYtOGY4OC0zNDM2M2JjN2M0YzAiOnsiY3JlYXRlIjoxMjAwMDAwMDAwMDAwLCJkZWxldGUiOjEyMDAwMDAwMDAwMDAsInVwZGF0ZSI6MTIwMDAwMDAwMDAwMH19",
          "dependencies": [
            "oci_identity_compartment.compartment"
          ]
        },
        {
          "index_key": 16,
          "schema_version": 0,
          "attributes": {
            "capabilities": [
              {
                "can_use_api_keys": true,
                "can_use_auth_tokens": true,
                "can_use_console_password": true,
                "can_use_customer_secret_keys": true,
                "can_use_db_credentials": true,
                "can_use_oauth2client_credentials": true,
                "can_use_smtp_credentials": true
              }
            ],
            "compartment_id": "ocid1.tenancy.oc1..aaaaaaaasu22hcodp52crxfb64fbck2psvjj2bdbgnebhsarbgpt6pabz6ja",
            "db_user_name": null,
            "defined_tags": {
              "Oracle-Tags.CreatedBy": "default/mjazzazi@invoiceq.com",
              "Oracle-Tags.CreatedOn": "2022-08-04T17:06:56.736Z"
            },
            "description": "compartmenttest16",
            "email": "cocihe2657@galotv.com",
            "email_verified": false,
            "external_identifier": "737401c09f8b4518a78978f9b9056284",
            "freeform_tags": {},
            "id": "ocid1.user.oc1..aaaaaaaadwbeoslpw2sukekzfuqcl45d5mnflxqxhneoiqp6ndcp6horrbvq",
            "identity_provider_id": null,
            "inactive_state": null,
            "last_successful_login_time": null,
            "name": "test16",
            "previous_successful_login_time": null,
            "state": "ACTIVE",
            "time_created": "2022-08-04 17:06:56.757 +0000 UTC",
            "timeouts": null
          },
          "sensitive_attributes": [],
          "private": "eyJlMmJmYjczMC1lY2FhLTExZTYtOGY4OC0zNDM2M2JjN2M0YzAiOnsiY3JlYXRlIjoxMjAwMDAwMDAwMDAwLCJkZWxldGUiOjEyMDAwMDAwMDAwMDAsInVwZGF0ZSI6MTIwMDAwMDAwMDAwMH19",
          "dependencies": [
            "oci_identity_compartment.compartment"
          ]
        },
        {
          "index_key": 17,
          "schema_version": 0,
          "attributes": {
            "capabilities": [
              {
                "can_use_api_keys": true,
                "can_use_auth_tokens": true,
                "can_use_console_password": true,
                "can_use_customer_secret_keys": true,
                "can_use_db_credentials": true,
                "can_use_oauth2client_credentials": true,
                "can_use_smtp_credentials": true
              }
            ],
            "compartment_id": "ocid1.tenancy.oc1..aaaaaaaasu22hcodp52crxfb64fbck2psvjj2bdbgnebhsarbgpt6pabz6ja",
            "db_user_name": null,
            "defined_tags": {
              "Oracle-Tags.CreatedBy": "default/mjazzazi@invoiceq.com",
              "Oracle-Tags.CreatedOn": "2022-08-04T17:06:57.134Z"
            },
            "description": "compartmenttest17",
            "email": "cocihe2657@galotv.com",
            "email_verified": false,
            "external_identifier": "7e8c2e307d554f7499bdb0ffaeb32d36",
            "freeform_tags": {},
            "id": "ocid1.user.oc1..aaaaaaaa7cmces6tyxc7xnz32n35hdpvpx366mf5xuyv3c4ctgziqoobwpta",
            "identity_provider_id": null,
            "inactive_state": null,
            "last_successful_login_time": null,
            "name": "test17",
            "previous_successful_login_time": null,
            "state": "ACTIVE",
            "time_created": "2022-08-04 17:06:57.149 +0000 UTC",
            "timeouts": null
          },
          "sensitive_attributes": [],
          "private": "eyJlMmJmYjczMC1lY2FhLTExZTYtOGY4OC0zNDM2M2JjN2M0YzAiOnsiY3JlYXRlIjoxMjAwMDAwMDAwMDAwLCJkZWxldGUiOjEyMDAwMDAwMDAwMDAsInVwZGF0ZSI6MTIwMDAwMDAwMDAwMH19",
          "dependencies": [
            "oci_identity_compartment.compartment"
          ]
        },
        {
          "index_key": 18,
          "schema_version": 0,
          "attributes": {
            "capabilities": [
              {
                "can_use_api_keys": true,
                "can_use_auth_tokens": true,
                "can_use_console_password": true,
                "can_use_customer_secret_keys": true,
                "can_use_db_credentials": true,
                "can_use_oauth2client_credentials": true,
                "can_use_smtp_credentials": true
              }
            ],
            "compartment_id": "ocid1.tenancy.oc1..aaaaaaaasu22hcodp52crxfb64fbck2psvjj2bdbgnebhsarbgpt6pabz6ja",
            "db_user_name": null,
            "defined_tags": {
              "Oracle-Tags.CreatedBy": "default/mjazzazi@invoiceq.com",
              "Oracle-Tags.CreatedOn": "2022-08-04T17:06:54.701Z"
            },
            "description": "compartmenttest18",
            "email": "cocihe2657@galotv.com",
            "email_verified": false,
            "external_identifier": "276b23df92444c72ab6eed9acb0fee4e",
            "freeform_tags": {},
            "id": "ocid1.user.oc1..aaaaaaaa5cjzx4nxsy2hnb5ri2uyierunyvuowqquh7kw6as4p6wc47uwnba",
            "identity_provider_id": null,
            "inactive_state": null,
            "last_successful_login_time": null,
            "name": "test18",
            "previous_successful_login_time": null,
            "state": "ACTIVE",
            "time_created": "2022-08-04 17:06:54.714 +0000 UTC",
            "timeouts": null
          },
          "sensitive_attributes": [],
          "private": "eyJlMmJmYjczMC1lY2FhLTExZTYtOGY4OC0zNDM2M2JjN2M0YzAiOnsiY3JlYXRlIjoxMjAwMDAwMDAwMDAwLCJkZWxldGUiOjEyMDAwMDAwMDAwMDAsInVwZGF0ZSI6MTIwMDAwMDAwMDAwMH19",
          "dependencies": [
            "oci_identity_compartment.compartment"
          ]
        },
        {
          "index_key": 19,
          "schema_version": 0,
          "attributes": {
            "capabilities": [
              {
                "can_use_api_keys": true,
                "can_use_auth_tokens": true,
                "can_use_console_password": true,
                "can_use_customer_secret_keys": true,
                "can_use_db_credentials": true,
                "can_use_oauth2client_credentials": true,
                "can_use_smtp_credentials": true
              }
            ],
            "compartment_id": "ocid1.tenancy.oc1..aaaaaaaasu22hcodp52crxfb64fbck2psvjj2bdbgnebhsarbgpt6pabz6ja",
            "db_user_name": null,
            "defined_tags": {
              "Oracle-Tags.CreatedBy": "default/mjazzazi@invoiceq.com",
              "Oracle-Tags.CreatedOn": "2022-08-04T17:06:56.941Z"
            },
            "description": "compartmenttest19",
            "email": "cocihe2657@galotv.com",
            "email_verified": false,
            "external_identifier": "94c0b4b6e2c94ee7a99b9783c7aae188",
            "freeform_tags": {},
            "id": "ocid1.user.oc1..aaaaaaaae6trtgae7p4krarr2ihazfykw7rflzig6hiuqrerf3zhq5shvvea",
            "identity_provider_id": null,
            "inactive_state": null,
            "last_successful_login_time": null,
            "name": "test19",
            "previous_successful_login_time": null,
            "state": "ACTIVE",
            "time_created": "2022-08-04 17:06:56.954 +0000 UTC",
            "timeouts": null
          },
          "sensitive_attributes": [],
          "private": "eyJlMmJmYjczMC1lY2FhLTExZTYtOGY4OC0zNDM2M2JjN2M0YzAiOnsiY3JlYXRlIjoxMjAwMDAwMDAwMDAwLCJkZWxldGUiOjEyMDAwMDAwMDAwMDAsInVwZGF0ZSI6MTIwMDAwMDAwMDAwMH19",
          "dependencies": [
            "oci_identity_compartment.compartment"
          ]
        },
        {
          "index_key": 20,
          "schema_version": 0,
          "attributes": {
            "capabilities": [
              {
                "can_use_api_keys": true,
                "can_use_auth_tokens": true,
                "can_use_console_password": true,
                "can_use_customer_secret_keys": true,
                "can_use_db_credentials": true,
                "can_use_oauth2client_credentials": true,
                "can_use_smtp_credentials": true
              }
            ],
            "compartment_id": "ocid1.tenancy.oc1..aaaaaaaasu22hcodp52crxfb64fbck2psvjj2bdbgnebhsarbgpt6pabz6ja",
            "db_user_name": null,
            "defined_tags": {
              "Oracle-Tags.CreatedBy": "default/mjazzazi@invoiceq.com",
              "Oracle-Tags.CreatedOn": "2022-08-04T17:09:03.938Z"
            },
            "description": "compartmenttest20",
            "email": "cocihe2657@galotv.com",
            "email_verified": false,
            "external_identifier": "7c337a73fbbe4656b261ba28e299f993",
            "freeform_tags": {},
            "id": "ocid1.user.oc1..aaaaaaaamf7zul2hwcb4e2ogouszlcpb2o3juzi2j44n6qchl3yjw5hdfywa",
            "identity_provider_id": null,
            "inactive_state": null,
            "last_successful_login_time": null,
            "name": "test20",
            "previous_successful_login_time": null,
            "state": "ACTIVE",
            "time_created": "2022-08-04 17:09:04.003 +0000 UTC",
            "timeouts": null
          },
          "sensitive_attributes": [],
          "private": "eyJlMmJmYjczMC1lY2FhLTExZTYtOGY4OC0zNDM2M2JjN2M0YzAiOnsiY3JlYXRlIjoxMjAwMDAwMDAwMDAwLCJkZWxldGUiOjEyMDAwMDAwMDAwMDAsInVwZGF0ZSI6MTIwMDAwMDAwMDAwMH19",
          "dependencies": [
            "oci_identity_compartment.compartment"
          ]
        },
        {
          "index_key": 21,
          "schema_version": 0,
          "attributes": {
            "capabilities": [
              {
                "can_use_api_keys": true,
                "can_use_auth_tokens": true,
                "can_use_console_password": true,
                "can_use_customer_secret_keys": true,
                "can_use_db_credentials": true,
                "can_use_oauth2client_credentials": true,
                "can_use_smtp_credentials": true
              }
            ],
            "compartment_id": "ocid1.tenancy.oc1..aaaaaaaasu22hcodp52crxfb64fbck2psvjj2bdbgnebhsarbgpt6pabz6ja",
            "db_user_name": null,
            "defined_tags": {
              "Oracle-Tags.CreatedBy": "default/mjazzazi@invoiceq.com",
              "Oracle-Tags.CreatedOn": "2022-08-04T17:09:03.935Z"
            },
            "description": "compartmenttest21",
            "email": "cocihe2657@galotv.com",
            "email_verified": false,
            "external_identifier": "671c68d04c0744adbe3c55556f5b4541",
            "freeform_tags": {},
            "id": "ocid1.user.oc1..aaaaaaaaqeb4nfmy5zi2nfuewxhrddhcw4cfxi4zliqqdleg45llspywti4q",
            "identity_provider_id": null,
            "inactive_state": null,
            "last_successful_login_time": null,
            "name": "test21",
            "previous_successful_login_time": null,
            "state": "ACTIVE",
            "time_created": "2022-08-04 17:09:04.001 +0000 UTC",
            "timeouts": null
          },
          "sensitive_attributes": [],
          "private": "eyJlMmJmYjczMC1lY2FhLTExZTYtOGY4OC0zNDM2M2JjN2M0YzAiOnsiY3JlYXRlIjoxMjAwMDAwMDAwMDAwLCJkZWxldGUiOjEyMDAwMDAwMDAwMDAsInVwZGF0ZSI6MTIwMDAwMDAwMDAwMH19",
          "dependencies": [
            "oci_identity_compartment.compartment"
          ]
        },
        {
          "index_key": 22,
          "schema_version": 0,
          "attributes": {
            "capabilities": [
              {
                "can_use_api_keys": true,
                "can_use_auth_tokens": true,
                "can_use_console_password": true,
                "can_use_customer_secret_keys": true,
                "can_use_db_credentials": true,
                "can_use_oauth2client_credentials": true,
                "can_use_smtp_credentials": true
              }
            ],
            "compartment_id": "ocid1.tenancy.oc1..aaaaaaaasu22hcodp52crxfb64fbck2psvjj2bdbgnebhsarbgpt6pabz6ja",
            "db_user_name": null,
            "defined_tags": {
              "Oracle-Tags.CreatedBy": "default/mjazzazi@invoiceq.com",
              "Oracle-Tags.CreatedOn": "2022-08-04T17:09:03.243Z"
            },
            "description": "compartmenttest22",
            "email": "cocihe2657@galotv.com",
            "email_verified": false,
            "external_identifier": "2588058dd5164dca9e3082ec672506ad",
            "freeform_tags": {},
            "id": "ocid1.user.oc1..aaaaaaaanyormhvwhjh42q3l73i2wxnwvryrlt7bdg3to4fh4bzqgrhze7da",
            "identity_provider_id": null,
            "inactive_state": null,
            "last_successful_login_time": null,
            "name": "test22",
            "previous_successful_login_time": null,
            "state": "ACTIVE",
            "time_created": "2022-08-04 17:09:03.307 +0000 UTC",
            "timeouts": null
          },
          "sensitive_attributes": [],
          "private": "eyJlMmJmYjczMC1lY2FhLTExZTYtOGY4OC0zNDM2M2JjN2M0YzAiOnsiY3JlYXRlIjoxMjAwMDAwMDAwMDAwLCJkZWxldGUiOjEyMDAwMDAwMDAwMDAsInVwZGF0ZSI6MTIwMDAwMDAwMDAwMH19",
          "dependencies": [
            "oci_identity_compartment.compartment"
          ]
        },
        {
          "index_key": 23,
          "schema_version": 0,
          "attributes": {
            "capabilities": [
              {
                "can_use_api_keys": true,
                "can_use_auth_tokens": true,
                "can_use_console_password": true,
                "can_use_customer_secret_keys": true,
                "can_use_db_credentials": true,
                "can_use_oauth2client_credentials": true,
                "can_use_smtp_credentials": true
              }
            ],
            "compartment_id": "ocid1.tenancy.oc1..aaaaaaaasu22hcodp52crxfb64fbck2psvjj2bdbgnebhsarbgpt6pabz6ja",
            "db_user_name": null,
            "defined_tags": {
              "Oracle-Tags.CreatedBy": "default/mjazzazi@invoiceq.com",
              "Oracle-Tags.CreatedOn": "2022-08-04T17:09:04.478Z"
            },
            "description": "compartmenttest23",
            "email": "cocihe2657@galotv.com",
            "email_verified": false,
            "external_identifier": "cf6b8cf5b68d42218d9c1ed812d0bc02",
            "freeform_tags": {},
            "id": "ocid1.user.oc1..aaaaaaaa6tyn5emu25xe567ltyi6icieaw27jqrtzh4lav2vqnnsdwsplw3a",
            "identity_provider_id": null,
            "inactive_state": null,
            "last_successful_login_time": null,
            "name": "test23",
            "previous_successful_login_time": null,
            "state": "ACTIVE",
            "time_created": "2022-08-04 17:09:04.494 +0000 UTC",
            "timeouts": null
          },
          "sensitive_attributes": [],
          "private": "eyJlMmJmYjczMC1lY2FhLTExZTYtOGY4OC0zNDM2M2JjN2M0YzAiOnsiY3JlYXRlIjoxMjAwMDAwMDAwMDAwLCJkZWxldGUiOjEyMDAwMDAwMDAwMDAsInVwZGF0ZSI6MTIwMDAwMDAwMDAwMH19",
          "dependencies": [
            "oci_identity_compartment.compartment"
          ]
        },
        {
          "index_key": 24,
          "schema_version": 0,
          "attributes": {
            "capabilities": [
              {
                "can_use_api_keys": true,
                "can_use_auth_tokens": true,
                "can_use_console_password": true,
                "can_use_customer_secret_keys": true,
                "can_use_db_credentials": true,
                "can_use_oauth2client_credentials": true,
                "can_use_smtp_credentials": true
              }
            ],
            "compartment_id": "ocid1.tenancy.oc1..aaaaaaaasu22hcodp52crxfb64fbck2psvjj2bdbgnebhsarbgpt6pabz6ja",
            "db_user_name": null,
            "defined_tags": {
              "Oracle-Tags.CreatedBy": "default/mjazzazi@invoiceq.com",
              "Oracle-Tags.CreatedOn": "2022-08-04T17:09:03.237Z"
            },
            "description": "compartmenttest24",
            "email": "cocihe2657@galotv.com",
            "email_verified": false,
            "external_identifier": "ca8dbf415aad4ba894152c347ad18afc",
            "freeform_tags": {},
            "id": "ocid1.user.oc1..aaaaaaaa47nj24cocp4qujvoo2cijhr3aex2rd6bczlhifh5tlgmiq7guuzq",
            "identity_provider_id": null,
            "inactive_state": null,
            "last_successful_login_time": null,
            "name": "test24",
            "previous_successful_login_time": null,
            "state": "ACTIVE",
            "time_created": "2022-08-04 17:09:03.31 +0000 UTC",
            "timeouts": null
          },
          "sensitive_attributes": [],
          "private": "eyJlMmJmYjczMC1lY2FhLTExZTYtOGY4OC0zNDM2M2JjN2M0YzAiOnsiY3JlYXRlIjoxMjAwMDAwMDAwMDAwLCJkZWxldGUiOjEyMDAwMDAwMDAwMDAsInVwZGF0ZSI6MTIwMDAwMDAwMDAwMH19",
          "dependencies": [
            "oci_identity_compartment.compartment"
          ]
        },
        {
          "index_key": 25,
          "schema_version": 0,
          "attributes": {
            "capabilities": [
              {
                "can_use_api_keys": true,
                "can_use_auth_tokens": true,
                "can_use_console_password": true,
                "can_use_customer_secret_keys": true,
                "can_use_db_credentials": true,
                "can_use_oauth2client_credentials": true,
                "can_use_smtp_credentials": true
              }
            ],
            "compartment_id": "ocid1.tenancy.oc1..aaaaaaaasu22hcodp52crxfb64fbck2psvjj2bdbgnebhsarbgpt6pabz6ja",
            "db_user_name": null,
            "defined_tags": {
              "Oracle-Tags.CreatedBy": "default/mjazzazi@invoiceq.com",
              "Oracle-Tags.CreatedOn": "2022-08-04T17:10:47.961Z"
            },
            "description": "compartmenttest25",
            "email": "cocihe2657@galotv.com",
            "email_verified": false,
            "external_identifier": "03efdc02def04c34a112690deb38bec0",
            "freeform_tags": {},
            "id": "ocid1.user.oc1..aaaaaaaa7x7vd2rnfncmczi35xfjmxvanmdidxje6oow6ntgnskkwlg7ajwq",
            "identity_provider_id": null,
            "inactive_state": null,
            "last_successful_login_time": null,
            "name": "test25",
            "previous_successful_login_time": null,
            "state": "ACTIVE",
            "time_created": "2022-08-04 17:10:47.982 +0000 UTC",
            "timeouts": null
          },
          "sensitive_attributes": [],
          "private": "eyJlMmJmYjczMC1lY2FhLTExZTYtOGY4OC0zNDM2M2JjN2M0YzAiOnsiY3JlYXRlIjoxMjAwMDAwMDAwMDAwLCJkZWxldGUiOjEyMDAwMDAwMDAwMDAsInVwZGF0ZSI6MTIwMDAwMDAwMDAwMH19",
          "dependencies": [
            "oci_identity_compartment.compartment"
          ]
        },
        {
          "index_key": 26,
          "schema_version": 0,
          "attributes": {
            "capabilities": [
              {
                "can_use_api_keys": true,
                "can_use_auth_tokens": true,
                "can_use_console_password": true,
                "can_use_customer_secret_keys": true,
                "can_use_db_credentials": true,
                "can_use_oauth2client_credentials": true,
                "can_use_smtp_credentials": true
              }
            ],
            "compartment_id": "ocid1.tenancy.oc1..aaaaaaaasu22hcodp52crxfb64fbck2psvjj2bdbgnebhsarbgpt6pabz6ja",
            "db_user_name": null,
            "defined_tags": {
              "Oracle-Tags.CreatedBy": "default/mjazzazi@invoiceq.com",
              "Oracle-Tags.CreatedOn": "2022-08-04T17:13:09.705Z"
            },
            "description": "compartmenttest26",
            "email": "cocihe2657@galotv.com",
            "email_verified": false,
            "external_identifier": "8313596681ea4ab48b083b8576d2be0a",
            "freeform_tags": {},
            "id": "ocid1.user.oc1..aaaaaaaaxpg3vano7z4yxbcryq2jnlqpldlb6xa7qkfcgs2przpluaghn6dq",
            "identity_provider_id": null,
            "inactive_state": null,
            "last_successful_login_time": null,
            "name": "test26",
            "previous_successful_login_time": null,
            "state": "ACTIVE",
            "time_created": "2022-08-04 17:13:09.719 +0000 UTC",
            "timeouts": null
          },
          "sensitive_attributes": [],
          "private": "eyJlMmJmYjczMC1lY2FhLTExZTYtOGY4OC0zNDM2M2JjN2M0YzAiOnsiY3JlYXRlIjoxMjAwMDAwMDAwMDAwLCJkZWxldGUiOjEyMDAwMDAwMDAwMDAsInVwZGF0ZSI6MTIwMDAwMDAwMDAwMH19",
          "dependencies": [
            "oci_identity_compartment.compartment"
          ]
        },
        {
          "index_key": 27,
          "schema_version": 0,
          "attributes": {
            "capabilities": [
              {
                "can_use_api_keys": true,
                "can_use_auth_tokens": true,
                "can_use_console_password": true,
                "can_use_customer_secret_keys": true,
                "can_use_db_credentials": true,
                "can_use_oauth2client_credentials": true,
                "can_use_smtp_credentials": true
              }
            ],
            "compartment_id": "ocid1.tenancy.oc1..aaaaaaaasu22hcodp52crxfb64fbck2psvjj2bdbgnebhsarbgpt6pabz6ja",
            "db_user_name": null,
            "defined_tags": {
              "Oracle-Tags.CreatedBy": "default/mjazzazi@invoiceq.com",
              "Oracle-Tags.CreatedOn": "2022-08-04T17:13:09.270Z"
            },
            "description": "compartmenttest27",
            "email": "cocihe2657@galotv.com",
            "email_verified": false,
            "external_identifier": "a79c0745090d4adab057e6ce656b39c1",
            "freeform_tags": {},
            "id": "ocid1.user.oc1..aaaaaaaaenhdhzonbglwxt2zp4hhc6y6lwx6eqrfqzv47rwyjmutpl4ua5eq",
            "identity_provider_id": null,
            "inactive_state": null,
            "last_successful_login_time": null,
            "name": "test27",
            "previous_successful_login_time": null,
            "state": "ACTIVE",
            "time_created": "2022-08-04 17:13:09.284 +0000 UTC",
            "timeouts": null
          },
          "sensitive_attributes": [],
          "private": "eyJlMmJmYjczMC1lY2FhLTExZTYtOGY4OC0zNDM2M2JjN2M0YzAiOnsiY3JlYXRlIjoxMjAwMDAwMDAwMDAwLCJkZWxldGUiOjEyMDAwMDAwMDAwMDAsInVwZGF0ZSI6MTIwMDAwMDAwMDAwMH19",
          "dependencies": [
            "oci_identity_compartment.compartment"
          ]
        },
        {
          "index_key": 28,
          "schema_version": 0,
          "attributes": {
            "capabilities": [
              {
                "can_use_api_keys": true,
                "can_use_auth_tokens": true,
                "can_use_console_password": true,
                "can_use_customer_secret_keys": true,
                "can_use_db_credentials": true,
                "can_use_oauth2client_credentials": true,
                "can_use_smtp_credentials": true
              }
            ],
            "compartment_id": "ocid1.tenancy.oc1..aaaaaaaasu22hcodp52crxfb64fbck2psvjj2bdbgnebhsarbgpt6pabz6ja",
            "db_user_name": null,
            "defined_tags": {
              "Oracle-Tags.CreatedBy": "default/mjazzazi@invoiceq.com",
              "Oracle-Tags.CreatedOn": "2022-08-04T17:13:09.462Z"
            },
            "description": "compartmenttest28",
            "email": "cocihe2657@galotv.com",
            "email_verified": false,
            "external_identifier": "070ffbf13c6e4665b39f7e7dd138aaab",
            "freeform_tags": {},
            "id": "ocid1.user.oc1..aaaaaaaa6pumddz54m7rqhd2qoviux4eu4wgpb6dhufd3wdnmtpe6chs4toq",
            "identity_provider_id": null,
            "inactive_state": null,
            "last_successful_login_time": null,
            "name": "test28",
            "previous_successful_login_time": null,
            "state": "ACTIVE",
            "time_created": "2022-08-04 17:13:09.477 +0000 UTC",
            "timeouts": null
          },
          "sensitive_attributes": [],
          "private": "eyJlMmJmYjczMC1lY2FhLTExZTYtOGY4OC0zNDM2M2JjN2M0YzAiOnsiY3JlYXRlIjoxMjAwMDAwMDAwMDAwLCJkZWxldGUiOjEyMDAwMDAwMDAwMDAsInVwZGF0ZSI6MTIwMDAwMDAwMDAwMH19",
          "dependencies": [
            "oci_identity_compartment.compartment"
          ]
        },
        {
          "index_key": 29,
          "schema_version": 0,
          "attributes": {
            "capabilities": [
              {
                "can_use_api_keys": true,
                "can_use_auth_tokens": true,
                "can_use_console_password": true,
                "can_use_customer_secret_keys": true,
                "can_use_db_credentials": true,
                "can_use_oauth2client_credentials": true,
                "can_use_smtp_credentials": true
              }
            ],
            "compartment_id": "ocid1.tenancy.oc1..aaaaaaaasu22hcodp52crxfb64fbck2psvjj2bdbgnebhsarbgpt6pabz6ja",
            "db_user_name": null,
            "defined_tags": {
              "Oracle-Tags.CreatedBy": "default/mjazzazi@invoiceq.com",
              "Oracle-Tags.CreatedOn": "2022-08-04T17:13:09.856Z"
            },
            "description": "compartmenttest29",
            "email": "cocihe2657@galotv.com",
            "email_verified": false,
            "external_identifier": "c0d13e46bd1d4dfea029e2f7a23a18ef",
            "freeform_tags": {},
            "id": "ocid1.user.oc1..aaaaaaaaneshpedg3fhq4lduz5ovrxnth6kgdmgi6szjovkks57jmovfpkea",
            "identity_provider_id": null,
            "inactive_state": null,
            "last_successful_login_time": null,
            "name": "test29",
            "previous_successful_login_time": null,
            "state": "ACTIVE",
            "time_created": "2022-08-04 17:13:09.869 +0000 UTC",
            "timeouts": null
          },
          "sensitive_attributes": [],
          "private": "eyJlMmJmYjczMC1lY2FhLTExZTYtOGY4OC0zNDM2M2JjN2M0YzAiOnsiY3JlYXRlIjoxMjAwMDAwMDAwMDAwLCJkZWxldGUiOjEyMDAwMDAwMDAwMDAsInVwZGF0ZSI6MTIwMDAwMDAwMDAwMH19",
          "dependencies": [
            "oci_identity_compartment.compartment"
          ]
        },
        {
          "index_key": 30,
          "schema_version": 0,
          "attributes": {
            "capabilities": [
              {
                "can_use_api_keys": true,
                "can_use_auth_tokens": true,
                "can_use_console_password": true,
                "can_use_customer_secret_keys": true,
                "can_use_db_credentials": true,
                "can_use_oauth2client_credentials": true,
                "can_use_smtp_credentials": true
              }
            ],
            "compartment_id": "ocid1.tenancy.oc1..aaaaaaaasu22hcodp52crxfb64fbck2psvjj2bdbgnebhsarbgpt6pabz6ja",
            "db_user_name": null,
            "defined_tags": {
              "Oracle-Tags.CreatedBy": "default/mjazzazi@invoiceq.com",
              "Oracle-Tags.CreatedOn": "2022-08-04T17:15:00.594Z"
            },
            "description": "compartmenttest30",
            "email": "cocihe2657@galotv.com",
            "email_verified": false,
            "external_identifier": "de4ed6a12d6640e794a00b6104f1fc30",
            "freeform_tags": {},
            "id": "ocid1.user.oc1..aaaaaaaajt2prun2uo5gxb3paidakqb6lstxzvhsv7fzkwxyk332yprblwzq",
            "identity_provider_id": null,
            "inactive_state": null,
            "last_successful_login_time": null,
            "name": "test30",
            "previous_successful_login_time": null,
            "state": "ACTIVE",
            "time_created": "2022-08-04 17:15:00.629 +0000 UTC",
            "timeouts": null
          },
          "sensitive_attributes": [],
          "private": "eyJlMmJmYjczMC1lY2FhLTExZTYtOGY4OC0zNDM2M2JjN2M0YzAiOnsiY3JlYXRlIjoxMjAwMDAwMDAwMDAwLCJkZWxldGUiOjEyMDAwMDAwMDAwMDAsInVwZGF0ZSI6MTIwMDAwMDAwMDAwMH19",
          "dependencies": [
            "oci_identity_compartment.compartment"
          ]
        },
        {
          "index_key": 31,
          "schema_version": 0,
          "attributes": {
            "capabilities": [
              {
                "can_use_api_keys": true,
                "can_use_auth_tokens": true,
                "can_use_console_password": true,
                "can_use_customer_secret_keys": true,
                "can_use_db_credentials": true,
                "can_use_oauth2client_credentials": true,
                "can_use_smtp_credentials": true
              }
            ],
            "compartment_id": "ocid1.tenancy.oc1..aaaaaaaasu22hcodp52crxfb64fbck2psvjj2bdbgnebhsarbgpt6pabz6ja",
            "db_user_name": null,
            "defined_tags": {
              "Oracle-Tags.CreatedBy": "default/mjazzazi@invoiceq.com",
              "Oracle-Tags.CreatedOn": "2022-08-04T17:14:59.881Z"
            },
            "description": "compartmenttest31",
            "email": "cocihe2657@galotv.com",
            "email_verified": false,
            "external_identifier": "f9c90a6c5da64dd281928f3d4fec57c9",
            "freeform_tags": {},
            "id": "ocid1.user.oc1..aaaaaaaa3qhfwqco4wi75wt4vpr6up6kg6pfm3szh5g5wauksdjx6kslmwfa",
            "identity_provider_id": null,
            "inactive_state": null,
            "last_successful_login_time": null,
            "name": "test31",
            "previous_successful_login_time": null,
            "state": "ACTIVE",
            "time_created": "2022-08-04 17:14:59.896 +0000 UTC",
            "timeouts": null
          },
          "sensitive_attributes": [],
          "private": "eyJlMmJmYjczMC1lY2FhLTExZTYtOGY4OC0zNDM2M2JjN2M0YzAiOnsiY3JlYXRlIjoxMjAwMDAwMDAwMDAwLCJkZWxldGUiOjEyMDAwMDAwMDAwMDAsInVwZGF0ZSI6MTIwMDAwMDAwMDAwMH19",
          "dependencies": [
            "oci_identity_compartment.compartment"
          ]
        },
        {
          "index_key": 32,
          "schema_version": 0,
          "attributes": {
            "capabilities": [
              {
                "can_use_api_keys": true,
                "can_use_auth_tokens": true,
                "can_use_console_password": true,
                "can_use_customer_secret_keys": true,
                "can_use_db_credentials": true,
                "can_use_oauth2client_credentials": true,
                "can_use_smtp_credentials": true
              }
            ],
            "compartment_id": "ocid1.tenancy.oc1..aaaaaaaasu22hcodp52crxfb64fbck2psvjj2bdbgnebhsarbgpt6pabz6ja",
            "db_user_name": null,
            "defined_tags": {
              "Oracle-Tags.CreatedBy": "default/mjazzazi@invoiceq.com",
              "Oracle-Tags.CreatedOn": "2022-08-04T17:15:00.554Z"
            },
            "description": "compartmenttest32",
            "email": "cocihe2657@galotv.com",
            "email_verified": false,
            "external_identifier": "2c95ddd46ac447c9989a662cd10043cc",
            "freeform_tags": {},
            "id": "ocid1.user.oc1..aaaaaaaagx4endnsoosfdexy2s3vmrvwsrkrpx75dy4pcg5o7rrq4eb2ocsa",
            "identity_provider_id": null,
            "inactive_state": null,
            "last_successful_login_time": null,
            "name": "test32",
            "previous_successful_login_time": null,
            "state": "ACTIVE",
            "time_created": "2022-08-04 17:15:00.587 +0000 UTC",
            "timeouts": null
          },
          "sensitive_attributes": [],
          "private": "eyJlMmJmYjczMC1lY2FhLTExZTYtOGY4OC0zNDM2M2JjN2M0YzAiOnsiY3JlYXRlIjoxMjAwMDAwMDAwMDAwLCJkZWxldGUiOjEyMDAwMDAwMDAwMDAsInVwZGF0ZSI6MTIwMDAwMDAwMDAwMH19",
          "dependencies": [
            "oci_identity_compartment.compartment"
          ]
        },
        {
          "index_key": 33,
          "schema_version": 0,
          "attributes": {
            "capabilities": [
              {
                "can_use_api_keys": true,
                "can_use_auth_tokens": true,
                "can_use_console_password": true,
                "can_use_customer_secret_keys": true,
                "can_use_db_credentials": true,
                "can_use_oauth2client_credentials": true,
                "can_use_smtp_credentials": true
              }
            ],
            "compartment_id": "ocid1.tenancy.oc1..aaaaaaaasu22hcodp52crxfb64fbck2psvjj2bdbgnebhsarbgpt6pabz6ja",
            "db_user_name": null,
            "defined_tags": {
              "Oracle-Tags.CreatedBy": "default/mjazzazi@invoiceq.com",
              "Oracle-Tags.CreatedOn": "2022-08-04T17:15:00.557Z"
            },
            "description": "compartmenttest33",
            "email": "cocihe2657@galotv.com",
            "email_verified": false,
            "external_identifier": "cfbc91c767fa45e38f2c87581f1379c9",
            "freeform_tags": {},
            "id": "ocid1.user.oc1..aaaaaaaaihqcqo3cmjjk5yj3hew422kg2zguovkwa32o2u7ir6qxznatpk2q",
            "identity_provider_id": null,
            "inactive_state": null,
            "last_successful_login_time": null,
            "name": "test33",
            "previous_successful_login_time": null,
            "state": "ACTIVE",
            "time_created": "2022-08-04 17:15:00.588 +0000 UTC",
            "timeouts": null
          },
          "sensitive_attributes": [],
          "private": "eyJlMmJmYjczMC1lY2FhLTExZTYtOGY4OC0zNDM2M2JjN2M0YzAiOnsiY3JlYXRlIjoxMjAwMDAwMDAwMDAwLCJkZWxldGUiOjEyMDAwMDAwMDAwMDAsInVwZGF0ZSI6MTIwMDAwMDAwMDAwMH19",
          "dependencies": [
            "oci_identity_compartment.compartment"
          ]
        },
        {
          "index_key": 34,
          "schema_version": 0,
          "attributes": {
            "capabilities": [
              {
                "can_use_api_keys": true,
                "can_use_auth_tokens": true,
                "can_use_console_password": true,
                "can_use_customer_secret_keys": true,
                "can_use_db_credentials": true,
                "can_use_oauth2client_credentials": true,
                "can_use_smtp_credentials": true
              }
            ],
            "compartment_id": "ocid1.tenancy.oc1..aaaaaaaasu22hcodp52crxfb64fbck2psvjj2bdbgnebhsarbgpt6pabz6ja",
            "db_user_name": null,
            "defined_tags": {
              "Oracle-Tags.CreatedBy": "default/mjazzazi@invoiceq.com",
              "Oracle-Tags.CreatedOn": "2022-08-04T17:15:00.341Z"
            },
            "description": "compartmenttest34",
            "email": "cocihe2657@galotv.com",
            "email_verified": false,
            "external_identifier": "8e40317f3a4e4dd3b4ced6ba3789c99c",
            "freeform_tags": {},
            "id": "ocid1.user.oc1..aaaaaaaabi5gkigwpexdcbbt6r4yv6ajzx372uzmbkywvhtvlqzfz6iunz3q",
            "identity_provider_id": null,
            "inactive_state": null,
            "last_successful_login_time": null,
            "name": "test34",
            "previous_successful_login_time": null,
            "state": "ACTIVE",
            "time_created": "2022-08-04 17:15:00.357 +0000 UTC",
            "timeouts": null
          },
          "sensitive_attributes": [],
          "private": "eyJlMmJmYjczMC1lY2FhLTExZTYtOGY4OC0zNDM2M2JjN2M0YzAiOnsiY3JlYXRlIjoxMjAwMDAwMDAwMDAwLCJkZWxldGUiOjEyMDAwMDAwMDAwMDAsInVwZGF0ZSI6MTIwMDAwMDAwMDAwMH19",
          "dependencies": [
            "oci_identity_compartment.compartment"
          ]
        },
        {
          "index_key": 35,
          "schema_version": 0,
          "attributes": {
            "capabilities": [
              {
                "can_use_api_keys": true,
                "can_use_auth_tokens": true,
                "can_use_console_password": true,
                "can_use_customer_secret_keys": true,
                "can_use_db_credentials": true,
                "can_use_oauth2client_credentials": true,
                "can_use_smtp_credentials": true
              }
            ],
            "compartment_id": "ocid1.tenancy.oc1..aaaaaaaasu22hcodp52crxfb64fbck2psvjj2bdbgnebhsarbgpt6pabz6ja",
            "db_user_name": null,
            "defined_tags": {
              "Oracle-Tags.CreatedBy": "default/mjazzazi@invoiceq.com",
              "Oracle-Tags.CreatedOn": "2022-08-04T17:17:01.380Z"
            },
            "description": "compartmenttest35",
            "email": "cocihe2657@galotv.com",
            "email_verified": false,
            "external_identifier": "303c9343f8ec4fe2b2ea997603f2beaa",
            "freeform_tags": {},
            "id": "ocid1.user.oc1..aaaaaaaa7yua5coiwmqu3ejhsjhv4722fekwp5dcfocfvz4uwhmx5ifrubnq",
            "identity_provider_id": null,
            "inactive_state": null,
            "last_successful_login_time": null,
            "name": "test35",
            "previous_successful_login_time": null,
            "state": "ACTIVE",
            "time_created": "2022-08-04 17:17:01.41 +0000 UTC",
            "timeouts": null
          },
          "sensitive_attributes": [],
          "private": "eyJlMmJmYjczMC1lY2FhLTExZTYtOGY4OC0zNDM2M2JjN2M0YzAiOnsiY3JlYXRlIjoxMjAwMDAwMDAwMDAwLCJkZWxldGUiOjEyMDAwMDAwMDAwMDAsInVwZGF0ZSI6MTIwMDAwMDAwMDAwMH19",
          "dependencies": [
            "oci_identity_compartment.compartment"
          ]
        },
        {
          "index_key": 36,
          "schema_version": 0,
          "attributes": {
            "capabilities": [
              {
                "can_use_api_keys": true,
                "can_use_auth_tokens": true,
                "can_use_console_password": true,
                "can_use_customer_secret_keys": true,
                "can_use_db_credentials": true,
                "can_use_oauth2client_credentials": true,
                "can_use_smtp_credentials": true
              }
            ],
            "compartment_id": "ocid1.tenancy.oc1..aaaaaaaasu22hcodp52crxfb64fbck2psvjj2bdbgnebhsarbgpt6pabz6ja",
            "db_user_name": null,
            "defined_tags": {
              "Oracle-Tags.CreatedBy": "default/mjazzazi@invoiceq.com",
              "Oracle-Tags.CreatedOn": "2022-08-04T17:17:00.067Z"
            },
            "description": "compartmenttest36",
            "email": "cocihe2657@galotv.com",
            "email_verified": false,
            "external_identifier": "f8d75268f9cc48f59af1e38327685137",
            "freeform_tags": {},
            "id": "ocid1.user.oc1..aaaaaaaak3kbciovusouzhul3jmv2p67gelpeezxxpbkfai3nn7zjxefzz4a",
            "identity_provider_id": null,
            "inactive_state": null,
            "last_successful_login_time": null,
            "name": "test36",
            "previous_successful_login_time": null,
            "state": "ACTIVE",
            "time_created": "2022-08-04 17:17:00.083 +0000 UTC",
            "timeouts": null
          },
          "sensitive_attributes": [],
          "private": "eyJlMmJmYjczMC1lY2FhLTExZTYtOGY4OC0zNDM2M2JjN2M0YzAiOnsiY3JlYXRlIjoxMjAwMDAwMDAwMDAwLCJkZWxldGUiOjEyMDAwMDAwMDAwMDAsInVwZGF0ZSI6MTIwMDAwMDAwMDAwMH19",
          "dependencies": [
            "oci_identity_compartment.compartment"
          ]
        },
        {
          "index_key": 37,
          "schema_version": 0,
          "attributes": {
            "capabilities": [
              {
                "can_use_api_keys": true,
                "can_use_auth_tokens": true,
                "can_use_console_password": true,
                "can_use_customer_secret_keys": true,
                "can_use_db_credentials": true,
                "can_use_oauth2client_credentials": true,
                "can_use_smtp_credentials": true
              }
            ],
            "compartment_id": "ocid1.tenancy.oc1..aaaaaaaasu22hcodp52crxfb64fbck2psvjj2bdbgnebhsarbgpt6pabz6ja",
            "db_user_name": null,
            "defined_tags": {
              "Oracle-Tags.CreatedBy": "default/mjazzazi@invoiceq.com",
              "Oracle-Tags.CreatedOn": "2022-08-04T17:17:00.481Z"
            },
            "description": "compartmenttest37",
            "email": "cocihe2657@galotv.com",
            "email_verified": false,
            "external_identifier": "f7bae29b73684110ac5ce85cf1818c62",
            "freeform_tags": {},
            "id": "ocid1.user.oc1..aaaaaaaa6cxuvaipqaffpy63c6igqdtqqeeos223geulcyhb2dshtz7curbq",
            "identity_provider_id": null,
            "inactive_state": null,
            "last_successful_login_time": null,
            "name": "test37",
            "previous_successful_login_time": null,
            "state": "ACTIVE",
            "time_created": "2022-08-04 17:17:00.496 +0000 UTC",
            "timeouts": null
          },
          "sensitive_attributes": [],
          "private": "eyJlMmJmYjczMC1lY2FhLTExZTYtOGY4OC0zNDM2M2JjN2M0YzAiOnsiY3JlYXRlIjoxMjAwMDAwMDAwMDAwLCJkZWxldGUiOjEyMDAwMDAwMDAwMDAsInVwZGF0ZSI6MTIwMDAwMDAwMDAwMH19",
          "dependencies": [
            "oci_identity_compartment.compartment"
          ]
        },
        {
          "index_key": 38,
          "schema_version": 0,
          "attributes": {
            "capabilities": [
              {
                "can_use_api_keys": true,
                "can_use_auth_tokens": true,
                "can_use_console_password": true,
                "can_use_customer_secret_keys": true,
                "can_use_db_credentials": true,
                "can_use_oauth2client_credentials": true,
                "can_use_smtp_credentials": true
              }
            ],
            "compartment_id": "ocid1.tenancy.oc1..aaaaaaaasu22hcodp52crxfb64fbck2psvjj2bdbgnebhsarbgpt6pabz6ja",
            "db_user_name": null,
            "defined_tags": {
              "Oracle-Tags.CreatedBy": "default/mjazzazi@invoiceq.com",
              "Oracle-Tags.CreatedOn": "2022-08-04T17:17:00.366Z"
            },
            "description": "compartmenttest38",
            "email": "cocihe2657@galotv.com",
            "email_verified": false,
            "external_identifier": "2d09632479c24e068e302fce5e5fbefc",
            "freeform_tags": {},
            "id": "ocid1.user.oc1..aaaaaaaal6vgwxhpl4ygqehczcfmy5xpt73jvuszk632cu57wncnvlvyr5aa",
            "identity_provider_id": null,
            "inactive_state": null,
            "last_successful_login_time": null,
            "name": "test38",
            "previous_successful_login_time": null,
            "state": "ACTIVE",
            "time_created": "2022-08-04 17:17:00.402 +0000 UTC",
            "timeouts": null
          },
          "sensitive_attributes": [],
          "private": "eyJlMmJmYjczMC1lY2FhLTExZTYtOGY4OC0zNDM2M2JjN2M0YzAiOnsiY3JlYXRlIjoxMjAwMDAwMDAwMDAwLCJkZWxldGUiOjEyMDAwMDAwMDAwMDAsInVwZGF0ZSI6MTIwMDAwMDAwMDAwMH19",
          "dependencies": [
            "oci_identity_compartment.compartment"
          ]
        },
        {
          "index_key": 39,
          "schema_version": 0,
          "attributes": {
            "capabilities": [
              {
                "can_use_api_keys": true,
                "can_use_auth_tokens": true,
                "can_use_console_password": true,
                "can_use_customer_secret_keys": true,
                "can_use_db_credentials": true,
                "can_use_oauth2client_credentials": true,
                "can_use_smtp_credentials": true
              }
            ],
            "compartment_id": "ocid1.tenancy.oc1..aaaaaaaasu22hcodp52crxfb64fbck2psvjj2bdbgnebhsarbgpt6pabz6ja",
            "db_user_name": null,
            "defined_tags": {
              "Oracle-Tags.CreatedBy": "default/mjazzazi@invoiceq.com",
              "Oracle-Tags.CreatedOn": "2022-08-04T17:17:02.194Z"
            },
            "description": "compartmenttest39",
            "email": "cocihe2657@galotv.com",
            "email_verified": false,
            "external_identifier": "8fbe938c20604ecdada73f08291338f8",
            "freeform_tags": {},
            "id": "ocid1.user.oc1..aaaaaaaafneiazyonekiiwm5ahwraxjdio22v2uaz65mn6zym57m3seoyizq",
            "identity_provider_id": null,
            "inactive_state": null,
            "last_successful_login_time": null,
            "name": "test39",
            "previous_successful_login_time": null,
            "state": "ACTIVE",
            "time_created": "2022-08-04 17:17:02.208 +0000 UTC",
            "timeouts": null
          },
          "sensitive_attributes": [],
          "private": "eyJlMmJmYjczMC1lY2FhLTExZTYtOGY4OC0zNDM2M2JjN2M0YzAiOnsiY3JlYXRlIjoxMjAwMDAwMDAwMDAwLCJkZWxldGUiOjEyMDAwMDAwMDAwMDAsInVwZGF0ZSI6MTIwMDAwMDAwMDAwMH19",
          "dependencies": [
            "oci_identity_compartment.compartment"
          ]
        },
        {
          "index_key": 40,
          "schema_version": 0,
          "attributes": {
            "capabilities": [
              {
                "can_use_api_keys": true,
                "can_use_auth_tokens": true,
                "can_use_console_password": true,
                "can_use_customer_secret_keys": true,
                "can_use_db_credentials": true,
                "can_use_oauth2client_credentials": true,
                "can_use_smtp_credentials": true
              }
            ],
            "compartment_id": "ocid1.tenancy.oc1..aaaaaaaasu22hcodp52crxfb64fbck2psvjj2bdbgnebhsarbgpt6pabz6ja",
            "db_user_name": null,
            "defined_tags": {
              "Oracle-Tags.CreatedBy": "default/mjazzazi@invoiceq.com",
              "Oracle-Tags.CreatedOn": "2022-08-04T17:17:00.953Z"
            },
            "description": "compartmenttest40",
            "email": "cocihe2657@galotv.com",
            "email_verified": false,
            "external_identifier": "475bc3f9d8ac4d289af0d55a951d2d53",
            "freeform_tags": {},
            "id": "ocid1.user.oc1..aaaaaaaaeh4gzsaetx4niyyvvy4z57ljrbxsqniabsws72woxsrmwimwc3na",
            "identity_provider_id": null,
            "inactive_state": null,
            "last_successful_login_time": null,
            "name": "test40",
            "previous_successful_login_time": null,
            "state": "ACTIVE",
            "time_created": "2022-08-04 17:17:00.968 +0000 UTC",
            "timeouts": null
          },
          "sensitive_attributes": [],
          "private": "eyJlMmJmYjczMC1lY2FhLTExZTYtOGY4OC0zNDM2M2JjN2M0YzAiOnsiY3JlYXRlIjoxMjAwMDAwMDAwMDAwLCJkZWxldGUiOjEyMDAwMDAwMDAwMDAsInVwZGF0ZSI6MTIwMDAwMDAwMDAwMH19",
          "dependencies": [
            "oci_identity_compartment.compartment"
          ]
        },
        {
          "index_key": 41,
          "schema_version": 0,
          "attributes": {
            "capabilities": [
              {
                "can_use_api_keys": true,
                "can_use_auth_tokens": true,
                "can_use_console_password": true,
                "can_use_customer_secret_keys": true,
                "can_use_db_credentials": true,
                "can_use_oauth2client_credentials": true,
                "can_use_smtp_credentials": true
              }
            ],
            "compartment_id": "ocid1.tenancy.oc1..aaaaaaaasu22hcodp52crxfb64fbck2psvjj2bdbgnebhsarbgpt6pabz6ja",
            "db_user_name": null,
            "defined_tags": {
              "Oracle-Tags.CreatedBy": "default/mjazzazi@invoiceq.com",
              "Oracle-Tags.CreatedOn": "2022-08-04T17:17:02.020Z"
            },
            "description": "compartmenttest41",
            "email": "cocihe2657@galotv.com",
            "email_verified": false,
            "external_identifier": "659def2062bb4c3caccf1d83c8aa4481",
            "freeform_tags": {},
            "id": "ocid1.user.oc1..aaaaaaaakhbei2qefiihoobkgtvi5jouoovuqxkzdfepch5ptwoqycvf2mca",
            "identity_provider_id": null,
            "inactive_state": null,
            "last_successful_login_time": null,
            "name": "test41",
            "previous_successful_login_time": null,
            "state": "ACTIVE",
            "time_created": "2022-08-04 17:17:02.036 +0000 UTC",
            "timeouts": null
          },
          "sensitive_attributes": [],
          "private": "eyJlMmJmYjczMC1lY2FhLTExZTYtOGY4OC0zNDM2M2JjN2M0YzAiOnsiY3JlYXRlIjoxMjAwMDAwMDAwMDAwLCJkZWxldGUiOjEyMDAwMDAwMDAwMDAsInVwZGF0ZSI6MTIwMDAwMDAwMDAwMH19",
          "dependencies": [
            "oci_identity_compartment.compartment"
          ]
        },
        {
          "index_key": 42,
          "schema_version": 0,
          "attributes": {
            "capabilities": [
              {
                "can_use_api_keys": true,
                "can_use_auth_tokens": true,
                "can_use_console_password": true,
                "can_use_customer_secret_keys": true,
                "can_use_db_credentials": true,
                "can_use_oauth2client_credentials": true,
                "can_use_smtp_credentials": true
              }
            ],
            "compartment_id": "ocid1.tenancy.oc1..aaaaaaaasu22hcodp52crxfb64fbck2psvjj2bdbgnebhsarbgpt6pabz6ja",
            "db_user_name": null,
            "defined_tags": {
              "Oracle-Tags.CreatedBy": "default/mjazzazi@invoiceq.com",
              "Oracle-Tags.CreatedOn": "2022-08-04T17:17:00.368Z"
            },
            "description": "compartmenttest42",
            "email": "cocihe2657@galotv.com",
            "email_verified": false,
            "external_identifier": "9f36a5cb83f7481bb502ce228bef7982",
            "freeform_tags": {},
            "id": "ocid1.user.oc1..aaaaaaaa6mdfxauuqu74ivqcmenkai5wypq2r4l2fgqcu4tltx7elqfqbgua",
            "identity_provider_id": null,
            "inactive_state": null,
            "last_successful_login_time": null,
            "name": "test42",
            "previous_successful_login_time": null,
            "state": "ACTIVE",
            "time_created": "2022-08-04 17:17:00.388 +0000 UTC",
            "timeouts": null
          },
          "sensitive_attributes": [],
          "private": "eyJlMmJmYjczMC1lY2FhLTExZTYtOGY4OC0zNDM2M2JjN2M0YzAiOnsiY3JlYXRlIjoxMjAwMDAwMDAwMDAwLCJkZWxldGUiOjEyMDAwMDAwMDAwMDAsInVwZGF0ZSI6MTIwMDAwMDAwMDAwMH19",
          "dependencies": [
            "oci_identity_compartment.compartment"
          ]
        },
        {
          "index_key": 43,
          "schema_version": 0,
          "attributes": {
            "capabilities": [
              {
                "can_use_api_keys": true,
                "can_use_auth_tokens": true,
                "can_use_console_password": true,
                "can_use_customer_secret_keys": true,
                "can_use_db_credentials": true,
                "can_use_oauth2client_credentials": true,
                "can_use_smtp_credentials": true
              }
            ],
            "compartment_id": "ocid1.tenancy.oc1..aaaaaaaasu22hcodp52crxfb64fbck2psvjj2bdbgnebhsarbgpt6pabz6ja",
            "db_user_name": null,
            "defined_tags": {
              "Oracle-Tags.CreatedBy": "default/mjazzazi@invoiceq.com",
              "Oracle-Tags.CreatedOn": "2022-08-04T17:17:01.611Z"
            },
            "description": "compartmenttest43",
            "email": "cocihe2657@galotv.com",
            "email_verified": false,
            "external_identifier": "98f8ea0875584ab0a2de798da8115522",
            "freeform_tags": {},
            "id": "ocid1.user.oc1..aaaaaaaa44hcuy4ufjdv4q5u4ddwu4zgnouujqwvzxotzgvnwjs7ji3z3y3a",
            "identity_provider_id": null,
            "inactive_state": null,
            "last_successful_login_time": null,
            "name": "test43",
            "previous_successful_login_time": null,
            "state": "ACTIVE",
            "time_created": "2022-08-04 17:17:01.626 +0000 UTC",
            "timeouts": null
          },
          "sensitive_attributes": [],
          "private": "eyJlMmJmYjczMC1lY2FhLTExZTYtOGY4OC0zNDM2M2JjN2M0YzAiOnsiY3JlYXRlIjoxMjAwMDAwMDAwMDAwLCJkZWxldGUiOjEyMDAwMDAwMDAwMDAsInVwZGF0ZSI6MTIwMDAwMDAwMDAwMH19",
          "dependencies": [
            "oci_identity_compartment.compartment"
          ]
        },
        {
          "index_key": 44,
          "schema_version": 0,
          "attributes": {
            "capabilities": [
              {
                "can_use_api_keys": true,
                "can_use_auth_tokens": true,
                "can_use_console_password": true,
                "can_use_customer_secret_keys": true,
                "can_use_db_credentials": true,
                "can_use_oauth2client_credentials": true,
                "can_use_smtp_credentials": true
              }
            ],
            "compartment_id": "ocid1.tenancy.oc1..aaaaaaaasu22hcodp52crxfb64fbck2psvjj2bdbgnebhsarbgpt6pabz6ja",
            "db_user_name": null,
            "defined_tags": {
              "Oracle-Tags.CreatedBy": "default/mjazzazi@invoiceq.com",
              "Oracle-Tags.CreatedOn": "2022-08-04T17:17:02.365Z"
            },
            "description": "compartmenttest44",
            "email": "cocihe2657@galotv.com",
            "email_verified": false,
            "external_identifier": "964adebfd1b14fae9227171af306ffce",
            "freeform_tags": {},
            "id": "ocid1.user.oc1..aaaaaaaar4gbbjteajrwbuqi2xjrf6umkis7j44u2z4wf7x4fhj3futcby6q",
            "identity_provider_id": null,
            "inactive_state": null,
            "last_successful_login_time": null,
            "name": "test44",
            "previous_successful_login_time": null,
            "state": "ACTIVE",
            "time_created": "2022-08-04 17:17:02.38 +0000 UTC",
            "timeouts": null
          },
          "sensitive_attributes": [],
          "private": "eyJlMmJmYjczMC1lY2FhLTExZTYtOGY4OC0zNDM2M2JjN2M0YzAiOnsiY3JlYXRlIjoxMjAwMDAwMDAwMDAwLCJkZWxldGUiOjEyMDAwMDAwMDAwMDAsInVwZGF0ZSI6MTIwMDAwMDAwMDAwMH19",
          "dependencies": [
            "oci_identity_compartment.compartment"
          ]
        }
      ]
    },
    {
      "mode": "managed",
      "type": "oci_identity_user_group_membership",
      "name": "test_user_group_membership",
      "provider": "provider[\"registry.terraform.io/hashicorp/oci\"]",
      "instances": [
        {
          "index_key": 0,
          "schema_version": 0,
          "attributes": {
            "compartment_id": "ocid1.tenancy.oc1..aaaaaaaasu22hcodp52crxfb64fbck2psvjj2bdbgnebhsarbgpt6pabz6ja",
            "group_id": "ocid1.group.oc1..aaaaaaaanqn72owfhnnm3htiyxqkw3tiyiqwz2tvjmkq4vvhwm2pvwtcbtja",
            "id": "ocid1.groupmembership.oc1..aaaaaaaa3o4kx2jqntx6a2vkh3outtp2doifeqsw3cutxgihwepkuqwdbj2a",
            "inactive_state": null,
            "state": "ACTIVE",
            "time_created": "2022-08-04 17:03:35.085 +0000 UTC",
            "timeouts": null,
            "user_id": "ocid1.user.oc1..aaaaaaaapr3jmvxhyl66dmwr27377jppjd6wj5wzx5s6sdewsoffb7cdpaha"
          },
          "sensitive_attributes": [],
          "private": "eyJlMmJmYjczMC1lY2FhLTExZTYtOGY4OC0zNDM2M2JjN2M0YzAiOnsiY3JlYXRlIjoxMjAwMDAwMDAwMDAwLCJkZWxldGUiOjEyMDAwMDAwMDAwMDAsInVwZGF0ZSI6MTIwMDAwMDAwMDAwMH19",
          "dependencies": [
            "oci_identity_compartment.compartment",
            "oci_identity_group.group",
            "oci_identity_user.user"
          ]
        },
        {
          "index_key": 1,
          "schema_version": 0,
          "attributes": {
            "compartment_id": "ocid1.tenancy.oc1..aaaaaaaasu22hcodp52crxfb64fbck2psvjj2bdbgnebhsarbgpt6pabz6ja",
            "group_id": "ocid1.group.oc1..aaaaaaaapjov64prznonpfcqdrcwshv4aywut6gdw3phee55gtmaiakwql5a",
            "id": "ocid1.groupmembership.oc1..aaaaaaaazq4rnvoqpvmoz5yis6wsguidlhduuvivtv5ktw4ay7453mfntifa",
            "inactive_state": null,
            "state": "ACTIVE",
            "time_created": "2022-08-04 17:03:34.467 +0000 UTC",
            "timeouts": null,
            "user_id": "ocid1.user.oc1..aaaaaaaaeiejybzvdc7ur4kap64hzidew2d2ehzjh7knvptgzrwvq3bs5a7a"
          },
          "sensitive_attributes": [],
          "private": "eyJlMmJmYjczMC1lY2FhLTExZTYtOGY4OC0zNDM2M2JjN2M0YzAiOnsiY3JlYXRlIjoxMjAwMDAwMDAwMDAwLCJkZWxldGUiOjEyMDAwMDAwMDAwMDAsInVwZGF0ZSI6MTIwMDAwMDAwMDAwMH19",
          "dependencies": [
            "oci_identity_compartment.compartment",
            "oci_identity_group.group",
            "oci_identity_user.user"
          ]
        },
        {
          "index_key": 2,
          "schema_version": 0,
          "attributes": {
            "compartment_id": "ocid1.tenancy.oc1..aaaaaaaasu22hcodp52crxfb64fbck2psvjj2bdbgnebhsarbgpt6pabz6ja",
            "group_id": "ocid1.group.oc1..aaaaaaaavs37lyklktkxcnzoloau7hhe6h63cot4casmx7qcocztz457jciq",
            "id": "ocid1.groupmembership.oc1..aaaaaaaa2hqqxgz6an74gze6vo6qkpmlbnzt3gcydnthwvaxt2c4thjj6e2a",
            "inactive_state": null,
            "state": "ACTIVE",
            "time_created": "2022-08-04 17:03:35.064 +0000 UTC",
            "timeouts": null,
            "user_id": "ocid1.user.oc1..aaaaaaaagbzykm5tgh6g3ysdiix7rb4snreqcamshxnf65ds5hvay2xffo3a"
          },
          "sensitive_attributes": [],
          "private": "eyJlMmJmYjczMC1lY2FhLTExZTYtOGY4OC0zNDM2M2JjN2M0YzAiOnsiY3JlYXRlIjoxMjAwMDAwMDAwMDAwLCJkZWxldGUiOjEyMDAwMDAwMDAwMDAsInVwZGF0ZSI6MTIwMDAwMDAwMDAwMH19",
          "dependencies": [
            "oci_identity_compartment.compartment",
            "oci_identity_group.group",
            "oci_identity_user.user"
          ]
        },
        {
          "index_key": 3,
          "schema_version": 0,
          "attributes": {
            "compartment_id": "ocid1.tenancy.oc1..aaaaaaaasu22hcodp52crxfb64fbck2psvjj2bdbgnebhsarbgpt6pabz6ja",
            "group_id": "ocid1.group.oc1..aaaaaaaaabaeephywmqjr477rmzkbxkutfqfblcs64f3kh762jzmxt7zfaaa",
            "id": "ocid1.groupmembership.oc1..aaaaaaaalfbuzthh2okkb44mucj2stlh3ejzrr6bqu5xmadcz46zxzornr4a",
            "inactive_state": null,
            "state": "ACTIVE",
            "time_created": "2022-08-04 17:03:35.147 +0000 UTC",
            "timeouts": null,
            "user_id": "ocid1.user.oc1..aaaaaaaavblppxaugwdfgfo7y3dl6kxbwxlofg5op6brh2smo35xlosolz7a"
          },
          "sensitive_attributes": [],
          "private": "eyJlMmJmYjczMC1lY2FhLTExZTYtOGY4OC0zNDM2M2JjN2M0YzAiOnsiY3JlYXRlIjoxMjAwMDAwMDAwMDAwLCJkZWxldGUiOjEyMDAwMDAwMDAwMDAsInVwZGF0ZSI6MTIwMDAwMDAwMDAwMH19",
          "dependencies": [
            "oci_identity_compartment.compartment",
            "oci_identity_group.group",
            "oci_identity_user.user"
          ]
        },
        {
          "index_key": 4,
          "schema_version": 0,
          "attributes": {
            "compartment_id": "ocid1.tenancy.oc1..aaaaaaaasu22hcodp52crxfb64fbck2psvjj2bdbgnebhsarbgpt6pabz6ja",
            "group_id": "ocid1.group.oc1..aaaaaaaaybvh2pqwmkigmwgkfoouum3vhl3epppzkcxwl7llmty7tdtjobga",
            "id": "ocid1.groupmembership.oc1..aaaaaaaaxm6vn7tm7jhcyciu5jbzxjygvcumuvsu654reesinqa4drzfnexq",
            "inactive_state": null,
            "state": "ACTIVE",
            "time_created": "2022-08-04 17:03:35.393 +0000 UTC",
            "timeouts": null,
            "user_id": "ocid1.user.oc1..aaaaaaaarfl4rrtbjbtyftmmqsbmuhnyo25qptpwgcy5inpbaqzumcata7wq"
          },
          "sensitive_attributes": [],
          "private": "eyJlMmJmYjczMC1lY2FhLTExZTYtOGY4OC0zNDM2M2JjN2M0YzAiOnsiY3JlYXRlIjoxMjAwMDAwMDAwMDAwLCJkZWxldGUiOjEyMDAwMDAwMDAwMDAsInVwZGF0ZSI6MTIwMDAwMDAwMDAwMH19",
          "dependencies": [
            "oci_identity_compartment.compartment",
            "oci_identity_group.group",
            "oci_identity_user.user"
          ]
        },
        {
          "index_key": 5,
          "schema_version": 0,
          "attributes": {
            "compartment_id": "ocid1.tenancy.oc1..aaaaaaaasu22hcodp52crxfb64fbck2psvjj2bdbgnebhsarbgpt6pabz6ja",
            "group_id": "ocid1.group.oc1..aaaaaaaahpmyvvfev77ddtad7oza2lc3wcyqolp7ezizvoltggw7637ys4fq",
            "id": "ocid1.groupmembership.oc1..aaaaaaaatofltntzpolfl6cmfwaonwgywzbdofgx47wu3zvx4mhnekx5bddq",
            "inactive_state": null,
            "state": "ACTIVE",
            "time_created": "2022-08-04 17:04:45.441 +0000 UTC",
            "timeouts": null,
            "user_id": "ocid1.user.oc1..aaaaaaaaugoqxliqdt4xuocrzpbynjql3ab4zuyo2a5uqggddie4jzaxcjoa"
          },
          "sensitive_attributes": [],
          "private": "eyJlMmJmYjczMC1lY2FhLTExZTYtOGY4OC0zNDM2M2JjN2M0YzAiOnsiY3JlYXRlIjoxMjAwMDAwMDAwMDAwLCJkZWxldGUiOjEyMDAwMDAwMDAwMDAsInVwZGF0ZSI6MTIwMDAwMDAwMDAwMH19",
          "dependencies": [
            "oci_identity_compartment.compartment",
            "oci_identity_group.group",
            "oci_identity_user.user"
          ]
        },
        {
          "index_key": 6,
          "schema_version": 0,
          "attributes": {
            "compartment_id": "ocid1.tenancy.oc1..aaaaaaaasu22hcodp52crxfb64fbck2psvjj2bdbgnebhsarbgpt6pabz6ja",
            "group_id": "ocid1.group.oc1..aaaaaaaayy5frmhnmbkbhg2wjenbrmsfj6o6fpwrrem2k7ld7wc4klyidypq",
            "id": "ocid1.groupmembership.oc1..aaaaaaaajfthwdx3kchtyqfc73jiea7ydueeioxpao3whq63nmjw2qj47drq",
            "inactive_state": null,
            "state": "ACTIVE",
            "time_created": "2022-08-04 17:04:45.347 +0000 UTC",
            "timeouts": null,
            "user_id": "ocid1.user.oc1..aaaaaaaamqrkupo4yjfbntkvtkl36ppp3v2nh2hw6oq2bycffymrdgnh35la"
          },
          "sensitive_attributes": [],
          "private": "eyJlMmJmYjczMC1lY2FhLTExZTYtOGY4OC0zNDM2M2JjN2M0YzAiOnsiY3JlYXRlIjoxMjAwMDAwMDAwMDAwLCJkZWxldGUiOjEyMDAwMDAwMDAwMDAsInVwZGF0ZSI6MTIwMDAwMDAwMDAwMH19",
          "dependencies": [
            "oci_identity_compartment.compartment",
            "oci_identity_group.group",
            "oci_identity_user.user"
          ]
        },
        {
          "index_key": 7,
          "schema_version": 0,
          "attributes": {
            "compartment_id": "ocid1.tenancy.oc1..aaaaaaaasu22hcodp52crxfb64fbck2psvjj2bdbgnebhsarbgpt6pabz6ja",
            "group_id": "ocid1.group.oc1..aaaaaaaamhrw35m3uytriopt2sysys2ieo2lk5zm64zmm446oc5ghw467p6a",
            "id": "ocid1.groupmembership.oc1..aaaaaaaatvm736avjjgnz6okjlu2iiqz5b6rfhym2wagzl5dagvumrdymp4q",
            "inactive_state": null,
            "state": "ACTIVE",
            "time_created": "2022-08-04 17:04:44.782 +0000 UTC",
            "timeouts": null,
            "user_id": "ocid1.user.oc1..aaaaaaaatnxu2r77c6rvsqoirvdijrdzc54p7maxjekfl7b27ks3ehq3awqa"
          },
          "sensitive_attributes": [],
          "private": "eyJlMmJmYjczMC1lY2FhLTExZTYtOGY4OC0zNDM2M2JjN2M0YzAiOnsiY3JlYXRlIjoxMjAwMDAwMDAwMDAwLCJkZWxldGUiOjEyMDAwMDAwMDAwMDAsInVwZGF0ZSI6MTIwMDAwMDAwMDAwMH19",
          "dependencies": [
            "oci_identity_compartment.compartment",
            "oci_identity_group.group",
            "oci_identity_user.user"
          ]
        },
        {
          "index_key": 8,
          "schema_version": 0,
          "attributes": {
            "compartment_id": "ocid1.tenancy.oc1..aaaaaaaasu22hcodp52crxfb64fbck2psvjj2bdbgnebhsarbgpt6pabz6ja",
            "group_id": "ocid1.group.oc1..aaaaaaaapheru2grrhnk647spt4pzcpzi5tajxtalj5eqffh3523xzb3vmna",
            "id": "ocid1.groupmembership.oc1..aaaaaaaa25pixvj5ihjbpy24pozhqphjnfz2bd5grtjepq6kebsq2vljtfta",
            "inactive_state": null,
            "state": "ACTIVE",
            "time_created": "2022-08-04 17:04:45.369 +0000 UTC",
            "timeouts": null,
            "user_id": "ocid1.user.oc1..aaaaaaaabceb74gount3kgbe3lw42ca66uyjkhbjcca2kbuwuf53bj5ih2nq"
          },
          "sensitive_attributes": [],
          "private": "eyJlMmJmYjczMC1lY2FhLTExZTYtOGY4OC0zNDM2M2JjN2M0YzAiOnsiY3JlYXRlIjoxMjAwMDAwMDAwMDAwLCJkZWxldGUiOjEyMDAwMDAwMDAwMDAsInVwZGF0ZSI6MTIwMDAwMDAwMDAwMH19",
          "dependencies": [
            "oci_identity_compartment.compartment",
            "oci_identity_group.group",
            "oci_identity_user.user"
          ]
        },
        {
          "index_key": 9,
          "schema_version": 0,
          "attributes": {
            "compartment_id": "ocid1.tenancy.oc1..aaaaaaaasu22hcodp52crxfb64fbck2psvjj2bdbgnebhsarbgpt6pabz6ja",
            "group_id": "ocid1.group.oc1..aaaaaaaab5xhxnhvqvzatcwyaquyzeymhijgnwsnm74yk5n6ln7wd33bdu7a",
            "id": "ocid1.groupmembership.oc1..aaaaaaaafc2nbf44dizwjbfec6acuwejy4dmi7hwwffclmtlwzcslnfnq36q",
            "inactive_state": null,
            "state": "ACTIVE",
            "time_created": "2022-08-04 17:04:44.736 +0000 UTC",
            "timeouts": null,
            "user_id": "ocid1.user.oc1..aaaaaaaapmzmdctelkhjic6skiuvif5erdl5tyhsu2ogpxwcwxuzvmqzdqba"
          },
          "sensitive_attributes": [],
          "private": "eyJlMmJmYjczMC1lY2FhLTExZTYtOGY4OC0zNDM2M2JjN2M0YzAiOnsiY3JlYXRlIjoxMjAwMDAwMDAwMDAwLCJkZWxldGUiOjEyMDAwMDAwMDAwMDAsInVwZGF0ZSI6MTIwMDAwMDAwMDAwMH19",
          "dependencies": [
            "oci_identity_compartment.compartment",
            "oci_identity_group.group",
            "oci_identity_user.user"
          ]
        },
        {
          "index_key": 10,
          "schema_version": 0,
          "attributes": {
            "compartment_id": "ocid1.tenancy.oc1..aaaaaaaasu22hcodp52crxfb64fbck2psvjj2bdbgnebhsarbgpt6pabz6ja",
            "group_id": "ocid1.group.oc1..aaaaaaaahlpctyuaymmismrpbuhv4gi4ngnf7yq3gg3vz6gqunwslxdsmcya",
            "id": "ocid1.groupmembership.oc1..aaaaaaaavhdvwna3nggwdmot7ystrpxkuojr7ysbpvwks466nn7j6baslvcq",
            "inactive_state": null,
            "state": "ACTIVE",
            "time_created": "2022-08-04 17:06:59.17 +0000 UTC",
            "timeouts": null,
            "user_id": "ocid1.user.oc1..aaaaaaaamop344dxfacpzstkmjxgsddrcuayjxr4lyhzeeijmcmajhqy7xwq"
          },
          "sensitive_attributes": [],
          "private": "eyJlMmJmYjczMC1lY2FhLTExZTYtOGY4OC0zNDM2M2JjN2M0YzAiOnsiY3JlYXRlIjoxMjAwMDAwMDAwMDAwLCJkZWxldGUiOjEyMDAwMDAwMDAwMDAsInVwZGF0ZSI6MTIwMDAwMDAwMDAwMH19",
          "dependencies": [
            "oci_identity_compartment.compartment",
            "oci_identity_group.group",
            "oci_identity_user.user"
          ]
        },
        {
          "index_key": 11,
          "schema_version": 0,
          "attributes": {
            "compartment_id": "ocid1.tenancy.oc1..aaaaaaaasu22hcodp52crxfb64fbck2psvjj2bdbgnebhsarbgpt6pabz6ja",
            "group_id": "ocid1.group.oc1..aaaaaaaarl7jlq3bbximi4fdwthlzinczfdm64sapobohrwhcivr3ku6rnia",
            "id": "ocid1.groupmembership.oc1..aaaaaaaajkjq2ay3mmc43qgfdxmcaxsbugeod345usoolwawoyikjtqbwv6a",
            "inactive_state": null,
            "state": "ACTIVE",
            "time_created": "2022-08-04 17:06:58.274 +0000 UTC",
            "timeouts": null,
            "user_id": "ocid1.user.oc1..aaaaaaaaxyqg2j432p3ubh7jyeu5haezndwuii7garo3lkbdsqhpberjkeiq"
          },
          "sensitive_attributes": [],
          "private": "eyJlMmJmYjczMC1lY2FhLTExZTYtOGY4OC0zNDM2M2JjN2M0YzAiOnsiY3JlYXRlIjoxMjAwMDAwMDAwMDAwLCJkZWxldGUiOjEyMDAwMDAwMDAwMDAsInVwZGF0ZSI6MTIwMDAwMDAwMDAwMH19",
          "dependencies": [
            "oci_identity_compartment.compartment",
            "oci_identity_group.group",
            "oci_identity_user.user"
          ]
        },
        {
          "index_key": 12,
          "schema_version": 0,
          "attributes": {
            "compartment_id": "ocid1.tenancy.oc1..aaaaaaaasu22hcodp52crxfb64fbck2psvjj2bdbgnebhsarbgpt6pabz6ja",
            "group_id": "ocid1.group.oc1..aaaaaaaa2n2lmyevygiy63nmjpiknbrnqqflr5nm55gns235g523ltsod5cq",
            "id": "ocid1.groupmembership.oc1..aaaaaaaai2hsknj6u2pddzpqhe2zyxpwjz76kl4wmjpasrlgd2kxxixtwhla",
            "inactive_state": null,
            "state": "ACTIVE",
            "time_created": "2022-08-04 17:06:59.205 +0000 UTC",
            "timeouts": null,
            "user_id": "ocid1.user.oc1..aaaaaaaadwnjz2jvze5xt7x6fzk3txronhgtzyl42cdzlrga7fgd4hcmvmyq"
          },
          "sensitive_attributes": [],
          "private": "eyJlMmJmYjczMC1lY2FhLTExZTYtOGY4OC0zNDM2M2JjN2M0YzAiOnsiY3JlYXRlIjoxMjAwMDAwMDAwMDAwLCJkZWxldGUiOjEyMDAwMDAwMDAwMDAsInVwZGF0ZSI6MTIwMDAwMDAwMDAwMH19",
          "dependencies": [
            "oci_identity_compartment.compartment",
            "oci_identity_group.group",
            "oci_identity_user.user"
          ]
        },
        {
          "index_key": 13,
          "schema_version": 0,
          "attributes": {
            "compartment_id": "ocid1.tenancy.oc1..aaaaaaaasu22hcodp52crxfb64fbck2psvjj2bdbgnebhsarbgpt6pabz6ja",
            "group_id": "ocid1.group.oc1..aaaaaaaamfrfzg62ccozlpsyd53p36y5ukedpxihtj7tyd4pb2mdpfrwtaqa",
            "id": "ocid1.groupmembership.oc1..aaaaaaaam7pq4rnljdgn3rn2khm7nnvnv6kjmdcxhvumjnil5toxztl3felq",
            "inactive_state": null,
            "state": "ACTIVE",
            "time_created": "2022-08-04 17:06:59.619 +0000 UTC",
            "timeouts": null,
            "user_id": "ocid1.user.oc1..aaaaaaaaenkandtb7yhgitghomnkwsda6h5urm5uirwsdiszrdwvz76z2jrq"
          },
          "sensitive_attributes": [],
          "private": "eyJlMmJmYjczMC1lY2FhLTExZTYtOGY4OC0zNDM2M2JjN2M0YzAiOnsiY3JlYXRlIjoxMjAwMDAwMDAwMDAwLCJkZWxldGUiOjEyMDAwMDAwMDAwMDAsInVwZGF0ZSI6MTIwMDAwMDAwMDAwMH19",
          "dependencies": [
            "oci_identity_compartment.compartment",
            "oci_identity_group.group",
            "oci_identity_user.user"
          ]
        },
        {
          "index_key": 14,
          "schema_version": 0,
          "attributes": {
            "compartment_id": "ocid1.tenancy.oc1..aaaaaaaasu22hcodp52crxfb64fbck2psvjj2bdbgnebhsarbgpt6pabz6ja",
            "group_id": "ocid1.group.oc1..aaaaaaaa25umlfaxydewgxa7ocedvvfxetgoao47bekuacfhlowc4nezfqfa",
            "id": "ocid1.groupmembership.oc1..aaaaaaaaq7swmmvrtzck2jkj7gj2o2sydp423fwn3qey7ire43mu4idzle5a",
            "inactive_state": null,
            "state": "ACTIVE",
            "time_created": "2022-08-04 17:06:59.138 +0000 UTC",
            "timeouts": null,
            "user_id": "ocid1.user.oc1..aaaaaaaamnbc7ktvntpnjhiufwvofy4wjrycpyabxpk7v2rrbu6hyotgwt3q"
          },
          "sensitive_attributes": [],
          "private": "eyJlMmJmYjczMC1lY2FhLTExZTYtOGY4OC0zNDM2M2JjN2M0YzAiOnsiY3JlYXRlIjoxMjAwMDAwMDAwMDAwLCJkZWxldGUiOjEyMDAwMDAwMDAwMDAsInVwZGF0ZSI6MTIwMDAwMDAwMDAwMH19",
          "dependencies": [
            "oci_identity_compartment.compartment",
            "oci_identity_group.group",
            "oci_identity_user.user"
          ]
        },
        {
          "index_key": 15,
          "schema_version": 0,
          "attributes": {
            "compartment_id": "ocid1.tenancy.oc1..aaaaaaaasu22hcodp52crxfb64fbck2psvjj2bdbgnebhsarbgpt6pabz6ja",
            "group_id": "ocid1.group.oc1..aaaaaaaaf6z3boyfboyaxfnxqy2zrdjxom6zwks2ljzp5kgsiz7wtzlzlp3q",
            "id": "ocid1.groupmembership.oc1..aaaaaaaaja6qxhjtxpn2pxjpvdziy4mzpnaowzp3kckfct6dk5bfr24nx4uq",
            "inactive_state": null,
            "state": "ACTIVE",
            "time_created": "2022-08-04 17:06:58.899 +0000 UTC",
            "timeouts": null,
            "user_id": "ocid1.user.oc1..aaaaaaaadnykzfyjsig2nryv5rptpx7bcpa7khvx4ari7g7in3idrsijnzpa"
          },
          "sensitive_attributes": [],
          "private": "eyJlMmJmYjczMC1lY2FhLTExZTYtOGY4OC0zNDM2M2JjN2M0YzAiOnsiY3JlYXRlIjoxMjAwMDAwMDAwMDAwLCJkZWxldGUiOjEyMDAwMDAwMDAwMDAsInVwZGF0ZSI6MTIwMDAwMDAwMDAwMH19",
          "dependencies": [
            "oci_identity_compartment.compartment",
            "oci_identity_group.group",
            "oci_identity_user.user"
          ]
        },
        {
          "index_key": 16,
          "schema_version": 0,
          "attributes": {
            "compartment_id": "ocid1.tenancy.oc1..aaaaaaaasu22hcodp52crxfb64fbck2psvjj2bdbgnebhsarbgpt6pabz6ja",
            "group_id": "ocid1.group.oc1..aaaaaaaa7hujqjswszujcj3qj6yaxy43tmzq44w7tc5uopwo6inhkqpdtcoa",
            "id": "ocid1.groupmembership.oc1..aaaaaaaaijfhtwf2wvsabprvdjunuxuaj7lgsh5dzq42glwcreafixktcuda",
            "inactive_state": null,
            "state": "ACTIVE",
            "time_created": "2022-08-04 17:06:59.191 +0000 UTC",
            "timeouts": null,
            "user_id": "ocid1.user.oc1..aaaaaaaadwbeoslpw2sukekzfuqcl45d5mnflxqxhneoiqp6ndcp6horrbvq"
          },
          "sensitive_attributes": [],
          "private": "eyJlMmJmYjczMC1lY2FhLTExZTYtOGY4OC0zNDM2M2JjN2M0YzAiOnsiY3JlYXRlIjoxMjAwMDAwMDAwMDAwLCJkZWxldGUiOjEyMDAwMDAwMDAwMDAsInVwZGF0ZSI6MTIwMDAwMDAwMDAwMH19",
          "dependencies": [
            "oci_identity_compartment.compartment",
            "oci_identity_group.group",
            "oci_identity_user.user"
          ]
        },
        {
          "index_key": 17,
          "schema_version": 0,
          "attributes": {
            "compartment_id": "ocid1.tenancy.oc1..aaaaaaaasu22hcodp52crxfb64fbck2psvjj2bdbgnebhsarbgpt6pabz6ja",
            "group_id": "ocid1.group.oc1..aaaaaaaawl5ofwxrylpssz7pxml3ep2ox6mxm2zcasfrd7ckkg3arqpfvp2q",
            "id": "ocid1.groupmembership.oc1..aaaaaaaaceq6xvhpmhsie4equzilr6t6egwgnr2x2cyuo5zbag7m2zihi33q",
            "inactive_state": null,
            "state": "ACTIVE",
            "time_created": "2022-08-04 17:06:58.887 +0000 UTC",
            "timeouts": null,
            "user_id": "ocid1.user.oc1..aaaaaaaa7cmces6tyxc7xnz32n35hdpvpx366mf5xuyv3c4ctgziqoobwpta"
          },
          "sensitive_attributes": [],
          "private": "eyJlMmJmYjczMC1lY2FhLTExZTYtOGY4OC0zNDM2M2JjN2M0YzAiOnsiY3JlYXRlIjoxMjAwMDAwMDAwMDAwLCJkZWxldGUiOjEyMDAwMDAwMDAwMDAsInVwZGF0ZSI6MTIwMDAwMDAwMDAwMH19",
          "dependencies": [
            "oci_identity_compartment.compartment",
            "oci_identity_group.group",
            "oci_identity_user.user"
          ]
        },
        {
          "index_key": 18,
          "schema_version": 0,
          "attributes": {
            "compartment_id": "ocid1.tenancy.oc1..aaaaaaaasu22hcodp52crxfb64fbck2psvjj2bdbgnebhsarbgpt6pabz6ja",
            "group_id": "ocid1.group.oc1..aaaaaaaapo2brhdi2uobsbetcdqiyz6e7r7jku6ss2nfnhkzbucobtvqnseq",
            "id": "ocid1.groupmembership.oc1..aaaaaaaaqkii77xbbtlypghzihlxv7q5rqmluk5f53jydghp5swyf2fxod4a",
            "inactive_state": null,
            "state": "ACTIVE",
            "time_created": "2022-08-04 17:06:59.228 +0000 UTC",
            "timeouts": null,
            "user_id": "ocid1.user.oc1..aaaaaaaa5cjzx4nxsy2hnb5ri2uyierunyvuowqquh7kw6as4p6wc47uwnba"
          },
          "sensitive_attributes": [],
          "private": "eyJlMmJmYjczMC1lY2FhLTExZTYtOGY4OC0zNDM2M2JjN2M0YzAiOnsiY3JlYXRlIjoxMjAwMDAwMDAwMDAwLCJkZWxldGUiOjEyMDAwMDAwMDAwMDAsInVwZGF0ZSI6MTIwMDAwMDAwMDAwMH19",
          "dependencies": [
            "oci_identity_compartment.compartment",
            "oci_identity_group.group",
            "oci_identity_user.user"
          ]
        },
        {
          "index_key": 19,
          "schema_version": 0,
          "attributes": {
            "compartment_id": "ocid1.tenancy.oc1..aaaaaaaasu22hcodp52crxfb64fbck2psvjj2bdbgnebhsarbgpt6pabz6ja",
            "group_id": "ocid1.group.oc1..aaaaaaaaucbt7rkdbwrudpi7hunuptdxur7xd23gsagfpekf2wtfahlaucba",
            "id": "ocid1.groupmembership.oc1..aaaaaaaabyigdj4e2enorbixvyvliqad3qnyqgpfchwka5qev24ihbdpqjbq",
            "inactive_state": null,
            "state": "ACTIVE",
            "time_created": "2022-08-04 17:06:58.299 +0000 UTC",
            "timeouts": null,
            "user_id": "ocid1.user.oc1..aaaaaaaae6trtgae7p4krarr2ihazfykw7rflzig6hiuqrerf3zhq5shvvea"
          },
          "sensitive_attributes": [],
          "private": "eyJlMmJmYjczMC1lY2FhLTExZTYtOGY4OC0zNDM2M2JjN2M0YzAiOnsiY3JlYXRlIjoxMjAwMDAwMDAwMDAwLCJkZWxldGUiOjEyMDAwMDAwMDAwMDAsInVwZGF0ZSI6MTIwMDAwMDAwMDAwMH19",
          "dependencies": [
            "oci_identity_compartment.compartment",
            "oci_identity_group.group",
            "oci_identity_user.user"
          ]
        },
        {
          "index_key": 20,
          "schema_version": 0,
          "attributes": {
            "compartment_id": "ocid1.tenancy.oc1..aaaaaaaasu22hcodp52crxfb64fbck2psvjj2bdbgnebhsarbgpt6pabz6ja",
            "group_id": "ocid1.group.oc1..aaaaaaaa3q3u5etua7zu6sefmctyenchii4kiydzonkdzwfn4vmvh7lykvzq",
            "id": "ocid1.groupmembership.oc1..aaaaaaaa6avlcc6jnn35p7ftcph7o4wleonkpjug545dr2f2fndnizwaurla",
            "inactive_state": null,
            "state": "ACTIVE",
            "time_created": "2022-08-04 17:09:06.258 +0000 UTC",
            "timeouts": null,
            "user_id": "ocid1.user.oc1..aaaaaaaamf7zul2hwcb4e2ogouszlcpb2o3juzi2j44n6qchl3yjw5hdfywa"
          },
          "sensitive_attributes": [],
          "private": "eyJlMmJmYjczMC1lY2FhLTExZTYtOGY4OC0zNDM2M2JjN2M0YzAiOnsiY3JlYXRlIjoxMjAwMDAwMDAwMDAwLCJkZWxldGUiOjEyMDAwMDAwMDAwMDAsInVwZGF0ZSI6MTIwMDAwMDAwMDAwMH19",
          "dependencies": [
            "oci_identity_compartment.compartment",
            "oci_identity_group.group",
            "oci_identity_user.user"
          ]
        },
        {
          "index_key": 21,
          "schema_version": 0,
          "attributes": {
            "compartment_id": "ocid1.tenancy.oc1..aaaaaaaasu22hcodp52crxfb64fbck2psvjj2bdbgnebhsarbgpt6pabz6ja",
            "group_id": "ocid1.group.oc1..aaaaaaaadonnkccii2w5jg3yski2sktrxcgbpe6nubzd5alu7nhpoqayy4aq",
            "id": "ocid1.groupmembership.oc1..aaaaaaaagzgnddlqhg52qhruuuodxl5ctowbd67egn7umiufveek5m5277iq",
            "inactive_state": null,
            "state": "ACTIVE",
            "time_created": "2022-08-04 17:09:05.611 +0000 UTC",
            "timeouts": null,
            "user_id": "ocid1.user.oc1..aaaaaaaaqeb4nfmy5zi2nfuewxhrddhcw4cfxi4zliqqdleg45llspywti4q"
          },
          "sensitive_attributes": [],
          "private": "eyJlMmJmYjczMC1lY2FhLTExZTYtOGY4OC0zNDM2M2JjN2M0YzAiOnsiY3JlYXRlIjoxMjAwMDAwMDAwMDAwLCJkZWxldGUiOjEyMDAwMDAwMDAwMDAsInVwZGF0ZSI6MTIwMDAwMDAwMDAwMH19",
          "dependencies": [
            "oci_identity_compartment.compartment",
            "oci_identity_group.group",
            "oci_identity_user.user"
          ]
        },
        {
          "index_key": 22,
          "schema_version": 0,
          "attributes": {
            "compartment_id": "ocid1.tenancy.oc1..aaaaaaaasu22hcodp52crxfb64fbck2psvjj2bdbgnebhsarbgpt6pabz6ja",
            "group_id": "ocid1.group.oc1..aaaaaaaayp332ccmyvmjca7ec42sed5lhfd5bzliyt22wycvfu7hiyn5wsla",
            "id": "ocid1.groupmembership.oc1..aaaaaaaawzvco4gxhroq7usnhivjoziy7uraj2tcizgfxdyfdqeh75yz36aq",
            "inactive_state": null,
            "state": "ACTIVE",
            "time_created": "2022-08-04 17:09:05.586 +0000 UTC",
            "timeouts": null,
            "user_id": "ocid1.user.oc1..aaaaaaaanyormhvwhjh42q3l73i2wxnwvryrlt7bdg3to4fh4bzqgrhze7da"
          },
          "sensitive_attributes": [],
          "private": "eyJlMmJmYjczMC1lY2FhLTExZTYtOGY4OC0zNDM2M2JjN2M0YzAiOnsiY3JlYXRlIjoxMjAwMDAwMDAwMDAwLCJkZWxldGUiOjEyMDAwMDAwMDAwMDAsInVwZGF0ZSI6MTIwMDAwMDAwMDAwMH19",
          "dependencies": [
            "oci_identity_compartment.compartment",
            "oci_identity_group.group",
            "oci_identity_user.user"
          ]
        },
        {
          "index_key": 23,
          "schema_version": 0,
          "attributes": {
            "compartment_id": "ocid1.tenancy.oc1..aaaaaaaasu22hcodp52crxfb64fbck2psvjj2bdbgnebhsarbgpt6pabz6ja",
            "group_id": "ocid1.group.oc1..aaaaaaaaa3nts7vmxzgjskcdrh7cypqyim44ntwgcalb76ktq6hik4xttnjq",
            "id": "ocid1.groupmembership.oc1..aaaaaaaavc5f2qp4otwe4233yxraughfee6rhhmwl6b2rp5uvttgwvrdngba",
            "inactive_state": null,
            "state": "ACTIVE",
            "time_created": "2022-08-04 17:09:06.244 +0000 UTC",
            "timeouts": null,
            "user_id": "ocid1.user.oc1..aaaaaaaa6tyn5emu25xe567ltyi6icieaw27jqrtzh4lav2vqnnsdwsplw3a"
          },
          "sensitive_attributes": [],
          "private": "eyJlMmJmYjczMC1lY2FhLTExZTYtOGY4OC0zNDM2M2JjN2M0YzAiOnsiY3JlYXRlIjoxMjAwMDAwMDAwMDAwLCJkZWxldGUiOjEyMDAwMDAwMDAwMDAsInVwZGF0ZSI6MTIwMDAwMDAwMDAwMH19",
          "dependencies": [
            "oci_identity_compartment.compartment",
            "oci_identity_group.group",
            "oci_identity_user.user"
          ]
        },
        {
          "index_key": 24,
          "schema_version": 0,
          "attributes": {
            "compartment_id": "ocid1.tenancy.oc1..aaaaaaaasu22hcodp52crxfb64fbck2psvjj2bdbgnebhsarbgpt6pabz6ja",
            "group_id": "ocid1.group.oc1..aaaaaaaa2onfltckhaoysc75kpv47zrgss7lko75to2hr5ki72waxv7athha",
            "id": "ocid1.groupmembership.oc1..aaaaaaaaiqxjtimek7xa7vs4ylgwr72qg3m6uxczvjbszwj23msm7e5il3rq",
            "inactive_state": null,
            "state": "ACTIVE",
            "time_created": "2022-08-04 17:09:06.182 +0000 UTC",
            "timeouts": null,
            "user_id": "ocid1.user.oc1..aaaaaaaa47nj24cocp4qujvoo2cijhr3aex2rd6bczlhifh5tlgmiq7guuzq"
          },
          "sensitive_attributes": [],
          "private": "eyJlMmJmYjczMC1lY2FhLTExZTYtOGY4OC0zNDM2M2JjN2M0YzAiOnsiY3JlYXRlIjoxMjAwMDAwMDAwMDAwLCJkZWxldGUiOjEyMDAwMDAwMDAwMDAsInVwZGF0ZSI6MTIwMDAwMDAwMDAwMH19",
          "dependencies": [
            "oci_identity_compartment.compartment",
            "oci_identity_group.group",
            "oci_identity_user.user"
          ]
        },
        {
          "index_key": 25,
          "schema_version": 0,
          "attributes": {
            "compartment_id": "ocid1.tenancy.oc1..aaaaaaaasu22hcodp52crxfb64fbck2psvjj2bdbgnebhsarbgpt6pabz6ja",
            "group_id": "ocid1.group.oc1..aaaaaaaajukzv5oz4folsql7jpqrejqa4hmyypyudunhitncbpvcvxdp6kiq",
            "id": "ocid1.groupmembership.oc1..aaaaaaaay3d67eupi5ngiegjhx7zfo7tlrgsrxwf4wbfxl7zhtmbeyusoi4q",
            "inactive_state": null,
            "state": "ACTIVE",
            "time_created": "2022-08-04 17:10:49.194 +0000 UTC",
            "timeouts": null,
            "user_id": "ocid1.user.oc1..aaaaaaaa7x7vd2rnfncmczi35xfjmxvanmdidxje6oow6ntgnskkwlg7ajwq"
          },
          "sensitive_attributes": [],
          "private": "eyJlMmJmYjczMC1lY2FhLTExZTYtOGY4OC0zNDM2M2JjN2M0YzAiOnsiY3JlYXRlIjoxMjAwMDAwMDAwMDAwLCJkZWxldGUiOjEyMDAwMDAwMDAwMDAsInVwZGF0ZSI6MTIwMDAwMDAwMDAwMH19",
          "dependencies": [
            "oci_identity_compartment.compartment",
            "oci_identity_group.group",
            "oci_identity_user.user"
          ]
        },
        {
          "index_key": 26,
          "schema_version": 0,
          "attributes": {
            "compartment_id": "ocid1.tenancy.oc1..aaaaaaaasu22hcodp52crxfb64fbck2psvjj2bdbgnebhsarbgpt6pabz6ja",
            "group_id": "ocid1.group.oc1..aaaaaaaajuegwqfxmydnmqufy4jiiemutj4oi2t2tqfulnhny3opibpupu5a",
            "id": "ocid1.groupmembership.oc1..aaaaaaaasvtd6vc3hhm42t5vcgwwxdahj2gj7w23adbjkdm42jzdzucmnrsa",
            "inactive_state": null,
            "state": "ACTIVE",
            "time_created": "2022-08-04 17:13:10.982 +0000 UTC",
            "timeouts": null,
            "user_id": "ocid1.user.oc1..aaaaaaaaxpg3vano7z4yxbcryq2jnlqpldlb6xa7qkfcgs2przpluaghn6dq"
          },
          "sensitive_attributes": [],
          "private": "eyJlMmJmYjczMC1lY2FhLTExZTYtOGY4OC0zNDM2M2JjN2M0YzAiOnsiY3JlYXRlIjoxMjAwMDAwMDAwMDAwLCJkZWxldGUiOjEyMDAwMDAwMDAwMDAsInVwZGF0ZSI6MTIwMDAwMDAwMDAwMH19",
          "dependencies": [
            "oci_identity_compartment.compartment",
            "oci_identity_group.group",
            "oci_identity_user.user"
          ]
        },
        {
          "index_key": 27,
          "schema_version": 0,
          "attributes": {
            "compartment_id": "ocid1.tenancy.oc1..aaaaaaaasu22hcodp52crxfb64fbck2psvjj2bdbgnebhsarbgpt6pabz6ja",
            "group_id": "ocid1.group.oc1..aaaaaaaacsjz7w37j5wya75uikn5cme3e55rhr7qqygxdr7dqcekwullvika",
            "id": "ocid1.groupmembership.oc1..aaaaaaaavtn3hx6wo6uhctxgbxdlcga6tjoykakvdzwrtjctbc4dr4qjam3q",
            "inactive_state": null,
            "state": "ACTIVE",
            "time_created": "2022-08-04 17:13:11.116 +0000 UTC",
            "timeouts": null,
            "user_id": "ocid1.user.oc1..aaaaaaaaenhdhzonbglwxt2zp4hhc6y6lwx6eqrfqzv47rwyjmutpl4ua5eq"
          },
          "sensitive_attributes": [],
          "private": "eyJlMmJmYjczMC1lY2FhLTExZTYtOGY4OC0zNDM2M2JjN2M0YzAiOnsiY3JlYXRlIjoxMjAwMDAwMDAwMDAwLCJkZWxldGUiOjEyMDAwMDAwMDAwMDAsInVwZGF0ZSI6MTIwMDAwMDAwMDAwMH19",
          "dependencies": [
            "oci_identity_compartment.compartment",
            "oci_identity_group.group",
            "oci_identity_user.user"
          ]
        },
        {
          "index_key": 28,
          "schema_version": 0,
          "attributes": {
            "compartment_id": "ocid1.tenancy.oc1..aaaaaaaasu22hcodp52crxfb64fbck2psvjj2bdbgnebhsarbgpt6pabz6ja",
            "group_id": "ocid1.group.oc1..aaaaaaaayoza5bpzxzoa3extv5kih3mfcc4xnunoubzxnjn5mjfrn7q33sua",
            "id": "ocid1.groupmembership.oc1..aaaaaaaaw5wmkrzjg6wth5ezb36xqwgokxpofifombrowynz4u5czficmyjq",
            "inactive_state": null,
            "state": "ACTIVE",
            "time_created": "2022-08-04 17:13:11.262 +0000 UTC",
            "timeouts": null,
            "user_id": "ocid1.user.oc1..aaaaaaaa6pumddz54m7rqhd2qoviux4eu4wgpb6dhufd3wdnmtpe6chs4toq"
          },
          "sensitive_attributes": [],
          "private": "eyJlMmJmYjczMC1lY2FhLTExZTYtOGY4OC0zNDM2M2JjN2M0YzAiOnsiY3JlYXRlIjoxMjAwMDAwMDAwMDAwLCJkZWxldGUiOjEyMDAwMDAwMDAwMDAsInVwZGF0ZSI6MTIwMDAwMDAwMDAwMH19",
          "dependencies": [
            "oci_identity_compartment.compartment",
            "oci_identity_group.group",
            "oci_identity_user.user"
          ]
        },
        {
          "index_key": 29,
          "schema_version": 0,
          "attributes": {
            "compartment_id": "ocid1.tenancy.oc1..aaaaaaaasu22hcodp52crxfb64fbck2psvjj2bdbgnebhsarbgpt6pabz6ja",
            "group_id": "ocid1.group.oc1..aaaaaaaahpmfedm7lrouh5jvqgm3cgbtdcea7ca6oa6zv5yd6u2scdfm7ajq",
            "id": "ocid1.groupmembership.oc1..aaaaaaaaoyxbjd4q4rij4c7zvrzspqq3lpgy2uiqpresk2oda6u3ozmtxumq",
            "inactive_state": null,
            "state": "ACTIVE",
            "time_created": "2022-08-04 17:13:10.903 +0000 UTC",
            "timeouts": null,
            "user_id": "ocid1.user.oc1..aaaaaaaaneshpedg3fhq4lduz5ovrxnth6kgdmgi6szjovkks57jmovfpkea"
          },
          "sensitive_attributes": [],
          "private": "eyJlMmJmYjczMC1lY2FhLTExZTYtOGY4OC0zNDM2M2JjN2M0YzAiOnsiY3JlYXRlIjoxMjAwMDAwMDAwMDAwLCJkZWxldGUiOjEyMDAwMDAwMDAwMDAsInVwZGF0ZSI6MTIwMDAwMDAwMDAwMH19",
          "dependencies": [
            "oci_identity_compartment.compartment",
            "oci_identity_group.group",
            "oci_identity_user.user"
          ]
        },
        {
          "index_key": 30,
          "schema_version": 0,
          "attributes": {
            "compartment_id": "ocid1.tenancy.oc1..aaaaaaaasu22hcodp52crxfb64fbck2psvjj2bdbgnebhsarbgpt6pabz6ja",
            "group_id": "ocid1.group.oc1..aaaaaaaafz3s5jnyjgbwxeudfds22rkkiiok67noco6vum2w24y3uk6smyma",
            "id": "ocid1.groupmembership.oc1..aaaaaaaaj7hzxdumbgzjigdya33db2v6tshhqgxblketooqtu3woicostvrq",
            "inactive_state": null,
            "state": "ACTIVE",
            "time_created": "2022-08-04 17:15:02.349 +0000 UTC",
            "timeouts": null,
            "user_id": "ocid1.user.oc1..aaaaaaaajt2prun2uo5gxb3paidakqb6lstxzvhsv7fzkwxyk332yprblwzq"
          },
          "sensitive_attributes": [],
          "private": "eyJlMmJmYjczMC1lY2FhLTExZTYtOGY4OC0zNDM2M2JjN2M0YzAiOnsiY3JlYXRlIjoxMjAwMDAwMDAwMDAwLCJkZWxldGUiOjEyMDAwMDAwMDAwMDAsInVwZGF0ZSI6MTIwMDAwMDAwMDAwMH19",
          "dependencies": [
            "oci_identity_compartment.compartment",
            "oci_identity_group.group",
            "oci_identity_user.user"
          ]
        },
        {
          "index_key": 31,
          "schema_version": 0,
          "attributes": {
            "compartment_id": "ocid1.tenancy.oc1..aaaaaaaasu22hcodp52crxfb64fbck2psvjj2bdbgnebhsarbgpt6pabz6ja",
            "group_id": "ocid1.group.oc1..aaaaaaaapparcuue25rmhefzv5ms2rh3fpd2pkgqxe7lkpf7n7y54ufetzqq",
            "id": "ocid1.groupmembership.oc1..aaaaaaaajwg2yvd7jiku5blah32ajz2d6a4z3moij5sd3mm2nlp4xd45wgtq",
            "inactive_state": null,
            "state": "ACTIVE",
            "time_created": "2022-08-04 17:15:02.23 +0000 UTC",
            "timeouts": null,
            "user_id": "ocid1.user.oc1..aaaaaaaa3qhfwqco4wi75wt4vpr6up6kg6pfm3szh5g5wauksdjx6kslmwfa"
          },
          "sensitive_attributes": [],
          "private": "eyJlMmJmYjczMC1lY2FhLTExZTYtOGY4OC0zNDM2M2JjN2M0YzAiOnsiY3JlYXRlIjoxMjAwMDAwMDAwMDAwLCJkZWxldGUiOjEyMDAwMDAwMDAwMDAsInVwZGF0ZSI6MTIwMDAwMDAwMDAwMH19",
          "dependencies": [
            "oci_identity_compartment.compartment",
            "oci_identity_group.group",
            "oci_identity_user.user"
          ]
        },
        {
          "index_key": 32,
          "schema_version": 0,
          "attributes": {
            "compartment_id": "ocid1.tenancy.oc1..aaaaaaaasu22hcodp52crxfb64fbck2psvjj2bdbgnebhsarbgpt6pabz6ja",
            "group_id": "ocid1.group.oc1..aaaaaaaa4dimstpi3rr7qc7cxtxtufwsn47mudogh2grk7jubgkgxdvl4qra",
            "id": "ocid1.groupmembership.oc1..aaaaaaaae63zobeu32mf5rgiycdkevihigb3265yghydcymy6krpktbjpfia",
            "inactive_state": null,
            "state": "ACTIVE",
            "time_created": "2022-08-04 17:15:02.648 +0000 UTC",
            "timeouts": null,
            "user_id": "ocid1.user.oc1..aaaaaaaagx4endnsoosfdexy2s3vmrvwsrkrpx75dy4pcg5o7rrq4eb2ocsa"
          },
          "sensitive_attributes": [],
          "private": "eyJlMmJmYjczMC1lY2FhLTExZTYtOGY4OC0zNDM2M2JjN2M0YzAiOnsiY3JlYXRlIjoxMjAwMDAwMDAwMDAwLCJkZWxldGUiOjEyMDAwMDAwMDAwMDAsInVwZGF0ZSI6MTIwMDAwMDAwMDAwMH19",
          "dependencies": [
            "oci_identity_compartment.compartment",
            "oci_identity_group.group",
            "oci_identity_user.user"
          ]
        },
        {
          "index_key": 33,
          "schema_version": 0,
          "attributes": {
            "compartment_id": "ocid1.tenancy.oc1..aaaaaaaasu22hcodp52crxfb64fbck2psvjj2bdbgnebhsarbgpt6pabz6ja",
            "group_id": "ocid1.group.oc1..aaaaaaaal3gl2463h3btonwpedxt3cetznk2kvfmrof5bpxz2hiqmw5s62bq",
            "id": "ocid1.groupmembership.oc1..aaaaaaaajnid3r4ojty36rkkyetjlpz3bdzdq26c66q4r3k4nrg36fb6jtsq",
            "inactive_state": null,
            "state": "ACTIVE",
            "time_created": "2022-08-04 17:15:02.031 +0000 UTC",
            "timeouts": null,
            "user_id": "ocid1.user.oc1..aaaaaaaaihqcqo3cmjjk5yj3hew422kg2zguovkwa32o2u7ir6qxznatpk2q"
          },
          "sensitive_attributes": [],
          "private": "eyJlMmJmYjczMC1lY2FhLTExZTYtOGY4OC0zNDM2M2JjN2M0YzAiOnsiY3JlYXRlIjoxMjAwMDAwMDAwMDAwLCJkZWxldGUiOjEyMDAwMDAwMDAwMDAsInVwZGF0ZSI6MTIwMDAwMDAwMDAwMH19",
          "dependencies": [
            "oci_identity_compartment.compartment",
            "oci_identity_group.group",
            "oci_identity_user.user"
          ]
        },
        {
          "index_key": 34,
          "schema_version": 0,
          "attributes": {
            "compartment_id": "ocid1.tenancy.oc1..aaaaaaaasu22hcodp52crxfb64fbck2psvjj2bdbgnebhsarbgpt6pabz6ja",
            "group_id": "ocid1.group.oc1..aaaaaaaaq6cmshqfzdmrsd7x2zirl6qmsjxn2bgt7rzqciiocdkp2uqviwoa",
            "id": "ocid1.groupmembership.oc1..aaaaaaaabngrr4exfjwrp224zu5gn75nnrm47ixexpdpzyjmolfblrb4yrwa",
            "inactive_state": null,
            "state": "ACTIVE",
            "time_created": "2022-08-04 17:15:02.36 +0000 UTC",
            "timeouts": null,
            "user_id": "ocid1.user.oc1..aaaaaaaabi5gkigwpexdcbbt6r4yv6ajzx372uzmbkywvhtvlqzfz6iunz3q"
          },
          "sensitive_attributes": [],
          "private": "eyJlMmJmYjczMC1lY2FhLTExZTYtOGY4OC0zNDM2M2JjN2M0YzAiOnsiY3JlYXRlIjoxMjAwMDAwMDAwMDAwLCJkZWxldGUiOjEyMDAwMDAwMDAwMDAsInVwZGF0ZSI6MTIwMDAwMDAwMDAwMH19",
          "dependencies": [
            "oci_identity_compartment.compartment",
            "oci_identity_group.group",
            "oci_identity_user.user"
          ]
        },
        {
          "index_key": 35,
          "schema_version": 0,
          "attributes": {
            "compartment_id": "ocid1.tenancy.oc1..aaaaaaaasu22hcodp52crxfb64fbck2psvjj2bdbgnebhsarbgpt6pabz6ja",
            "group_id": "ocid1.group.oc1..aaaaaaaacl7wwm2oq2ssbpwltc3q6z6tl6onv46gc5unc2vrgocotwg5usfq",
            "id": "ocid1.groupmembership.oc1..aaaaaaaa3dx4wr2ysucmr6ujpqb32vudstpz7ckuk6otag7o6mkwveukz4ga",
            "inactive_state": null,
            "state": "ACTIVE",
            "time_created": "2022-08-04 17:17:05.776 +0000 UTC",
            "timeouts": null,
            "user_id": "ocid1.user.oc1..aaaaaaaa7yua5coiwmqu3ejhsjhv4722fekwp5dcfocfvz4uwhmx5ifrubnq"
          },
          "sensitive_attributes": [],
          "private": "eyJlMmJmYjczMC1lY2FhLTExZTYtOGY4OC0zNDM2M2JjN2M0YzAiOnsiY3JlYXRlIjoxMjAwMDAwMDAwMDAwLCJkZWxldGUiOjEyMDAwMDAwMDAwMDAsInVwZGF0ZSI6MTIwMDAwMDAwMDAwMH19",
          "dependencies": [
            "oci_identity_compartment.compartment",
            "oci_identity_group.group",
            "oci_identity_user.user"
          ]
        },
        {
          "index_key": 36,
          "schema_version": 0,
          "attributes": {
            "compartment_id": "ocid1.tenancy.oc1..aaaaaaaasu22hcodp52crxfb64fbck2psvjj2bdbgnebhsarbgpt6pabz6ja",
            "group_id": "ocid1.group.oc1..aaaaaaaauz2di77njgt7whjhfkhqbzpf3ax4fwzjntkoum3tey5gpxs5trea",
            "id": "ocid1.groupmembership.oc1..aaaaaaaaw5qtyae3ptmprtvrutqcneymn7qhjkctfkyyjpsetescpmdkk6ra",
            "inactive_state": null,
            "state": "ACTIVE",
            "time_created": "2022-08-04 17:17:06.668 +0000 UTC",
            "timeouts": null,
            "user_id": "ocid1.user.oc1..aaaaaaaak3kbciovusouzhul3jmv2p67gelpeezxxpbkfai3nn7zjxefzz4a"
          },
          "sensitive_attributes": [],
          "private": "eyJlMmJmYjczMC1lY2FhLTExZTYtOGY4OC0zNDM2M2JjN2M0YzAiOnsiY3JlYXRlIjoxMjAwMDAwMDAwMDAwLCJkZWxldGUiOjEyMDAwMDAwMDAwMDAsInVwZGF0ZSI6MTIwMDAwMDAwMDAwMH19",
          "dependencies": [
            "oci_identity_compartment.compartment",
            "oci_identity_group.group",
            "oci_identity_user.user"
          ]
        },
        {
          "index_key": 37,
          "schema_version": 0,
          "attributes": {
            "compartment_id": "ocid1.tenancy.oc1..aaaaaaaasu22hcodp52crxfb64fbck2psvjj2bdbgnebhsarbgpt6pabz6ja",
            "group_id": "ocid1.group.oc1..aaaaaaaalv3nsx4vnqw3m7fog7neagrgadggvge2c5gb2pocwsrdnpeibpmq",
            "id": "ocid1.groupmembership.oc1..aaaaaaaabrvkfk7u2h7ks67cbjmmarl4yzkh5ihhby5dw6rvscfymi5d7f7a",
            "inactive_state": null,
            "state": "ACTIVE",
            "time_created": "2022-08-04 17:17:04.792 +0000 UTC",
            "timeouts": null,
            "user_id": "ocid1.user.oc1..aaaaaaaa6cxuvaipqaffpy63c6igqdtqqeeos223geulcyhb2dshtz7curbq"
          },
          "sensitive_attributes": [],
          "private": "eyJlMmJmYjczMC1lY2FhLTExZTYtOGY4OC0zNDM2M2JjN2M0YzAiOnsiY3JlYXRlIjoxMjAwMDAwMDAwMDAwLCJkZWxldGUiOjEyMDAwMDAwMDAwMDAsInVwZGF0ZSI6MTIwMDAwMDAwMDAwMH19",
          "dependencies": [
            "oci_identity_compartment.compartment",
            "oci_identity_group.group",
            "oci_identity_user.user"
          ]
        },
        {
          "index_key": 38,
          "schema_version": 0,
          "attributes": {
            "compartment_id": "ocid1.tenancy.oc1..aaaaaaaasu22hcodp52crxfb64fbck2psvjj2bdbgnebhsarbgpt6pabz6ja",
            "group_id": "ocid1.group.oc1..aaaaaaaausveilbg5mwod7vq4ylfm24t6d22eytqwo2c6t2vhedbsxadyatq",
            "id": "ocid1.groupmembership.oc1..aaaaaaaannbftjymhfybdj2qagfxqsaebhdj6c3vzn4zylalw7woz6ktb2kq",
            "inactive_state": null,
            "state": "ACTIVE",
            "time_created": "2022-08-04 17:17:05.495 +0000 UTC",
            "timeouts": null,
            "user_id": "ocid1.user.oc1..aaaaaaaal6vgwxhpl4ygqehczcfmy5xpt73jvuszk632cu57wncnvlvyr5aa"
          },
          "sensitive_attributes": [],
          "private": "eyJlMmJmYjczMC1lY2FhLTExZTYtOGY4OC0zNDM2M2JjN2M0YzAiOnsiY3JlYXRlIjoxMjAwMDAwMDAwMDAwLCJkZWxldGUiOjEyMDAwMDAwMDAwMDAsInVwZGF0ZSI6MTIwMDAwMDAwMDAwMH19",
          "dependencies": [
            "oci_identity_compartment.compartment",
            "oci_identity_group.group",
            "oci_identity_user.user"
          ]
        },
        {
          "index_key": 39,
          "schema_version": 0,
          "attributes": {
            "compartment_id": "ocid1.tenancy.oc1..aaaaaaaasu22hcodp52crxfb64fbck2psvjj2bdbgnebhsarbgpt6pabz6ja",
            "group_id": "ocid1.group.oc1..aaaaaaaaqol7srcoajt5hsos62v6hr2uqw6w37ah3gitcqz7dh637tua6jwa",
            "id": "ocid1.groupmembership.oc1..aaaaaaaa2dnkgfmx3ho6vkqr6da4ttjc6vjrxk3kmivsfcmtewashgcxnoha",
            "inactive_state": null,
            "state": "ACTIVE",
            "time_created": "2022-08-04 17:17:05.53 +0000 UTC",
            "timeouts": null,
            "user_id": "ocid1.user.oc1..aaaaaaaafneiazyonekiiwm5ahwraxjdio22v2uaz65mn6zym57m3seoyizq"
          },
          "sensitive_attributes": [],
          "private": "eyJlMmJmYjczMC1lY2FhLTExZTYtOGY4OC0zNDM2M2JjN2M0YzAiOnsiY3JlYXRlIjoxMjAwMDAwMDAwMDAwLCJkZWxldGUiOjEyMDAwMDAwMDAwMDAsInVwZGF0ZSI6MTIwMDAwMDAwMDAwMH19",
          "dependencies": [
            "oci_identity_compartment.compartment",
            "oci_identity_group.group",
            "oci_identity_user.user"
          ]
        },
        {
          "index_key": 40,
          "schema_version": 0,
          "attributes": {
            "compartment_id": "ocid1.tenancy.oc1..aaaaaaaasu22hcodp52crxfb64fbck2psvjj2bdbgnebhsarbgpt6pabz6ja",
            "group_id": "ocid1.group.oc1..aaaaaaaa6gi5rquyp2oflfginla6hjghiwbovvuk72qscjca5vdz5ammbfza",
            "id": "ocid1.groupmembership.oc1..aaaaaaaazj24nalgnjawk5md7vc2ocgbtsnfquzefvln5uejt42a6apolelq",
            "inactive_state": null,
            "state": "ACTIVE",
            "time_created": "2022-08-04 17:17:05.51 +0000 UTC",
            "timeouts": null,
            "user_id": "ocid1.user.oc1..aaaaaaaaeh4gzsaetx4niyyvvy4z57ljrbxsqniabsws72woxsrmwimwc3na"
          },
          "sensitive_attributes": [],
          "private": "eyJlMmJmYjczMC1lY2FhLTExZTYtOGY4OC0zNDM2M2JjN2M0YzAiOnsiY3JlYXRlIjoxMjAwMDAwMDAwMDAwLCJkZWxldGUiOjEyMDAwMDAwMDAwMDAsInVwZGF0ZSI6MTIwMDAwMDAwMDAwMH19",
          "dependencies": [
            "oci_identity_compartment.compartment",
            "oci_identity_group.group",
            "oci_identity_user.user"
          ]
        },
        {
          "index_key": 41,
          "schema_version": 0,
          "attributes": {
            "compartment_id": "ocid1.tenancy.oc1..aaaaaaaasu22hcodp52crxfb64fbck2psvjj2bdbgnebhsarbgpt6pabz6ja",
            "group_id": "ocid1.group.oc1..aaaaaaaaddfstjcqwsbmwjprd5feadshdnogbdv7kknifvx5ctpevkudw55a",
            "id": "ocid1.groupmembership.oc1..aaaaaaaam66b5u64gxpwnhiqiwb5oe3dq5nkryoiscuzr4zcrgnjf2qqbmsq",
            "inactive_state": null,
            "state": "ACTIVE",
            "time_created": "2022-08-04 17:17:05.703 +0000 UTC",
            "timeouts": null,
            "user_id": "ocid1.user.oc1..aaaaaaaakhbei2qefiihoobkgtvi5jouoovuqxkzdfepch5ptwoqycvf2mca"
          },
          "sensitive_attributes": [],
          "private": "eyJlMmJmYjczMC1lY2FhLTExZTYtOGY4OC0zNDM2M2JjN2M0YzAiOnsiY3JlYXRlIjoxMjAwMDAwMDAwMDAwLCJkZWxldGUiOjEyMDAwMDAwMDAwMDAsInVwZGF0ZSI6MTIwMDAwMDAwMDAwMH19",
          "dependencies": [
            "oci_identity_compartment.compartment",
            "oci_identity_group.group",
            "oci_identity_user.user"
          ]
        },
        {
          "index_key": 42,
          "schema_version": 0,
          "attributes": {
            "compartment_id": "ocid1.tenancy.oc1..aaaaaaaasu22hcodp52crxfb64fbck2psvjj2bdbgnebhsarbgpt6pabz6ja",
            "group_id": "ocid1.group.oc1..aaaaaaaarmsfzbfbptog5qqt7kywqg6lk3tjvthqwyfuvpdlsxw5mm47jndq",
            "id": "ocid1.groupmembership.oc1..aaaaaaaaaihe73vig74yspbamcmpjjqeho6hl6xgnekxipszlkqtsuqth4gq",
            "inactive_state": null,
            "state": "ACTIVE",
            "time_created": "2022-08-04 17:17:05.659 +0000 UTC",
            "timeouts": null,
            "user_id": "ocid1.user.oc1..aaaaaaaa6mdfxauuqu74ivqcmenkai5wypq2r4l2fgqcu4tltx7elqfqbgua"
          },
          "sensitive_attributes": [],
          "private": "eyJlMmJmYjczMC1lY2FhLTExZTYtOGY4OC0zNDM2M2JjN2M0YzAiOnsiY3JlYXRlIjoxMjAwMDAwMDAwMDAwLCJkZWxldGUiOjEyMDAwMDAwMDAwMDAsInVwZGF0ZSI6MTIwMDAwMDAwMDAwMH19",
          "dependencies": [
            "oci_identity_compartment.compartment",
            "oci_identity_group.group",
            "oci_identity_user.user"
          ]
        },
        {
          "index_key": 43,
          "schema_version": 0,
          "attributes": {
            "compartment_id": "ocid1.tenancy.oc1..aaaaaaaasu22hcodp52crxfb64fbck2psvjj2bdbgnebhsarbgpt6pabz6ja",
            "group_id": "ocid1.group.oc1..aaaaaaaasw4ktq5r3mwox2ygwx652kjssusywpnfevrgst56567oejbcbhcq",
            "id": "ocid1.groupmembership.oc1..aaaaaaaak7ixxjimlnppsljxuyrflez6c6vxq35ojg7uvp5mbvxpev6nvnya",
            "inactive_state": null,
            "state": "ACTIVE",
            "time_created": "2022-08-04 17:17:05.889 +0000 UTC",
            "timeouts": null,
            "user_id": "ocid1.user.oc1..aaaaaaaa44hcuy4ufjdv4q5u4ddwu4zgnouujqwvzxotzgvnwjs7ji3z3y3a"
          },
          "sensitive_attributes": [],
          "private": "eyJlMmJmYjczMC1lY2FhLTExZTYtOGY4OC0zNDM2M2JjN2M0YzAiOnsiY3JlYXRlIjoxMjAwMDAwMDAwMDAwLCJkZWxldGUiOjEyMDAwMDAwMDAwMDAsInVwZGF0ZSI6MTIwMDAwMDAwMDAwMH19",
          "dependencies": [
            "oci_identity_compartment.compartment",
            "oci_identity_group.group",
            "oci_identity_user.user"
          ]
        },
        {
          "index_key": 44,
          "schema_version": 0,
          "attributes": {
            "compartment_id": "ocid1.tenancy.oc1..aaaaaaaasu22hcodp52crxfb64fbck2psvjj2bdbgnebhsarbgpt6pabz6ja",
            "group_id": "ocid1.group.oc1..aaaaaaaadloppn7cj4khyopt6z7qxwi6xu5usb6qck3fmddsnfakqauvkaeq",
            "id": "ocid1.groupmembership.oc1..aaaaaaaaulph37etx7ramevauzejfsapgrzwgiclxrwnkdi524ezfj3clwnq",
            "inactive_state": null,
            "state": "ACTIVE",
            "time_created": "2022-08-04 17:17:04.952 +0000 UTC",
            "timeouts": null,
            "user_id": "ocid1.user.oc1..aaaaaaaar4gbbjteajrwbuqi2xjrf6umkis7j44u2z4wf7x4fhj3futcby6q"
          },
          "sensitive_attributes": [],
          "private": "eyJlMmJmYjczMC1lY2FhLTExZTYtOGY4OC0zNDM2M2JjN2M0YzAiOnsiY3JlYXRlIjoxMjAwMDAwMDAwMDAwLCJkZWxldGUiOjEyMDAwMDAwMDAwMDAsInVwZGF0ZSI6MTIwMDAwMDAwMDAwMH19",
          "dependencies": [
            "oci_identity_compartment.compartment",
            "oci_identity_group.group",
            "oci_identity_user.user"
          ]
        }
      ]
    },
    {
      "mode": "managed",
      "type": "oci_objectstorage_bucket",
      "name": "bucket",
      "provider": "provider[\"registry.terraform.io/hashicorp/oci\"]",
      "instances": [
        {
          "index_key": 0,
          "schema_version": 0,
          "attributes": {
            "access_type": "NoPublicAccess",
            "approximate_count": "1",
            "approximate_size": "4",
            "auto_tiering": "Disabled",
            "bucket_id": "ocid1.bucket.oc1.phx.aaaaaaaayi3adqf2k5um6csshdltxwqyoghghe3hv4kymhnumnvgg7tezvzq",
            "compartment_id": "ocid1.compartment.oc1..aaaaaaaascpw5cycbplore37iy3swldetb3ipra2edx5yf4n2kszjeai5yyq",
            "created_by": "ocid1.user.oc1..aaaaaaaadf2myuzn7c7xnyuypfwgjjei35t36r7wjgxmcniukbz2tbxior7q",
            "defined_tags": {
              "Oracle-Tags.CreatedBy": "default/mjazzazi@invoiceq.com",
              "Oracle-Tags.CreatedOn": "2022-08-04T17:03:32.035Z"
            },
            "etag": "98e44326-0b42-467c-b90a-96ec4cf18fd5",
            "freeform_tags": {},
            "id": "n/ax9aaycxgydy/b/Buckettest",
            "is_read_only": false,
            "kms_key_id": null,
            "metadata": {},
            "name": "Buckettest",
            "namespace": "ax9aaycxgydy",
            "object_events_enabled": false,
            "object_lifecycle_policy_etag": null,
            "replication_enabled": false,
            "retention_rules": [],
            "storage_tier": "Standard",
            "time_created": "2022-08-04 17:03:32.062 +0000 UTC",
            "timeouts": null,
            "versioning": "Disabled"
          },
          "sensitive_attributes": [],
          "private": "eyJlMmJmYjczMC1lY2FhLTExZTYtOGY4OC0zNDM2M2JjN2M0YzAiOnsiY3JlYXRlIjoxMjAwMDAwMDAwMDAwLCJkZWxldGUiOjEyMDAwMDAwMDAwMDAsInVwZGF0ZSI6MTIwMDAwMDAwMDAwMH19",
          "dependencies": [
            "oci_identity_compartment.compartment"
          ]
        },
        {
          "index_key": 1,
          "schema_version": 0,
          "attributes": {
            "access_type": "NoPublicAccess",
            "approximate_count": "1",
            "approximate_size": "4",
            "auto_tiering": "Disabled",
            "bucket_id": "ocid1.bucket.oc1.phx.aaaaaaaa5dib6rkmego7r5fl7nuojayehowkaojasoesu5mdjcvcpu3bwgoq",
            "compartment_id": "ocid1.compartment.oc1..aaaaaaaavdlyziajfl6ylh5k47hrial5nukad6lkjsz5drad7hxfxnoif7fq",
            "created_by": "ocid1.user.oc1..aaaaaaaadf2myuzn7c7xnyuypfwgjjei35t36r7wjgxmcniukbz2tbxior7q",
            "defined_tags": {
              "Oracle-Tags.CreatedBy": "default/mjazzazi@invoiceq.com",
              "Oracle-Tags.CreatedOn": "2022-08-04T17:03:32.808Z"
            },
            "etag": "f1247e92-8da5-4975-8efa-8221142cacd7",
            "freeform_tags": {},
            "id": "n/ax9aaycxgydy/b/Buckettest1",
            "is_read_only": false,
            "kms_key_id": null,
            "metadata": {},
            "name": "Buckettest1",
            "namespace": "ax9aaycxgydy",
            "object_events_enabled": false,
            "object_lifecycle_policy_etag": null,
            "replication_enabled": false,
            "retention_rules": [],
            "storage_tier": "Standard",
            "time_created": "2022-08-04 17:03:32.816 +0000 UTC",
            "timeouts": null,
            "versioning": "Disabled"
          },
          "sensitive_attributes": [],
          "private": "eyJlMmJmYjczMC1lY2FhLTExZTYtOGY4OC0zNDM2M2JjN2M0YzAiOnsiY3JlYXRlIjoxMjAwMDAwMDAwMDAwLCJkZWxldGUiOjEyMDAwMDAwMDAwMDAsInVwZGF0ZSI6MTIwMDAwMDAwMDAwMH19",
          "dependencies": [
            "oci_identity_compartment.compartment"
          ]
        },
        {
          "index_key": 2,
          "schema_version": 0,
          "attributes": {
            "access_type": "NoPublicAccess",
            "approximate_count": "1",
            "approximate_size": "4",
            "auto_tiering": "Disabled",
            "bucket_id": "ocid1.bucket.oc1.phx.aaaaaaaa6zfjkydqialxtcw54jot5ogswgjgdryispxtlunpecafqhfzmr2q",
            "compartment_id": "ocid1.compartment.oc1..aaaaaaaacduxblkizgy2i4ba26qfo52ejqjnqftggieolh475hwevgfcxrda",
            "created_by": "ocid1.user.oc1..aaaaaaaadf2myuzn7c7xnyuypfwgjjei35t36r7wjgxmcniukbz2tbxior7q",
            "defined_tags": {
              "Oracle-Tags.CreatedBy": "default/mjazzazi@invoiceq.com",
              "Oracle-Tags.CreatedOn": "2022-08-04T17:03:32.049Z"
            },
            "etag": "357389f2-63a9-4c8b-b33d-92c9f9209874",
            "freeform_tags": {},
            "id": "n/ax9aaycxgydy/b/Buckettest2",
            "is_read_only": false,
            "kms_key_id": null,
            "metadata": {},
            "name": "Buckettest2",
            "namespace": "ax9aaycxgydy",
            "object_events_enabled": false,
            "object_lifecycle_policy_etag": null,
            "replication_enabled": false,
            "retention_rules": [],
            "storage_tier": "Standard",
            "time_created": "2022-08-04 17:03:32.057 +0000 UTC",
            "timeouts": null,
            "versioning": "Disabled"
          },
          "sensitive_attributes": [],
          "private": "eyJlMmJmYjczMC1lY2FhLTExZTYtOGY4OC0zNDM2M2JjN2M0YzAiOnsiY3JlYXRlIjoxMjAwMDAwMDAwMDAwLCJkZWxldGUiOjEyMDAwMDAwMDAwMDAsInVwZGF0ZSI6MTIwMDAwMDAwMDAwMH19",
          "dependencies": [
            "oci_identity_compartment.compartment"
          ]
        },
        {
          "index_key": 3,
          "schema_version": 0,
          "attributes": {
            "access_type": "NoPublicAccess",
            "approximate_count": "1",
            "approximate_size": "4",
            "auto_tiering": "Disabled",
            "bucket_id": "ocid1.bucket.oc1.phx.aaaaaaaa3r2ko7gmxuvqz3oa5sf6qnve5vpr522lvn57vvcazttyjm362uaq",
            "compartment_id": "ocid1.compartment.oc1..aaaaaaaahc63mokf3er46rrts7bmvlabj5yiplbuhh3jzavmobxcrq5v3efa",
            "created_by": "ocid1.user.oc1..aaaaaaaadf2myuzn7c7xnyuypfwgjjei35t36r7wjgxmcniukbz2tbxior7q",
            "defined_tags": {
              "Oracle-Tags.CreatedBy": "default/mjazzazi@invoiceq.com",
              "Oracle-Tags.CreatedOn": "2022-08-04T17:03:32.051Z"
            },
            "etag": "8794eb8b-15e9-4d3f-81bc-91881570052c",
            "freeform_tags": {},
            "id": "n/ax9aaycxgydy/b/Buckettest3",
            "is_read_only": false,
            "kms_key_id": null,
            "metadata": {},
            "name": "Buckettest3",
            "namespace": "ax9aaycxgydy",
            "object_events_enabled": false,
            "object_lifecycle_policy_etag": null,
            "replication_enabled": false,
            "retention_rules": [],
            "storage_tier": "Standard",
            "time_created": "2022-08-04 17:03:32.06 +0000 UTC",
            "timeouts": null,
            "versioning": "Disabled"
          },
          "sensitive_attributes": [],
          "private": "eyJlMmJmYjczMC1lY2FhLTExZTYtOGY4OC0zNDM2M2JjN2M0YzAiOnsiY3JlYXRlIjoxMjAwMDAwMDAwMDAwLCJkZWxldGUiOjEyMDAwMDAwMDAwMDAsInVwZGF0ZSI6MTIwMDAwMDAwMDAwMH19",
          "dependencies": [
            "oci_identity_compartment.compartment"
          ]
        },
        {
          "index_key": 4,
          "schema_version": 0,
          "attributes": {
            "access_type": "NoPublicAccess",
            "approximate_count": "1",
            "approximate_size": "4",
            "auto_tiering": "Disabled",
            "bucket_id": "ocid1.bucket.oc1.phx.aaaaaaaabdk764yltqc3wle3hqlh37jqvxnc6sggga3qih4wegbprvcy5lda",
            "compartment_id": "ocid1.compartment.oc1..aaaaaaaat52zfxavngbb2eawcgjq7joqa3vf5xxyjalv4ydgv5rktiru3sba",
            "created_by": "ocid1.user.oc1..aaaaaaaadf2myuzn7c7xnyuypfwgjjei35t36r7wjgxmcniukbz2tbxior7q",
            "defined_tags": {
              "Oracle-Tags.CreatedBy": "default/mjazzazi@invoiceq.com",
              "Oracle-Tags.CreatedOn": "2022-08-04T17:03:32.043Z"
            },
            "etag": "79b732c9-4a93-4353-a3b1-1725e5a2e88d",
            "freeform_tags": {},
            "id": "n/ax9aaycxgydy/b/Buckettest4",
            "is_read_only": false,
            "kms_key_id": null,
            "metadata": {},
            "name": "Buckettest4",
            "namespace": "ax9aaycxgydy",
            "object_events_enabled": false,
            "object_lifecycle_policy_etag": null,
            "replication_enabled": false,
            "retention_rules": [],
            "storage_tier": "Standard",
            "time_created": "2022-08-04 17:03:32.118 +0000 UTC",
            "timeouts": null,
            "versioning": "Disabled"
          },
          "sensitive_attributes": [],
          "private": "eyJlMmJmYjczMC1lY2FhLTExZTYtOGY4OC0zNDM2M2JjN2M0YzAiOnsiY3JlYXRlIjoxMjAwMDAwMDAwMDAwLCJkZWxldGUiOjEyMDAwMDAwMDAwMDAsInVwZGF0ZSI6MTIwMDAwMDAwMDAwMH19",
          "dependencies": [
            "oci_identity_compartment.compartment"
          ]
        },
        {
          "index_key": 5,
          "schema_version": 0,
          "attributes": {
            "access_type": "NoPublicAccess",
            "approximate_count": "1",
            "approximate_size": "4",
            "auto_tiering": "Disabled",
            "bucket_id": "ocid1.bucket.oc1.phx.aaaaaaaaju35druuev3tsotl6k4e6eqsneq6mqwcitgci3te3t5lml72wbfq",
            "compartment_id": "ocid1.compartment.oc1..aaaaaaaa4h7spubcexg25rmnidcexrglwrsacazrptuv4itmqaymo7lepvkq",
            "created_by": "ocid1.user.oc1..aaaaaaaadf2myuzn7c7xnyuypfwgjjei35t36r7wjgxmcniukbz2tbxior7q",
            "defined_tags": {
              "Oracle-Tags.CreatedBy": "default/mjazzazi@invoiceq.com",
              "Oracle-Tags.CreatedOn": "2022-08-04T17:04:43.004Z"
            },
            "etag": "00d296b6-3f7f-44df-8bd9-d60c3c4e6633",
            "freeform_tags": {},
            "id": "n/ax9aaycxgydy/b/Buckettest5",
            "is_read_only": false,
            "kms_key_id": null,
            "metadata": {},
            "name": "Buckettest5",
            "namespace": "ax9aaycxgydy",
            "object_events_enabled": false,
            "object_lifecycle_policy_etag": null,
            "replication_enabled": false,
            "retention_rules": [],
            "storage_tier": "Standard",
            "time_created": "2022-08-04 17:04:43.012 +0000 UTC",
            "timeouts": null,
            "versioning": "Disabled"
          },
          "sensitive_attributes": [],
          "private": "eyJlMmJmYjczMC1lY2FhLTExZTYtOGY4OC0zNDM2M2JjN2M0YzAiOnsiY3JlYXRlIjoxMjAwMDAwMDAwMDAwLCJkZWxldGUiOjEyMDAwMDAwMDAwMDAsInVwZGF0ZSI6MTIwMDAwMDAwMDAwMH19",
          "dependencies": [
            "oci_identity_compartment.compartment"
          ]
        },
        {
          "index_key": 6,
          "schema_version": 0,
          "attributes": {
            "access_type": "NoPublicAccess",
            "approximate_count": "1",
            "approximate_size": "4",
            "auto_tiering": "Disabled",
            "bucket_id": "ocid1.bucket.oc1.phx.aaaaaaaa6nra4i64r5w5oqo6o3zcdkkkbikhegwwhczwtakj3xx56bga6pda",
            "compartment_id": "ocid1.compartment.oc1..aaaaaaaajmnr4gavbouni6562tubunic4afw6ourpyuf4iyw7jqn74rljgkq",
            "created_by": "ocid1.user.oc1..aaaaaaaadf2myuzn7c7xnyuypfwgjjei35t36r7wjgxmcniukbz2tbxior7q",
            "defined_tags": {
              "Oracle-Tags.CreatedBy": "default/mjazzazi@invoiceq.com",
              "Oracle-Tags.CreatedOn": "2022-08-04T17:04:43.546Z"
            },
            "etag": "d9e7570c-d0ba-4929-8265-1f153c0b8ca4",
            "freeform_tags": {},
            "id": "n/ax9aaycxgydy/b/Buckettest6",
            "is_read_only": false,
            "kms_key_id": null,
            "metadata": {},
            "name": "Buckettest6",
            "namespace": "ax9aaycxgydy",
            "object_events_enabled": false,
            "object_lifecycle_policy_etag": null,
            "replication_enabled": false,
            "retention_rules": [],
            "storage_tier": "Standard",
            "time_created": "2022-08-04 17:04:43.554 +0000 UTC",
            "timeouts": null,
            "versioning": "Disabled"
          },
          "sensitive_attributes": [],
          "private": "eyJlMmJmYjczMC1lY2FhLTExZTYtOGY4OC0zNDM2M2JjN2M0YzAiOnsiY3JlYXRlIjoxMjAwMDAwMDAwMDAwLCJkZWxldGUiOjEyMDAwMDAwMDAwMDAsInVwZGF0ZSI6MTIwMDAwMDAwMDAwMH19",
          "dependencies": [
            "oci_identity_compartment.compartment"
          ]
        },
        {
          "index_key": 7,
          "schema_version": 0,
          "attributes": {
            "access_type": "NoPublicAccess",
            "approximate_count": "1",
            "approximate_size": "4",
            "auto_tiering": "Disabled",
            "bucket_id": "ocid1.bucket.oc1.phx.aaaaaaaa74ylqtl33egfsgp5kt67egy74njbfsyfns2zf7veoa45knhv53uq",
            "compartment_id": "ocid1.compartment.oc1..aaaaaaaadf446hfoseh7nhtdgh6nii733qxmuu3ykdr27q7lnka4crrnc5xa",
            "created_by": "ocid1.user.oc1..aaaaaaaadf2myuzn7c7xnyuypfwgjjei35t36r7wjgxmcniukbz2tbxior7q",
            "defined_tags": {
              "Oracle-Tags.CreatedBy": "default/mjazzazi@invoiceq.com",
              "Oracle-Tags.CreatedOn": "2022-08-04T17:04:43.038Z"
            },
            "etag": "27666853-dd79-401f-a330-ccbd72a3e69b",
            "freeform_tags": {},
            "id": "n/ax9aaycxgydy/b/Buckettest7",
            "is_read_only": false,
            "kms_key_id": null,
            "metadata": {},
            "name": "Buckettest7",
            "namespace": "ax9aaycxgydy",
            "object_events_enabled": false,
            "object_lifecycle_policy_etag": null,
            "replication_enabled": false,
            "retention_rules": [],
            "storage_tier": "Standard",
            "time_created": "2022-08-04 17:04:43.046 +0000 UTC",
            "timeouts": null,
            "versioning": "Disabled"
          },
          "sensitive_attributes": [],
          "private": "eyJlMmJmYjczMC1lY2FhLTExZTYtOGY4OC0zNDM2M2JjN2M0YzAiOnsiY3JlYXRlIjoxMjAwMDAwMDAwMDAwLCJkZWxldGUiOjEyMDAwMDAwMDAwMDAsInVwZGF0ZSI6MTIwMDAwMDAwMDAwMH19",
          "dependencies": [
            "oci_identity_compartment.compartment"
          ]
        },
        {
          "index_key": 8,
          "schema_version": 0,
          "attributes": {
            "access_type": "NoPublicAccess",
            "approximate_count": "1",
            "approximate_size": "4",
            "auto_tiering": "Disabled",
            "bucket_id": "ocid1.bucket.oc1.phx.aaaaaaaaiztivexa2lmyseetbhuouoahchx6cdywkbnit2htdabba3wpwbxq",
            "compartment_id": "ocid1.compartment.oc1..aaaaaaaauxxb7strmhpdsji742pwrgpnfq5tjyuloq7klo5uc5hy57icq7yq",
            "created_by": "ocid1.user.oc1..aaaaaaaadf2myuzn7c7xnyuypfwgjjei35t36r7wjgxmcniukbz2tbxior7q",
            "defined_tags": {
              "Oracle-Tags.CreatedBy": "default/mjazzazi@invoiceq.com",
              "Oracle-Tags.CreatedOn": "2022-08-04T17:04:42.978Z"
            },
            "etag": "a173a597-0ed4-4675-976d-3ba9798ab762",
            "freeform_tags": {},
            "id": "n/ax9aaycxgydy/b/Buckettest8",
            "is_read_only": false,
            "kms_key_id": null,
            "metadata": {},
            "name": "Buckettest8",
            "namespace": "ax9aaycxgydy",
            "object_events_enabled": false,
            "object_lifecycle_policy_etag": null,
            "replication_enabled": false,
            "retention_rules": [],
            "storage_tier": "Standard",
            "time_created": "2022-08-04 17:04:42.986 +0000 UTC",
            "timeouts": null,
            "versioning": "Disabled"
          },
          "sensitive_attributes": [],
          "private": "eyJlMmJmYjczMC1lY2FhLTExZTYtOGY4OC0zNDM2M2JjN2M0YzAiOnsiY3JlYXRlIjoxMjAwMDAwMDAwMDAwLCJkZWxldGUiOjEyMDAwMDAwMDAwMDAsInVwZGF0ZSI6MTIwMDAwMDAwMDAwMH19",
          "dependencies": [
            "oci_identity_compartment.compartment"
          ]
        },
        {
          "index_key": 9,
          "schema_version": 0,
          "attributes": {
            "access_type": "NoPublicAccess",
            "approximate_count": "1",
            "approximate_size": "4",
            "auto_tiering": "Disabled",
            "bucket_id": "ocid1.bucket.oc1.phx.aaaaaaaa6sg3ram6ypffj64b5z7yov3qjhxldk7mx4sfs225nxyptia3o4da",
            "compartment_id": "ocid1.compartment.oc1..aaaaaaaaobxi2ga7tempc5lrtluf5q3rv7tu35u7egqekfrtqjlovkecgf3q",
            "created_by": "ocid1.user.oc1..aaaaaaaadf2myuzn7c7xnyuypfwgjjei35t36r7wjgxmcniukbz2tbxior7q",
            "defined_tags": {
              "Oracle-Tags.CreatedBy": "default/mjazzazi@invoiceq.com",
              "Oracle-Tags.CreatedOn": "2022-08-04T17:04:43.427Z"
            },
            "etag": "ede206fa-e22e-44fb-9947-a08381e2dcff",
            "freeform_tags": {},
            "id": "n/ax9aaycxgydy/b/Buckettest9",
            "is_read_only": false,
            "kms_key_id": null,
            "metadata": {},
            "name": "Buckettest9",
            "namespace": "ax9aaycxgydy",
            "object_events_enabled": false,
            "object_lifecycle_policy_etag": null,
            "replication_enabled": false,
            "retention_rules": [],
            "storage_tier": "Standard",
            "time_created": "2022-08-04 17:04:43.434 +0000 UTC",
            "timeouts": null,
            "versioning": "Disabled"
          },
          "sensitive_attributes": [],
          "private": "eyJlMmJmYjczMC1lY2FhLTExZTYtOGY4OC0zNDM2M2JjN2M0YzAiOnsiY3JlYXRlIjoxMjAwMDAwMDAwMDAwLCJkZWxldGUiOjEyMDAwMDAwMDAwMDAsInVwZGF0ZSI6MTIwMDAwMDAwMDAwMH19",
          "dependencies": [
            "oci_identity_compartment.compartment"
          ]
        },
        {
          "index_key": 10,
          "schema_version": 0,
          "attributes": {
            "access_type": "NoPublicAccess",
            "approximate_count": "1",
            "approximate_size": "4",
            "auto_tiering": "Disabled",
            "bucket_id": "ocid1.bucket.oc1.phx.aaaaaaaapz2hymc633gnjwktu3vjuxkqa2po7jtq7muazascagyx3c6jceqq",
            "compartment_id": "ocid1.compartment.oc1..aaaaaaaag2ze4t44hsfilqakrfwfjsbmefg5zupa5ww7sd3f7y2qtxyashrq",
            "created_by": "ocid1.user.oc1..aaaaaaaadf2myuzn7c7xnyuypfwgjjei35t36r7wjgxmcniukbz2tbxior7q",
            "defined_tags": {
              "Oracle-Tags.CreatedBy": "default/mjazzazi@invoiceq.com",
              "Oracle-Tags.CreatedOn": "2022-08-04T17:06:55.762Z"
            },
            "etag": "de88fb64-51b3-4525-9fd0-62d384a11d7e",
            "freeform_tags": {},
            "id": "n/ax9aaycxgydy/b/Buckettest10",
            "is_read_only": false,
            "kms_key_id": null,
            "metadata": {},
            "name": "Buckettest10",
            "namespace": "ax9aaycxgydy",
            "object_events_enabled": false,
            "object_lifecycle_policy_etag": null,
            "replication_enabled": false,
            "retention_rules": [],
            "storage_tier": "Standard",
            "time_created": "2022-08-04 17:06:55.769 +0000 UTC",
            "timeouts": null,
            "versioning": "Disabled"
          },
          "sensitive_attributes": [],
          "private": "eyJlMmJmYjczMC1lY2FhLTExZTYtOGY4OC0zNDM2M2JjN2M0YzAiOnsiY3JlYXRlIjoxMjAwMDAwMDAwMDAwLCJkZWxldGUiOjEyMDAwMDAwMDAwMDAsInVwZGF0ZSI6MTIwMDAwMDAwMDAwMH19",
          "dependencies": [
            "oci_identity_compartment.compartment"
          ]
        },
        {
          "index_key": 11,
          "schema_version": 0,
          "attributes": {
            "access_type": "NoPublicAccess",
            "approximate_count": "1",
            "approximate_size": "4",
            "auto_tiering": "Disabled",
            "bucket_id": "ocid1.bucket.oc1.phx.aaaaaaaaaqus77mqyswwwau5feb4y5fdgjkqqzd5ulpatjqpaxmerownyapa",
            "compartment_id": "ocid1.compartment.oc1..aaaaaaaaka7snhry7jj7vgu7hv3lcf3kgapys6uymdzlkdymlooq5cc6jxqq",
            "created_by": "ocid1.user.oc1..aaaaaaaadf2myuzn7c7xnyuypfwgjjei35t36r7wjgxmcniukbz2tbxior7q",
            "defined_tags": {
              "Oracle-Tags.CreatedBy": "default/mjazzazi@invoiceq.com",
              "Oracle-Tags.CreatedOn": "2022-08-04T17:06:55.527Z"
            },
            "etag": "6ec1ce42-8d83-48e0-b9ce-f251d0b1ec07",
            "freeform_tags": {},
            "id": "n/ax9aaycxgydy/b/Buckettest11",
            "is_read_only": false,
            "kms_key_id": null,
            "metadata": {},
            "name": "Buckettest11",
            "namespace": "ax9aaycxgydy",
            "object_events_enabled": false,
            "object_lifecycle_policy_etag": null,
            "replication_enabled": false,
            "retention_rules": [],
            "storage_tier": "Standard",
            "time_created": "2022-08-04 17:06:55.535 +0000 UTC",
            "timeouts": null,
            "versioning": "Disabled"
          },
          "sensitive_attributes": [],
          "private": "eyJlMmJmYjczMC1lY2FhLTExZTYtOGY4OC0zNDM2M2JjN2M0YzAiOnsiY3JlYXRlIjoxMjAwMDAwMDAwMDAwLCJkZWxldGUiOjEyMDAwMDAwMDAwMDAsInVwZGF0ZSI6MTIwMDAwMDAwMDAwMH19",
          "dependencies": [
            "oci_identity_compartment.compartment"
          ]
        },
        {
          "index_key": 12,
          "schema_version": 0,
          "attributes": {
            "access_type": "NoPublicAccess",
            "approximate_count": "1",
            "approximate_size": "4",
            "auto_tiering": "Disabled",
            "bucket_id": "ocid1.bucket.oc1.phx.aaaaaaaadw6wvmwufzdvkyz3zv3553m5o2cxtswqrlgnugrww3bpza3kehya",
            "compartment_id": "ocid1.compartment.oc1..aaaaaaaalywz5vfgg3jdujzmyp23ujyhaj6e7d3smydvrjrhduls6gzrakoq",
            "created_by": "ocid1.user.oc1..aaaaaaaadf2myuzn7c7xnyuypfwgjjei35t36r7wjgxmcniukbz2tbxior7q",
            "defined_tags": {
              "Oracle-Tags.CreatedBy": "default/mjazzazi@invoiceq.com",
              "Oracle-Tags.CreatedOn": "2022-08-04T17:06:55.162Z"
            },
            "etag": "2a536880-969b-404a-898d-abf94d37112f",
            "freeform_tags": {},
            "id": "n/ax9aaycxgydy/b/Buckettest12",
            "is_read_only": false,
            "kms_key_id": null,
            "metadata": {},
            "name": "Buckettest12",
            "namespace": "ax9aaycxgydy",
            "object_events_enabled": false,
            "object_lifecycle_policy_etag": null,
            "replication_enabled": false,
            "retention_rules": [],
            "storage_tier": "Standard",
            "time_created": "2022-08-04 17:06:55.177 +0000 UTC",
            "timeouts": null,
            "versioning": "Disabled"
          },
          "sensitive_attributes": [],
          "private": "eyJlMmJmYjczMC1lY2FhLTExZTYtOGY4OC0zNDM2M2JjN2M0YzAiOnsiY3JlYXRlIjoxMjAwMDAwMDAwMDAwLCJkZWxldGUiOjEyMDAwMDAwMDAwMDAsInVwZGF0ZSI6MTIwMDAwMDAwMDAwMH19",
          "dependencies": [
            "oci_identity_compartment.compartment"
          ]
        },
        {
          "index_key": 13,
          "schema_version": 0,
          "attributes": {
            "access_type": "NoPublicAccess",
            "approximate_count": "1",
            "approximate_size": "4",
            "auto_tiering": "Disabled",
            "bucket_id": "ocid1.bucket.oc1.phx.aaaaaaaar3dkkz7wca4hstcf4f5ohgvztjcl2spf6277viscjwaxwcqiujfa",
            "compartment_id": "ocid1.compartment.oc1..aaaaaaaayfms3sfdasfwta6oabvvo7ipd4bcc357yzbnqnoeyhs22wwmyh4a",
            "created_by": "ocid1.user.oc1..aaaaaaaadf2myuzn7c7xnyuypfwgjjei35t36r7wjgxmcniukbz2tbxior7q",
            "defined_tags": {
              "Oracle-Tags.CreatedBy": "default/mjazzazi@invoiceq.com",
              "Oracle-Tags.CreatedOn": "2022-08-04T17:06:59.578Z"
            },
            "etag": "d891a29e-dc46-466e-9ebe-2ba857342571",
            "freeform_tags": {},
            "id": "n/ax9aaycxgydy/b/Buckettest13",
            "is_read_only": false,
            "kms_key_id": null,
            "metadata": {},
            "name": "Buckettest13",
            "namespace": "ax9aaycxgydy",
            "object_events_enabled": false,
            "object_lifecycle_policy_etag": null,
            "replication_enabled": false,
            "retention_rules": [],
            "storage_tier": "Standard",
            "time_created": "2022-08-04 17:06:59.586 +0000 UTC",
            "timeouts": null,
            "versioning": "Disabled"
          },
          "sensitive_attributes": [],
          "private": "eyJlMmJmYjczMC1lY2FhLTExZTYtOGY4OC0zNDM2M2JjN2M0YzAiOnsiY3JlYXRlIjoxMjAwMDAwMDAwMDAwLCJkZWxldGUiOjEyMDAwMDAwMDAwMDAsInVwZGF0ZSI6MTIwMDAwMDAwMDAwMH19",
          "dependencies": [
            "oci_identity_compartment.compartment"
          ]
        },
        {
          "index_key": 14,
          "schema_version": 0,
          "attributes": {
            "access_type": "NoPublicAccess",
            "approximate_count": "1",
            "approximate_size": "4",
            "auto_tiering": "Disabled",
            "bucket_id": "ocid1.bucket.oc1.phx.aaaaaaaaqhrnyrptjbpwxogl2shiusvujscck666psw2apmemgbt2ivalgxq",
            "compartment_id": "ocid1.compartment.oc1..aaaaaaaarsycpxwwv325nipha3g6w4btsuuui5rizfaladyazmdps4haqdqa",
            "created_by": "ocid1.user.oc1..aaaaaaaadf2myuzn7c7xnyuypfwgjjei35t36r7wjgxmcniukbz2tbxior7q",
            "defined_tags": {
              "Oracle-Tags.CreatedBy": "default/mjazzazi@invoiceq.com",
              "Oracle-Tags.CreatedOn": "2022-08-04T17:06:56.297Z"
            },
            "etag": "dffd08dd-9b63-471f-925e-f9a302ce1bfd",
            "freeform_tags": {},
            "id": "n/ax9aaycxgydy/b/Buckettest14",
            "is_read_only": false,
            "kms_key_id": null,
            "metadata": {},
            "name": "Buckettest14",
            "namespace": "ax9aaycxgydy",
            "object_events_enabled": false,
            "object_lifecycle_policy_etag": null,
            "replication_enabled": false,
            "retention_rules": [],
            "storage_tier": "Standard",
            "time_created": "2022-08-04 17:06:56.306 +0000 UTC",
            "timeouts": null,
            "versioning": "Disabled"
          },
          "sensitive_attributes": [],
          "private": "eyJlMmJmYjczMC1lY2FhLTExZTYtOGY4OC0zNDM2M2JjN2M0YzAiOnsiY3JlYXRlIjoxMjAwMDAwMDAwMDAwLCJkZWxldGUiOjEyMDAwMDAwMDAwMDAsInVwZGF0ZSI6MTIwMDAwMDAwMDAwMH19",
          "dependencies": [
            "oci_identity_compartment.compartment"
          ]
        },
        {
          "index_key": 15,
          "schema_version": 0,
          "attributes": {
            "access_type": "NoPublicAccess",
            "approximate_count": "1",
            "approximate_size": "4",
            "auto_tiering": "Disabled",
            "bucket_id": "ocid1.bucket.oc1.phx.aaaaaaaawumpy53l6isdsplnp3u6u5h3d5ezpwbsrfq2cmkw7ehobxigpc2q",
            "compartment_id": "ocid1.compartment.oc1..aaaaaaaaxtetjc55afwtzvhkak3tk7bd6cg4bigcm7i5j2urirfc4vldsuia",
            "created_by": "ocid1.user.oc1..aaaaaaaadf2myuzn7c7xnyuypfwgjjei35t36r7wjgxmcniukbz2tbxior7q",
            "defined_tags": {
              "Oracle-Tags.CreatedBy": "default/mjazzazi@invoiceq.com",
              "Oracle-Tags.CreatedOn": "2022-08-04T17:06:56.701Z"
            },
            "etag": "5b3eaf9c-b929-4f0a-8668-fcb9832c04a6",
            "freeform_tags": {},
            "id": "n/ax9aaycxgydy/b/Buckettest15",
            "is_read_only": false,
            "kms_key_id": null,
            "metadata": {},
            "name": "Buckettest15",
            "namespace": "ax9aaycxgydy",
            "object_events_enabled": false,
            "object_lifecycle_policy_etag": null,
            "replication_enabled": false,
            "retention_rules": [],
            "storage_tier": "Standard",
            "time_created": "2022-08-04 17:06:56.767 +0000 UTC",
            "timeouts": null,
            "versioning": "Disabled"
          },
          "sensitive_attributes": [],
          "private": "eyJlMmJmYjczMC1lY2FhLTExZTYtOGY4OC0zNDM2M2JjN2M0YzAiOnsiY3JlYXRlIjoxMjAwMDAwMDAwMDAwLCJkZWxldGUiOjEyMDAwMDAwMDAwMDAsInVwZGF0ZSI6MTIwMDAwMDAwMDAwMH19",
          "dependencies": [
            "oci_identity_compartment.compartment"
          ]
        },
        {
          "index_key": 16,
          "schema_version": 0,
          "attributes": {
            "access_type": "NoPublicAccess",
            "approximate_count": "1",
            "approximate_size": "4",
            "auto_tiering": "Disabled",
            "bucket_id": "ocid1.bucket.oc1.phx.aaaaaaaakqnjxoqfntkf2p23naaypmxuppvfxrkwbispcuigvb5ay7tyvf2q",
            "compartment_id": "ocid1.compartment.oc1..aaaaaaaanscpw2j6sgtwjcj3njatzdoj4ekavdlrmzf3w5ujbbzd42cia3ha",
            "created_by": "ocid1.user.oc1..aaaaaaaadf2myuzn7c7xnyuypfwgjjei35t36r7wjgxmcniukbz2tbxior7q",
            "defined_tags": {
              "Oracle-Tags.CreatedBy": "default/mjazzazi@invoiceq.com",
              "Oracle-Tags.CreatedOn": "2022-08-04T17:06:55.111Z"
            },
            "etag": "0e95698b-5980-4c01-9e10-d51bac3228c4",
            "freeform_tags": {},
            "id": "n/ax9aaycxgydy/b/Buckettest16",
            "is_read_only": false,
            "kms_key_id": null,
            "metadata": {},
            "name": "Buckettest16",
            "namespace": "ax9aaycxgydy",
            "object_events_enabled": false,
            "object_lifecycle_policy_etag": null,
            "replication_enabled": false,
            "retention_rules": [],
            "storage_tier": "Standard",
            "time_created": "2022-08-04 17:06:55.12 +0000 UTC",
            "timeouts": null,
            "versioning": "Disabled"
          },
          "sensitive_attributes": [],
          "private": "eyJlMmJmYjczMC1lY2FhLTExZTYtOGY4OC0zNDM2M2JjN2M0YzAiOnsiY3JlYXRlIjoxMjAwMDAwMDAwMDAwLCJkZWxldGUiOjEyMDAwMDAwMDAwMDAsInVwZGF0ZSI6MTIwMDAwMDAwMDAwMH19",
          "dependencies": [
            "oci_identity_compartment.compartment"
          ]
        },
        {
          "index_key": 17,
          "schema_version": 0,
          "attributes": {
            "access_type": "NoPublicAccess",
            "approximate_count": "1",
            "approximate_size": "4",
            "auto_tiering": "Disabled",
            "bucket_id": "ocid1.bucket.oc1.phx.aaaaaaaazl7emlhjtzi2kuag5tcedgmy7gcoxikd4sd2ecz7a24g6ppbe3sa",
            "compartment_id": "ocid1.compartment.oc1..aaaaaaaaed3w2wv7wiava3g5trc27jvtfvpi4flm62pabiy2tygg36rpwqba",
            "created_by": "ocid1.user.oc1..aaaaaaaadf2myuzn7c7xnyuypfwgjjei35t36r7wjgxmcniukbz2tbxior7q",
            "defined_tags": {
              "Oracle-Tags.CreatedBy": "default/mjazzazi@invoiceq.com",
              "Oracle-Tags.CreatedOn": "2022-08-04T17:06:55.839Z"
            },
            "etag": "15c19077-c3fd-4995-a164-343f4bd1d12b",
            "freeform_tags": {},
            "id": "n/ax9aaycxgydy/b/Buckettest17",
            "is_read_only": false,
            "kms_key_id": null,
            "metadata": {},
            "name": "Buckettest17",
            "namespace": "ax9aaycxgydy",
            "object_events_enabled": false,
            "object_lifecycle_policy_etag": null,
            "replication_enabled": false,
            "retention_rules": [],
            "storage_tier": "Standard",
            "time_created": "2022-08-04 17:06:55.849 +0000 UTC",
            "timeouts": null,
            "versioning": "Disabled"
          },
          "sensitive_attributes": [],
          "private": "eyJlMmJmYjczMC1lY2FhLTExZTYtOGY4OC0zNDM2M2JjN2M0YzAiOnsiY3JlYXRlIjoxMjAwMDAwMDAwMDAwLCJkZWxldGUiOjEyMDAwMDAwMDAwMDAsInVwZGF0ZSI6MTIwMDAwMDAwMDAwMH19",
          "dependencies": [
            "oci_identity_compartment.compartment"
          ]
        },
        {
          "index_key": 18,
          "schema_version": 0,
          "attributes": {
            "access_type": "NoPublicAccess",
            "approximate_count": "1",
            "approximate_size": "4",
            "auto_tiering": "Disabled",
            "bucket_id": "ocid1.bucket.oc1.phx.aaaaaaaaknzs4hdykns247vpsq65a7aqfrqcn254ipobzuwdeu5nefiipwga",
            "compartment_id": "ocid1.compartment.oc1..aaaaaaaahsnzp3wa2vwfham424sivh6zbiel42p25oxe6ilbqes4prqiz7qa",
            "created_by": "ocid1.user.oc1..aaaaaaaadf2myuzn7c7xnyuypfwgjjei35t36r7wjgxmcniukbz2tbxior7q",
            "defined_tags": {
              "Oracle-Tags.CreatedBy": "default/mjazzazi@invoiceq.com",
              "Oracle-Tags.CreatedOn": "2022-08-04T17:06:55.209Z"
            },
            "etag": "5002d4ef-190a-4de1-8dd3-ecd165eb56a5",
            "freeform_tags": {},
            "id": "n/ax9aaycxgydy/b/Buckettest18",
            "is_read_only": false,
            "kms_key_id": null,
            "metadata": {},
            "name": "Buckettest18",
            "namespace": "ax9aaycxgydy",
            "object_events_enabled": false,
            "object_lifecycle_policy_etag": null,
            "replication_enabled": false,
            "retention_rules": [],
            "storage_tier": "Standard",
            "time_created": "2022-08-04 17:06:55.218 +0000 UTC",
            "timeouts": null,
            "versioning": "Disabled"
          },
          "sensitive_attributes": [],
          "private": "eyJlMmJmYjczMC1lY2FhLTExZTYtOGY4OC0zNDM2M2JjN2M0YzAiOnsiY3JlYXRlIjoxMjAwMDAwMDAwMDAwLCJkZWxldGUiOjEyMDAwMDAwMDAwMDAsInVwZGF0ZSI6MTIwMDAwMDAwMDAwMH19",
          "dependencies": [
            "oci_identity_compartment.compartment"
          ]
        },
        {
          "index_key": 19,
          "schema_version": 0,
          "attributes": {
            "access_type": "NoPublicAccess",
            "approximate_count": "1",
            "approximate_size": "4",
            "auto_tiering": "Disabled",
            "bucket_id": "ocid1.bucket.oc1.phx.aaaaaaaay263qbrn247tja3haao67q7mrclerm4v7m3qenlp3zvwzjbitfwq",
            "compartment_id": "ocid1.compartment.oc1..aaaaaaaanliudste4nle37g3wi4uhd2d2ff3wu5ne4m7d7wpxjqxw3lxjhiq",
            "created_by": "ocid1.user.oc1..aaaaaaaadf2myuzn7c7xnyuypfwgjjei35t36r7wjgxmcniukbz2tbxior7q",
            "defined_tags": {
              "Oracle-Tags.CreatedBy": "default/mjazzazi@invoiceq.com",
              "Oracle-Tags.CreatedOn": "2022-08-04T17:06:55.089Z"
            },
            "etag": "6f27f5a5-e6a7-4796-8e52-c35626c6e79b",
            "freeform_tags": {},
            "id": "n/ax9aaycxgydy/b/Buckettest19",
            "is_read_only": false,
            "kms_key_id": null,
            "metadata": {},
            "name": "Buckettest19",
            "namespace": "ax9aaycxgydy",
            "object_events_enabled": false,
            "object_lifecycle_policy_etag": null,
            "replication_enabled": false,
            "retention_rules": [],
            "storage_tier": "Standard",
            "time_created": "2022-08-04 17:06:55.099 +0000 UTC",
            "timeouts": null,
            "versioning": "Disabled"
          },
          "sensitive_attributes": [],
          "private": "eyJlMmJmYjczMC1lY2FhLTExZTYtOGY4OC0zNDM2M2JjN2M0YzAiOnsiY3JlYXRlIjoxMjAwMDAwMDAwMDAwLCJkZWxldGUiOjEyMDAwMDAwMDAwMDAsInVwZGF0ZSI6MTIwMDAwMDAwMDAwMH19",
          "dependencies": [
            "oci_identity_compartment.compartment"
          ]
        },
        {
          "index_key": 20,
          "schema_version": 0,
          "attributes": {
            "access_type": "NoPublicAccess",
            "approximate_count": "1",
            "approximate_size": "4",
            "auto_tiering": "Disabled",
            "bucket_id": "ocid1.bucket.oc1.phx.aaaaaaaahmijep4xloqtqrplfpn7vvtccsuwgdzjo6c5iihdbt5i5vxyvkcq",
            "compartment_id": "ocid1.compartment.oc1..aaaaaaaavf3w47nqaa25ipazgd2vj6n2d5zpre7novcoavxlg6gqdekonaoa",
            "created_by": "ocid1.user.oc1..aaaaaaaadf2myuzn7c7xnyuypfwgjjei35t36r7wjgxmcniukbz2tbxior7q",
            "defined_tags": {
              "Oracle-Tags.CreatedBy": "default/mjazzazi@invoiceq.com",
              "Oracle-Tags.CreatedOn": "2022-08-04T17:09:04.462Z"
            },
            "etag": "de77770e-3fb9-467a-992a-60cb595c626d",
            "freeform_tags": {},
            "id": "n/ax9aaycxgydy/b/Buckettest20",
            "is_read_only": false,
            "kms_key_id": null,
            "metadata": {},
            "name": "Buckettest20",
            "namespace": "ax9aaycxgydy",
            "object_events_enabled": false,
            "object_lifecycle_policy_etag": null,
            "replication_enabled": false,
            "retention_rules": [],
            "storage_tier": "Standard",
            "time_created": "2022-08-04 17:09:04.471 +0000 UTC",
            "timeouts": null,
            "versioning": "Disabled"
          },
          "sensitive_attributes": [],
          "private": "eyJlMmJmYjczMC1lY2FhLTExZTYtOGY4OC0zNDM2M2JjN2M0YzAiOnsiY3JlYXRlIjoxMjAwMDAwMDAwMDAwLCJkZWxldGUiOjEyMDAwMDAwMDAwMDAsInVwZGF0ZSI6MTIwMDAwMDAwMDAwMH19",
          "dependencies": [
            "oci_identity_compartment.compartment"
          ]
        },
        {
          "index_key": 21,
          "schema_version": 0,
          "attributes": {
            "access_type": "NoPublicAccess",
            "approximate_count": "1",
            "approximate_size": "4",
            "auto_tiering": "Disabled",
            "bucket_id": "ocid1.bucket.oc1.phx.aaaaaaaammekvdeonkmzqwjgk6mivcmitatbwkd6wcpy7ppfsgfp436zmj4a",
            "compartment_id": "ocid1.compartment.oc1..aaaaaaaak2su3bdzevjjwgy57254prmw2yzh2cqt6mxduu6opvg3pxblt5nq",
            "created_by": "ocid1.user.oc1..aaaaaaaadf2myuzn7c7xnyuypfwgjjei35t36r7wjgxmcniukbz2tbxior7q",
            "defined_tags": {
              "Oracle-Tags.CreatedBy": "default/mjazzazi@invoiceq.com",
              "Oracle-Tags.CreatedOn": "2022-08-04T17:09:04.489Z"
            },
            "etag": "6cf35a6c-1dc3-47b5-8fac-aa24540c2846",
            "freeform_tags": {},
            "id": "n/ax9aaycxgydy/b/Buckettest21",
            "is_read_only": false,
            "kms_key_id": null,
            "metadata": {},
            "name": "Buckettest21",
            "namespace": "ax9aaycxgydy",
            "object_events_enabled": false,
            "object_lifecycle_policy_etag": null,
            "replication_enabled": false,
            "retention_rules": [],
            "storage_tier": "Standard",
            "time_created": "2022-08-04 17:09:04.496 +0000 UTC",
            "timeouts": null,
            "versioning": "Disabled"
          },
          "sensitive_attributes": [],
          "private": "eyJlMmJmYjczMC1lY2FhLTExZTYtOGY4OC0zNDM2M2JjN2M0YzAiOnsiY3JlYXRlIjoxMjAwMDAwMDAwMDAwLCJkZWxldGUiOjEyMDAwMDAwMDAwMDAsInVwZGF0ZSI6MTIwMDAwMDAwMDAwMH19",
          "dependencies": [
            "oci_identity_compartment.compartment"
          ]
        },
        {
          "index_key": 22,
          "schema_version": 0,
          "attributes": {
            "access_type": "NoPublicAccess",
            "approximate_count": "1",
            "approximate_size": "4",
            "auto_tiering": "Disabled",
            "bucket_id": "ocid1.bucket.oc1.phx.aaaaaaaabzdbzkl2uq4lf5hbq2etcpkx3qvxn2ii734zhhewmnfxgc3nntiq",
            "compartment_id": "ocid1.compartment.oc1..aaaaaaaacvtqg5qzvciq2lvrgix4loi3mktnhmgjmekp72kh47fqfx2kw7uq",
            "created_by": "ocid1.user.oc1..aaaaaaaadf2myuzn7c7xnyuypfwgjjei35t36r7wjgxmcniukbz2tbxior7q",
            "defined_tags": {
              "Oracle-Tags.CreatedBy": "default/mjazzazi@invoiceq.com",
              "Oracle-Tags.CreatedOn": "2022-08-04T17:09:04.774Z"
            },
            "etag": "90d12ef8-3dad-4c9b-817e-5ca540c15c6e",
            "freeform_tags": {},
            "id": "n/ax9aaycxgydy/b/Buckettest22",
            "is_read_only": false,
            "kms_key_id": null,
            "metadata": {},
            "name": "Buckettest22",
            "namespace": "ax9aaycxgydy",
            "object_events_enabled": false,
            "object_lifecycle_policy_etag": null,
            "replication_enabled": false,
            "retention_rules": [],
            "storage_tier": "Standard",
            "time_created": "2022-08-04 17:09:04.784 +0000 UTC",
            "timeouts": null,
            "versioning": "Disabled"
          },
          "sensitive_attributes": [],
          "private": "eyJlMmJmYjczMC1lY2FhLTExZTYtOGY4OC0zNDM2M2JjN2M0YzAiOnsiY3JlYXRlIjoxMjAwMDAwMDAwMDAwLCJkZWxldGUiOjEyMDAwMDAwMDAwMDAsInVwZGF0ZSI6MTIwMDAwMDAwMDAwMH19",
          "dependencies": [
            "oci_identity_compartment.compartment"
          ]
        },
        {
          "index_key": 23,
          "schema_version": 0,
          "attributes": {
            "access_type": "NoPublicAccess",
            "approximate_count": "1",
            "approximate_size": "4",
            "auto_tiering": "Disabled",
            "bucket_id": "ocid1.bucket.oc1.phx.aaaaaaaaazcdvl45u7mv3tr7cime7ezpk3emolchiofmlxkzw4apuq3bd2kq",
            "compartment_id": "ocid1.compartment.oc1..aaaaaaaatsq35savff2ewwkp2mvcc6cvshpbn3jnb46ehtg3kt5pzs2553mq",
            "created_by": "ocid1.user.oc1..aaaaaaaadf2myuzn7c7xnyuypfwgjjei35t36r7wjgxmcniukbz2tbxior7q",
            "defined_tags": {
              "Oracle-Tags.CreatedBy": "default/mjazzazi@invoiceq.com",
              "Oracle-Tags.CreatedOn": "2022-08-04T17:09:03.722Z"
            },
            "etag": "fa00a48b-bfa5-4611-8897-e98c7c6528ca",
            "freeform_tags": {},
            "id": "n/ax9aaycxgydy/b/Buckettest23",
            "is_read_only": false,
            "kms_key_id": null,
            "metadata": {},
            "name": "Buckettest23",
            "namespace": "ax9aaycxgydy",
            "object_events_enabled": false,
            "object_lifecycle_policy_etag": null,
            "replication_enabled": false,
            "retention_rules": [],
            "storage_tier": "Standard",
            "time_created": "2022-08-04 17:09:03.732 +0000 UTC",
            "timeouts": null,
            "versioning": "Disabled"
          },
          "sensitive_attributes": [],
          "private": "eyJlMmJmYjczMC1lY2FhLTExZTYtOGY4OC0zNDM2M2JjN2M0YzAiOnsiY3JlYXRlIjoxMjAwMDAwMDAwMDAwLCJkZWxldGUiOjEyMDAwMDAwMDAwMDAsInVwZGF0ZSI6MTIwMDAwMDAwMDAwMH19",
          "dependencies": [
            "oci_identity_compartment.compartment"
          ]
        },
        {
          "index_key": 24,
          "schema_version": 0,
          "attributes": {
            "access_type": "NoPublicAccess",
            "approximate_count": "1",
            "approximate_size": "4",
            "auto_tiering": "Disabled",
            "bucket_id": "ocid1.bucket.oc1.phx.aaaaaaaatjnr4llzxodj5g5g46j26fltqxpr3bhdijrqpcmvd5orupxuhgvq",
            "compartment_id": "ocid1.compartment.oc1..aaaaaaaaungocvgok5mkjc4xq2clbsfpflmlul6nw35qf2jptw6cn4amvgva",
            "created_by": "ocid1.user.oc1..aaaaaaaadf2myuzn7c7xnyuypfwgjjei35t36r7wjgxmcniukbz2tbxior7q",
            "defined_tags": {
              "Oracle-Tags.CreatedBy": "default/mjazzazi@invoiceq.com",
              "Oracle-Tags.CreatedOn": "2022-08-04T17:09:03.686Z"
            },
            "etag": "3b220d58-5c9a-46b9-9da1-6759bacb22f1",
            "freeform_tags": {},
            "id": "n/ax9aaycxgydy/b/Buckettest24",
            "is_read_only": false,
            "kms_key_id": null,
            "metadata": {},
            "name": "Buckettest24",
            "namespace": "ax9aaycxgydy",
            "object_events_enabled": false,
            "object_lifecycle_policy_etag": null,
            "replication_enabled": false,
            "retention_rules": [],
            "storage_tier": "Standard",
            "time_created": "2022-08-04 17:09:03.694 +0000 UTC",
            "timeouts": null,
            "versioning": "Disabled"
          },
          "sensitive_attributes": [],
          "private": "eyJlMmJmYjczMC1lY2FhLTExZTYtOGY4OC0zNDM2M2JjN2M0YzAiOnsiY3JlYXRlIjoxMjAwMDAwMDAwMDAwLCJkZWxldGUiOjEyMDAwMDAwMDAwMDAsInVwZGF0ZSI6MTIwMDAwMDAwMDAwMH19",
          "dependencies": [
            "oci_identity_compartment.compartment"
          ]
        },
        {
          "index_key": 25,
          "schema_version": 0,
          "attributes": {
            "access_type": "NoPublicAccess",
            "approximate_count": "1",
            "approximate_size": "4",
            "auto_tiering": "Disabled",
            "bucket_id": "ocid1.bucket.oc1.phx.aaaaaaaaaosqsrc5x3tg673gwap6vvv7d7rvruaiylyfe6xoiej43aewet6q",
            "compartment_id": "ocid1.compartment.oc1..aaaaaaaapu6soggdjh5dkecfxfxw37gr5ykhgvgqv27dwy4y642vwcbgpdja",
            "created_by": "ocid1.user.oc1..aaaaaaaadf2myuzn7c7xnyuypfwgjjei35t36r7wjgxmcniukbz2tbxior7q",
            "defined_tags": {
              "Oracle-Tags.CreatedBy": "default/mjazzazi@invoiceq.com",
              "Oracle-Tags.CreatedOn": "2022-08-04T17:10:48.761Z"
            },
            "etag": "c2e5c9f3-56f2-4501-83ce-187906e9cb5a",
            "freeform_tags": {},
            "id": "n/ax9aaycxgydy/b/Buckettest25",
            "is_read_only": false,
            "kms_key_id": null,
            "metadata": {},
            "name": "Buckettest25",
            "namespace": "ax9aaycxgydy",
            "object_events_enabled": false,
            "object_lifecycle_policy_etag": null,
            "replication_enabled": false,
            "retention_rules": [],
            "storage_tier": "Standard",
            "time_created": "2022-08-04 17:10:48.771 +0000 UTC",
            "timeouts": null,
            "versioning": "Disabled"
          },
          "sensitive_attributes": [],
          "private": "eyJlMmJmYjczMC1lY2FhLTExZTYtOGY4OC0zNDM2M2JjN2M0YzAiOnsiY3JlYXRlIjoxMjAwMDAwMDAwMDAwLCJkZWxldGUiOjEyMDAwMDAwMDAwMDAsInVwZGF0ZSI6MTIwMDAwMDAwMDAwMH19",
          "dependencies": [
            "oci_identity_compartment.compartment"
          ]
        },
        {
          "index_key": 26,
          "schema_version": 0,
          "attributes": {
            "access_type": "NoPublicAccess",
            "approximate_count": "1",
            "approximate_size": "4",
            "auto_tiering": "Disabled",
            "bucket_id": "ocid1.bucket.oc1.phx.aaaaaaaaytcybl5r43awbhkra3si2lqxu46b6gzkyqzocrbd46fb75lforgq",
            "compartment_id": "ocid1.compartment.oc1..aaaaaaaamhokfxyhtjhpl6jo4mf7u7cteu6jepshr4x26vvj5hczsb62tgda",
            "created_by": "ocid1.user.oc1..aaaaaaaadf2myuzn7c7xnyuypfwgjjei35t36r7wjgxmcniukbz2tbxior7q",
            "defined_tags": {
              "Oracle-Tags.CreatedBy": "default/mjazzazi@invoiceq.com",
              "Oracle-Tags.CreatedOn": "2022-08-04T17:13:09.886Z"
            },
            "etag": "82b85ca3-8cfb-4b58-a499-5e86c39104ee",
            "freeform_tags": {},
            "id": "n/ax9aaycxgydy/b/Buckettest26",
            "is_read_only": false,
            "kms_key_id": null,
            "metadata": {},
            "name": "Buckettest26",
            "namespace": "ax9aaycxgydy",
            "object_events_enabled": false,
            "object_lifecycle_policy_etag": null,
            "replication_enabled": false,
            "retention_rules": [],
            "storage_tier": "Standard",
            "time_created": "2022-08-04 17:13:09.894 +0000 UTC",
            "timeouts": null,
            "versioning": "Disabled"
          },
          "sensitive_attributes": [],
          "private": "eyJlMmJmYjczMC1lY2FhLTExZTYtOGY4OC0zNDM2M2JjN2M0YzAiOnsiY3JlYXRlIjoxMjAwMDAwMDAwMDAwLCJkZWxldGUiOjEyMDAwMDAwMDAwMDAsInVwZGF0ZSI6MTIwMDAwMDAwMDAwMH19",
          "dependencies": [
            "oci_identity_compartment.compartment"
          ]
        },
        {
          "index_key": 27,
          "schema_version": 0,
          "attributes": {
            "access_type": "NoPublicAccess",
            "approximate_count": "1",
            "approximate_size": "4",
            "auto_tiering": "Disabled",
            "bucket_id": "ocid1.bucket.oc1.phx.aaaaaaaajxm7rwdikz6qhrwfu4jd6as5xz3ypq7seal4sg552ra5bliygggq",
            "compartment_id": "ocid1.compartment.oc1..aaaaaaaayiei7kwkkespe7ptu3247tdpwsz45ylwy25cuqfrbbbwgo5gudua",
            "created_by": "ocid1.user.oc1..aaaaaaaadf2myuzn7c7xnyuypfwgjjei35t36r7wjgxmcniukbz2tbxior7q",
            "defined_tags": {
              "Oracle-Tags.CreatedBy": "default/mjazzazi@invoiceq.com",
              "Oracle-Tags.CreatedOn": "2022-08-04T17:13:10.642Z"
            },
            "etag": "05c53628-6bea-43cd-baca-411d2f0b41a9",
            "freeform_tags": {},
            "id": "n/ax9aaycxgydy/b/Buckettest27",
            "is_read_only": false,
            "kms_key_id": null,
            "metadata": {},
            "name": "Buckettest27",
            "namespace": "ax9aaycxgydy",
            "object_events_enabled": false,
            "object_lifecycle_policy_etag": null,
            "replication_enabled": false,
            "retention_rules": [],
            "storage_tier": "Standard",
            "time_created": "2022-08-04 17:13:10.652 +0000 UTC",
            "timeouts": null,
            "versioning": "Disabled"
          },
          "sensitive_attributes": [],
          "private": "eyJlMmJmYjczMC1lY2FhLTExZTYtOGY4OC0zNDM2M2JjN2M0YzAiOnsiY3JlYXRlIjoxMjAwMDAwMDAwMDAwLCJkZWxldGUiOjEyMDAwMDAwMDAwMDAsInVwZGF0ZSI6MTIwMDAwMDAwMDAwMH19",
          "dependencies": [
            "oci_identity_compartment.compartment"
          ]
        },
        {
          "index_key": 28,
          "schema_version": 0,
          "attributes": {
            "access_type": "NoPublicAccess",
            "approximate_count": "1",
            "approximate_size": "4",
            "auto_tiering": "Disabled",
            "bucket_id": "ocid1.bucket.oc1.phx.aaaaaaaa456jxcswh7dltyappzirfg4u5mk4k6d3j5t3hx4lylmzisq2jkqa",
            "compartment_id": "ocid1.compartment.oc1..aaaaaaaa54nsdioj7efsodtbqvp7gzkky7x6doshu33rmeq6x6wvoynsq7qq",
            "created_by": "ocid1.user.oc1..aaaaaaaadf2myuzn7c7xnyuypfwgjjei35t36r7wjgxmcniukbz2tbxior7q",
            "defined_tags": {
              "Oracle-Tags.CreatedBy": "default/mjazzazi@invoiceq.com",
              "Oracle-Tags.CreatedOn": "2022-08-04T17:13:09.886Z"
            },
            "etag": "7ed59de4-a4aa-4cd5-8b91-d796025f423e",
            "freeform_tags": {},
            "id": "n/ax9aaycxgydy/b/Buckettest28",
            "is_read_only": false,
            "kms_key_id": null,
            "metadata": {},
            "name": "Buckettest28",
            "namespace": "ax9aaycxgydy",
            "object_events_enabled": false,
            "object_lifecycle_policy_etag": null,
            "replication_enabled": false,
            "retention_rules": [],
            "storage_tier": "Standard",
            "time_created": "2022-08-04 17:13:09.896 +0000 UTC",
            "timeouts": null,
            "versioning": "Disabled"
          },
          "sensitive_attributes": [],
          "private": "eyJlMmJmYjczMC1lY2FhLTExZTYtOGY4OC0zNDM2M2JjN2M0YzAiOnsiY3JlYXRlIjoxMjAwMDAwMDAwMDAwLCJkZWxldGUiOjEyMDAwMDAwMDAwMDAsInVwZGF0ZSI6MTIwMDAwMDAwMDAwMH19",
          "dependencies": [
            "oci_identity_compartment.compartment"
          ]
        },
        {
          "index_key": 29,
          "schema_version": 0,
          "attributes": {
            "access_type": "NoPublicAccess",
            "approximate_count": "1",
            "approximate_size": "4",
            "auto_tiering": "Disabled",
            "bucket_id": "ocid1.bucket.oc1.phx.aaaaaaaa4c7jtdagf2q72kfebbcycvdrzlass5hanfbjfiw7jdmmdvdqeuzq",
            "compartment_id": "ocid1.compartment.oc1..aaaaaaaaffl6uyqghrsq6xjwp73bbbxwgk7vssfskmnw3tb76o6zaxvrthoq",
            "created_by": "ocid1.user.oc1..aaaaaaaadf2myuzn7c7xnyuypfwgjjei35t36r7wjgxmcniukbz2tbxior7q",
            "defined_tags": {
              "Oracle-Tags.CreatedBy": "default/mjazzazi@invoiceq.com",
              "Oracle-Tags.CreatedOn": "2022-08-04T17:13:10.582Z"
            },
            "etag": "8ff8482c-3ce8-4c34-9cfe-04c8c5738eba",
            "freeform_tags": {},
            "id": "n/ax9aaycxgydy/b/Buckettest29",
            "is_read_only": false,
            "kms_key_id": null,
            "metadata": {},
            "name": "Buckettest29",
            "namespace": "ax9aaycxgydy",
            "object_events_enabled": false,
            "object_lifecycle_policy_etag": null,
            "replication_enabled": false,
            "retention_rules": [],
            "storage_tier": "Standard",
            "time_created": "2022-08-04 17:13:10.591 +0000 UTC",
            "timeouts": null,
            "versioning": "Disabled"
          },
          "sensitive_attributes": [],
          "private": "eyJlMmJmYjczMC1lY2FhLTExZTYtOGY4OC0zNDM2M2JjN2M0YzAiOnsiY3JlYXRlIjoxMjAwMDAwMDAwMDAwLCJkZWxldGUiOjEyMDAwMDAwMDAwMDAsInVwZGF0ZSI6MTIwMDAwMDAwMDAwMH19",
          "dependencies": [
            "oci_identity_compartment.compartment"
          ]
        },
        {
          "index_key": 30,
          "schema_version": 0,
          "attributes": {
            "access_type": "NoPublicAccess",
            "approximate_count": "1",
            "approximate_size": "4",
            "auto_tiering": "Disabled",
            "bucket_id": "ocid1.bucket.oc1.phx.aaaaaaaa4qtnmoyx7ketguuxbui3ntyjsot2ftdrjvxtyxmluhg2l4k3drqq",
            "compartment_id": "ocid1.compartment.oc1..aaaaaaaamovuk7ca4c6l2hz75wx2erxv7qqusw55oo54az4vpmuik2rmuljq",
            "created_by": "ocid1.user.oc1..aaaaaaaadf2myuzn7c7xnyuypfwgjjei35t36r7wjgxmcniukbz2tbxior7q",
            "defined_tags": {
              "Oracle-Tags.CreatedBy": "default/mjazzazi@invoiceq.com",
              "Oracle-Tags.CreatedOn": "2022-08-04T17:15:00.758Z"
            },
            "etag": "f8536c60-9d7a-43d2-84cc-5d7dd1287a9f",
            "freeform_tags": {},
            "id": "n/ax9aaycxgydy/b/Buckettest30",
            "is_read_only": false,
            "kms_key_id": null,
            "metadata": {},
            "name": "Buckettest30",
            "namespace": "ax9aaycxgydy",
            "object_events_enabled": false,
            "object_lifecycle_policy_etag": null,
            "replication_enabled": false,
            "retention_rules": [],
            "storage_tier": "Standard",
            "time_created": "2022-08-04 17:15:00.765 +0000 UTC",
            "timeouts": null,
            "versioning": "Disabled"
          },
          "sensitive_attributes": [],
          "private": "eyJlMmJmYjczMC1lY2FhLTExZTYtOGY4OC0zNDM2M2JjN2M0YzAiOnsiY3JlYXRlIjoxMjAwMDAwMDAwMDAwLCJkZWxldGUiOjEyMDAwMDAwMDAwMDAsInVwZGF0ZSI6MTIwMDAwMDAwMDAwMH19",
          "dependencies": [
            "oci_identity_compartment.compartment"
          ]
        },
        {
          "index_key": 31,
          "schema_version": 0,
          "attributes": {
            "access_type": "NoPublicAccess",
            "approximate_count": "1",
            "approximate_size": "4",
            "auto_tiering": "Disabled",
            "bucket_id": "ocid1.bucket.oc1.phx.aaaaaaaatdg6gwfqxujmfuubl2hsmw5r7fez6oxpci7z7reksmw3axf2wc3a",
            "compartment_id": "ocid1.compartment.oc1..aaaaaaaa7fe2smsdjbci7hvfzevjowu5ukrq47nal4zxkxyfbvb4xskq3wea",
            "created_by": "ocid1.user.oc1..aaaaaaaadf2myuzn7c7xnyuypfwgjjei35t36r7wjgxmcniukbz2tbxior7q",
            "defined_tags": {
              "Oracle-Tags.CreatedBy": "default/mjazzazi@invoiceq.com",
              "Oracle-Tags.CreatedOn": "2022-08-04T17:15:01.269Z"
            },
            "etag": "5837c1ca-7318-4c95-b4e4-2ca75a578bda",
            "freeform_tags": {},
            "id": "n/ax9aaycxgydy/b/Buckettest31",
            "is_read_only": false,
            "kms_key_id": null,
            "metadata": {},
            "name": "Buckettest31",
            "namespace": "ax9aaycxgydy",
            "object_events_enabled": false,
            "object_lifecycle_policy_etag": null,
            "replication_enabled": false,
            "retention_rules": [],
            "storage_tier": "Standard",
            "time_created": "2022-08-04 17:15:01.278 +0000 UTC",
            "timeouts": null,
            "versioning": "Disabled"
          },
          "sensitive_attributes": [],
          "private": "eyJlMmJmYjczMC1lY2FhLTExZTYtOGY4OC0zNDM2M2JjN2M0YzAiOnsiY3JlYXRlIjoxMjAwMDAwMDAwMDAwLCJkZWxldGUiOjEyMDAwMDAwMDAwMDAsInVwZGF0ZSI6MTIwMDAwMDAwMDAwMH19",
          "dependencies": [
            "oci_identity_compartment.compartment"
          ]
        },
        {
          "index_key": 32,
          "schema_version": 0,
          "attributes": {
            "access_type": "NoPublicAccess",
            "approximate_count": "1",
            "approximate_size": "4",
            "auto_tiering": "Disabled",
            "bucket_id": "ocid1.bucket.oc1.phx.aaaaaaaailaw6is7fi652dupmh6ylepwg3ktd5kzed6kwsmtggzdvimjibxa",
            "compartment_id": "ocid1.compartment.oc1..aaaaaaaal6ekd5ky3itq3k35t66w3lfcfz5grfjqe3mcz4nfecx2sp47ud3q",
            "created_by": "ocid1.user.oc1..aaaaaaaadf2myuzn7c7xnyuypfwgjjei35t36r7wjgxmcniukbz2tbxior7q",
            "defined_tags": {
              "Oracle-Tags.CreatedBy": "default/mjazzazi@invoiceq.com",
              "Oracle-Tags.CreatedOn": "2022-08-04T17:15:00.759Z"
            },
            "etag": "00b89554-ed8d-49a9-bc2a-b4eaf6637ec2",
            "freeform_tags": {},
            "id": "n/ax9aaycxgydy/b/Buckettest32",
            "is_read_only": false,
            "kms_key_id": null,
            "metadata": {},
            "name": "Buckettest32",
            "namespace": "ax9aaycxgydy",
            "object_events_enabled": false,
            "object_lifecycle_policy_etag": null,
            "replication_enabled": false,
            "retention_rules": [],
            "storage_tier": "Standard",
            "time_created": "2022-08-04 17:15:00.773 +0000 UTC",
            "timeouts": null,
            "versioning": "Disabled"
          },
          "sensitive_attributes": [],
          "private": "eyJlMmJmYjczMC1lY2FhLTExZTYtOGY4OC0zNDM2M2JjN2M0YzAiOnsiY3JlYXRlIjoxMjAwMDAwMDAwMDAwLCJkZWxldGUiOjEyMDAwMDAwMDAwMDAsInVwZGF0ZSI6MTIwMDAwMDAwMDAwMH19",
          "dependencies": [
            "oci_identity_compartment.compartment"
          ]
        },
        {
          "index_key": 33,
          "schema_version": 0,
          "attributes": {
            "access_type": "NoPublicAccess",
            "approximate_count": "1",
            "approximate_size": "4",
            "auto_tiering": "Disabled",
            "bucket_id": "ocid1.bucket.oc1.phx.aaaaaaaafxwolkl6egv4v7asjf5tact3veby3kfvl3tnybjm6s7ac2owcogq",
            "compartment_id": "ocid1.compartment.oc1..aaaaaaaa7ie4d2th7k7ftxaiwzoo52chs3wujohll6otxxwevfinvhi62q6a",
            "created_by": "ocid1.user.oc1..aaaaaaaadf2myuzn7c7xnyuypfwgjjei35t36r7wjgxmcniukbz2tbxior7q",
            "defined_tags": {
              "Oracle-Tags.CreatedBy": "default/mjazzazi@invoiceq.com",
              "Oracle-Tags.CreatedOn": "2022-08-04T17:15:01.472Z"
            },
            "etag": "fe6cffaa-d521-40e7-901f-8b8eefece971",
            "freeform_tags": {},
            "id": "n/ax9aaycxgydy/b/Buckettest33",
            "is_read_only": false,
            "kms_key_id": null,
            "metadata": {},
            "name": "Buckettest33",
            "namespace": "ax9aaycxgydy",
            "object_events_enabled": false,
            "object_lifecycle_policy_etag": null,
            "replication_enabled": false,
            "retention_rules": [],
            "storage_tier": "Standard",
            "time_created": "2022-08-04 17:15:01.481 +0000 UTC",
            "timeouts": null,
            "versioning": "Disabled"
          },
          "sensitive_attributes": [],
          "private": "eyJlMmJmYjczMC1lY2FhLTExZTYtOGY4OC0zNDM2M2JjN2M0YzAiOnsiY3JlYXRlIjoxMjAwMDAwMDAwMDAwLCJkZWxldGUiOjEyMDAwMDAwMDAwMDAsInVwZGF0ZSI6MTIwMDAwMDAwMDAwMH19",
          "dependencies": [
            "oci_identity_compartment.compartment"
          ]
        },
        {
          "index_key": 34,
          "schema_version": 0,
          "attributes": {
            "access_type": "NoPublicAccess",
            "approximate_count": "1",
            "approximate_size": "4",
            "auto_tiering": "Disabled",
            "bucket_id": "ocid1.bucket.oc1.phx.aaaaaaaax5ujoxk5ln6xsjtmpev6s2sxoapsgmqz46qv5dohfx223sqt2o6a",
            "compartment_id": "ocid1.compartment.oc1..aaaaaaaacqjhwsrjvenqeyme5iv3jxsllibla63sziaewrmwmowugjzc5dea",
            "created_by": "ocid1.user.oc1..aaaaaaaadf2myuzn7c7xnyuypfwgjjei35t36r7wjgxmcniukbz2tbxior7q",
            "defined_tags": {
              "Oracle-Tags.CreatedBy": "default/mjazzazi@invoiceq.com",
              "Oracle-Tags.CreatedOn": "2022-08-04T17:15:00.783Z"
            },
            "etag": "655488bd-2dfd-4fc3-8a50-23d50dab49fc",
            "freeform_tags": {},
            "id": "n/ax9aaycxgydy/b/Buckettest34",
            "is_read_only": false,
            "kms_key_id": null,
            "metadata": {},
            "name": "Buckettest34",
            "namespace": "ax9aaycxgydy",
            "object_events_enabled": false,
            "object_lifecycle_policy_etag": null,
            "replication_enabled": false,
            "retention_rules": [],
            "storage_tier": "Standard",
            "time_created": "2022-08-04 17:15:00.791 +0000 UTC",
            "timeouts": null,
            "versioning": "Disabled"
          },
          "sensitive_attributes": [],
          "private": "eyJlMmJmYjczMC1lY2FhLTExZTYtOGY4OC0zNDM2M2JjN2M0YzAiOnsiY3JlYXRlIjoxMjAwMDAwMDAwMDAwLCJkZWxldGUiOjEyMDAwMDAwMDAwMDAsInVwZGF0ZSI6MTIwMDAwMDAwMDAwMH19",
          "dependencies": [
            "oci_identity_compartment.compartment"
          ]
        },
        {
          "index_key": 35,
          "schema_version": 0,
          "attributes": {
            "access_type": "NoPublicAccess",
            "approximate_count": "1",
            "approximate_size": "4",
            "auto_tiering": "Disabled",
            "bucket_id": "ocid1.bucket.oc1.phx.aaaaaaaagk4uehwmwjogz62c4xl7k7kgwuky346wwasef7psyqgxnafh2o4q",
            "compartment_id": "ocid1.compartment.oc1..aaaaaaaa5j6frf3xtjvh3re7wckkomifrff54xuuuknbetn2cjh35icmxmiq",
            "created_by": "ocid1.user.oc1..aaaaaaaadf2myuzn7c7xnyuypfwgjjei35t36r7wjgxmcniukbz2tbxior7q",
            "defined_tags": {
              "Oracle-Tags.CreatedBy": "default/mjazzazi@invoiceq.com",
              "Oracle-Tags.CreatedOn": "2022-08-04T17:17:02.552Z"
            },
            "etag": "6b5f8e0c-4fff-4da0-af51-8cae7aff6eac",
            "freeform_tags": {},
            "id": "n/ax9aaycxgydy/b/Buckettest35",
            "is_read_only": false,
            "kms_key_id": null,
            "metadata": {},
            "name": "Buckettest35",
            "namespace": "ax9aaycxgydy",
            "object_events_enabled": false,
            "object_lifecycle_policy_etag": null,
            "replication_enabled": false,
            "retention_rules": [],
            "storage_tier": "Standard",
            "time_created": "2022-08-04 17:17:02.561 +0000 UTC",
            "timeouts": null,
            "versioning": "Disabled"
          },
          "sensitive_attributes": [],
          "private": "eyJlMmJmYjczMC1lY2FhLTExZTYtOGY4OC0zNDM2M2JjN2M0YzAiOnsiY3JlYXRlIjoxMjAwMDAwMDAwMDAwLCJkZWxldGUiOjEyMDAwMDAwMDAwMDAsInVwZGF0ZSI6MTIwMDAwMDAwMDAwMH19",
          "dependencies": [
            "oci_identity_compartment.compartment"
          ]
        },
        {
          "index_key": 36,
          "schema_version": 0,
          "attributes": {
            "access_type": "NoPublicAccess",
            "approximate_count": "1",
            "approximate_size": "4",
            "auto_tiering": "Disabled",
            "bucket_id": "ocid1.bucket.oc1.phx.aaaaaaaaoc7lviroaqi5ti6misjsxbxpp5i53njt2wmckzkgh2hdqmpsszqq",
            "compartment_id": "ocid1.compartment.oc1..aaaaaaaaeg4m2wnwnozscsdatjw7d6inazbvj6lstbpitmk7bder3mj77l5a",
            "created_by": "ocid1.user.oc1..aaaaaaaadf2myuzn7c7xnyuypfwgjjei35t36r7wjgxmcniukbz2tbxior7q",
            "defined_tags": {
              "Oracle-Tags.CreatedBy": "default/mjazzazi@invoiceq.com",
              "Oracle-Tags.CreatedOn": "2022-08-04T17:17:02.241Z"
            },
            "etag": "2a4dd92e-b23e-4745-be1e-c64a25d0f2e4",
            "freeform_tags": {},
            "id": "n/ax9aaycxgydy/b/Buckettest36",
            "is_read_only": false,
            "kms_key_id": null,
            "metadata": {},
            "name": "Buckettest36",
            "namespace": "ax9aaycxgydy",
            "object_events_enabled": false,
            "object_lifecycle_policy_etag": null,
            "replication_enabled": false,
            "retention_rules": [],
            "storage_tier": "Standard",
            "time_created": "2022-08-04 17:17:02.253 +0000 UTC",
            "timeouts": null,
            "versioning": "Disabled"
          },
          "sensitive_attributes": [],
          "private": "eyJlMmJmYjczMC1lY2FhLTExZTYtOGY4OC0zNDM2M2JjN2M0YzAiOnsiY3JlYXRlIjoxMjAwMDAwMDAwMDAwLCJkZWxldGUiOjEyMDAwMDAwMDAwMDAsInVwZGF0ZSI6MTIwMDAwMDAwMDAwMH19",
          "dependencies": [
            "oci_identity_compartment.compartment"
          ]
        },
        {
          "index_key": 37,
          "schema_version": 0,
          "attributes": {
            "access_type": "NoPublicAccess",
            "approximate_count": "1",
            "approximate_size": "4",
            "auto_tiering": "Disabled",
            "bucket_id": "ocid1.bucket.oc1.phx.aaaaaaaaaobozmiw2rx5mxp6ww7ngwhmd3qvlm4kb47pp36qaftfnvxg76fa",
            "compartment_id": "ocid1.compartment.oc1..aaaaaaaa5aolczmzdrrb7rrt3y2qgidqhwek3ujsjjnovrike4fb52dlczhq",
            "created_by": "ocid1.user.oc1..aaaaaaaadf2myuzn7c7xnyuypfwgjjei35t36r7wjgxmcniukbz2tbxior7q",
            "defined_tags": {
              "Oracle-Tags.CreatedBy": "default/mjazzazi@invoiceq.com",
              "Oracle-Tags.CreatedOn": "2022-08-04T17:17:01.433Z"
            },
            "etag": "bcf946ca-b13e-4f7e-b9bc-eef647aea60f",
            "freeform_tags": {},
            "id": "n/ax9aaycxgydy/b/Buckettest37",
            "is_read_only": false,
            "kms_key_id": null,
            "metadata": {},
            "name": "Buckettest37",
            "namespace": "ax9aaycxgydy",
            "object_events_enabled": false,
            "object_lifecycle_policy_etag": null,
            "replication_enabled": false,
            "retention_rules": [],
            "storage_tier": "Standard",
            "time_created": "2022-08-04 17:17:01.441 +0000 UTC",
            "timeouts": null,
            "versioning": "Disabled"
          },
          "sensitive_attributes": [],
          "private": "eyJlMmJmYjczMC1lY2FhLTExZTYtOGY4OC0zNDM2M2JjN2M0YzAiOnsiY3JlYXRlIjoxMjAwMDAwMDAwMDAwLCJkZWxldGUiOjEyMDAwMDAwMDAwMDAsInVwZGF0ZSI6MTIwMDAwMDAwMDAwMH19",
          "dependencies": [
            "oci_identity_compartment.compartment"
          ]
        },
        {
          "index_key": 38,
          "schema_version": 0,
          "attributes": {
            "access_type": "NoPublicAccess",
            "approximate_count": "1",
            "approximate_size": "4",
            "auto_tiering": "Disabled",
            "bucket_id": "ocid1.bucket.oc1.phx.aaaaaaaaho4jwpwzsy35xcqhsznaxrzyo6duj6a43vnxcbms7k6nzo77ze2q",
            "compartment_id": "ocid1.compartment.oc1..aaaaaaaaq6j6rxw6celx2hotzzg4hoclw23y3sk2o2b2kacmj5zp736y43ha",
            "created_by": "ocid1.user.oc1..aaaaaaaadf2myuzn7c7xnyuypfwgjjei35t36r7wjgxmcniukbz2tbxior7q",
            "defined_tags": {
              "Oracle-Tags.CreatedBy": "default/mjazzazi@invoiceq.com",
              "Oracle-Tags.CreatedOn": "2022-08-04T17:17:02.214Z"
            },
            "etag": "f7b1c27a-7411-4c1c-9e7c-e79302b801dd",
            "freeform_tags": {},
            "id": "n/ax9aaycxgydy/b/Buckettest38",
            "is_read_only": false,
            "kms_key_id": null,
            "metadata": {},
            "name": "Buckettest38",
            "namespace": "ax9aaycxgydy",
            "object_events_enabled": false,
            "object_lifecycle_policy_etag": null,
            "replication_enabled": false,
            "retention_rules": [],
            "storage_tier": "Standard",
            "time_created": "2022-08-04 17:17:02.223 +0000 UTC",
            "timeouts": null,
            "versioning": "Disabled"
          },
          "sensitive_attributes": [],
          "private": "eyJlMmJmYjczMC1lY2FhLTExZTYtOGY4OC0zNDM2M2JjN2M0YzAiOnsiY3JlYXRlIjoxMjAwMDAwMDAwMDAwLCJkZWxldGUiOjEyMDAwMDAwMDAwMDAsInVwZGF0ZSI6MTIwMDAwMDAwMDAwMH19",
          "dependencies": [
            "oci_identity_compartment.compartment"
          ]
        },
        {
          "index_key": 39,
          "schema_version": 0,
          "attributes": {
            "access_type": "NoPublicAccess",
            "approximate_count": "1",
            "approximate_size": "4",
            "auto_tiering": "Disabled",
            "bucket_id": "ocid1.bucket.oc1.phx.aaaaaaaabzrunesvh6nl3yvyvja3ddd3qnslb5tzr7fqqzz2a2wdegc6ljxa",
            "compartment_id": "ocid1.compartment.oc1..aaaaaaaarahjqjol24asrhvfmziimzbdmfssmtl4fwmvcwcstjjgys7nwima",
            "created_by": "ocid1.user.oc1..aaaaaaaadf2myuzn7c7xnyuypfwgjjei35t36r7wjgxmcniukbz2tbxior7q",
            "defined_tags": {
              "Oracle-Tags.CreatedBy": "default/mjazzazi@invoiceq.com",
              "Oracle-Tags.CreatedOn": "2022-08-04T17:17:00.376Z"
            },
            "etag": "e535975e-dee0-4954-998d-1b0cb52a4e53",
            "freeform_tags": {},
            "id": "n/ax9aaycxgydy/b/Buckettest39",
            "is_read_only": false,
            "kms_key_id": null,
            "metadata": {},
            "name": "Buckettest39",
            "namespace": "ax9aaycxgydy",
            "object_events_enabled": false,
            "object_lifecycle_policy_etag": null,
            "replication_enabled": false,
            "retention_rules": [],
            "storage_tier": "Standard",
            "time_created": "2022-08-04 17:17:00.387 +0000 UTC",
            "timeouts": null,
            "versioning": "Disabled"
          },
          "sensitive_attributes": [],
          "private": "eyJlMmJmYjczMC1lY2FhLTExZTYtOGY4OC0zNDM2M2JjN2M0YzAiOnsiY3JlYXRlIjoxMjAwMDAwMDAwMDAwLCJkZWxldGUiOjEyMDAwMDAwMDAwMDAsInVwZGF0ZSI6MTIwMDAwMDAwMDAwMH19",
          "dependencies": [
            "oci_identity_compartment.compartment"
          ]
        },
        {
          "index_key": 40,
          "schema_version": 0,
          "attributes": {
            "access_type": "NoPublicAccess",
            "approximate_count": "1",
            "approximate_size": "4",
            "auto_tiering": "Disabled",
            "bucket_id": "ocid1.bucket.oc1.phx.aaaaaaaadnngppoorow4emevtoxtrbi32k7pik3qnt76faw3yjag5oklyh6q",
            "compartment_id": "ocid1.compartment.oc1..aaaaaaaapi4t74rck3c37i32jdc2wm6qzsx5lo6ub7xu4bb4kchuddc7yzkq",
            "created_by": "ocid1.user.oc1..aaaaaaaadf2myuzn7c7xnyuypfwgjjei35t36r7wjgxmcniukbz2tbxior7q",
            "defined_tags": {
              "Oracle-Tags.CreatedBy": "default/mjazzazi@invoiceq.com",
              "Oracle-Tags.CreatedOn": "2022-08-04T17:17:00.446Z"
            },
            "etag": "b0d6592e-0bb2-49d5-a20f-017185a3e33e",
            "freeform_tags": {},
            "id": "n/ax9aaycxgydy/b/Buckettest40",
            "is_read_only": false,
            "kms_key_id": null,
            "metadata": {},
            "name": "Buckettest40",
            "namespace": "ax9aaycxgydy",
            "object_events_enabled": false,
            "object_lifecycle_policy_etag": null,
            "replication_enabled": false,
            "retention_rules": [],
            "storage_tier": "Standard",
            "time_created": "2022-08-04 17:17:00.455 +0000 UTC",
            "timeouts": null,
            "versioning": "Disabled"
          },
          "sensitive_attributes": [],
          "private": "eyJlMmJmYjczMC1lY2FhLTExZTYtOGY4OC0zNDM2M2JjN2M0YzAiOnsiY3JlYXRlIjoxMjAwMDAwMDAwMDAwLCJkZWxldGUiOjEyMDAwMDAwMDAwMDAsInVwZGF0ZSI6MTIwMDAwMDAwMDAwMH19",
          "dependencies": [
            "oci_identity_compartment.compartment"
          ]
        },
        {
          "index_key": 41,
          "schema_version": 0,
          "attributes": {
            "access_type": "NoPublicAccess",
            "approximate_count": "1",
            "approximate_size": "4",
            "auto_tiering": "Disabled",
            "bucket_id": "ocid1.bucket.oc1.phx.aaaaaaaasp2nt3lsr75el4ulijfet3vugxzab25ypiyncqxdyz7lnp2ado5q",
            "compartment_id": "ocid1.compartment.oc1..aaaaaaaad3yvjxye5filop4o53nyd4urynhig3riplta6gpxzwx5u2qelbma",
            "created_by": "ocid1.user.oc1..aaaaaaaadf2myuzn7c7xnyuypfwgjjei35t36r7wjgxmcniukbz2tbxior7q",
            "defined_tags": {
              "Oracle-Tags.CreatedBy": "default/mjazzazi@invoiceq.com",
              "Oracle-Tags.CreatedOn": "2022-08-04T17:17:01.197Z"
            },
            "etag": "ac6b22c0-1116-4386-8a84-45af7fb048bb",
            "freeform_tags": {},
            "id": "n/ax9aaycxgydy/b/Buckettest41",
            "is_read_only": false,
            "kms_key_id": null,
            "metadata": {},
            "name": "Buckettest41",
            "namespace": "ax9aaycxgydy",
            "object_events_enabled": false,
            "object_lifecycle_policy_etag": null,
            "replication_enabled": false,
            "retention_rules": [],
            "storage_tier": "Standard",
            "time_created": "2022-08-04 17:17:01.219 +0000 UTC",
            "timeouts": null,
            "versioning": "Disabled"
          },
          "sensitive_attributes": [],
          "private": "eyJlMmJmYjczMC1lY2FhLTExZTYtOGY4OC0zNDM2M2JjN2M0YzAiOnsiY3JlYXRlIjoxMjAwMDAwMDAwMDAwLCJkZWxldGUiOjEyMDAwMDAwMDAwMDAsInVwZGF0ZSI6MTIwMDAwMDAwMDAwMH19",
          "dependencies": [
            "oci_identity_compartment.compartment"
          ]
        },
        {
          "index_key": 42,
          "schema_version": 0,
          "attributes": {
            "access_type": "NoPublicAccess",
            "approximate_count": "1",
            "approximate_size": "4",
            "auto_tiering": "Disabled",
            "bucket_id": "ocid1.bucket.oc1.phx.aaaaaaaawvufwlqaob5hqjhbu77yzfxlxjnmmjvofszx5o2xji2prk55lvja",
            "compartment_id": "ocid1.compartment.oc1..aaaaaaaaisw3wfjwcxozbtvqhh66bd2wpf4kxhu2z4q24s7cpmr4qa2xnvcq",
            "created_by": "ocid1.user.oc1..aaaaaaaadf2myuzn7c7xnyuypfwgjjei35t36r7wjgxmcniukbz2tbxior7q",
            "defined_tags": {
              "Oracle-Tags.CreatedBy": "default/mjazzazi@invoiceq.com",
              "Oracle-Tags.CreatedOn": "2022-08-04T17:17:01.193Z"
            },
            "etag": "8cfb51b4-6dfd-4705-8179-e87967361ee2",
            "freeform_tags": {},
            "id": "n/ax9aaycxgydy/b/Buckettest42",
            "is_read_only": false,
            "kms_key_id": null,
            "metadata": {},
            "name": "Buckettest42",
            "namespace": "ax9aaycxgydy",
            "object_events_enabled": false,
            "object_lifecycle_policy_etag": null,
            "replication_enabled": false,
            "retention_rules": [],
            "storage_tier": "Standard",
            "time_created": "2022-08-04 17:17:01.206 +0000 UTC",
            "timeouts": null,
            "versioning": "Disabled"
          },
          "sensitive_attributes": [],
          "private": "eyJlMmJmYjczMC1lY2FhLTExZTYtOGY4OC0zNDM2M2JjN2M0YzAiOnsiY3JlYXRlIjoxMjAwMDAwMDAwMDAwLCJkZWxldGUiOjEyMDAwMDAwMDAwMDAsInVwZGF0ZSI6MTIwMDAwMDAwMDAwMH19",
          "dependencies": [
            "oci_identity_compartment.compartment"
          ]
        },
        {
          "index_key": 43,
          "schema_version": 0,
          "attributes": {
            "access_type": "NoPublicAccess",
            "approximate_count": "1",
            "approximate_size": "4",
            "auto_tiering": "Disabled",
            "bucket_id": "ocid1.bucket.oc1.phx.aaaaaaaazfmmj2uvxhlyi3ofumudvhr63jumuzzrzk4rspd5ewmkogagy3ya",
            "compartment_id": "ocid1.compartment.oc1..aaaaaaaavpsogdaa7q4z7v6h3t3pxuvwojohz4ystz6nxwm7vgsh7pxgc3ya",
            "created_by": "ocid1.user.oc1..aaaaaaaadf2myuzn7c7xnyuypfwgjjei35t36r7wjgxmcniukbz2tbxior7q",
            "defined_tags": {
              "Oracle-Tags.CreatedBy": "default/mjazzazi@invoiceq.com",
              "Oracle-Tags.CreatedOn": "2022-08-04T17:17:02.085Z"
            },
            "etag": "0b567b6a-95f1-421b-9d33-f7ca65fda1d3",
            "freeform_tags": {},
            "id": "n/ax9aaycxgydy/b/Buckettest43",
            "is_read_only": false,
            "kms_key_id": null,
            "metadata": {},
            "name": "Buckettest43",
            "namespace": "ax9aaycxgydy",
            "object_events_enabled": false,
            "object_lifecycle_policy_etag": null,
            "replication_enabled": false,
            "retention_rules": [],
            "storage_tier": "Standard",
            "time_created": "2022-08-04 17:17:02.094 +0000 UTC",
            "timeouts": null,
            "versioning": "Disabled"
          },
          "sensitive_attributes": [],
          "private": "eyJlMmJmYjczMC1lY2FhLTExZTYtOGY4OC0zNDM2M2JjN2M0YzAiOnsiY3JlYXRlIjoxMjAwMDAwMDAwMDAwLCJkZWxldGUiOjEyMDAwMDAwMDAwMDAsInVwZGF0ZSI6MTIwMDAwMDAwMDAwMH19",
          "dependencies": [
            "oci_identity_compartment.compartment"
          ]
        },
        {
          "index_key": 44,
          "schema_version": 0,
          "attributes": {
            "access_type": "NoPublicAccess",
            "approximate_count": "1",
            "approximate_size": "4",
            "auto_tiering": "Disabled",
            "bucket_id": "ocid1.bucket.oc1.phx.aaaaaaaascssjz5fmsnlpa2tkwjfdai43m2xqtvv7b5sfuhcz3gguivaf3yq",
            "compartment_id": "ocid1.compartment.oc1..aaaaaaaafyourh7ckawiji25spszaemdxtdlg7pv6n3vhusfdylfy2lnqkia",
            "created_by": "ocid1.user.oc1..aaaaaaaadf2myuzn7c7xnyuypfwgjjei35t36r7wjgxmcniukbz2tbxior7q",
            "defined_tags": {
              "Oracle-Tags.CreatedBy": "default/mjazzazi@invoiceq.com",
              "Oracle-Tags.CreatedOn": "2022-08-04T17:17:00.398Z"
            },
            "etag": "691ab4ea-0003-4a5d-a24f-0e8a59bd2eac",
            "freeform_tags": {},
            "id": "n/ax9aaycxgydy/b/Buckettest44",
            "is_read_only": false,
            "kms_key_id": null,
            "metadata": {},
            "name": "Buckettest44",
            "namespace": "ax9aaycxgydy",
            "object_events_enabled": false,
            "object_lifecycle_policy_etag": null,
            "replication_enabled": false,
            "retention_rules": [],
            "storage_tier": "Standard",
            "time_created": "2022-08-04 17:17:00.408 +0000 UTC",
            "timeouts": null,
            "versioning": "Disabled"
          },
          "sensitive_attributes": [],
          "private": "eyJlMmJmYjczMC1lY2FhLTExZTYtOGY4OC0zNDM2M2JjN2M0YzAiOnsiY3JlYXRlIjoxMjAwMDAwMDAwMDAwLCJkZWxldGUiOjEyMDAwMDAwMDAwMDAsInVwZGF0ZSI6MTIwMDAwMDAwMDAwMH19",
          "dependencies": [
            "oci_identity_compartment.compartment"
          ]
        }
      ]
    },
    {
      "mode": "managed",
      "type": "oci_objectstorage_object",
      "name": "object",
      "provider": "provider[\"registry.terraform.io/hashicorp/oci\"]",
      "instances": [
        {
          "index_key": 0,
          "schema_version": 0,
          "attributes": {
            "bucket": "Buckettest",
            "cache_control": null,
            "content": "8d777f385d3dfec8815d20f7496026dc",
            "content_disposition": null,
            "content_encoding": null,
            "content_language": null,
            "content_length": "4",
            "content_md5": "jXd/OF09/siBXSD3SWAm3A==",
            "content_type": "application/octet-stream",
            "delete_all_object_versions": false,
            "id": "n/ax9aaycxgydy/b/Buckettest/o/diagram",
            "metadata": {},
            "namespace": "ax9aaycxgydy",
            "object": "diagram",
            "opc_sse_kms_key_id": null,
            "source": null,
            "source_uri_details": [],
            "state": "COMPLETED",
            "storage_tier": "Standard",
            "timeouts": null,
            "version_id": "42d2b58c-7b17-4a89-9dcc-c7d394e85671",
            "work_request_id": ""
          },
          "sensitive_attributes": [],
          "private": "eyJlMmJmYjczMC1lY2FhLTExZTYtOGY4OC0zNDM2M2JjN2M0YzAiOnsiY3JlYXRlIjoxMjAwMDAwMDAwMDAwLCJkZWxldGUiOjEyMDAwMDAwMDAwMDAsInVwZGF0ZSI6MTIwMDAwMDAwMDAwMH19",
          "dependencies": [
            "oci_identity_compartment.compartment",
            "oci_objectstorage_bucket.bucket"
          ]
        },
        {
          "index_key": 1,
          "schema_version": 0,
          "attributes": {
            "bucket": "Buckettest1",
            "cache_control": null,
            "content": "8d777f385d3dfec8815d20f7496026dc",
            "content_disposition": null,
            "content_encoding": null,
            "content_language": null,
            "content_length": "4",
            "content_md5": "jXd/OF09/siBXSD3SWAm3A==",
            "content_type": "application/octet-stream",
            "delete_all_object_versions": false,
            "id": "n/ax9aaycxgydy/b/Buckettest1/o/diagram",
            "metadata": {},
            "namespace": "ax9aaycxgydy",
            "object": "diagram",
            "opc_sse_kms_key_id": null,
            "source": null,
            "source_uri_details": [],
            "state": "COMPLETED",
            "storage_tier": "Standard",
            "timeouts": null,
            "version_id": "ddf45041-5a51-43c5-a14f-2a84dd22ad34",
            "work_request_id": ""
          },
          "sensitive_attributes": [],
          "private": "eyJlMmJmYjczMC1lY2FhLTExZTYtOGY4OC0zNDM2M2JjN2M0YzAiOnsiY3JlYXRlIjoxMjAwMDAwMDAwMDAwLCJkZWxldGUiOjEyMDAwMDAwMDAwMDAsInVwZGF0ZSI6MTIwMDAwMDAwMDAwMH19",
          "dependencies": [
            "oci_identity_compartment.compartment",
            "oci_objectstorage_bucket.bucket"
          ]
        },
        {
          "index_key": 2,
          "schema_version": 0,
          "attributes": {
            "bucket": "Buckettest2",
            "cache_control": null,
            "content": "8d777f385d3dfec8815d20f7496026dc",
            "content_disposition": null,
            "content_encoding": null,
            "content_language": null,
            "content_length": "4",
            "content_md5": "jXd/OF09/siBXSD3SWAm3A==",
            "content_type": "application/octet-stream",
            "delete_all_object_versions": false,
            "id": "n/ax9aaycxgydy/b/Buckettest2/o/diagram",
            "metadata": {},
            "namespace": "ax9aaycxgydy",
            "object": "diagram",
            "opc_sse_kms_key_id": null,
            "source": null,
            "source_uri_details": [],
            "state": "COMPLETED",
            "storage_tier": "Standard",
            "timeouts": null,
            "version_id": "ce802983-dbc1-4044-88e3-813e4bff4413",
            "work_request_id": ""
          },
          "sensitive_attributes": [],
          "private": "eyJlMmJmYjczMC1lY2FhLTExZTYtOGY4OC0zNDM2M2JjN2M0YzAiOnsiY3JlYXRlIjoxMjAwMDAwMDAwMDAwLCJkZWxldGUiOjEyMDAwMDAwMDAwMDAsInVwZGF0ZSI6MTIwMDAwMDAwMDAwMH19",
          "dependencies": [
            "oci_identity_compartment.compartment",
            "oci_objectstorage_bucket.bucket"
          ]
        },
        {
          "index_key": 3,
          "schema_version": 0,
          "attributes": {
            "bucket": "Buckettest3",
            "cache_control": null,
            "content": "8d777f385d3dfec8815d20f7496026dc",
            "content_disposition": null,
            "content_encoding": null,
            "content_language": null,
            "content_length": "4",
            "content_md5": "jXd/OF09/siBXSD3SWAm3A==",
            "content_type": "application/octet-stream",
            "delete_all_object_versions": false,
            "id": "n/ax9aaycxgydy/b/Buckettest3/o/diagram",
            "metadata": {},
            "namespace": "ax9aaycxgydy",
            "object": "diagram",
            "opc_sse_kms_key_id": null,
            "source": null,
            "source_uri_details": [],
            "state": "COMPLETED",
            "storage_tier": "Standard",
            "timeouts": null,
            "version_id": "28c7004e-06ad-418b-a215-8ebbf8751c5b",
            "work_request_id": ""
          },
          "sensitive_attributes": [],
          "private": "eyJlMmJmYjczMC1lY2FhLTExZTYtOGY4OC0zNDM2M2JjN2M0YzAiOnsiY3JlYXRlIjoxMjAwMDAwMDAwMDAwLCJkZWxldGUiOjEyMDAwMDAwMDAwMDAsInVwZGF0ZSI6MTIwMDAwMDAwMDAwMH19",
          "dependencies": [
            "oci_identity_compartment.compartment",
            "oci_objectstorage_bucket.bucket"
          ]
        },
        {
          "index_key": 4,
          "schema_version": 0,
          "attributes": {
            "bucket": "Buckettest4",
            "cache_control": null,
            "content": "8d777f385d3dfec8815d20f7496026dc",
            "content_disposition": null,
            "content_encoding": null,
            "content_language": null,
            "content_length": "4",
            "content_md5": "jXd/OF09/siBXSD3SWAm3A==",
            "content_type": "application/octet-stream",
            "delete_all_object_versions": false,
            "id": "n/ax9aaycxgydy/b/Buckettest4/o/diagram",
            "metadata": {},
            "namespace": "ax9aaycxgydy",
            "object": "diagram",
            "opc_sse_kms_key_id": null,
            "source": null,
            "source_uri_details": [],
            "state": "COMPLETED",
            "storage_tier": "Standard",
            "timeouts": null,
            "version_id": "df45c83d-1e80-4c0b-9dab-ac6eed576d99",
            "work_request_id": ""
          },
          "sensitive_attributes": [],
          "private": "eyJlMmJmYjczMC1lY2FhLTExZTYtOGY4OC0zNDM2M2JjN2M0YzAiOnsiY3JlYXRlIjoxMjAwMDAwMDAwMDAwLCJkZWxldGUiOjEyMDAwMDAwMDAwMDAsInVwZGF0ZSI6MTIwMDAwMDAwMDAwMH19",
          "dependencies": [
            "oci_identity_compartment.compartment",
            "oci_objectstorage_bucket.bucket"
          ]
        },
        {
          "index_key": 5,
          "schema_version": 0,
          "attributes": {
            "bucket": "Buckettest5",
            "cache_control": null,
            "content": "8d777f385d3dfec8815d20f7496026dc",
            "content_disposition": null,
            "content_encoding": null,
            "content_language": null,
            "content_length": "4",
            "content_md5": "jXd/OF09/siBXSD3SWAm3A==",
            "content_type": "application/octet-stream",
            "delete_all_object_versions": false,
            "id": "n/ax9aaycxgydy/b/Buckettest5/o/diagram",
            "metadata": {},
            "namespace": "ax9aaycxgydy",
            "object": "diagram",
            "opc_sse_kms_key_id": null,
            "source": null,
            "source_uri_details": [],
            "state": "COMPLETED",
            "storage_tier": "Standard",
            "timeouts": null,
            "version_id": "d33c83cb-f3b9-4ee1-b91d-e1589e188492",
            "work_request_id": ""
          },
          "sensitive_attributes": [],
          "private": "eyJlMmJmYjczMC1lY2FhLTExZTYtOGY4OC0zNDM2M2JjN2M0YzAiOnsiY3JlYXRlIjoxMjAwMDAwMDAwMDAwLCJkZWxldGUiOjEyMDAwMDAwMDAwMDAsInVwZGF0ZSI6MTIwMDAwMDAwMDAwMH19",
          "dependencies": [
            "oci_identity_compartment.compartment",
            "oci_objectstorage_bucket.bucket"
          ]
        },
        {
          "index_key": 6,
          "schema_version": 0,
          "attributes": {
            "bucket": "Buckettest6",
            "cache_control": null,
            "content": "8d777f385d3dfec8815d20f7496026dc",
            "content_disposition": null,
            "content_encoding": null,
            "content_language": null,
            "content_length": "4",
            "content_md5": "jXd/OF09/siBXSD3SWAm3A==",
            "content_type": "application/octet-stream",
            "delete_all_object_versions": false,
            "id": "n/ax9aaycxgydy/b/Buckettest6/o/diagram",
            "metadata": {},
            "namespace": "ax9aaycxgydy",
            "object": "diagram",
            "opc_sse_kms_key_id": null,
            "source": null,
            "source_uri_details": [],
            "state": "COMPLETED",
            "storage_tier": "Standard",
            "timeouts": null,
            "version_id": "9ca62070-d84b-43d5-93a2-3c49e1647bb5",
            "work_request_id": ""
          },
          "sensitive_attributes": [],
          "private": "eyJlMmJmYjczMC1lY2FhLTExZTYtOGY4OC0zNDM2M2JjN2M0YzAiOnsiY3JlYXRlIjoxMjAwMDAwMDAwMDAwLCJkZWxldGUiOjEyMDAwMDAwMDAwMDAsInVwZGF0ZSI6MTIwMDAwMDAwMDAwMH19",
          "dependencies": [
            "oci_identity_compartment.compartment",
            "oci_objectstorage_bucket.bucket"
          ]
        },
        {
          "index_key": 7,
          "schema_version": 0,
          "attributes": {
            "bucket": "Buckettest7",
            "cache_control": null,
            "content": "8d777f385d3dfec8815d20f7496026dc",
            "content_disposition": null,
            "content_encoding": null,
            "content_language": null,
            "content_length": "4",
            "content_md5": "jXd/OF09/siBXSD3SWAm3A==",
            "content_type": "application/octet-stream",
            "delete_all_object_versions": false,
            "id": "n/ax9aaycxgydy/b/Buckettest7/o/diagram",
            "metadata": {},
            "namespace": "ax9aaycxgydy",
            "object": "diagram",
            "opc_sse_kms_key_id": null,
            "source": null,
            "source_uri_details": [],
            "state": "COMPLETED",
            "storage_tier": "Standard",
            "timeouts": null,
            "version_id": "1e56d076-3cb3-4c35-9e14-e287c3dbc275",
            "work_request_id": ""
          },
          "sensitive_attributes": [],
          "private": "eyJlMmJmYjczMC1lY2FhLTExZTYtOGY4OC0zNDM2M2JjN2M0YzAiOnsiY3JlYXRlIjoxMjAwMDAwMDAwMDAwLCJkZWxldGUiOjEyMDAwMDAwMDAwMDAsInVwZGF0ZSI6MTIwMDAwMDAwMDAwMH19",
          "dependencies": [
            "oci_identity_compartment.compartment",
            "oci_objectstorage_bucket.bucket"
          ]
        },
        {
          "index_key": 8,
          "schema_version": 0,
          "attributes": {
            "bucket": "Buckettest8",
            "cache_control": null,
            "content": "8d777f385d3dfec8815d20f7496026dc",
            "content_disposition": null,
            "content_encoding": null,
            "content_language": null,
            "content_length": "4",
            "content_md5": "jXd/OF09/siBXSD3SWAm3A==",
            "content_type": "application/octet-stream",
            "delete_all_object_versions": false,
            "id": "n/ax9aaycxgydy/b/Buckettest8/o/diagram",
            "metadata": {},
            "namespace": "ax9aaycxgydy",
            "object": "diagram",
            "opc_sse_kms_key_id": null,
            "source": null,
            "source_uri_details": [],
            "state": "COMPLETED",
            "storage_tier": "Standard",
            "timeouts": null,
            "version_id": "ad0c58e8-1eed-4d10-9220-a32211bbd81c",
            "work_request_id": ""
          },
          "sensitive_attributes": [],
          "private": "eyJlMmJmYjczMC1lY2FhLTExZTYtOGY4OC0zNDM2M2JjN2M0YzAiOnsiY3JlYXRlIjoxMjAwMDAwMDAwMDAwLCJkZWxldGUiOjEyMDAwMDAwMDAwMDAsInVwZGF0ZSI6MTIwMDAwMDAwMDAwMH19",
          "dependencies": [
            "oci_identity_compartment.compartment",
            "oci_objectstorage_bucket.bucket"
          ]
        },
        {
          "index_key": 9,
          "schema_version": 0,
          "attributes": {
            "bucket": "Buckettest9",
            "cache_control": null,
            "content": "8d777f385d3dfec8815d20f7496026dc",
            "content_disposition": null,
            "content_encoding": null,
            "content_language": null,
            "content_length": "4",
            "content_md5": "jXd/OF09/siBXSD3SWAm3A==",
            "content_type": "application/octet-stream",
            "delete_all_object_versions": false,
            "id": "n/ax9aaycxgydy/b/Buckettest9/o/diagram",
            "metadata": {},
            "namespace": "ax9aaycxgydy",
            "object": "diagram",
            "opc_sse_kms_key_id": null,
            "source": null,
            "source_uri_details": [],
            "state": "COMPLETED",
            "storage_tier": "Standard",
            "timeouts": null,
            "version_id": "c0415f41-1afe-4ae4-9e61-9eb32ed06699",
            "work_request_id": ""
          },
          "sensitive_attributes": [],
          "private": "eyJlMmJmYjczMC1lY2FhLTExZTYtOGY4OC0zNDM2M2JjN2M0YzAiOnsiY3JlYXRlIjoxMjAwMDAwMDAwMDAwLCJkZWxldGUiOjEyMDAwMDAwMDAwMDAsInVwZGF0ZSI6MTIwMDAwMDAwMDAwMH19",
          "dependencies": [
            "oci_identity_compartment.compartment",
            "oci_objectstorage_bucket.bucket"
          ]
        },
        {
          "index_key": 10,
          "schema_version": 0,
          "attributes": {
            "bucket": "Buckettest10",
            "cache_control": null,
            "content": "8d777f385d3dfec8815d20f7496026dc",
            "content_disposition": null,
            "content_encoding": null,
            "content_language": null,
            "content_length": "4",
            "content_md5": "jXd/OF09/siBXSD3SWAm3A==",
            "content_type": "application/octet-stream",
            "delete_all_object_versions": false,
            "id": "n/ax9aaycxgydy/b/Buckettest10/o/diagram",
            "metadata": {},
            "namespace": "ax9aaycxgydy",
            "object": "diagram",
            "opc_sse_kms_key_id": null,
            "source": null,
            "source_uri_details": [],
            "state": "COMPLETED",
            "storage_tier": "Standard",
            "timeouts": null,
            "version_id": "c2a4bff7-8727-43ef-878c-bd7ab6a2ee89",
            "work_request_id": ""
          },
          "sensitive_attributes": [],
          "private": "eyJlMmJmYjczMC1lY2FhLTExZTYtOGY4OC0zNDM2M2JjN2M0YzAiOnsiY3JlYXRlIjoxMjAwMDAwMDAwMDAwLCJkZWxldGUiOjEyMDAwMDAwMDAwMDAsInVwZGF0ZSI6MTIwMDAwMDAwMDAwMH19",
          "dependencies": [
            "oci_identity_compartment.compartment",
            "oci_objectstorage_bucket.bucket"
          ]
        },
        {
          "index_key": 11,
          "schema_version": 0,
          "attributes": {
            "bucket": "Buckettest11",
            "cache_control": null,
            "content": "8d777f385d3dfec8815d20f7496026dc",
            "content_disposition": null,
            "content_encoding": null,
            "content_language": null,
            "content_length": "4",
            "content_md5": "jXd/OF09/siBXSD3SWAm3A==",
            "content_type": "application/octet-stream",
            "delete_all_object_versions": false,
            "id": "n/ax9aaycxgydy/b/Buckettest11/o/diagram",
            "metadata": {},
            "namespace": "ax9aaycxgydy",
            "object": "diagram",
            "opc_sse_kms_key_id": null,
            "source": null,
            "source_uri_details": [],
            "state": "COMPLETED",
            "storage_tier": "Standard",
            "timeouts": null,
            "version_id": "8cd1abd6-eab4-4ae8-8a74-a2bbb18d5ad8",
            "work_request_id": ""
          },
          "sensitive_attributes": [],
          "private": "eyJlMmJmYjczMC1lY2FhLTExZTYtOGY4OC0zNDM2M2JjN2M0YzAiOnsiY3JlYXRlIjoxMjAwMDAwMDAwMDAwLCJkZWxldGUiOjEyMDAwMDAwMDAwMDAsInVwZGF0ZSI6MTIwMDAwMDAwMDAwMH19",
          "dependencies": [
            "oci_identity_compartment.compartment",
            "oci_objectstorage_bucket.bucket"
          ]
        },
        {
          "index_key": 12,
          "schema_version": 0,
          "attributes": {
            "bucket": "Buckettest12",
            "cache_control": null,
            "content": "8d777f385d3dfec8815d20f7496026dc",
            "content_disposition": null,
            "content_encoding": null,
            "content_language": null,
            "content_length": "4",
            "content_md5": "jXd/OF09/siBXSD3SWAm3A==",
            "content_type": "application/octet-stream",
            "delete_all_object_versions": false,
            "id": "n/ax9aaycxgydy/b/Buckettest12/o/diagram",
            "metadata": {},
            "namespace": "ax9aaycxgydy",
            "object": "diagram",
            "opc_sse_kms_key_id": null,
            "source": null,
            "source_uri_details": [],
            "state": "COMPLETED",
            "storage_tier": "Standard",
            "timeouts": null,
            "version_id": "9dcfe3a2-3f57-4864-b87e-15c34cf86863",
            "work_request_id": ""
          },
          "sensitive_attributes": [],
          "private": "eyJlMmJmYjczMC1lY2FhLTExZTYtOGY4OC0zNDM2M2JjN2M0YzAiOnsiY3JlYXRlIjoxMjAwMDAwMDAwMDAwLCJkZWxldGUiOjEyMDAwMDAwMDAwMDAsInVwZGF0ZSI6MTIwMDAwMDAwMDAwMH19",
          "dependencies": [
            "oci_identity_compartment.compartment",
            "oci_objectstorage_bucket.bucket"
          ]
        },
        {
          "index_key": 13,
          "schema_version": 0,
          "attributes": {
            "bucket": "Buckettest13",
            "cache_control": null,
            "content": "8d777f385d3dfec8815d20f7496026dc",
            "content_disposition": null,
            "content_encoding": null,
            "content_language": null,
            "content_length": "4",
            "content_md5": "jXd/OF09/siBXSD3SWAm3A==",
            "content_type": "application/octet-stream",
            "delete_all_object_versions": false,
            "id": "n/ax9aaycxgydy/b/Buckettest13/o/diagram",
            "metadata": {},
            "namespace": "ax9aaycxgydy",
            "object": "diagram",
            "opc_sse_kms_key_id": null,
            "source": null,
            "source_uri_details": [],
            "state": "COMPLETED",
            "storage_tier": "Standard",
            "timeouts": null,
            "version_id": "60a1055f-d865-4756-8af6-7ae82d4d7155",
            "work_request_id": ""
          },
          "sensitive_attributes": [],
          "private": "eyJlMmJmYjczMC1lY2FhLTExZTYtOGY4OC0zNDM2M2JjN2M0YzAiOnsiY3JlYXRlIjoxMjAwMDAwMDAwMDAwLCJkZWxldGUiOjEyMDAwMDAwMDAwMDAsInVwZGF0ZSI6MTIwMDAwMDAwMDAwMH19",
          "dependencies": [
            "oci_identity_compartment.compartment",
            "oci_objectstorage_bucket.bucket"
          ]
        },
        {
          "index_key": 14,
          "schema_version": 0,
          "attributes": {
            "bucket": "Buckettest14",
            "cache_control": null,
            "content": "8d777f385d3dfec8815d20f7496026dc",
            "content_disposition": null,
            "content_encoding": null,
            "content_language": null,
            "content_length": "4",
            "content_md5": "jXd/OF09/siBXSD3SWAm3A==",
            "content_type": "application/octet-stream",
            "delete_all_object_versions": false,
            "id": "n/ax9aaycxgydy/b/Buckettest14/o/diagram",
            "metadata": {},
            "namespace": "ax9aaycxgydy",
            "object": "diagram",
            "opc_sse_kms_key_id": null,
            "source": null,
            "source_uri_details": [],
            "state": "COMPLETED",
            "storage_tier": "Standard",
            "timeouts": null,
            "version_id": "03eeaa4b-f1fe-469f-9a58-df6c7a171f29",
            "work_request_id": ""
          },
          "sensitive_attributes": [],
          "private": "eyJlMmJmYjczMC1lY2FhLTExZTYtOGY4OC0zNDM2M2JjN2M0YzAiOnsiY3JlYXRlIjoxMjAwMDAwMDAwMDAwLCJkZWxldGUiOjEyMDAwMDAwMDAwMDAsInVwZGF0ZSI6MTIwMDAwMDAwMDAwMH19",
          "dependencies": [
            "oci_identity_compartment.compartment",
            "oci_objectstorage_bucket.bucket"
          ]
        },
        {
          "index_key": 15,
          "schema_version": 0,
          "attributes": {
            "bucket": "Buckettest15",
            "cache_control": null,
            "content": "8d777f385d3dfec8815d20f7496026dc",
            "content_disposition": null,
            "content_encoding": null,
            "content_language": null,
            "content_length": "4",
            "content_md5": "jXd/OF09/siBXSD3SWAm3A==",
            "content_type": "application/octet-stream",
            "delete_all_object_versions": false,
            "id": "n/ax9aaycxgydy/b/Buckettest15/o/diagram",
            "metadata": {},
            "namespace": "ax9aaycxgydy",
            "object": "diagram",
            "opc_sse_kms_key_id": null,
            "source": null,
            "source_uri_details": [],
            "state": "COMPLETED",
            "storage_tier": "Standard",
            "timeouts": null,
            "version_id": "08d1dfd7-bc2c-48bb-86b1-05561db27cf0",
            "work_request_id": ""
          },
          "sensitive_attributes": [],
          "private": "eyJlMmJmYjczMC1lY2FhLTExZTYtOGY4OC0zNDM2M2JjN2M0YzAiOnsiY3JlYXRlIjoxMjAwMDAwMDAwMDAwLCJkZWxldGUiOjEyMDAwMDAwMDAwMDAsInVwZGF0ZSI6MTIwMDAwMDAwMDAwMH19",
          "dependencies": [
            "oci_identity_compartment.compartment",
            "oci_objectstorage_bucket.bucket"
          ]
        },
        {
          "index_key": 16,
          "schema_version": 0,
          "attributes": {
            "bucket": "Buckettest16",
            "cache_control": null,
            "content": "8d777f385d3dfec8815d20f7496026dc",
            "content_disposition": null,
            "content_encoding": null,
            "content_language": null,
            "content_length": "4",
            "content_md5": "jXd/OF09/siBXSD3SWAm3A==",
            "content_type": "application/octet-stream",
            "delete_all_object_versions": false,
            "id": "n/ax9aaycxgydy/b/Buckettest16/o/diagram",
            "metadata": {},
            "namespace": "ax9aaycxgydy",
            "object": "diagram",
            "opc_sse_kms_key_id": null,
            "source": null,
            "source_uri_details": [],
            "state": "COMPLETED",
            "storage_tier": "Standard",
            "timeouts": null,
            "version_id": "171881ae-0ac2-4152-8803-a192710e8f84",
            "work_request_id": ""
          },
          "sensitive_attributes": [],
          "private": "eyJlMmJmYjczMC1lY2FhLTExZTYtOGY4OC0zNDM2M2JjN2M0YzAiOnsiY3JlYXRlIjoxMjAwMDAwMDAwMDAwLCJkZWxldGUiOjEyMDAwMDAwMDAwMDAsInVwZGF0ZSI6MTIwMDAwMDAwMDAwMH19",
          "dependencies": [
            "oci_identity_compartment.compartment",
            "oci_objectstorage_bucket.bucket"
          ]
        },
        {
          "index_key": 17,
          "schema_version": 0,
          "attributes": {
            "bucket": "Buckettest17",
            "cache_control": null,
            "content": "8d777f385d3dfec8815d20f7496026dc",
            "content_disposition": null,
            "content_encoding": null,
            "content_language": null,
            "content_length": "4",
            "content_md5": "jXd/OF09/siBXSD3SWAm3A==",
            "content_type": "application/octet-stream",
            "delete_all_object_versions": false,
            "id": "n/ax9aaycxgydy/b/Buckettest17/o/diagram",
            "metadata": {},
            "namespace": "ax9aaycxgydy",
            "object": "diagram",
            "opc_sse_kms_key_id": null,
            "source": null,
            "source_uri_details": [],
            "state": "COMPLETED",
            "storage_tier": "Standard",
            "timeouts": null,
            "version_id": "1810033e-7669-4265-ad26-b09934ecf9ca",
            "work_request_id": ""
          },
          "sensitive_attributes": [],
          "private": "eyJlMmJmYjczMC1lY2FhLTExZTYtOGY4OC0zNDM2M2JjN2M0YzAiOnsiY3JlYXRlIjoxMjAwMDAwMDAwMDAwLCJkZWxldGUiOjEyMDAwMDAwMDAwMDAsInVwZGF0ZSI6MTIwMDAwMDAwMDAwMH19",
          "dependencies": [
            "oci_identity_compartment.compartment",
            "oci_objectstorage_bucket.bucket"
          ]
        },
        {
          "index_key": 18,
          "schema_version": 0,
          "attributes": {
            "bucket": "Buckettest18",
            "cache_control": null,
            "content": "8d777f385d3dfec8815d20f7496026dc",
            "content_disposition": null,
            "content_encoding": null,
            "content_language": null,
            "content_length": "4",
            "content_md5": "jXd/OF09/siBXSD3SWAm3A==",
            "content_type": "application/octet-stream",
            "delete_all_object_versions": false,
            "id": "n/ax9aaycxgydy/b/Buckettest18/o/diagram",
            "metadata": {},
            "namespace": "ax9aaycxgydy",
            "object": "diagram",
            "opc_sse_kms_key_id": null,
            "source": null,
            "source_uri_details": [],
            "state": "COMPLETED",
            "storage_tier": "Standard",
            "timeouts": null,
            "version_id": "983ec628-8564-4642-844a-e8b9c4426641",
            "work_request_id": ""
          },
          "sensitive_attributes": [],
          "private": "eyJlMmJmYjczMC1lY2FhLTExZTYtOGY4OC0zNDM2M2JjN2M0YzAiOnsiY3JlYXRlIjoxMjAwMDAwMDAwMDAwLCJkZWxldGUiOjEyMDAwMDAwMDAwMDAsInVwZGF0ZSI6MTIwMDAwMDAwMDAwMH19",
          "dependencies": [
            "oci_identity_compartment.compartment",
            "oci_objectstorage_bucket.bucket"
          ]
        },
        {
          "index_key": 19,
          "schema_version": 0,
          "attributes": {
            "bucket": "Buckettest19",
            "cache_control": null,
            "content": "8d777f385d3dfec8815d20f7496026dc",
            "content_disposition": null,
            "content_encoding": null,
            "content_language": null,
            "content_length": "4",
            "content_md5": "jXd/OF09/siBXSD3SWAm3A==",
            "content_type": "application/octet-stream",
            "delete_all_object_versions": false,
            "id": "n/ax9aaycxgydy/b/Buckettest19/o/diagram",
            "metadata": {},
            "namespace": "ax9aaycxgydy",
            "object": "diagram",
            "opc_sse_kms_key_id": null,
            "source": null,
            "source_uri_details": [],
            "state": "COMPLETED",
            "storage_tier": "Standard",
            "timeouts": null,
            "version_id": "8b1489b2-64be-4706-ae6f-ffcd81506d4a",
            "work_request_id": ""
          },
          "sensitive_attributes": [],
          "private": "eyJlMmJmYjczMC1lY2FhLTExZTYtOGY4OC0zNDM2M2JjN2M0YzAiOnsiY3JlYXRlIjoxMjAwMDAwMDAwMDAwLCJkZWxldGUiOjEyMDAwMDAwMDAwMDAsInVwZGF0ZSI6MTIwMDAwMDAwMDAwMH19",
          "dependencies": [
            "oci_identity_compartment.compartment",
            "oci_objectstorage_bucket.bucket"
          ]
        },
        {
          "index_key": 20,
          "schema_version": 0,
          "attributes": {
            "bucket": "Buckettest20",
            "cache_control": null,
            "content": "8d777f385d3dfec8815d20f7496026dc",
            "content_disposition": null,
            "content_encoding": null,
            "content_language": null,
            "content_length": "4",
            "content_md5": "jXd/OF09/siBXSD3SWAm3A==",
            "content_type": "application/octet-stream",
            "delete_all_object_versions": false,
            "id": "n/ax9aaycxgydy/b/Buckettest20/o/diagram",
            "metadata": {},
            "namespace": "ax9aaycxgydy",
            "object": "diagram",
            "opc_sse_kms_key_id": null,
            "source": null,
            "source_uri_details": [],
            "state": "COMPLETED",
            "storage_tier": "Standard",
            "timeouts": null,
            "version_id": "af1e51b2-4f61-405d-bee0-00afbaa2b722",
            "work_request_id": ""
          },
          "sensitive_attributes": [],
          "private": "eyJlMmJmYjczMC1lY2FhLTExZTYtOGY4OC0zNDM2M2JjN2M0YzAiOnsiY3JlYXRlIjoxMjAwMDAwMDAwMDAwLCJkZWxldGUiOjEyMDAwMDAwMDAwMDAsInVwZGF0ZSI6MTIwMDAwMDAwMDAwMH19",
          "dependencies": [
            "oci_identity_compartment.compartment",
            "oci_objectstorage_bucket.bucket"
          ]
        },
        {
          "index_key": 21,
          "schema_version": 0,
          "attributes": {
            "bucket": "Buckettest21",
            "cache_control": null,
            "content": "8d777f385d3dfec8815d20f7496026dc",
            "content_disposition": null,
            "content_encoding": null,
            "content_language": null,
            "content_length": "4",
            "content_md5": "jXd/OF09/siBXSD3SWAm3A==",
            "content_type": "application/octet-stream",
            "delete_all_object_versions": false,
            "id": "n/ax9aaycxgydy/b/Buckettest21/o/diagram",
            "metadata": {},
            "namespace": "ax9aaycxgydy",
            "object": "diagram",
            "opc_sse_kms_key_id": null,
            "source": null,
            "source_uri_details": [],
            "state": "COMPLETED",
            "storage_tier": "Standard",
            "timeouts": null,
            "version_id": "105fedee-7172-4985-8955-c0c8bdb00e5a",
            "work_request_id": ""
          },
          "sensitive_attributes": [],
          "private": "eyJlMmJmYjczMC1lY2FhLTExZTYtOGY4OC0zNDM2M2JjN2M0YzAiOnsiY3JlYXRlIjoxMjAwMDAwMDAwMDAwLCJkZWxldGUiOjEyMDAwMDAwMDAwMDAsInVwZGF0ZSI6MTIwMDAwMDAwMDAwMH19",
          "dependencies": [
            "oci_identity_compartment.compartment",
            "oci_objectstorage_bucket.bucket"
          ]
        },
        {
          "index_key": 22,
          "schema_version": 0,
          "attributes": {
            "bucket": "Buckettest22",
            "cache_control": null,
            "content": "8d777f385d3dfec8815d20f7496026dc",
            "content_disposition": null,
            "content_encoding": null,
            "content_language": null,
            "content_length": "4",
            "content_md5": "jXd/OF09/siBXSD3SWAm3A==",
            "content_type": "application/octet-stream",
            "delete_all_object_versions": false,
            "id": "n/ax9aaycxgydy/b/Buckettest22/o/diagram",
            "metadata": {},
            "namespace": "ax9aaycxgydy",
            "object": "diagram",
            "opc_sse_kms_key_id": null,
            "source": null,
            "source_uri_details": [],
            "state": "COMPLETED",
            "storage_tier": "Standard",
            "timeouts": null,
            "version_id": "680ed261-5cf5-4d93-a18c-dea4b568962c",
            "work_request_id": ""
          },
          "sensitive_attributes": [],
          "private": "eyJlMmJmYjczMC1lY2FhLTExZTYtOGY4OC0zNDM2M2JjN2M0YzAiOnsiY3JlYXRlIjoxMjAwMDAwMDAwMDAwLCJkZWxldGUiOjEyMDAwMDAwMDAwMDAsInVwZGF0ZSI6MTIwMDAwMDAwMDAwMH19",
          "dependencies": [
            "oci_identity_compartment.compartment",
            "oci_objectstorage_bucket.bucket"
          ]
        },
        {
          "index_key": 23,
          "schema_version": 0,
          "attributes": {
            "bucket": "Buckettest23",
            "cache_control": null,
            "content": "8d777f385d3dfec8815d20f7496026dc",
            "content_disposition": null,
            "content_encoding": null,
            "content_language": null,
            "content_length": "4",
            "content_md5": "jXd/OF09/siBXSD3SWAm3A==",
            "content_type": "application/octet-stream",
            "delete_all_object_versions": false,
            "id": "n/ax9aaycxgydy/b/Buckettest23/o/diagram",
            "metadata": {},
            "namespace": "ax9aaycxgydy",
            "object": "diagram",
            "opc_sse_kms_key_id": null,
            "source": null,
            "source_uri_details": [],
            "state": "COMPLETED",
            "storage_tier": "Standard",
            "timeouts": null,
            "version_id": "bceab948-6a40-4202-b5da-063b51319528",
            "work_request_id": ""
          },
          "sensitive_attributes": [],
          "private": "eyJlMmJmYjczMC1lY2FhLTExZTYtOGY4OC0zNDM2M2JjN2M0YzAiOnsiY3JlYXRlIjoxMjAwMDAwMDAwMDAwLCJkZWxldGUiOjEyMDAwMDAwMDAwMDAsInVwZGF0ZSI6MTIwMDAwMDAwMDAwMH19",
          "dependencies": [
            "oci_identity_compartment.compartment",
            "oci_objectstorage_bucket.bucket"
          ]
        },
        {
          "index_key": 24,
          "schema_version": 0,
          "attributes": {
            "bucket": "Buckettest24",
            "cache_control": null,
            "content": "8d777f385d3dfec8815d20f7496026dc",
            "content_disposition": null,
            "content_encoding": null,
            "content_language": null,
            "content_length": "4",
            "content_md5": "jXd/OF09/siBXSD3SWAm3A==",
            "content_type": "application/octet-stream",
            "delete_all_object_versions": false,
            "id": "n/ax9aaycxgydy/b/Buckettest24/o/diagram",
            "metadata": {},
            "namespace": "ax9aaycxgydy",
            "object": "diagram",
            "opc_sse_kms_key_id": null,
            "source": null,
            "source_uri_details": [],
            "state": "COMPLETED",
            "storage_tier": "Standard",
            "timeouts": null,
            "version_id": "3c54c71b-de05-4d6d-bbd8-6d8397d205e7",
            "work_request_id": ""
          },
          "sensitive_attributes": [],
          "private": "eyJlMmJmYjczMC1lY2FhLTExZTYtOGY4OC0zNDM2M2JjN2M0YzAiOnsiY3JlYXRlIjoxMjAwMDAwMDAwMDAwLCJkZWxldGUiOjEyMDAwMDAwMDAwMDAsInVwZGF0ZSI6MTIwMDAwMDAwMDAwMH19",
          "dependencies": [
            "oci_identity_compartment.compartment",
            "oci_objectstorage_bucket.bucket"
          ]
        },
        {
          "index_key": 25,
          "schema_version": 0,
          "attributes": {
            "bucket": "Buckettest25",
            "cache_control": null,
            "content": "8d777f385d3dfec8815d20f7496026dc",
            "content_disposition": null,
            "content_encoding": null,
            "content_language": null,
            "content_length": "4",
            "content_md5": "jXd/OF09/siBXSD3SWAm3A==",
            "content_type": "application/octet-stream",
            "delete_all_object_versions": false,
            "id": "n/ax9aaycxgydy/b/Buckettest25/o/diagram",
            "metadata": {},
            "namespace": "ax9aaycxgydy",
            "object": "diagram",
            "opc_sse_kms_key_id": null,
            "source": null,
            "source_uri_details": [],
            "state": "COMPLETED",
            "storage_tier": "Standard",
            "timeouts": null,
            "version_id": "ed683ee8-be0c-4963-a232-81de458c69de",
            "work_request_id": ""
          },
          "sensitive_attributes": [],
          "private": "eyJlMmJmYjczMC1lY2FhLTExZTYtOGY4OC0zNDM2M2JjN2M0YzAiOnsiY3JlYXRlIjoxMjAwMDAwMDAwMDAwLCJkZWxldGUiOjEyMDAwMDAwMDAwMDAsInVwZGF0ZSI6MTIwMDAwMDAwMDAwMH19",
          "dependencies": [
            "oci_identity_compartment.compartment",
            "oci_objectstorage_bucket.bucket"
          ]
        },
        {
          "index_key": 26,
          "schema_version": 0,
          "attributes": {
            "bucket": "Buckettest26",
            "cache_control": null,
            "content": "8d777f385d3dfec8815d20f7496026dc",
            "content_disposition": null,
            "content_encoding": null,
            "content_language": null,
            "content_length": "4",
            "content_md5": "jXd/OF09/siBXSD3SWAm3A==",
            "content_type": "application/octet-stream",
            "delete_all_object_versions": false,
            "id": "n/ax9aaycxgydy/b/Buckettest26/o/diagram",
            "metadata": {},
            "namespace": "ax9aaycxgydy",
            "object": "diagram",
            "opc_sse_kms_key_id": null,
            "source": null,
            "source_uri_details": [],
            "state": "COMPLETED",
            "storage_tier": "Standard",
            "timeouts": null,
            "version_id": "d0d00f20-4261-483d-b9dd-2e654c45feec",
            "work_request_id": ""
          },
          "sensitive_attributes": [],
          "private": "eyJlMmJmYjczMC1lY2FhLTExZTYtOGY4OC0zNDM2M2JjN2M0YzAiOnsiY3JlYXRlIjoxMjAwMDAwMDAwMDAwLCJkZWxldGUiOjEyMDAwMDAwMDAwMDAsInVwZGF0ZSI6MTIwMDAwMDAwMDAwMH19",
          "dependencies": [
            "oci_identity_compartment.compartment",
            "oci_objectstorage_bucket.bucket"
          ]
        },
        {
          "index_key": 27,
          "schema_version": 0,
          "attributes": {
            "bucket": "Buckettest27",
            "cache_control": null,
            "content": "8d777f385d3dfec8815d20f7496026dc",
            "content_disposition": null,
            "content_encoding": null,
            "content_language": null,
            "content_length": "4",
            "content_md5": "jXd/OF09/siBXSD3SWAm3A==",
            "content_type": "application/octet-stream",
            "delete_all_object_versions": false,
            "id": "n/ax9aaycxgydy/b/Buckettest27/o/diagram",
            "metadata": {},
            "namespace": "ax9aaycxgydy",
            "object": "diagram",
            "opc_sse_kms_key_id": null,
            "source": null,
            "source_uri_details": [],
            "state": "COMPLETED",
            "storage_tier": "Standard",
            "timeouts": null,
            "version_id": "a61bf05a-a9b9-46bd-a977-afbe76e59081",
            "work_request_id": ""
          },
          "sensitive_attributes": [],
          "private": "eyJlMmJmYjczMC1lY2FhLTExZTYtOGY4OC0zNDM2M2JjN2M0YzAiOnsiY3JlYXRlIjoxMjAwMDAwMDAwMDAwLCJkZWxldGUiOjEyMDAwMDAwMDAwMDAsInVwZGF0ZSI6MTIwMDAwMDAwMDAwMH19",
          "dependencies": [
            "oci_identity_compartment.compartment",
            "oci_objectstorage_bucket.bucket"
          ]
        },
        {
          "index_key": 28,
          "schema_version": 0,
          "attributes": {
            "bucket": "Buckettest28",
            "cache_control": null,
            "content": "8d777f385d3dfec8815d20f7496026dc",
            "content_disposition": null,
            "content_encoding": null,
            "content_language": null,
            "content_length": "4",
            "content_md5": "jXd/OF09/siBXSD3SWAm3A==",
            "content_type": "application/octet-stream",
            "delete_all_object_versions": false,
            "id": "n/ax9aaycxgydy/b/Buckettest28/o/diagram",
            "metadata": {},
            "namespace": "ax9aaycxgydy",
            "object": "diagram",
            "opc_sse_kms_key_id": null,
            "source": null,
            "source_uri_details": [],
            "state": "COMPLETED",
            "storage_tier": "Standard",
            "timeouts": null,
            "version_id": "27d2f5a7-3d29-4450-a3f9-0b6bf2ac44a0",
            "work_request_id": ""
          },
          "sensitive_attributes": [],
          "private": "eyJlMmJmYjczMC1lY2FhLTExZTYtOGY4OC0zNDM2M2JjN2M0YzAiOnsiY3JlYXRlIjoxMjAwMDAwMDAwMDAwLCJkZWxldGUiOjEyMDAwMDAwMDAwMDAsInVwZGF0ZSI6MTIwMDAwMDAwMDAwMH19",
          "dependencies": [
            "oci_identity_compartment.compartment",
            "oci_objectstorage_bucket.bucket"
          ]
        },
        {
          "index_key": 29,
          "schema_version": 0,
          "attributes": {
            "bucket": "Buckettest29",
            "cache_control": null,
            "content": "8d777f385d3dfec8815d20f7496026dc",
            "content_disposition": null,
            "content_encoding": null,
            "content_language": null,
            "content_length": "4",
            "content_md5": "jXd/OF09/siBXSD3SWAm3A==",
            "content_type": "application/octet-stream",
            "delete_all_object_versions": false,
            "id": "n/ax9aaycxgydy/b/Buckettest29/o/diagram",
            "metadata": {},
            "namespace": "ax9aaycxgydy",
            "object": "diagram",
            "opc_sse_kms_key_id": null,
            "source": null,
            "source_uri_details": [],
            "state": "COMPLETED",
            "storage_tier": "Standard",
            "timeouts": null,
            "version_id": "796d06de-6b5b-449d-96cc-0c6ed1971f53",
            "work_request_id": ""
          },
          "sensitive_attributes": [],
          "private": "eyJlMmJmYjczMC1lY2FhLTExZTYtOGY4OC0zNDM2M2JjN2M0YzAiOnsiY3JlYXRlIjoxMjAwMDAwMDAwMDAwLCJkZWxldGUiOjEyMDAwMDAwMDAwMDAsInVwZGF0ZSI6MTIwMDAwMDAwMDAwMH19",
          "dependencies": [
            "oci_identity_compartment.compartment",
            "oci_objectstorage_bucket.bucket"
          ]
        },
        {
          "index_key": 30,
          "schema_version": 0,
          "attributes": {
            "bucket": "Buckettest30",
            "cache_control": null,
            "content": "8d777f385d3dfec8815d20f7496026dc",
            "content_disposition": null,
            "content_encoding": null,
            "content_language": null,
            "content_length": "4",
            "content_md5": "jXd/OF09/siBXSD3SWAm3A==",
            "content_type": "application/octet-stream",
            "delete_all_object_versions": false,
            "id": "n/ax9aaycxgydy/b/Buckettest30/o/diagram",
            "metadata": {},
            "namespace": "ax9aaycxgydy",
            "object": "diagram",
            "opc_sse_kms_key_id": null,
            "source": null,
            "source_uri_details": [],
            "state": "COMPLETED",
            "storage_tier": "Standard",
            "timeouts": null,
            "version_id": "3756b6a3-1572-410c-b2f8-78330ff8d613",
            "work_request_id": ""
          },
          "sensitive_attributes": [],
          "private": "eyJlMmJmYjczMC1lY2FhLTExZTYtOGY4OC0zNDM2M2JjN2M0YzAiOnsiY3JlYXRlIjoxMjAwMDAwMDAwMDAwLCJkZWxldGUiOjEyMDAwMDAwMDAwMDAsInVwZGF0ZSI6MTIwMDAwMDAwMDAwMH19",
          "dependencies": [
            "oci_identity_compartment.compartment",
            "oci_objectstorage_bucket.bucket"
          ]
        },
        {
          "index_key": 31,
          "schema_version": 0,
          "attributes": {
            "bucket": "Buckettest31",
            "cache_control": null,
            "content": "8d777f385d3dfec8815d20f7496026dc",
            "content_disposition": null,
            "content_encoding": null,
            "content_language": null,
            "content_length": "4",
            "content_md5": "jXd/OF09/siBXSD3SWAm3A==",
            "content_type": "application/octet-stream",
            "delete_all_object_versions": false,
            "id": "n/ax9aaycxgydy/b/Buckettest31/o/diagram",
            "metadata": {},
            "namespace": "ax9aaycxgydy",
            "object": "diagram",
            "opc_sse_kms_key_id": null,
            "source": null,
            "source_uri_details": [],
            "state": "COMPLETED",
            "storage_tier": "Standard",
            "timeouts": null,
            "version_id": "de0f7c7d-0732-47e3-98f7-e1d715e93e01",
            "work_request_id": ""
          },
          "sensitive_attributes": [],
          "private": "eyJlMmJmYjczMC1lY2FhLTExZTYtOGY4OC0zNDM2M2JjN2M0YzAiOnsiY3JlYXRlIjoxMjAwMDAwMDAwMDAwLCJkZWxldGUiOjEyMDAwMDAwMDAwMDAsInVwZGF0ZSI6MTIwMDAwMDAwMDAwMH19",
          "dependencies": [
            "oci_identity_compartment.compartment",
            "oci_objectstorage_bucket.bucket"
          ]
        },
        {
          "index_key": 32,
          "schema_version": 0,
          "attributes": {
            "bucket": "Buckettest32",
            "cache_control": null,
            "content": "8d777f385d3dfec8815d20f7496026dc",
            "content_disposition": null,
            "content_encoding": null,
            "content_language": null,
            "content_length": "4",
            "content_md5": "jXd/OF09/siBXSD3SWAm3A==",
            "content_type": "application/octet-stream",
            "delete_all_object_versions": false,
            "id": "n/ax9aaycxgydy/b/Buckettest32/o/diagram",
            "metadata": {},
            "namespace": "ax9aaycxgydy",
            "object": "diagram",
            "opc_sse_kms_key_id": null,
            "source": null,
            "source_uri_details": [],
            "state": "COMPLETED",
            "storage_tier": "Standard",
            "timeouts": null,
            "version_id": "a91f2208-9cf9-435b-981c-6347fea96036",
            "work_request_id": ""
          },
          "sensitive_attributes": [],
          "private": "eyJlMmJmYjczMC1lY2FhLTExZTYtOGY4OC0zNDM2M2JjN2M0YzAiOnsiY3JlYXRlIjoxMjAwMDAwMDAwMDAwLCJkZWxldGUiOjEyMDAwMDAwMDAwMDAsInVwZGF0ZSI6MTIwMDAwMDAwMDAwMH19",
          "dependencies": [
            "oci_identity_compartment.compartment",
            "oci_objectstorage_bucket.bucket"
          ]
        },
        {
          "index_key": 33,
          "schema_version": 0,
          "attributes": {
            "bucket": "Buckettest33",
            "cache_control": null,
            "content": "8d777f385d3dfec8815d20f7496026dc",
            "content_disposition": null,
            "content_encoding": null,
            "content_language": null,
            "content_length": "4",
            "content_md5": "jXd/OF09/siBXSD3SWAm3A==",
            "content_type": "application/octet-stream",
            "delete_all_object_versions": false,
            "id": "n/ax9aaycxgydy/b/Buckettest33/o/diagram",
            "metadata": {},
            "namespace": "ax9aaycxgydy",
            "object": "diagram",
            "opc_sse_kms_key_id": null,
            "source": null,
            "source_uri_details": [],
            "state": "COMPLETED",
            "storage_tier": "Standard",
            "timeouts": null,
            "version_id": "32e7ac91-5222-4a76-8842-5fe177ca6c7d",
            "work_request_id": ""
          },
          "sensitive_attributes": [],
          "private": "eyJlMmJmYjczMC1lY2FhLTExZTYtOGY4OC0zNDM2M2JjN2M0YzAiOnsiY3JlYXRlIjoxMjAwMDAwMDAwMDAwLCJkZWxldGUiOjEyMDAwMDAwMDAwMDAsInVwZGF0ZSI6MTIwMDAwMDAwMDAwMH19",
          "dependencies": [
            "oci_identity_compartment.compartment",
            "oci_objectstorage_bucket.bucket"
          ]
        },
        {
          "index_key": 34,
          "schema_version": 0,
          "attributes": {
            "bucket": "Buckettest34",
            "cache_control": null,
            "content": "8d777f385d3dfec8815d20f7496026dc",
            "content_disposition": null,
            "content_encoding": null,
            "content_language": null,
            "content_length": "4",
            "content_md5": "jXd/OF09/siBXSD3SWAm3A==",
            "content_type": "application/octet-stream",
            "delete_all_object_versions": false,
            "id": "n/ax9aaycxgydy/b/Buckettest34/o/diagram",
            "metadata": {},
            "namespace": "ax9aaycxgydy",
            "object": "diagram",
            "opc_sse_kms_key_id": null,
            "source": null,
            "source_uri_details": [],
            "state": "COMPLETED",
            "storage_tier": "Standard",
            "timeouts": null,
            "version_id": "ec039547-6509-400c-9b51-8b28504455a3",
            "work_request_id": ""
          },
          "sensitive_attributes": [],
          "private": "eyJlMmJmYjczMC1lY2FhLTExZTYtOGY4OC0zNDM2M2JjN2M0YzAiOnsiY3JlYXRlIjoxMjAwMDAwMDAwMDAwLCJkZWxldGUiOjEyMDAwMDAwMDAwMDAsInVwZGF0ZSI6MTIwMDAwMDAwMDAwMH19",
          "dependencies": [
            "oci_identity_compartment.compartment",
            "oci_objectstorage_bucket.bucket"
          ]
        },
        {
          "index_key": 35,
          "schema_version": 0,
          "attributes": {
            "bucket": "Buckettest35",
            "cache_control": null,
            "content": "8d777f385d3dfec8815d20f7496026dc",
            "content_disposition": null,
            "content_encoding": null,
            "content_language": null,
            "content_length": "4",
            "content_md5": "jXd/OF09/siBXSD3SWAm3A==",
            "content_type": "application/octet-stream",
            "delete_all_object_versions": false,
            "id": "n/ax9aaycxgydy/b/Buckettest35/o/diagram",
            "metadata": {},
            "namespace": "ax9aaycxgydy",
            "object": "diagram",
            "opc_sse_kms_key_id": null,
            "source": null,
            "source_uri_details": [],
            "state": "COMPLETED",
            "storage_tier": "Standard",
            "timeouts": null,
            "version_id": "f2d7abd9-877b-4446-b28e-74b1c02cc9a6",
            "work_request_id": ""
          },
          "sensitive_attributes": [],
          "private": "eyJlMmJmYjczMC1lY2FhLTExZTYtOGY4OC0zNDM2M2JjN2M0YzAiOnsiY3JlYXRlIjoxMjAwMDAwMDAwMDAwLCJkZWxldGUiOjEyMDAwMDAwMDAwMDAsInVwZGF0ZSI6MTIwMDAwMDAwMDAwMH19",
          "dependencies": [
            "oci_identity_compartment.compartment",
            "oci_objectstorage_bucket.bucket"
          ]
        },
        {
          "index_key": 36,
          "schema_version": 0,
          "attributes": {
            "bucket": "Buckettest36",
            "cache_control": null,
            "content": "8d777f385d3dfec8815d20f7496026dc",
            "content_disposition": null,
            "content_encoding": null,
            "content_language": null,
            "content_length": "4",
            "content_md5": "jXd/OF09/siBXSD3SWAm3A==",
            "content_type": "application/octet-stream",
            "delete_all_object_versions": false,
            "id": "n/ax9aaycxgydy/b/Buckettest36/o/diagram",
            "metadata": {},
            "namespace": "ax9aaycxgydy",
            "object": "diagram",
            "opc_sse_kms_key_id": null,
            "source": null,
            "source_uri_details": [],
            "state": "COMPLETED",
            "storage_tier": "Standard",
            "timeouts": null,
            "version_id": "f87b2b75-5285-4563-9b74-31ad57f33e73",
            "work_request_id": ""
          },
          "sensitive_attributes": [],
          "private": "eyJlMmJmYjczMC1lY2FhLTExZTYtOGY4OC0zNDM2M2JjN2M0YzAiOnsiY3JlYXRlIjoxMjAwMDAwMDAwMDAwLCJkZWxldGUiOjEyMDAwMDAwMDAwMDAsInVwZGF0ZSI6MTIwMDAwMDAwMDAwMH19",
          "dependencies": [
            "oci_identity_compartment.compartment",
            "oci_objectstorage_bucket.bucket"
          ]
        },
        {
          "index_key": 37,
          "schema_version": 0,
          "attributes": {
            "bucket": "Buckettest37",
            "cache_control": null,
            "content": "8d777f385d3dfec8815d20f7496026dc",
            "content_disposition": null,
            "content_encoding": null,
            "content_language": null,
            "content_length": "4",
            "content_md5": "jXd/OF09/siBXSD3SWAm3A==",
            "content_type": "application/octet-stream",
            "delete_all_object_versions": false,
            "id": "n/ax9aaycxgydy/b/Buckettest37/o/diagram",
            "metadata": {},
            "namespace": "ax9aaycxgydy",
            "object": "diagram",
            "opc_sse_kms_key_id": null,
            "source": null,
            "source_uri_details": [],
            "state": "COMPLETED",
            "storage_tier": "Standard",
            "timeouts": null,
            "version_id": "46f58007-d019-445e-bfd0-2843680f7614",
            "work_request_id": ""
          },
          "sensitive_attributes": [],
          "private": "eyJlMmJmYjczMC1lY2FhLTExZTYtOGY4OC0zNDM2M2JjN2M0YzAiOnsiY3JlYXRlIjoxMjAwMDAwMDAwMDAwLCJkZWxldGUiOjEyMDAwMDAwMDAwMDAsInVwZGF0ZSI6MTIwMDAwMDAwMDAwMH19",
          "dependencies": [
            "oci_identity_compartment.compartment",
            "oci_objectstorage_bucket.bucket"
          ]
        },
        {
          "index_key": 38,
          "schema_version": 0,
          "attributes": {
            "bucket": "Buckettest38",
            "cache_control": null,
            "content": "8d777f385d3dfec8815d20f7496026dc",
            "content_disposition": null,
            "content_encoding": null,
            "content_language": null,
            "content_length": "4",
            "content_md5": "jXd/OF09/siBXSD3SWAm3A==",
            "content_type": "application/octet-stream",
            "delete_all_object_versions": false,
            "id": "n/ax9aaycxgydy/b/Buckettest38/o/diagram",
            "metadata": {},
            "namespace": "ax9aaycxgydy",
            "object": "diagram",
            "opc_sse_kms_key_id": null,
            "source": null,
            "source_uri_details": [],
            "state": "COMPLETED",
            "storage_tier": "Standard",
            "timeouts": null,
            "version_id": "294761c0-1b94-4610-b6d7-525312ce4207",
            "work_request_id": ""
          },
          "sensitive_attributes": [],
          "private": "eyJlMmJmYjczMC1lY2FhLTExZTYtOGY4OC0zNDM2M2JjN2M0YzAiOnsiY3JlYXRlIjoxMjAwMDAwMDAwMDAwLCJkZWxldGUiOjEyMDAwMDAwMDAwMDAsInVwZGF0ZSI6MTIwMDAwMDAwMDAwMH19",
          "dependencies": [
            "oci_identity_compartment.compartment",
            "oci_objectstorage_bucket.bucket"
          ]
        },
        {
          "index_key": 39,
          "schema_version": 0,
          "attributes": {
            "bucket": "Buckettest39",
            "cache_control": null,
            "content": "8d777f385d3dfec8815d20f7496026dc",
            "content_disposition": null,
            "content_encoding": null,
            "content_language": null,
            "content_length": "4",
            "content_md5": "jXd/OF09/siBXSD3SWAm3A==",
            "content_type": "application/octet-stream",
            "delete_all_object_versions": false,
            "id": "n/ax9aaycxgydy/b/Buckettest39/o/diagram",
            "metadata": {},
            "namespace": "ax9aaycxgydy",
            "object": "diagram",
            "opc_sse_kms_key_id": null,
            "source": null,
            "source_uri_details": [],
            "state": "COMPLETED",
            "storage_tier": "Standard",
            "timeouts": null,
            "version_id": "cdf7d164-0c3d-487b-b0fe-0d2b7602c731",
            "work_request_id": ""
          },
          "sensitive_attributes": [],
          "private": "eyJlMmJmYjczMC1lY2FhLTExZTYtOGY4OC0zNDM2M2JjN2M0YzAiOnsiY3JlYXRlIjoxMjAwMDAwMDAwMDAwLCJkZWxldGUiOjEyMDAwMDAwMDAwMDAsInVwZGF0ZSI6MTIwMDAwMDAwMDAwMH19",
          "dependencies": [
            "oci_identity_compartment.compartment",
            "oci_objectstorage_bucket.bucket"
          ]
        },
        {
          "index_key": 40,
          "schema_version": 0,
          "attributes": {
            "bucket": "Buckettest40",
            "cache_control": null,
            "content": "8d777f385d3dfec8815d20f7496026dc",
            "content_disposition": null,
            "content_encoding": null,
            "content_language": null,
            "content_length": "4",
            "content_md5": "jXd/OF09/siBXSD3SWAm3A==",
            "content_type": "application/octet-stream",
            "delete_all_object_versions": false,
            "id": "n/ax9aaycxgydy/b/Buckettest40/o/diagram",
            "metadata": {},
            "namespace": "ax9aaycxgydy",
            "object": "diagram",
            "opc_sse_kms_key_id": null,
            "source": null,
            "source_uri_details": [],
            "state": "COMPLETED",
            "storage_tier": "Standard",
            "timeouts": null,
            "version_id": "fea4de55-6b50-4e00-84f7-5c5d42bd6142",
            "work_request_id": ""
          },
          "sensitive_attributes": [],
          "private": "eyJlMmJmYjczMC1lY2FhLTExZTYtOGY4OC0zNDM2M2JjN2M0YzAiOnsiY3JlYXRlIjoxMjAwMDAwMDAwMDAwLCJkZWxldGUiOjEyMDAwMDAwMDAwMDAsInVwZGF0ZSI6MTIwMDAwMDAwMDAwMH19",
          "dependencies": [
            "oci_identity_compartment.compartment",
            "oci_objectstorage_bucket.bucket"
          ]
        },
        {
          "index_key": 41,
          "schema_version": 0,
          "attributes": {
            "bucket": "Buckettest41",
            "cache_control": null,
            "content": "8d777f385d3dfec8815d20f7496026dc",
            "content_disposition": null,
            "content_encoding": null,
            "content_language": null,
            "content_length": "4",
            "content_md5": "jXd/OF09/siBXSD3SWAm3A==",
            "content_type": "application/octet-stream",
            "delete_all_object_versions": false,
            "id": "n/ax9aaycxgydy/b/Buckettest41/o/diagram",
            "metadata": {},
            "namespace": "ax9aaycxgydy",
            "object": "diagram",
            "opc_sse_kms_key_id": null,
            "source": null,
            "source_uri_details": [],
            "state": "COMPLETED",
            "storage_tier": "Standard",
            "timeouts": null,
            "version_id": "5cca5306-6a4e-4013-b817-2ebdb9e0cbe7",
            "work_request_id": ""
          },
          "sensitive_attributes": [],
          "private": "eyJlMmJmYjczMC1lY2FhLTExZTYtOGY4OC0zNDM2M2JjN2M0YzAiOnsiY3JlYXRlIjoxMjAwMDAwMDAwMDAwLCJkZWxldGUiOjEyMDAwMDAwMDAwMDAsInVwZGF0ZSI6MTIwMDAwMDAwMDAwMH19",
          "dependencies": [
            "oci_identity_compartment.compartment",
            "oci_objectstorage_bucket.bucket"
          ]
        },
        {
          "index_key": 42,
          "schema_version": 0,
          "attributes": {
            "bucket": "Buckettest42",
            "cache_control": null,
            "content": "8d777f385d3dfec8815d20f7496026dc",
            "content_disposition": null,
            "content_encoding": null,
            "content_language": null,
            "content_length": "4",
            "content_md5": "jXd/OF09/siBXSD3SWAm3A==",
            "content_type": "application/octet-stream",
            "delete_all_object_versions": false,
            "id": "n/ax9aaycxgydy/b/Buckettest42/o/diagram",
            "metadata": {},
            "namespace": "ax9aaycxgydy",
            "object": "diagram",
            "opc_sse_kms_key_id": null,
            "source": null,
            "source_uri_details": [],
            "state": "COMPLETED",
            "storage_tier": "Standard",
            "timeouts": null,
            "version_id": "8d5073f4-8e3f-40df-9a28-d7af49abc622",
            "work_request_id": ""
          },
          "sensitive_attributes": [],
          "private": "eyJlMmJmYjczMC1lY2FhLTExZTYtOGY4OC0zNDM2M2JjN2M0YzAiOnsiY3JlYXRlIjoxMjAwMDAwMDAwMDAwLCJkZWxldGUiOjEyMDAwMDAwMDAwMDAsInVwZGF0ZSI6MTIwMDAwMDAwMDAwMH19",
          "dependencies": [
            "oci_identity_compartment.compartment",
            "oci_objectstorage_bucket.bucket"
          ]
        },
        {
          "index_key": 43,
          "schema_version": 0,
          "attributes": {
            "bucket": "Buckettest43",
            "cache_control": null,
            "content": "8d777f385d3dfec8815d20f7496026dc",
            "content_disposition": null,
            "content_encoding": null,
            "content_language": null,
            "content_length": "4",
            "content_md5": "jXd/OF09/siBXSD3SWAm3A==",
            "content_type": "application/octet-stream",
            "delete_all_object_versions": false,
            "id": "n/ax9aaycxgydy/b/Buckettest43/o/diagram",
            "metadata": {},
            "namespace": "ax9aaycxgydy",
            "object": "diagram",
            "opc_sse_kms_key_id": null,
            "source": null,
            "source_uri_details": [],
            "state": "COMPLETED",
            "storage_tier": "Standard",
            "timeouts": null,
            "version_id": "e2b19140-3ae8-4b56-8060-f90b66102333",
            "work_request_id": ""
          },
          "sensitive_attributes": [],
          "private": "eyJlMmJmYjczMC1lY2FhLTExZTYtOGY4OC0zNDM2M2JjN2M0YzAiOnsiY3JlYXRlIjoxMjAwMDAwMDAwMDAwLCJkZWxldGUiOjEyMDAwMDAwMDAwMDAsInVwZGF0ZSI6MTIwMDAwMDAwMDAwMH19",
          "dependencies": [
            "oci_identity_compartment.compartment",
            "oci_objectstorage_bucket.bucket"
          ]
        },
        {
          "index_key": 44,
          "schema_version": 0,
          "attributes": {
            "bucket": "Buckettest44",
            "cache_control": null,
            "content": "8d777f385d3dfec8815d20f7496026dc",
            "content_disposition": null,
            "content_encoding": null,
            "content_language": null,
            "content_length": "4",
            "content_md5": "jXd/OF09/siBXSD3SWAm3A==",
            "content_type": "application/octet-stream",
            "delete_all_object_versions": false,
            "id": "n/ax9aaycxgydy/b/Buckettest44/o/diagram",
            "metadata": {},
            "namespace": "ax9aaycxgydy",
            "object": "diagram",
            "opc_sse_kms_key_id": null,
            "source": null,
            "source_uri_details": [],
            "state": "COMPLETED",
            "storage_tier": "Standard",
            "timeouts": null,
            "version_id": "ab177b52-bb22-42be-b2d7-bf103af7d446",
            "work_request_id": ""
          },
          "sensitive_attributes": [],
          "private": "eyJlMmJmYjczMC1lY2FhLTExZTYtOGY4OC0zNDM2M2JjN2M0YzAiOnsiY3JlYXRlIjoxMjAwMDAwMDAwMDAwLCJkZWxldGUiOjEyMDAwMDAwMDAwMDAsInVwZGF0ZSI6MTIwMDAwMDAwMDAwMH19",
          "dependencies": [
            "oci_identity_compartment.compartment",
            "oci_objectstorage_bucket.bucket"
          ]
        }
      ]
    }
  ]
}
